{"format_version":"1.0","provider_schemas":{"registry.terraform.io/datadog/datadog":{"provider":{"version":0,"block":{"attributes":{"api_key":{"type":"string","description":"(Required unless validate is false) Datadog API key. This can also be set via the DD_API_KEY environment variable.","description_kind":"plain","optional":true,"sensitive":true},"api_url":{"type":"string","description":"The API URL. This can also be set via the DD_HOST environment variable. Note that this URL must not end with the `/api/` path. For example, `https://api.datadoghq.com/` is a correct value, while `https://api.datadoghq.com/api/` is not. And if you're working with \"EU\" version of Datadog, use `https://api.datadoghq.eu/`. Other Datadog region examples: `https://api.us5.datadoghq.com/`, `https://api.us3.datadoghq.com/` and `https://api.ddog-gov.com/`. See https://docs.datadoghq.com/getting_started/site/ for all available regions.","description_kind":"plain","optional":true},"app_key":{"type":"string","description":"(Required unless validate is false) Datadog APP key. This can also be set via the DD_APP_KEY environment variable.","description_kind":"plain","optional":true,"sensitive":true},"http_client_retry_backoff_base":{"type":"number","description":"The HTTP request retry back off base. Defaults to 2.","description_kind":"plain","optional":true},"http_client_retry_backoff_multiplier":{"type":"number","description":"The HTTP request retry back off multiplier. Defaults to 2.","description_kind":"plain","optional":true},"http_client_retry_enabled":{"type":"string","description":"Enables request retries on HTTP status codes 429 and 5xx. Valid values are [`true`, `false`]. Defaults to `true`.","description_kind":"plain","optional":true},"http_client_retry_max_retries":{"type":"number","description":"The HTTP request maximum retry number. Defaults to 3.","description_kind":"plain","optional":true},"http_client_retry_timeout":{"type":"number","description":"The HTTP request retry timeout period. Defaults to 60 seconds.","description_kind":"plain","optional":true},"validate":{"type":"string","description":"Enables validation of the provided API key during provider initialization. Valid values are [`true`, `false`]. Default is true. When false, api_key won't be checked.","description_kind":"plain","optional":true}},"description_kind":"plain"}},"resource_schemas":{"datadog_api_key":{"version":0,"block":{"attributes":{"id":{"type":"string","description":"The ID of this resource.","description_kind":"plain","computed":true},"key":{"type":"string","description":"The value of the API Key.","description_kind":"plain","computed":true,"sensitive":true},"name":{"type":"string","description":"Name for API Key.","description_kind":"plain","required":true}},"description":"Provides a Datadog API Key resource. This can be used to create and manage Datadog API Keys.","description_kind":"plain"}},"datadog_application_key":{"version":0,"block":{"attributes":{"id":{"type":"string","description_kind":"plain","optional":true,"computed":true},"key":{"type":"string","description":"The value of the Application Key.","description_kind":"plain","computed":true,"sensitive":true},"name":{"type":"string","description":"Name for Application Key.","description_kind":"plain","required":true}},"description":"Provides a Datadog Application Key resource. This can be used to create and manage Datadog Application Keys.","description_kind":"plain"}},"datadog_authn_mapping":{"version":0,"block":{"attributes":{"id":{"type":"string","description_kind":"plain","optional":true,"computed":true},"key":{"type":"string","description":"Identity provider key.","description_kind":"plain","required":true},"role":{"type":"string","description":"The ID of a role to attach to all users with the corresponding key and value.","description_kind":"plain","required":true},"value":{"type":"string","description":"Identity provider value.","description_kind":"plain","required":true}},"description":"Provides a Datadog AuthN Mappings resource. This feature lets you automatically assign roles to users based on their SAML attributes.","description_kind":"plain"}},"datadog_child_organization":{"version":0,"block":{"attributes":{"api_key":{"type":["list",["object",{"key":"string","name":"string"}]],"description":"Datadog API key.","description_kind":"plain","computed":true},"application_key":{"type":["list",["object",{"hash":"string","name":"string","owner":"string"}]],"description":"An application key with its associated metadata.","description_kind":"plain","computed":true},"description":{"type":"string","description":"Description of the organization.","description_kind":"plain","computed":true},"id":{"type":"string","description_kind":"plain","optional":true,"computed":true},"name":{"type":"string","description":"Name for Child Organization after creation.","description_kind":"plain","required":true},"public_id":{"type":"string","description":"The `public_id` of the organization you are operating within.","description_kind":"plain","computed":true},"settings":{"type":["list",["object",{"private_widget_share":"bool","saml":["list",["object",{"enabled":"bool"}]],"saml_autocreate_access_role":"string","saml_autocreate_users_domains":["list",["object",{"domains":["list","string"],"enabled":"bool"}]],"saml_can_be_enabled":"bool","saml_idp_endpoint":"string","saml_idp_initiated_login":["list",["object",{"enabled":"bool"}]],"saml_idp_metadata_uploaded":"bool","saml_login_url":"string","saml_strict_mode":["list",["object",{"enabled":"bool"}]]}]],"description":"Organization settings","description_kind":"plain","computed":true},"user":{"type":["list",["object",{"access_role":"string","email":"string","name":"string"}]],"description":"Information about a user","description_kind":"plain","computed":true}},"description":"Provides a Datadog Child Organization resource. This can be used to create Datadog Child Organizations. To manage created organization use `datadog_organization_settings`.","description_kind":"plain"}},"datadog_cloud_configuration_rule":{"version":0,"block":{"attributes":{"enabled":{"type":"bool","description":"Whether the cloud configuration rule is enabled.","description_kind":"plain","required":true},"group_by":{"type":["list","string"],"description":"Fields to group by when generating signals, e.g. @resource. Defaults to empty list.","description_kind":"plain","optional":true},"id":{"type":"string","description_kind":"plain","optional":true,"computed":true},"message":{"type":"string","description":"The message associated to the rule that will be shown in findings and signals.","description_kind":"plain","required":true},"name":{"type":"string","description":"The name of the cloud configuration rule.","description_kind":"plain","required":true},"notifications":{"type":["list","string"],"description":"Notification targets for signals. Defaults to empty list.","description_kind":"plain","optional":true},"policy":{"type":"string","description":"Policy written in Rego format.","description_kind":"plain","required":true},"related_resource_types":{"type":["list","string"],"description":"Related resource types to be checked by the rule. Defaults to empty list.","description_kind":"plain","optional":true},"resource_type":{"type":"string","description":"Main resource type to be checked by the rule.","description_kind":"plain","required":true},"severity":{"type":"string","description":"Severity of the rule and associated signals. Valid values are `info`, `low`, `medium`, `high`, `critical`.","description_kind":"plain","required":true},"tags":{"type":["list","string"],"description":"Tags of the rule, propagated to findings and signals. Defaults to empty list.","description_kind":"plain","optional":true}},"description":"Provides a Datadog Cloud Configuration Rule resource.","description_kind":"plain"}},"datadog_cloud_workload_security_agent_rule":{"version":0,"block":{"attributes":{"description":{"type":"string","description":"The description of the Agent rule.","description_kind":"plain","optional":true},"enabled":{"type":"bool","description":"Whether the Agent rule is enabled.","description_kind":"plain","optional":true},"expression":{"type":"string","description":"The SECL expression of the Agent rule.","description_kind":"plain","required":true},"id":{"type":"string","description_kind":"plain","optional":true,"computed":true},"name":{"type":"string","description":"The name of the Agent rule.","description_kind":"plain","required":true}},"description":"Provides a Datadog Cloud Workload Security Agent Rule API resource for agent rules.","description_kind":"plain"}},"datadog_dashboard":{"version":0,"block":{"attributes":{"dashboard_lists":{"type":["set","number"],"description":"A list of dashboard lists this dashboard belongs to.","description_kind":"plain","optional":true},"dashboard_lists_removed":{"type":["set","number"],"description":"A list of dashboard lists this dashboard should be removed from. Internal only.","description_kind":"plain","computed":true},"description":{"type":"string","description":"The description of the dashboard.","description_kind":"plain","optional":true},"id":{"type":"string","description_kind":"plain","optional":true,"computed":true},"is_read_only":{"type":"bool","description":"Whether this dashboard is read-only. **Deprecated.** Prefer using `restricted_roles` to define which roles are required to edit the dashboard.","description_kind":"plain","deprecated":true,"optional":true},"layout_type":{"type":"string","description":"The layout type of the dashboard. Valid values are `ordered`, `free`.","description_kind":"plain","required":true},"notify_list":{"type":["set","string"],"description":"The list of handles for the users to notify when changes are made to this dashboard.","description_kind":"plain","optional":true},"reflow_type":{"type":"string","description":"The reflow type of a new dashboard layout. Set this only when layout type is `ordered`. If set to `fixed`, the dashboard expects all widgets to have a layout, and if it's set to `auto`, widgets should not have layouts. Valid values are `auto`, `fixed`.","description_kind":"plain","optional":true},"restricted_roles":{"type":["set","string"],"description":"UUIDs of roles whose associated users are authorized to edit the dashboard.","description_kind":"plain","optional":true},"tags":{"type":["list","string"],"description":"A list of tags assigned to the Dashboard. Only team names of the form `team:\u003cname\u003e` are supported.","description_kind":"plain","optional":true},"title":{"type":"string","description":"The title of the dashboard.","description_kind":"plain","required":true},"url":{"type":"string","description":"The URL of the dashboard.","description_kind":"plain","optional":true,"computed":true}},"block_types":{"template_variable":{"nesting_mode":"list","block":{"attributes":{"available_values":{"type":["list","string"],"description":"The list of values that the template variable drop-down is be limited to","description_kind":"plain","optional":true},"default":{"type":"string","description":"The default value for the template variable on dashboard load. Cannot be used in conjunction with `defaults`. **Deprecated.** Use `defaults` instead.","description_kind":"plain","deprecated":true,"optional":true},"defaults":{"type":["list","string"],"description":"One or many default values for template variables on load. If more than one default is specified, they will be unioned together with `OR`. Cannot be used in conjunction with `default`.","description_kind":"plain","optional":true},"name":{"type":"string","description":"The name of the variable.","description_kind":"plain","required":true},"prefix":{"type":"string","description":"The tag prefix associated with the variable. Only tags with this prefix appear in the variable dropdown.","description_kind":"plain","optional":true}},"description":"The list of template variables for this dashboard.","description_kind":"plain"}},"template_variable_preset":{"nesting_mode":"list","block":{"attributes":{"name":{"type":"string","description":"The name of the preset.","description_kind":"plain","optional":true}},"block_types":{"template_variable":{"nesting_mode":"list","block":{"attributes":{"name":{"type":"string","description":"The name of the template variable","description_kind":"plain","optional":true},"value":{"type":"string","description":"The value that should be assumed by the template variable in this preset. Cannot be used in conjunction with `values`. **Deprecated.** Use `values` instead.","description_kind":"plain","deprecated":true,"optional":true},"values":{"type":["list","string"],"description":"One or many template variable values within the saved view, which will be unioned together using `OR` if more than one is specified. Cannot be used in conjunction with `value`.","description_kind":"plain","optional":true}},"description":"The template variable names and assumed values under the given preset","description_kind":"plain"}}},"description":"The list of selectable template variable presets for this dashboard.","description_kind":"plain"}},"widget":{"nesting_mode":"list","block":{"attributes":{"id":{"type":"number","description":"The ID of the widget.","description_kind":"plain","computed":true}},"block_types":{"alert_graph_definition":{"nesting_mode":"list","block":{"attributes":{"alert_id":{"type":"string","description":"The ID of the monitor used by the widget.","description_kind":"plain","required":true},"live_span":{"type":"string","description":"The timeframe to use when displaying the widget. Valid values are `1m`, `5m`, `10m`, `15m`, `30m`, `1h`, `4h`, `1d`, `2d`, `1w`, `1mo`, `3mo`, `6mo`, `1y`, `alert`.","description_kind":"plain","optional":true},"title":{"type":"string","description":"The title of the widget.","description_kind":"plain","optional":true},"title_align":{"type":"string","description":"The alignment of the widget's title. Valid values are `center`, `left`, `right`.","description_kind":"plain","optional":true},"title_size":{"type":"string","description":"The size of the widget's title (defaults to 16).","description_kind":"plain","optional":true},"viz_type":{"type":"string","description":"Type of visualization to use when displaying the widget. Valid values are `timeseries`, `toplist`.","description_kind":"plain","required":true}},"description":"The definition for a Alert Graph widget.","description_kind":"plain"},"max_items":1},"alert_value_definition":{"nesting_mode":"list","block":{"attributes":{"alert_id":{"type":"string","description":"The ID of the monitor used by the widget.","description_kind":"plain","required":true},"precision":{"type":"number","description":"The precision to use when displaying the value. Use `*` for maximum precision.","description_kind":"plain","optional":true},"text_align":{"type":"string","description":"The alignment of the text in the widget. Valid values are `center`, `left`, `right`.","description_kind":"plain","optional":true},"title":{"type":"string","description":"The title of the widget.","description_kind":"plain","optional":true},"title_align":{"type":"string","description":"The alignment of the widget's title. Valid values are `center`, `left`, `right`.","description_kind":"plain","optional":true},"title_size":{"type":"string","description":"The size of the widget's title (defaults to 16).","description_kind":"plain","optional":true},"unit":{"type":"string","description":"The unit for the value displayed in the widget.","description_kind":"plain","optional":true}},"description":"The definition for a Alert Value widget.","description_kind":"plain"},"max_items":1},"change_definition":{"nesting_mode":"list","block":{"attributes":{"live_span":{"type":"string","description":"The timeframe to use when displaying the widget. Valid values are `1m`, `5m`, `10m`, `15m`, `30m`, `1h`, `4h`, `1d`, `2d`, `1w`, `1mo`, `3mo`, `6mo`, `1y`, `alert`.","description_kind":"plain","optional":true},"title":{"type":"string","description":"The title of the widget.","description_kind":"plain","optional":true},"title_align":{"type":"string","description":"The alignment of the widget's title. Valid values are `center`, `left`, `right`.","description_kind":"plain","optional":true},"title_size":{"type":"string","description":"The size of the widget's title (defaults to 16).","description_kind":"plain","optional":true}},"block_types":{"custom_link":{"nesting_mode":"list","block":{"attributes":{"is_hidden":{"type":"bool","description":"The flag for toggling context menu link visibility.","description_kind":"plain","optional":true},"label":{"type":"string","description":"The label for the custom link URL.","description_kind":"plain","optional":true},"link":{"type":"string","description":"The URL of the custom link.","description_kind":"plain","optional":true},"override_label":{"type":"string","description":"The label ID that refers to a context menu link item. When `override_label` is provided, the client request omits the label field.","description_kind":"plain","optional":true}},"description":"A nested block describing a custom link. Multiple `custom_link` blocks are allowed using the structure below.","description_kind":"plain"}},"request":{"nesting_mode":"list","block":{"attributes":{"change_type":{"type":"string","description":"Whether to show absolute or relative change. Valid values are `absolute`, `relative`.","description_kind":"plain","optional":true},"compare_to":{"type":"string","description":"Choose from when to compare current data to. Valid values are `hour_before`, `day_before`, `week_before`, `month_before`.","description_kind":"plain","optional":true},"increase_good":{"type":"bool","description":"A Boolean indicating whether an increase in the value is good (displayed in green) or not (displayed in red).","description_kind":"plain","optional":true},"order_by":{"type":"string","description":"What to order by. Valid values are `change`, `name`, `present`, `past`.","description_kind":"plain","optional":true},"order_dir":{"type":"string","description":"Widget sorting method. Valid values are `asc`, `desc`.","description_kind":"plain","optional":true},"q":{"type":"string","description":"The metric query to use for this widget.","description_kind":"plain","optional":true},"show_present":{"type":"bool","description":"If set to `true`, displays the current value.","description_kind":"plain","optional":true}},"block_types":{"apm_query":{"nesting_mode":"list","block":{"attributes":{"index":{"type":"string","description":"The name of the index to query.","description_kind":"plain","required":true},"search_query":{"type":"string","description":"The search query to use.","description_kind":"plain","optional":true}},"block_types":{"compute_query":{"nesting_mode":"list","block":{"attributes":{"aggregation":{"type":"string","description":"The aggregation method.","description_kind":"plain","required":true},"facet":{"type":"string","description":"The facet name.","description_kind":"plain","optional":true},"interval":{"type":"number","description":"Define the time interval in seconds.","description_kind":"plain","optional":true}},"description":"`compute_query` or `multi_compute` is required. The map keys are listed below.","description_kind":"plain"},"max_items":1},"group_by":{"nesting_mode":"list","block":{"attributes":{"facet":{"type":"string","description":"The facet name.","description_kind":"plain","optional":true},"limit":{"type":"number","description":"The maximum number of items in the group.","description_kind":"plain","optional":true}},"block_types":{"sort_query":{"nesting_mode":"list","block":{"attributes":{"aggregation":{"type":"string","description":"The aggregation method.","description_kind":"plain","required":true},"facet":{"type":"string","description":"The facet name.","description_kind":"plain","optional":true},"order":{"type":"string","description":"Widget sorting methods. Valid values are `asc`, `desc`.","description_kind":"plain","required":true}},"description":"A list of exactly one element describing the sort query to use.","description_kind":"plain"},"max_items":1}},"description":"Multiple `group_by` blocks are allowed using the structure below.","description_kind":"plain"}},"multi_compute":{"nesting_mode":"list","block":{"attributes":{"aggregation":{"type":"string","description":"The aggregation method.","description_kind":"plain","required":true},"facet":{"type":"string","description":"The facet name.","description_kind":"plain","optional":true},"interval":{"type":"number","description":"Define the time interval in seconds.","description_kind":"plain","optional":true}},"description":"`compute_query` or `multi_compute` is required. Multiple `multi_compute` blocks are allowed using the structure below.","description_kind":"plain"}}},"description":"The query to use for this widget.","description_kind":"plain"},"max_items":1},"formula":{"nesting_mode":"list","block":{"attributes":{"alias":{"type":"string","description":"An expression alias.","description_kind":"plain","optional":true},"cell_display_mode":{"type":"string","description":"A list of display modes for each table cell. Valid values are `number`, `bar`.","description_kind":"plain","optional":true},"formula_expression":{"type":"string","description":"A string expression built from queries, formulas, and functions.","description_kind":"plain","required":true}},"block_types":{"conditional_formats":{"nesting_mode":"list","block":{"attributes":{"comparator":{"type":"string","description":"The comparator to use. Valid values are `\u003e`, `\u003e=`, `\u003c`, `\u003c=`.","description_kind":"plain","required":true},"custom_bg_color":{"type":"string","description":"The color palette to apply to the background, same values available as palette.","description_kind":"plain","optional":true},"custom_fg_color":{"type":"string","description":"The color palette to apply to the foreground, same values available as palette.","description_kind":"plain","optional":true},"hide_value":{"type":"bool","description":"Setting this to True hides values.","description_kind":"plain","optional":true},"image_url":{"type":"string","description":"Displays an image as the background.","description_kind":"plain","optional":true},"metric":{"type":"string","description":"The metric from the request to correlate with this conditional format.","description_kind":"plain","optional":true},"palette":{"type":"string","description":"The color palette to apply. Valid values are `blue`, `custom_bg`, `custom_image`, `custom_text`, `gray_on_white`, `grey`, `green`, `orange`, `red`, `red_on_white`, `white_on_gray`, `white_on_green`, `green_on_white`, `white_on_red`, `white_on_yellow`, `yellow_on_white`, `black_on_light_yellow`, `black_on_light_green`, `black_on_light_red`.","description_kind":"plain","required":true},"timeframe":{"type":"string","description":"Defines the displayed timeframe.","description_kind":"plain","optional":true},"value":{"type":"number","description":"A value for the comparator.","description_kind":"plain","required":true}},"description":"Conditional formats allow you to set the color of your widget content or background depending on the rule applied to your data. Multiple `conditional_formats` blocks are allowed using the structure below.","description_kind":"plain"}},"limit":{"nesting_mode":"list","block":{"attributes":{"count":{"type":"number","description":"The number of results to return","description_kind":"plain","optional":true},"order":{"type":"string","description":"The direction of the sort. Valid values are `asc`, `desc`.","description_kind":"plain","optional":true}},"description":"The options for limiting results returned.","description_kind":"plain"},"max_items":1},"style":{"nesting_mode":"list","block":{"attributes":{"palette":{"type":"string","description":"The color palette used to display the formula. A guide to the available color palettes can be found at https://docs.datadoghq.com/dashboards/guide/widget_colors","description_kind":"plain","optional":true},"palette_index":{"type":"number","description":"Index specifying which color to use within the palette.","description_kind":"plain","optional":true}},"description":"Styling options for widget formulas.","description_kind":"plain"},"max_items":1}},"description_kind":"plain"}},"log_query":{"nesting_mode":"list","block":{"attributes":{"index":{"type":"string","description":"The name of the index to query.","description_kind":"plain","required":true},"search_query":{"type":"string","description":"The search query to use.","description_kind":"plain","optional":true}},"block_types":{"compute_query":{"nesting_mode":"list","block":{"attributes":{"aggregation":{"type":"string","description":"The aggregation method.","description_kind":"plain","required":true},"facet":{"type":"string","description":"The facet name.","description_kind":"plain","optional":true},"interval":{"type":"number","description":"Define the time interval in seconds.","description_kind":"plain","optional":true}},"description":"`compute_query` or `multi_compute` is required. The map keys are listed below.","description_kind":"plain"},"max_items":1},"group_by":{"nesting_mode":"list","block":{"attributes":{"facet":{"type":"string","description":"The facet name.","description_kind":"plain","optional":true},"limit":{"type":"number","description":"The maximum number of items in the group.","description_kind":"plain","optional":true}},"block_types":{"sort_query":{"nesting_mode":"list","block":{"attributes":{"aggregation":{"type":"string","description":"The aggregation method.","description_kind":"plain","required":true},"facet":{"type":"string","description":"The facet name.","description_kind":"plain","optional":true},"order":{"type":"string","description":"Widget sorting methods. Valid values are `asc`, `desc`.","description_kind":"plain","required":true}},"description":"A list of exactly one element describing the sort query to use.","description_kind":"plain"},"max_items":1}},"description":"Multiple `group_by` blocks are allowed using the structure below.","description_kind":"plain"}},"multi_compute":{"nesting_mode":"list","block":{"attributes":{"aggregation":{"type":"string","description":"The aggregation method.","description_kind":"plain","required":true},"facet":{"type":"string","description":"The facet name.","description_kind":"plain","optional":true},"interval":{"type":"number","description":"Define the time interval in seconds.","description_kind":"plain","optional":true}},"description":"`compute_query` or `multi_compute` is required. Multiple `multi_compute` blocks are allowed using the structure below.","description_kind":"plain"}}},"description":"The query to use for this widget.","description_kind":"plain"},"max_items":1},"process_query":{"nesting_mode":"list","block":{"attributes":{"filter_by":{"type":["list","string"],"description":"A list of processes.","description_kind":"plain","optional":true},"limit":{"type":"number","description":"The max number of items in the filter list.","description_kind":"plain","optional":true},"metric":{"type":"string","description":"Your chosen metric.","description_kind":"plain","required":true},"search_by":{"type":"string","description":"Your chosen search term.","description_kind":"plain","optional":true}},"description":"The process query to use in the widget. The structure of this block is described below.","description_kind":"plain"},"max_items":1},"query":{"nesting_mode":"list","block":{"block_types":{"apm_dependency_stats_query":{"nesting_mode":"list","block":{"attributes":{"data_source":{"type":"string","description":"The data source for APM Dependency Stats queries. Valid values are `apm_dependency_stats`.","description_kind":"plain","required":true},"env":{"type":"string","description":"APM Environment.","description_kind":"plain","required":true},"is_upstream":{"type":"bool","description":"Determines whether stats for upstream or downstream dependencies should be queried.","description_kind":"plain","optional":true},"name":{"type":"string","description":"The name of query for use in formulas.","description_kind":"plain","required":true},"operation_name":{"type":"string","description":"Name of operation on service.","description_kind":"plain","required":true},"primary_tag_name":{"type":"string","description":"The name of the second primary tag used within APM; required when `primary_tag_value` is specified. See https://docs.datadoghq.com/tracing/guide/setting_primary_tags_to_scope/#add-a-second-primary-tag-in-datadog.","description_kind":"plain","optional":true},"primary_tag_value":{"type":"string","description":"Filter APM data by the second primary tag. `primary_tag_name` must also be specified.","description_kind":"plain","optional":true},"resource_name":{"type":"string","description":"APM resource.","description_kind":"plain","required":true},"service":{"type":"string","description":"APM service.","description_kind":"plain","required":true},"stat":{"type":"string","description":"APM statistic. Valid values are `avg_duration`, `avg_root_duration`, `avg_spans_per_trace`, `error_rate`, `pct_exec_time`, `pct_of_traces`, `total_traces_count`.","description_kind":"plain","required":true}},"description":"The APM Dependency Stats query using formulas and functions.","description_kind":"plain"},"max_items":1},"apm_resource_stats_query":{"nesting_mode":"list","block":{"attributes":{"data_source":{"type":"string","description":"The data source for APM Resource Stats queries. Valid values are `apm_resource_stats`.","description_kind":"plain","required":true},"env":{"type":"string","description":"APM Environment.","description_kind":"plain","required":true},"group_by":{"type":["list","string"],"description":"Array of fields to group results by.","description_kind":"plain","optional":true},"name":{"type":"string","description":"The name of query for use in formulas.","description_kind":"plain","required":true},"operation_name":{"type":"string","description":"Name of operation on service.","description_kind":"plain","optional":true},"primary_tag_name":{"type":"string","description":"The name of the second primary tag used within APM; required when `primary_tag_value` is specified. See https://docs.datadoghq.com/tracing/guide/setting_primary_tags_to_scope/#add-a-second-primary-tag-in-datadog.","description_kind":"plain","optional":true},"primary_tag_value":{"type":"string","description":"Filter APM data by the second primary tag. `primary_tag_name` must also be specified.","description_kind":"plain","optional":true},"resource_name":{"type":"string","description":"APM resource.","description_kind":"plain","optional":true},"service":{"type":"string","description":"APM service.","description_kind":"plain","required":true},"stat":{"type":"string","description":"APM statistic. Valid values are `errors`, `error_rate`, `hits`, `latency_avg`, `latency_distribution`, `latency_max`, `latency_p50`, `latency_p75`, `latency_p90`, `latency_p95`, `latency_p99`.","description_kind":"plain","required":true}},"description":"The APM Resource Stats query using formulas and functions.","description_kind":"plain"},"max_items":1},"event_query":{"nesting_mode":"list","block":{"attributes":{"data_source":{"type":"string","description":"The data source for event platform-based queries. Valid values are `logs`, `spans`, `network`, `rum`, `security_signals`, `profiles`, `audit`, `events`, `ci_tests`, `ci_pipelines`.","description_kind":"plain","required":true},"indexes":{"type":["list","string"],"description":"An array of index names to query in the stream.","description_kind":"plain","optional":true},"name":{"type":"string","description":"The name of query for use in formulas.","description_kind":"plain","required":true},"storage":{"type":"string","description":"Storage location (private beta).","description_kind":"plain","optional":true}},"block_types":{"compute":{"nesting_mode":"list","block":{"attributes":{"aggregation":{"type":"string","description":"The aggregation methods for event platform queries. Valid values are `count`, `cardinality`, `median`, `pc75`, `pc90`, `pc95`, `pc98`, `pc99`, `sum`, `min`, `max`, `avg`.","description_kind":"plain","required":true},"interval":{"type":"number","description":"A time interval in milliseconds.","description_kind":"plain","optional":true},"metric":{"type":"string","description":"The measurable attribute to compute.","description_kind":"plain","optional":true}},"description":"The compute options.","description_kind":"plain"},"min_items":1},"group_by":{"nesting_mode":"list","block":{"attributes":{"facet":{"type":"string","description":"The event facet.","description_kind":"plain","required":true},"limit":{"type":"number","description":"The number of groups to return.","description_kind":"plain","optional":true}},"block_types":{"sort":{"nesting_mode":"list","block":{"attributes":{"aggregation":{"type":"string","description":"The aggregation methods for the event platform queries. Valid values are `count`, `cardinality`, `median`, `pc75`, `pc90`, `pc95`, `pc98`, `pc99`, `sum`, `min`, `max`, `avg`.","description_kind":"plain","required":true},"metric":{"type":"string","description":"The metric used for sorting group by results.","description_kind":"plain","optional":true},"order":{"type":"string","description":"Direction of sort. Valid values are `asc`, `desc`.","description_kind":"plain","optional":true}},"description":"The options for sorting group by results.","description_kind":"plain"},"max_items":1}},"description":"Group by options.","description_kind":"plain"}},"search":{"nesting_mode":"list","block":{"attributes":{"query":{"type":"string","description":"The events search string.","description_kind":"plain","required":true}},"description":"The search options.","description_kind":"plain"},"max_items":1}},"description":"A timeseries formula and functions events query.","description_kind":"plain"},"max_items":1},"metric_query":{"nesting_mode":"list","block":{"attributes":{"aggregator":{"type":"string","description":"The aggregation methods available for metrics queries. Valid values are `avg`, `min`, `max`, `sum`, `last`, `area`, `l2norm`, `percentile`.","description_kind":"plain","optional":true},"data_source":{"type":"string","description":"The data source for metrics queries.","description_kind":"plain","optional":true},"name":{"type":"string","description":"The name of the query for use in formulas.","description_kind":"plain","required":true},"query":{"type":"string","description":"The metrics query definition.","description_kind":"plain","required":true}},"description":"A timeseries formula and functions metrics query.","description_kind":"plain"},"max_items":1},"process_query":{"nesting_mode":"list","block":{"attributes":{"aggregator":{"type":"string","description":"The aggregation methods available for metrics queries. Valid values are `avg`, `min`, `max`, `sum`, `last`, `area`, `l2norm`, `percentile`.","description_kind":"plain","optional":true},"data_source":{"type":"string","description":"The data source for process queries. Valid values are `process`, `container`.","description_kind":"plain","required":true},"is_normalized_cpu":{"type":"bool","description":"Whether to normalize the CPU percentages.","description_kind":"plain","optional":true},"limit":{"type":"number","description":"The number of hits to return.","description_kind":"plain","optional":true},"metric":{"type":"string","description":"The process metric name.","description_kind":"plain","required":true},"name":{"type":"string","description":"The name of query for use in formulas.","description_kind":"plain","required":true},"sort":{"type":"string","description":"The direction of the sort. Valid values are `asc`, `desc`.","description_kind":"plain","optional":true},"tag_filters":{"type":["list","string"],"description":"An array of tags to filter by.","description_kind":"plain","optional":true},"text_filter":{"type":"string","description":"The text to use as a filter.","description_kind":"plain","optional":true}},"description":"The process query using formulas and functions.","description_kind":"plain"},"max_items":1}},"description_kind":"plain"}},"rum_query":{"nesting_mode":"list","block":{"attributes":{"index":{"type":"string","description":"The name of the index to query.","description_kind":"plain","required":true},"search_query":{"type":"string","description":"The search query to use.","description_kind":"plain","optional":true}},"block_types":{"compute_query":{"nesting_mode":"list","block":{"attributes":{"aggregation":{"type":"string","description":"The aggregation method.","description_kind":"plain","required":true},"facet":{"type":"string","description":"The facet name.","description_kind":"plain","optional":true},"interval":{"type":"number","description":"Define the time interval in seconds.","description_kind":"plain","optional":true}},"description":"`compute_query` or `multi_compute` is required. The map keys are listed below.","description_kind":"plain"},"max_items":1},"group_by":{"nesting_mode":"list","block":{"attributes":{"facet":{"type":"string","description":"The facet name.","description_kind":"plain","optional":true},"limit":{"type":"number","description":"The maximum number of items in the group.","description_kind":"plain","optional":true}},"block_types":{"sort_query":{"nesting_mode":"list","block":{"attributes":{"aggregation":{"type":"string","description":"The aggregation method.","description_kind":"plain","required":true},"facet":{"type":"string","description":"The facet name.","description_kind":"plain","optional":true},"order":{"type":"string","description":"Widget sorting methods. Valid values are `asc`, `desc`.","description_kind":"plain","required":true}},"description":"A list of exactly one element describing the sort query to use.","description_kind":"plain"},"max_items":1}},"description":"Multiple `group_by` blocks are allowed using the structure below.","description_kind":"plain"}},"multi_compute":{"nesting_mode":"list","block":{"attributes":{"aggregation":{"type":"string","description":"The aggregation method.","description_kind":"plain","required":true},"facet":{"type":"string","description":"The facet name.","description_kind":"plain","optional":true},"interval":{"type":"number","description":"Define the time interval in seconds.","description_kind":"plain","optional":true}},"description":"`compute_query` or `multi_compute` is required. Multiple `multi_compute` blocks are allowed using the structure below.","description_kind":"plain"}}},"description":"The query to use for this widget.","description_kind":"plain"},"max_items":1},"security_query":{"nesting_mode":"list","block":{"attributes":{"index":{"type":"string","description":"The name of the index to query.","description_kind":"plain","required":true},"search_query":{"type":"string","description":"The search query to use.","description_kind":"plain","optional":true}},"block_types":{"compute_query":{"nesting_mode":"list","block":{"attributes":{"aggregation":{"type":"string","description":"The aggregation method.","description_kind":"plain","required":true},"facet":{"type":"string","description":"The facet name.","description_kind":"plain","optional":true},"interval":{"type":"number","description":"Define the time interval in seconds.","description_kind":"plain","optional":true}},"description":"`compute_query` or `multi_compute` is required. The map keys are listed below.","description_kind":"plain"},"max_items":1},"group_by":{"nesting_mode":"list","block":{"attributes":{"facet":{"type":"string","description":"The facet name.","description_kind":"plain","optional":true},"limit":{"type":"number","description":"The maximum number of items in the group.","description_kind":"plain","optional":true}},"block_types":{"sort_query":{"nesting_mode":"list","block":{"attributes":{"aggregation":{"type":"string","description":"The aggregation method.","description_kind":"plain","required":true},"facet":{"type":"string","description":"The facet name.","description_kind":"plain","optional":true},"order":{"type":"string","description":"Widget sorting methods. Valid values are `asc`, `desc`.","description_kind":"plain","required":true}},"description":"A list of exactly one element describing the sort query to use.","description_kind":"plain"},"max_items":1}},"description":"Multiple `group_by` blocks are allowed using the structure below.","description_kind":"plain"}},"multi_compute":{"nesting_mode":"list","block":{"attributes":{"aggregation":{"type":"string","description":"The aggregation method.","description_kind":"plain","required":true},"facet":{"type":"string","description":"The facet name.","description_kind":"plain","optional":true},"interval":{"type":"number","description":"Define the time interval in seconds.","description_kind":"plain","optional":true}},"description":"`compute_query` or `multi_compute` is required. Multiple `multi_compute` blocks are allowed using the structure below.","description_kind":"plain"}}},"description":"The query to use for this widget.","description_kind":"plain"},"max_items":1}},"description":"A nested block describing the request to use when displaying the widget. Multiple request blocks are allowed using the structure below (exactly one of `q`, `apm_query`, `log_query`, `rum_query`, `security_query` or `process_query` is required within the request block).","description_kind":"plain"}}},"description":"The definition for a Change widget.","description_kind":"plain"},"max_items":1},"check_status_definition":{"nesting_mode":"list","block":{"attributes":{"check":{"type":"string","description":"The check to use in the widget.","description_kind":"plain","required":true},"group":{"type":"string","description":"The check group to use in the widget.","description_kind":"plain","optional":true},"group_by":{"type":["list","string"],"description":"When `grouping = \"cluster\"`, indicates a list of tags to use for grouping.","description_kind":"plain","optional":true},"grouping":{"type":"string","description":"The kind of grouping to use. Valid values are `check`, `cluster`.","description_kind":"plain","required":true},"live_span":{"type":"string","description":"The timeframe to use when displaying the widget. Valid values are `1m`, `5m`, `10m`, `15m`, `30m`, `1h`, `4h`, `1d`, `2d`, `1w`, `1mo`, `3mo`, `6mo`, `1y`, `alert`.","description_kind":"plain","optional":true},"tags":{"type":["list","string"],"description":"A list of tags to use in the widget.","description_kind":"plain","optional":true},"title":{"type":"string","description":"The title of the widget.","description_kind":"plain","optional":true},"title_align":{"type":"string","description":"The alignment of the widget's title. Valid values are `center`, `left`, `right`.","description_kind":"plain","optional":true},"title_size":{"type":"string","description":"The size of the widget's title (defaults to 16).","description_kind":"plain","optional":true}},"description":"The definition for a Check Status widget.","description_kind":"plain"},"max_items":1},"distribution_definition":{"nesting_mode":"list","block":{"attributes":{"legend_size":{"type":"string","description":"The size of the legend displayed in the widget.","description_kind":"plain","optional":true},"live_span":{"type":"string","description":"The timeframe to use when displaying the widget. Valid values are `1m`, `5m`, `10m`, `15m`, `30m`, `1h`, `4h`, `1d`, `2d`, `1w`, `1mo`, `3mo`, `6mo`, `1y`, `alert`.","description_kind":"plain","optional":true},"show_legend":{"type":"bool","description":"Whether or not to show the legend on this widget.","description_kind":"plain","optional":true},"title":{"type":"string","description":"The title of the widget.","description_kind":"plain","optional":true},"title_align":{"type":"string","description":"The alignment of the widget's title. Valid values are `center`, `left`, `right`.","description_kind":"plain","optional":true},"title_size":{"type":"string","description":"The size of the widget's title (defaults to 16).","description_kind":"plain","optional":true}},"block_types":{"request":{"nesting_mode":"list","block":{"attributes":{"q":{"type":"string","description":"The metric query to use for this widget.","description_kind":"plain","optional":true}},"block_types":{"apm_query":{"nesting_mode":"list","block":{"attributes":{"index":{"type":"string","description":"The name of the index to query.","description_kind":"plain","required":true},"search_query":{"type":"string","description":"The search query to use.","description_kind":"plain","optional":true}},"block_types":{"compute_query":{"nesting_mode":"list","block":{"attributes":{"aggregation":{"type":"string","description":"The aggregation method.","description_kind":"plain","required":true},"facet":{"type":"string","description":"The facet name.","description_kind":"plain","optional":true},"interval":{"type":"number","description":"Define the time interval in seconds.","description_kind":"plain","optional":true}},"description":"`compute_query` or `multi_compute` is required. The map keys are listed below.","description_kind":"plain"},"max_items":1},"group_by":{"nesting_mode":"list","block":{"attributes":{"facet":{"type":"string","description":"The facet name.","description_kind":"plain","optional":true},"limit":{"type":"number","description":"The maximum number of items in the group.","description_kind":"plain","optional":true}},"block_types":{"sort_query":{"nesting_mode":"list","block":{"attributes":{"aggregation":{"type":"string","description":"The aggregation method.","description_kind":"plain","required":true},"facet":{"type":"string","description":"The facet name.","description_kind":"plain","optional":true},"order":{"type":"string","description":"Widget sorting methods. Valid values are `asc`, `desc`.","description_kind":"plain","required":true}},"description":"A list of exactly one element describing the sort query to use.","description_kind":"plain"},"max_items":1}},"description":"Multiple `group_by` blocks are allowed using the structure below.","description_kind":"plain"}},"multi_compute":{"nesting_mode":"list","block":{"attributes":{"aggregation":{"type":"string","description":"The aggregation method.","description_kind":"plain","required":true},"facet":{"type":"string","description":"The facet name.","description_kind":"plain","optional":true},"interval":{"type":"number","description":"Define the time interval in seconds.","description_kind":"plain","optional":true}},"description":"`compute_query` or `multi_compute` is required. Multiple `multi_compute` blocks are allowed using the structure below.","description_kind":"plain"}}},"description":"The query to use for this widget.","description_kind":"plain"},"max_items":1},"apm_stats_query":{"nesting_mode":"list","block":{"attributes":{"env":{"type":"string","description":"The environment name.","description_kind":"plain","required":true},"name":{"type":"string","description":"The operation name associated with the service.","description_kind":"plain","required":true},"primary_tag":{"type":"string","description":"The organization's host group name and value.","description_kind":"plain","required":true},"resource":{"type":"string","description":"The resource name.","description_kind":"plain","optional":true},"row_type":{"type":"string","description":"The level of detail for the request. Valid values are `service`, `resource`, `span`.","description_kind":"plain","required":true},"service":{"type":"string","description":"The service name.","description_kind":"plain","required":true}},"block_types":{"columns":{"nesting_mode":"list","block":{"attributes":{"alias":{"type":"string","description":"A user-assigned alias for the column.","description_kind":"plain","optional":true},"cell_display_mode":{"type":"string","description":"A list of display modes for each table cell. Valid values are `number`, `bar`.","description_kind":"plain","optional":true},"name":{"type":"string","description":"The column name.","description_kind":"plain","required":true},"order":{"type":"string","description":"Widget sorting methods. Valid values are `asc`, `desc`.","description_kind":"plain","optional":true}},"description":"Column properties used by the front end for display.","description_kind":"plain"}}},"description_kind":"plain"},"max_items":1},"log_query":{"nesting_mode":"list","block":{"attributes":{"index":{"type":"string","description":"The name of the index to query.","description_kind":"plain","required":true},"search_query":{"type":"string","description":"The search query to use.","description_kind":"plain","optional":true}},"block_types":{"compute_query":{"nesting_mode":"list","block":{"attributes":{"aggregation":{"type":"string","description":"The aggregation method.","description_kind":"plain","required":true},"facet":{"type":"string","description":"The facet name.","description_kind":"plain","optional":true},"interval":{"type":"number","description":"Define the time interval in seconds.","description_kind":"plain","optional":true}},"description":"`compute_query` or `multi_compute` is required. The map keys are listed below.","description_kind":"plain"},"max_items":1},"group_by":{"nesting_mode":"list","block":{"attributes":{"facet":{"type":"string","description":"The facet name.","description_kind":"plain","optional":true},"limit":{"type":"number","description":"The maximum number of items in the group.","description_kind":"plain","optional":true}},"block_types":{"sort_query":{"nesting_mode":"list","block":{"attributes":{"aggregation":{"type":"string","description":"The aggregation method.","description_kind":"plain","required":true},"facet":{"type":"string","description":"The facet name.","description_kind":"plain","optional":true},"order":{"type":"string","description":"Widget sorting methods. Valid values are `asc`, `desc`.","description_kind":"plain","required":true}},"description":"A list of exactly one element describing the sort query to use.","description_kind":"plain"},"max_items":1}},"description":"Multiple `group_by` blocks are allowed using the structure below.","description_kind":"plain"}},"multi_compute":{"nesting_mode":"list","block":{"attributes":{"aggregation":{"type":"string","description":"The aggregation method.","description_kind":"plain","required":true},"facet":{"type":"string","description":"The facet name.","description_kind":"plain","optional":true},"interval":{"type":"number","description":"Define the time interval in seconds.","description_kind":"plain","optional":true}},"description":"`compute_query` or `multi_compute` is required. Multiple `multi_compute` blocks are allowed using the structure below.","description_kind":"plain"}}},"description":"The query to use for this widget.","description_kind":"plain"},"max_items":1},"process_query":{"nesting_mode":"list","block":{"attributes":{"filter_by":{"type":["list","string"],"description":"A list of processes.","description_kind":"plain","optional":true},"limit":{"type":"number","description":"The max number of items in the filter list.","description_kind":"plain","optional":true},"metric":{"type":"string","description":"Your chosen metric.","description_kind":"plain","required":true},"search_by":{"type":"string","description":"Your chosen search term.","description_kind":"plain","optional":true}},"description":"The process query to use in the widget. The structure of this block is described below.","description_kind":"plain"},"max_items":1},"rum_query":{"nesting_mode":"list","block":{"attributes":{"index":{"type":"string","description":"The name of the index to query.","description_kind":"plain","required":true},"search_query":{"type":"string","description":"The search query to use.","description_kind":"plain","optional":true}},"block_types":{"compute_query":{"nesting_mode":"list","block":{"attributes":{"aggregation":{"type":"string","description":"The aggregation method.","description_kind":"plain","required":true},"facet":{"type":"string","description":"The facet name.","description_kind":"plain","optional":true},"interval":{"type":"number","description":"Define the time interval in seconds.","description_kind":"plain","optional":true}},"description":"`compute_query` or `multi_compute` is required. The map keys are listed below.","description_kind":"plain"},"max_items":1},"group_by":{"nesting_mode":"list","block":{"attributes":{"facet":{"type":"string","description":"The facet name.","description_kind":"plain","optional":true},"limit":{"type":"number","description":"The maximum number of items in the group.","description_kind":"plain","optional":true}},"block_types":{"sort_query":{"nesting_mode":"list","block":{"attributes":{"aggregation":{"type":"string","description":"The aggregation method.","description_kind":"plain","required":true},"facet":{"type":"string","description":"The facet name.","description_kind":"plain","optional":true},"order":{"type":"string","description":"Widget sorting methods. Valid values are `asc`, `desc`.","description_kind":"plain","required":true}},"description":"A list of exactly one element describing the sort query to use.","description_kind":"plain"},"max_items":1}},"description":"Multiple `group_by` blocks are allowed using the structure below.","description_kind":"plain"}},"multi_compute":{"nesting_mode":"list","block":{"attributes":{"aggregation":{"type":"string","description":"The aggregation method.","description_kind":"plain","required":true},"facet":{"type":"string","description":"The facet name.","description_kind":"plain","optional":true},"interval":{"type":"number","description":"Define the time interval in seconds.","description_kind":"plain","optional":true}},"description":"`compute_query` or `multi_compute` is required. Multiple `multi_compute` blocks are allowed using the structure below.","description_kind":"plain"}}},"description":"The query to use for this widget.","description_kind":"plain"},"max_items":1},"security_query":{"nesting_mode":"list","block":{"attributes":{"index":{"type":"string","description":"The name of the index to query.","description_kind":"plain","required":true},"search_query":{"type":"string","description":"The search query to use.","description_kind":"plain","optional":true}},"block_types":{"compute_query":{"nesting_mode":"list","block":{"attributes":{"aggregation":{"type":"string","description":"The aggregation method.","description_kind":"plain","required":true},"facet":{"type":"string","description":"The facet name.","description_kind":"plain","optional":true},"interval":{"type":"number","description":"Define the time interval in seconds.","description_kind":"plain","optional":true}},"description":"`compute_query` or `multi_compute` is required. The map keys are listed below.","description_kind":"plain"},"max_items":1},"group_by":{"nesting_mode":"list","block":{"attributes":{"facet":{"type":"string","description":"The facet name.","description_kind":"plain","optional":true},"limit":{"type":"number","description":"The maximum number of items in the group.","description_kind":"plain","optional":true}},"block_types":{"sort_query":{"nesting_mode":"list","block":{"attributes":{"aggregation":{"type":"string","description":"The aggregation method.","description_kind":"plain","required":true},"facet":{"type":"string","description":"The facet name.","description_kind":"plain","optional":true},"order":{"type":"string","description":"Widget sorting methods. Valid values are `asc`, `desc`.","description_kind":"plain","required":true}},"description":"A list of exactly one element describing the sort query to use.","description_kind":"plain"},"max_items":1}},"description":"Multiple `group_by` blocks are allowed using the structure below.","description_kind":"plain"}},"multi_compute":{"nesting_mode":"list","block":{"attributes":{"aggregation":{"type":"string","description":"The aggregation method.","description_kind":"plain","required":true},"facet":{"type":"string","description":"The facet name.","description_kind":"plain","optional":true},"interval":{"type":"number","description":"Define the time interval in seconds.","description_kind":"plain","optional":true}},"description":"`compute_query` or `multi_compute` is required. Multiple `multi_compute` blocks are allowed using the structure below.","description_kind":"plain"}}},"description":"The query to use for this widget.","description_kind":"plain"},"max_items":1},"style":{"nesting_mode":"list","block":{"attributes":{"palette":{"type":"string","description":"A color palette to apply to the widget. The available options are available at: https://docs.datadoghq.com/dashboards/widgets/timeseries/#appearance.","description_kind":"plain","optional":true}},"description":"The style of the widget graph. One nested block is allowed using the structure below.","description_kind":"plain"},"max_items":1}},"description":"A nested block describing the request to use when displaying the widget. Multiple request blocks are allowed using the structure below (exactly one of `q`, `apm_query`, `log_query`, `rum_query`, `security_query` or `process_query` is required within the request block).","description_kind":"plain"}}},"description":"The definition for a Distribution widget.","description_kind":"plain"},"max_items":1},"event_stream_definition":{"nesting_mode":"list","block":{"attributes":{"event_size":{"type":"string","description":"The size to use to display an event. Valid values are `s`, `l`.","description_kind":"plain","optional":true},"live_span":{"type":"string","description":"The timeframe to use when displaying the widget. Valid values are `1m`, `5m`, `10m`, `15m`, `30m`, `1h`, `4h`, `1d`, `2d`, `1w`, `1mo`, `3mo`, `6mo`, `1y`, `alert`.","description_kind":"plain","optional":true},"query":{"type":"string","description":"The query to use in the widget.","description_kind":"plain","required":true},"tags_execution":{"type":"string","description":"The execution method for multi-value filters, options: `and` or `or`.","description_kind":"plain","optional":true},"title":{"type":"string","description":"The title of the widget.","description_kind":"plain","optional":true},"title_align":{"type":"string","description":"The alignment of the widget's title. Valid values are `center`, `left`, `right`.","description_kind":"plain","optional":true},"title_size":{"type":"string","description":"The size of the widget's title (defaults to 16).","description_kind":"plain","optional":true}},"description":"The definition for a Event Stream widget.","description_kind":"plain"},"max_items":1},"event_timeline_definition":{"nesting_mode":"list","block":{"attributes":{"live_span":{"type":"string","description":"The timeframe to use when displaying the widget. Valid values are `1m`, `5m`, `10m`, `15m`, `30m`, `1h`, `4h`, `1d`, `2d`, `1w`, `1mo`, `3mo`, `6mo`, `1y`, `alert`.","description_kind":"plain","optional":true},"query":{"type":"string","description":"The query to use in the widget.","description_kind":"plain","required":true},"tags_execution":{"type":"string","description":"The execution method for multi-value filters, options: `and` or `or`.","description_kind":"plain","optional":true},"title":{"type":"string","description":"The title of the widget.","description_kind":"plain","optional":true},"title_align":{"type":"string","description":"The alignment of the widget's title. Valid values are `center`, `left`, `right`.","description_kind":"plain","optional":true},"title_size":{"type":"string","description":"The size of the widget's title (defaults to 16).","description_kind":"plain","optional":true}},"description":"The definition for a Event Timeline widget.","description_kind":"plain"},"max_items":1},"free_text_definition":{"nesting_mode":"list","block":{"attributes":{"color":{"type":"string","description":"The color of the text in the widget.","description_kind":"plain","optional":true},"font_size":{"type":"string","description":"The size of the text in the widget.","description_kind":"plain","optional":true},"text":{"type":"string","description":"The text to display in the widget.","description_kind":"plain","required":true},"text_align":{"type":"string","description":"The alignment of the text in the widget. Valid values are `center`, `left`, `right`.","description_kind":"plain","optional":true}},"description":"The definition for a Free Text widget.","description_kind":"plain"},"max_items":1},"geomap_definition":{"nesting_mode":"list","block":{"attributes":{"live_span":{"type":"string","description":"The timeframe to use when displaying the widget. Valid values are `1m`, `5m`, `10m`, `15m`, `30m`, `1h`, `4h`, `1d`, `2d`, `1w`, `1mo`, `3mo`, `6mo`, `1y`, `alert`.","description_kind":"plain","optional":true},"title":{"type":"string","description":"The title of the widget.","description_kind":"plain","optional":true},"title_align":{"type":"string","description":"The alignment of the widget's title. Valid values are `center`, `left`, `right`.","description_kind":"plain","optional":true},"title_size":{"type":"string","description":"The size of the widget's title (defaults to 16).","description_kind":"plain","optional":true}},"block_types":{"custom_link":{"nesting_mode":"list","block":{"attributes":{"is_hidden":{"type":"bool","description":"The flag for toggling context menu link visibility.","description_kind":"plain","optional":true},"label":{"type":"string","description":"The label for the custom link URL.","description_kind":"plain","optional":true},"link":{"type":"string","description":"The URL of the custom link.","description_kind":"plain","optional":true},"override_label":{"type":"string","description":"The label ID that refers to a context menu link item. When `override_label` is provided, the client request omits the label field.","description_kind":"plain","optional":true}},"description":"A nested block describing a custom link. Multiple `custom_link` blocks are allowed using the structure below.","description_kind":"plain"}},"request":{"nesting_mode":"list","block":{"attributes":{"q":{"type":"string","description":"The metric query to use for this widget.","description_kind":"plain","optional":true}},"block_types":{"formula":{"nesting_mode":"list","block":{"attributes":{"alias":{"type":"string","description":"An expression alias.","description_kind":"plain","optional":true},"cell_display_mode":{"type":"string","description":"A list of display modes for each table cell. Valid values are `number`, `bar`.","description_kind":"plain","optional":true},"formula_expression":{"type":"string","description":"A string expression built from queries, formulas, and functions.","description_kind":"plain","required":true}},"block_types":{"conditional_formats":{"nesting_mode":"list","block":{"attributes":{"comparator":{"type":"string","description":"The comparator to use. Valid values are `\u003e`, `\u003e=`, `\u003c`, `\u003c=`.","description_kind":"plain","required":true},"custom_bg_color":{"type":"string","description":"The color palette to apply to the background, same values available as palette.","description_kind":"plain","optional":true},"custom_fg_color":{"type":"string","description":"The color palette to apply to the foreground, same values available as palette.","description_kind":"plain","optional":true},"hide_value":{"type":"bool","description":"Setting this to True hides values.","description_kind":"plain","optional":true},"image_url":{"type":"string","description":"Displays an image as the background.","description_kind":"plain","optional":true},"metric":{"type":"string","description":"The metric from the request to correlate with this conditional format.","description_kind":"plain","optional":true},"palette":{"type":"string","description":"The color palette to apply. Valid values are `blue`, `custom_bg`, `custom_image`, `custom_text`, `gray_on_white`, `grey`, `green`, `orange`, `red`, `red_on_white`, `white_on_gray`, `white_on_green`, `green_on_white`, `white_on_red`, `white_on_yellow`, `yellow_on_white`, `black_on_light_yellow`, `black_on_light_green`, `black_on_light_red`.","description_kind":"plain","required":true},"timeframe":{"type":"string","description":"Defines the displayed timeframe.","description_kind":"plain","optional":true},"value":{"type":"number","description":"A value for the comparator.","description_kind":"plain","required":true}},"description":"Conditional formats allow you to set the color of your widget content or background depending on the rule applied to your data. Multiple `conditional_formats` blocks are allowed using the structure below.","description_kind":"plain"}},"limit":{"nesting_mode":"list","block":{"attributes":{"count":{"type":"number","description":"The number of results to return","description_kind":"plain","optional":true},"order":{"type":"string","description":"The direction of the sort. Valid values are `asc`, `desc`.","description_kind":"plain","optional":true}},"description":"The options for limiting results returned.","description_kind":"plain"},"max_items":1},"style":{"nesting_mode":"list","block":{"attributes":{"palette":{"type":"string","description":"The color palette used to display the formula. A guide to the available color palettes can be found at https://docs.datadoghq.com/dashboards/guide/widget_colors","description_kind":"plain","optional":true},"palette_index":{"type":"number","description":"Index specifying which color to use within the palette.","description_kind":"plain","optional":true}},"description":"Styling options for widget formulas.","description_kind":"plain"},"max_items":1}},"description_kind":"plain"}},"log_query":{"nesting_mode":"list","block":{"attributes":{"index":{"type":"string","description":"The name of the index to query.","description_kind":"plain","required":true},"search_query":{"type":"string","description":"The search query to use.","description_kind":"plain","optional":true}},"block_types":{"compute_query":{"nesting_mode":"list","block":{"attributes":{"aggregation":{"type":"string","description":"The aggregation method.","description_kind":"plain","required":true},"facet":{"type":"string","description":"The facet name.","description_kind":"plain","optional":true},"interval":{"type":"number","description":"Define the time interval in seconds.","description_kind":"plain","optional":true}},"description":"`compute_query` or `multi_compute` is required. The map keys are listed below.","description_kind":"plain"},"max_items":1},"group_by":{"nesting_mode":"list","block":{"attributes":{"facet":{"type":"string","description":"The facet name.","description_kind":"plain","optional":true},"limit":{"type":"number","description":"The maximum number of items in the group.","description_kind":"plain","optional":true}},"block_types":{"sort_query":{"nesting_mode":"list","block":{"attributes":{"aggregation":{"type":"string","description":"The aggregation method.","description_kind":"plain","required":true},"facet":{"type":"string","description":"The facet name.","description_kind":"plain","optional":true},"order":{"type":"string","description":"Widget sorting methods. Valid values are `asc`, `desc`.","description_kind":"plain","required":true}},"description":"A list of exactly one element describing the sort query to use.","description_kind":"plain"},"max_items":1}},"description":"Multiple `group_by` blocks are allowed using the structure below.","description_kind":"plain"}},"multi_compute":{"nesting_mode":"list","block":{"attributes":{"aggregation":{"type":"string","description":"The aggregation method.","description_kind":"plain","required":true},"facet":{"type":"string","description":"The facet name.","description_kind":"plain","optional":true},"interval":{"type":"number","description":"Define the time interval in seconds.","description_kind":"plain","optional":true}},"description":"`compute_query` or `multi_compute` is required. Multiple `multi_compute` blocks are allowed using the structure below.","description_kind":"plain"}}},"description":"The query to use for this widget.","description_kind":"plain"},"max_items":1},"query":{"nesting_mode":"list","block":{"block_types":{"apm_dependency_stats_query":{"nesting_mode":"list","block":{"attributes":{"data_source":{"type":"string","description":"The data source for APM Dependency Stats queries. Valid values are `apm_dependency_stats`.","description_kind":"plain","required":true},"env":{"type":"string","description":"APM Environment.","description_kind":"plain","required":true},"is_upstream":{"type":"bool","description":"Determines whether stats for upstream or downstream dependencies should be queried.","description_kind":"plain","optional":true},"name":{"type":"string","description":"The name of query for use in formulas.","description_kind":"plain","required":true},"operation_name":{"type":"string","description":"Name of operation on service.","description_kind":"plain","required":true},"primary_tag_name":{"type":"string","description":"The name of the second primary tag used within APM; required when `primary_tag_value` is specified. See https://docs.datadoghq.com/tracing/guide/setting_primary_tags_to_scope/#add-a-second-primary-tag-in-datadog.","description_kind":"plain","optional":true},"primary_tag_value":{"type":"string","description":"Filter APM data by the second primary tag. `primary_tag_name` must also be specified.","description_kind":"plain","optional":true},"resource_name":{"type":"string","description":"APM resource.","description_kind":"plain","required":true},"service":{"type":"string","description":"APM service.","description_kind":"plain","required":true},"stat":{"type":"string","description":"APM statistic. Valid values are `avg_duration`, `avg_root_duration`, `avg_spans_per_trace`, `error_rate`, `pct_exec_time`, `pct_of_traces`, `total_traces_count`.","description_kind":"plain","required":true}},"description":"The APM Dependency Stats query using formulas and functions.","description_kind":"plain"},"max_items":1},"apm_resource_stats_query":{"nesting_mode":"list","block":{"attributes":{"data_source":{"type":"string","description":"The data source for APM Resource Stats queries. Valid values are `apm_resource_stats`.","description_kind":"plain","required":true},"env":{"type":"string","description":"APM Environment.","description_kind":"plain","required":true},"group_by":{"type":["list","string"],"description":"Array of fields to group results by.","description_kind":"plain","optional":true},"name":{"type":"string","description":"The name of query for use in formulas.","description_kind":"plain","required":true},"operation_name":{"type":"string","description":"Name of operation on service.","description_kind":"plain","optional":true},"primary_tag_name":{"type":"string","description":"The name of the second primary tag used within APM; required when `primary_tag_value` is specified. See https://docs.datadoghq.com/tracing/guide/setting_primary_tags_to_scope/#add-a-second-primary-tag-in-datadog.","description_kind":"plain","optional":true},"primary_tag_value":{"type":"string","description":"Filter APM data by the second primary tag. `primary_tag_name` must also be specified.","description_kind":"plain","optional":true},"resource_name":{"type":"string","description":"APM resource.","description_kind":"plain","optional":true},"service":{"type":"string","description":"APM service.","description_kind":"plain","required":true},"stat":{"type":"string","description":"APM statistic. Valid values are `errors`, `error_rate`, `hits`, `latency_avg`, `latency_distribution`, `latency_max`, `latency_p50`, `latency_p75`, `latency_p90`, `latency_p95`, `latency_p99`.","description_kind":"plain","required":true}},"description":"The APM Resource Stats query using formulas and functions.","description_kind":"plain"},"max_items":1},"event_query":{"nesting_mode":"list","block":{"attributes":{"data_source":{"type":"string","description":"The data source for event platform-based queries. Valid values are `logs`, `spans`, `network`, `rum`, `security_signals`, `profiles`, `audit`, `events`, `ci_tests`, `ci_pipelines`.","description_kind":"plain","required":true},"indexes":{"type":["list","string"],"description":"An array of index names to query in the stream.","description_kind":"plain","optional":true},"name":{"type":"string","description":"The name of query for use in formulas.","description_kind":"plain","required":true},"storage":{"type":"string","description":"Storage location (private beta).","description_kind":"plain","optional":true}},"block_types":{"compute":{"nesting_mode":"list","block":{"attributes":{"aggregation":{"type":"string","description":"The aggregation methods for event platform queries. Valid values are `count`, `cardinality`, `median`, `pc75`, `pc90`, `pc95`, `pc98`, `pc99`, `sum`, `min`, `max`, `avg`.","description_kind":"plain","required":true},"interval":{"type":"number","description":"A time interval in milliseconds.","description_kind":"plain","optional":true},"metric":{"type":"string","description":"The measurable attribute to compute.","description_kind":"plain","optional":true}},"description":"The compute options.","description_kind":"plain"},"min_items":1},"group_by":{"nesting_mode":"list","block":{"attributes":{"facet":{"type":"string","description":"The event facet.","description_kind":"plain","required":true},"limit":{"type":"number","description":"The number of groups to return.","description_kind":"plain","optional":true}},"block_types":{"sort":{"nesting_mode":"list","block":{"attributes":{"aggregation":{"type":"string","description":"The aggregation methods for the event platform queries. Valid values are `count`, `cardinality`, `median`, `pc75`, `pc90`, `pc95`, `pc98`, `pc99`, `sum`, `min`, `max`, `avg`.","description_kind":"plain","required":true},"metric":{"type":"string","description":"The metric used for sorting group by results.","description_kind":"plain","optional":true},"order":{"type":"string","description":"Direction of sort. Valid values are `asc`, `desc`.","description_kind":"plain","optional":true}},"description":"The options for sorting group by results.","description_kind":"plain"},"max_items":1}},"description":"Group by options.","description_kind":"plain"}},"search":{"nesting_mode":"list","block":{"attributes":{"query":{"type":"string","description":"The events search string.","description_kind":"plain","required":true}},"description":"The search options.","description_kind":"plain"},"max_items":1}},"description":"A timeseries formula and functions events query.","description_kind":"plain"},"max_items":1},"metric_query":{"nesting_mode":"list","block":{"attributes":{"aggregator":{"type":"string","description":"The aggregation methods available for metrics queries. Valid values are `avg`, `min`, `max`, `sum`, `last`, `area`, `l2norm`, `percentile`.","description_kind":"plain","optional":true},"data_source":{"type":"string","description":"The data source for metrics queries.","description_kind":"plain","optional":true},"name":{"type":"string","description":"The name of the query for use in formulas.","description_kind":"plain","required":true},"query":{"type":"string","description":"The metrics query definition.","description_kind":"plain","required":true}},"description":"A timeseries formula and functions metrics query.","description_kind":"plain"},"max_items":1},"process_query":{"nesting_mode":"list","block":{"attributes":{"aggregator":{"type":"string","description":"The aggregation methods available for metrics queries. Valid values are `avg`, `min`, `max`, `sum`, `last`, `area`, `l2norm`, `percentile`.","description_kind":"plain","optional":true},"data_source":{"type":"string","description":"The data source for process queries. Valid values are `process`, `container`.","description_kind":"plain","required":true},"is_normalized_cpu":{"type":"bool","description":"Whether to normalize the CPU percentages.","description_kind":"plain","optional":true},"limit":{"type":"number","description":"The number of hits to return.","description_kind":"plain","optional":true},"metric":{"type":"string","description":"The process metric name.","description_kind":"plain","required":true},"name":{"type":"string","description":"The name of query for use in formulas.","description_kind":"plain","required":true},"sort":{"type":"string","description":"The direction of the sort. Valid values are `asc`, `desc`.","description_kind":"plain","optional":true},"tag_filters":{"type":["list","string"],"description":"An array of tags to filter by.","description_kind":"plain","optional":true},"text_filter":{"type":"string","description":"The text to use as a filter.","description_kind":"plain","optional":true}},"description":"The process query using formulas and functions.","description_kind":"plain"},"max_items":1}},"description_kind":"plain"}},"rum_query":{"nesting_mode":"list","block":{"attributes":{"index":{"type":"string","description":"The name of the index to query.","description_kind":"plain","required":true},"search_query":{"type":"string","description":"The search query to use.","description_kind":"plain","optional":true}},"block_types":{"compute_query":{"nesting_mode":"list","block":{"attributes":{"aggregation":{"type":"string","description":"The aggregation method.","description_kind":"plain","required":true},"facet":{"type":"string","description":"The facet name.","description_kind":"plain","optional":true},"interval":{"type":"number","description":"Define the time interval in seconds.","description_kind":"plain","optional":true}},"description":"`compute_query` or `multi_compute` is required. The map keys are listed below.","description_kind":"plain"},"max_items":1},"group_by":{"nesting_mode":"list","block":{"attributes":{"facet":{"type":"string","description":"The facet name.","description_kind":"plain","optional":true},"limit":{"type":"number","description":"The maximum number of items in the group.","description_kind":"plain","optional":true}},"block_types":{"sort_query":{"nesting_mode":"list","block":{"attributes":{"aggregation":{"type":"string","description":"The aggregation method.","description_kind":"plain","required":true},"facet":{"type":"string","description":"The facet name.","description_kind":"plain","optional":true},"order":{"type":"string","description":"Widget sorting methods. Valid values are `asc`, `desc`.","description_kind":"plain","required":true}},"description":"A list of exactly one element describing the sort query to use.","description_kind":"plain"},"max_items":1}},"description":"Multiple `group_by` blocks are allowed using the structure below.","description_kind":"plain"}},"multi_compute":{"nesting_mode":"list","block":{"attributes":{"aggregation":{"type":"string","description":"The aggregation method.","description_kind":"plain","required":true},"facet":{"type":"string","description":"The facet name.","description_kind":"plain","optional":true},"interval":{"type":"number","description":"Define the time interval in seconds.","description_kind":"plain","optional":true}},"description":"`compute_query` or `multi_compute` is required. Multiple `multi_compute` blocks are allowed using the structure below.","description_kind":"plain"}}},"description":"The query to use for this widget.","description_kind":"plain"},"max_items":1}},"description":"A nested block describing the request to use when displaying the widget. Multiple `request` blocks are allowed using the structure below (exactly one of `q`, `log_query` or `rum_query` is required within the `request` block).","description_kind":"plain"}},"style":{"nesting_mode":"list","block":{"attributes":{"palette":{"type":"string","description":"The color palette to apply to the widget.","description_kind":"plain","required":true},"palette_flip":{"type":"bool","description":"A Boolean indicating whether to flip the palette tones.","description_kind":"plain","required":true}},"description":"The style of the widget graph. One nested block is allowed using the structure below.","description_kind":"plain"},"max_items":1},"view":{"nesting_mode":"list","block":{"attributes":{"focus":{"type":"string","description":"The two-letter ISO code of a country to focus the map on (or `WORLD`).","description_kind":"plain","required":true}},"description":"The view of the world that the map should render.","description_kind":"plain"},"min_items":1,"max_items":1}},"description":"The definition for a Geomap widget.","description_kind":"plain"},"max_items":1},"group_definition":{"nesting_mode":"list","block":{"attributes":{"background_color":{"type":"string","description":"The background color of the group title, options: `vivid_blue`, `vivid_purple`, `vivid_pink`, `vivid_orange`, `vivid_yellow`, `vivid_green`, `blue`, `purple`, `pink`, `orange`, `yellow`, `green`, `gray` or `white`","description_kind":"plain","optional":true},"banner_img":{"type":"string","description":"The image URL to display as a banner for the group.","description_kind":"plain","optional":true},"layout_type":{"type":"string","description":"The layout type of the group. Valid values are `ordered`.","description_kind":"plain","required":true},"show_title":{"type":"bool","description":"Whether to show the title or not.","description_kind":"plain","optional":true},"title":{"type":"string","description":"The title of the group.","description_kind":"plain","optional":true}},"block_types":{"widget":{"nesting_mode":"list","block":{"attributes":{"id":{"type":"number","description":"The ID of the widget.","description_kind":"plain","computed":true}},"block_types":{"alert_graph_definition":{"nesting_mode":"list","block":{"attributes":{"alert_id":{"type":"string","description":"The ID of the monitor used by the widget.","description_kind":"plain","required":true},"live_span":{"type":"string","description":"The timeframe to use when displaying the widget. Valid values are `1m`, `5m`, `10m`, `15m`, `30m`, `1h`, `4h`, `1d`, `2d`, `1w`, `1mo`, `3mo`, `6mo`, `1y`, `alert`.","description_kind":"plain","optional":true},"title":{"type":"string","description":"The title of the widget.","description_kind":"plain","optional":true},"title_align":{"type":"string","description":"The alignment of the widget's title. Valid values are `center`, `left`, `right`.","description_kind":"plain","optional":true},"title_size":{"type":"string","description":"The size of the widget's title (defaults to 16).","description_kind":"plain","optional":true},"viz_type":{"type":"string","description":"Type of visualization to use when displaying the widget. Valid values are `timeseries`, `toplist`.","description_kind":"plain","required":true}},"description":"The definition for a Alert Graph widget.","description_kind":"plain"},"max_items":1},"alert_value_definition":{"nesting_mode":"list","block":{"attributes":{"alert_id":{"type":"string","description":"The ID of the monitor used by the widget.","description_kind":"plain","required":true},"precision":{"type":"number","description":"The precision to use when displaying the value. Use `*` for maximum precision.","description_kind":"plain","optional":true},"text_align":{"type":"string","description":"The alignment of the text in the widget. Valid values are `center`, `left`, `right`.","description_kind":"plain","optional":true},"title":{"type":"string","description":"The title of the widget.","description_kind":"plain","optional":true},"title_align":{"type":"string","description":"The alignment of the widget's title. Valid values are `center`, `left`, `right`.","description_kind":"plain","optional":true},"title_size":{"type":"string","description":"The size of the widget's title (defaults to 16).","description_kind":"plain","optional":true},"unit":{"type":"string","description":"The unit for the value displayed in the widget.","description_kind":"plain","optional":true}},"description":"The definition for a Alert Value widget.","description_kind":"plain"},"max_items":1},"change_definition":{"nesting_mode":"list","block":{"attributes":{"live_span":{"type":"string","description":"The timeframe to use when displaying the widget. Valid values are `1m`, `5m`, `10m`, `15m`, `30m`, `1h`, `4h`, `1d`, `2d`, `1w`, `1mo`, `3mo`, `6mo`, `1y`, `alert`.","description_kind":"plain","optional":true},"title":{"type":"string","description":"The title of the widget.","description_kind":"plain","optional":true},"title_align":{"type":"string","description":"The alignment of the widget's title. Valid values are `center`, `left`, `right`.","description_kind":"plain","optional":true},"title_size":{"type":"string","description":"The size of the widget's title (defaults to 16).","description_kind":"plain","optional":true}},"block_types":{"custom_link":{"nesting_mode":"list","block":{"attributes":{"is_hidden":{"type":"bool","description":"The flag for toggling context menu link visibility.","description_kind":"plain","optional":true},"label":{"type":"string","description":"The label for the custom link URL.","description_kind":"plain","optional":true},"link":{"type":"string","description":"The URL of the custom link.","description_kind":"plain","optional":true},"override_label":{"type":"string","description":"The label ID that refers to a context menu link item. When `override_label` is provided, the client request omits the label field.","description_kind":"plain","optional":true}},"description":"A nested block describing a custom link. Multiple `custom_link` blocks are allowed using the structure below.","description_kind":"plain"}},"request":{"nesting_mode":"list","block":{"attributes":{"change_type":{"type":"string","description":"Whether to show absolute or relative change. Valid values are `absolute`, `relative`.","description_kind":"plain","optional":true},"compare_to":{"type":"string","description":"Choose from when to compare current data to. Valid values are `hour_before`, `day_before`, `week_before`, `month_before`.","description_kind":"plain","optional":true},"increase_good":{"type":"bool","description":"A Boolean indicating whether an increase in the value is good (displayed in green) or not (displayed in red).","description_kind":"plain","optional":true},"order_by":{"type":"string","description":"What to order by. Valid values are `change`, `name`, `present`, `past`.","description_kind":"plain","optional":true},"order_dir":{"type":"string","description":"Widget sorting method. Valid values are `asc`, `desc`.","description_kind":"plain","optional":true},"q":{"type":"string","description":"The metric query to use for this widget.","description_kind":"plain","optional":true},"show_present":{"type":"bool","description":"If set to `true`, displays the current value.","description_kind":"plain","optional":true}},"block_types":{"apm_query":{"nesting_mode":"list","block":{"attributes":{"index":{"type":"string","description":"The name of the index to query.","description_kind":"plain","required":true},"search_query":{"type":"string","description":"The search query to use.","description_kind":"plain","optional":true}},"block_types":{"compute_query":{"nesting_mode":"list","block":{"attributes":{"aggregation":{"type":"string","description":"The aggregation method.","description_kind":"plain","required":true},"facet":{"type":"string","description":"The facet name.","description_kind":"plain","optional":true},"interval":{"type":"number","description":"Define the time interval in seconds.","description_kind":"plain","optional":true}},"description":"`compute_query` or `multi_compute` is required. The map keys are listed below.","description_kind":"plain"},"max_items":1},"group_by":{"nesting_mode":"list","block":{"attributes":{"facet":{"type":"string","description":"The facet name.","description_kind":"plain","optional":true},"limit":{"type":"number","description":"The maximum number of items in the group.","description_kind":"plain","optional":true}},"block_types":{"sort_query":{"nesting_mode":"list","block":{"attributes":{"aggregation":{"type":"string","description":"The aggregation method.","description_kind":"plain","required":true},"facet":{"type":"string","description":"The facet name.","description_kind":"plain","optional":true},"order":{"type":"string","description":"Widget sorting methods. Valid values are `asc`, `desc`.","description_kind":"plain","required":true}},"description":"A list of exactly one element describing the sort query to use.","description_kind":"plain"},"max_items":1}},"description":"Multiple `group_by` blocks are allowed using the structure below.","description_kind":"plain"}},"multi_compute":{"nesting_mode":"list","block":{"attributes":{"aggregation":{"type":"string","description":"The aggregation method.","description_kind":"plain","required":true},"facet":{"type":"string","description":"The facet name.","description_kind":"plain","optional":true},"interval":{"type":"number","description":"Define the time interval in seconds.","description_kind":"plain","optional":true}},"description":"`compute_query` or `multi_compute` is required. Multiple `multi_compute` blocks are allowed using the structure below.","description_kind":"plain"}}},"description":"The query to use for this widget.","description_kind":"plain"},"max_items":1},"formula":{"nesting_mode":"list","block":{"attributes":{"alias":{"type":"string","description":"An expression alias.","description_kind":"plain","optional":true},"cell_display_mode":{"type":"string","description":"A list of display modes for each table cell. Valid values are `number`, `bar`.","description_kind":"plain","optional":true},"formula_expression":{"type":"string","description":"A string expression built from queries, formulas, and functions.","description_kind":"plain","required":true}},"block_types":{"conditional_formats":{"nesting_mode":"list","block":{"attributes":{"comparator":{"type":"string","description":"The comparator to use. Valid values are `\u003e`, `\u003e=`, `\u003c`, `\u003c=`.","description_kind":"plain","required":true},"custom_bg_color":{"type":"string","description":"The color palette to apply to the background, same values available as palette.","description_kind":"plain","optional":true},"custom_fg_color":{"type":"string","description":"The color palette to apply to the foreground, same values available as palette.","description_kind":"plain","optional":true},"hide_value":{"type":"bool","description":"Setting this to True hides values.","description_kind":"plain","optional":true},"image_url":{"type":"string","description":"Displays an image as the background.","description_kind":"plain","optional":true},"metric":{"type":"string","description":"The metric from the request to correlate with this conditional format.","description_kind":"plain","optional":true},"palette":{"type":"string","description":"The color palette to apply. Valid values are `blue`, `custom_bg`, `custom_image`, `custom_text`, `gray_on_white`, `grey`, `green`, `orange`, `red`, `red_on_white`, `white_on_gray`, `white_on_green`, `green_on_white`, `white_on_red`, `white_on_yellow`, `yellow_on_white`, `black_on_light_yellow`, `black_on_light_green`, `black_on_light_red`.","description_kind":"plain","required":true},"timeframe":{"type":"string","description":"Defines the displayed timeframe.","description_kind":"plain","optional":true},"value":{"type":"number","description":"A value for the comparator.","description_kind":"plain","required":true}},"description":"Conditional formats allow you to set the color of your widget content or background depending on the rule applied to your data. Multiple `conditional_formats` blocks are allowed using the structure below.","description_kind":"plain"}},"limit":{"nesting_mode":"list","block":{"attributes":{"count":{"type":"number","description":"The number of results to return","description_kind":"plain","optional":true},"order":{"type":"string","description":"The direction of the sort. Valid values are `asc`, `desc`.","description_kind":"plain","optional":true}},"description":"The options for limiting results returned.","description_kind":"plain"},"max_items":1},"style":{"nesting_mode":"list","block":{"attributes":{"palette":{"type":"string","description":"The color palette used to display the formula. A guide to the available color palettes can be found at https://docs.datadoghq.com/dashboards/guide/widget_colors","description_kind":"plain","optional":true},"palette_index":{"type":"number","description":"Index specifying which color to use within the palette.","description_kind":"plain","optional":true}},"description":"Styling options for widget formulas.","description_kind":"plain"},"max_items":1}},"description_kind":"plain"}},"log_query":{"nesting_mode":"list","block":{"attributes":{"index":{"type":"string","description":"The name of the index to query.","description_kind":"plain","required":true},"search_query":{"type":"string","description":"The search query to use.","description_kind":"plain","optional":true}},"block_types":{"compute_query":{"nesting_mode":"list","block":{"attributes":{"aggregation":{"type":"string","description":"The aggregation method.","description_kind":"plain","required":true},"facet":{"type":"string","description":"The facet name.","description_kind":"plain","optional":true},"interval":{"type":"number","description":"Define the time interval in seconds.","description_kind":"plain","optional":true}},"description":"`compute_query` or `multi_compute` is required. The map keys are listed below.","description_kind":"plain"},"max_items":1},"group_by":{"nesting_mode":"list","block":{"attributes":{"facet":{"type":"string","description":"The facet name.","description_kind":"plain","optional":true},"limit":{"type":"number","description":"The maximum number of items in the group.","description_kind":"plain","optional":true}},"block_types":{"sort_query":{"nesting_mode":"list","block":{"attributes":{"aggregation":{"type":"string","description":"The aggregation method.","description_kind":"plain","required":true},"facet":{"type":"string","description":"The facet name.","description_kind":"plain","optional":true},"order":{"type":"string","description":"Widget sorting methods. Valid values are `asc`, `desc`.","description_kind":"plain","required":true}},"description":"A list of exactly one element describing the sort query to use.","description_kind":"plain"},"max_items":1}},"description":"Multiple `group_by` blocks are allowed using the structure below.","description_kind":"plain"}},"multi_compute":{"nesting_mode":"list","block":{"attributes":{"aggregation":{"type":"string","description":"The aggregation method.","description_kind":"plain","required":true},"facet":{"type":"string","description":"The facet name.","description_kind":"plain","optional":true},"interval":{"type":"number","description":"Define the time interval in seconds.","description_kind":"plain","optional":true}},"description":"`compute_query` or `multi_compute` is required. Multiple `multi_compute` blocks are allowed using the structure below.","description_kind":"plain"}}},"description":"The query to use for this widget.","description_kind":"plain"},"max_items":1},"process_query":{"nesting_mode":"list","block":{"attributes":{"filter_by":{"type":["list","string"],"description":"A list of processes.","description_kind":"plain","optional":true},"limit":{"type":"number","description":"The max number of items in the filter list.","description_kind":"plain","optional":true},"metric":{"type":"string","description":"Your chosen metric.","description_kind":"plain","required":true},"search_by":{"type":"string","description":"Your chosen search term.","description_kind":"plain","optional":true}},"description":"The process query to use in the widget. The structure of this block is described below.","description_kind":"plain"},"max_items":1},"query":{"nesting_mode":"list","block":{"block_types":{"apm_dependency_stats_query":{"nesting_mode":"list","block":{"attributes":{"data_source":{"type":"string","description":"The data source for APM Dependency Stats queries. Valid values are `apm_dependency_stats`.","description_kind":"plain","required":true},"env":{"type":"string","description":"APM Environment.","description_kind":"plain","required":true},"is_upstream":{"type":"bool","description":"Determines whether stats for upstream or downstream dependencies should be queried.","description_kind":"plain","optional":true},"name":{"type":"string","description":"The name of query for use in formulas.","description_kind":"plain","required":true},"operation_name":{"type":"string","description":"Name of operation on service.","description_kind":"plain","required":true},"primary_tag_name":{"type":"string","description":"The name of the second primary tag used within APM; required when `primary_tag_value` is specified. See https://docs.datadoghq.com/tracing/guide/setting_primary_tags_to_scope/#add-a-second-primary-tag-in-datadog.","description_kind":"plain","optional":true},"primary_tag_value":{"type":"string","description":"Filter APM data by the second primary tag. `primary_tag_name` must also be specified.","description_kind":"plain","optional":true},"resource_name":{"type":"string","description":"APM resource.","description_kind":"plain","required":true},"service":{"type":"string","description":"APM service.","description_kind":"plain","required":true},"stat":{"type":"string","description":"APM statistic. Valid values are `avg_duration`, `avg_root_duration`, `avg_spans_per_trace`, `error_rate`, `pct_exec_time`, `pct_of_traces`, `total_traces_count`.","description_kind":"plain","required":true}},"description":"The APM Dependency Stats query using formulas and functions.","description_kind":"plain"},"max_items":1},"apm_resource_stats_query":{"nesting_mode":"list","block":{"attributes":{"data_source":{"type":"string","description":"The data source for APM Resource Stats queries. Valid values are `apm_resource_stats`.","description_kind":"plain","required":true},"env":{"type":"string","description":"APM Environment.","description_kind":"plain","required":true},"group_by":{"type":["list","string"],"description":"Array of fields to group results by.","description_kind":"plain","optional":true},"name":{"type":"string","description":"The name of query for use in formulas.","description_kind":"plain","required":true},"operation_name":{"type":"string","description":"Name of operation on service.","description_kind":"plain","optional":true},"primary_tag_name":{"type":"string","description":"The name of the second primary tag used within APM; required when `primary_tag_value` is specified. See https://docs.datadoghq.com/tracing/guide/setting_primary_tags_to_scope/#add-a-second-primary-tag-in-datadog.","description_kind":"plain","optional":true},"primary_tag_value":{"type":"string","description":"Filter APM data by the second primary tag. `primary_tag_name` must also be specified.","description_kind":"plain","optional":true},"resource_name":{"type":"string","description":"APM resource.","description_kind":"plain","optional":true},"service":{"type":"string","description":"APM service.","description_kind":"plain","required":true},"stat":{"type":"string","description":"APM statistic. Valid values are `errors`, `error_rate`, `hits`, `latency_avg`, `latency_distribution`, `latency_max`, `latency_p50`, `latency_p75`, `latency_p90`, `latency_p95`, `latency_p99`.","description_kind":"plain","required":true}},"description":"The APM Resource Stats query using formulas and functions.","description_kind":"plain"},"max_items":1},"event_query":{"nesting_mode":"list","block":{"attributes":{"data_source":{"type":"string","description":"The data source for event platform-based queries. Valid values are `logs`, `spans`, `network`, `rum`, `security_signals`, `profiles`, `audit`, `events`, `ci_tests`, `ci_pipelines`.","description_kind":"plain","required":true},"indexes":{"type":["list","string"],"description":"An array of index names to query in the stream.","description_kind":"plain","optional":true},"name":{"type":"string","description":"The name of query for use in formulas.","description_kind":"plain","required":true},"storage":{"type":"string","description":"Storage location (private beta).","description_kind":"plain","optional":true}},"block_types":{"compute":{"nesting_mode":"list","block":{"attributes":{"aggregation":{"type":"string","description":"The aggregation methods for event platform queries. Valid values are `count`, `cardinality`, `median`, `pc75`, `pc90`, `pc95`, `pc98`, `pc99`, `sum`, `min`, `max`, `avg`.","description_kind":"plain","required":true},"interval":{"type":"number","description":"A time interval in milliseconds.","description_kind":"plain","optional":true},"metric":{"type":"string","description":"The measurable attribute to compute.","description_kind":"plain","optional":true}},"description":"The compute options.","description_kind":"plain"},"min_items":1},"group_by":{"nesting_mode":"list","block":{"attributes":{"facet":{"type":"string","description":"The event facet.","description_kind":"plain","required":true},"limit":{"type":"number","description":"The number of groups to return.","description_kind":"plain","optional":true}},"block_types":{"sort":{"nesting_mode":"list","block":{"attributes":{"aggregation":{"type":"string","description":"The aggregation methods for the event platform queries. Valid values are `count`, `cardinality`, `median`, `pc75`, `pc90`, `pc95`, `pc98`, `pc99`, `sum`, `min`, `max`, `avg`.","description_kind":"plain","required":true},"metric":{"type":"string","description":"The metric used for sorting group by results.","description_kind":"plain","optional":true},"order":{"type":"string","description":"Direction of sort. Valid values are `asc`, `desc`.","description_kind":"plain","optional":true}},"description":"The options for sorting group by results.","description_kind":"plain"},"max_items":1}},"description":"Group by options.","description_kind":"plain"}},"search":{"nesting_mode":"list","block":{"attributes":{"query":{"type":"string","description":"The events search string.","description_kind":"plain","required":true}},"description":"The search options.","description_kind":"plain"},"max_items":1}},"description":"A timeseries formula and functions events query.","description_kind":"plain"},"max_items":1},"metric_query":{"nesting_mode":"list","block":{"attributes":{"aggregator":{"type":"string","description":"The aggregation methods available for metrics queries. Valid values are `avg`, `min`, `max`, `sum`, `last`, `area`, `l2norm`, `percentile`.","description_kind":"plain","optional":true},"data_source":{"type":"string","description":"The data source for metrics queries.","description_kind":"plain","optional":true},"name":{"type":"string","description":"The name of the query for use in formulas.","description_kind":"plain","required":true},"query":{"type":"string","description":"The metrics query definition.","description_kind":"plain","required":true}},"description":"A timeseries formula and functions metrics query.","description_kind":"plain"},"max_items":1},"process_query":{"nesting_mode":"list","block":{"attributes":{"aggregator":{"type":"string","description":"The aggregation methods available for metrics queries. Valid values are `avg`, `min`, `max`, `sum`, `last`, `area`, `l2norm`, `percentile`.","description_kind":"plain","optional":true},"data_source":{"type":"string","description":"The data source for process queries. Valid values are `process`, `container`.","description_kind":"plain","required":true},"is_normalized_cpu":{"type":"bool","description":"Whether to normalize the CPU percentages.","description_kind":"plain","optional":true},"limit":{"type":"number","description":"The number of hits to return.","description_kind":"plain","optional":true},"metric":{"type":"string","description":"The process metric name.","description_kind":"plain","required":true},"name":{"type":"string","description":"The name of query for use in formulas.","description_kind":"plain","required":true},"sort":{"type":"string","description":"The direction of the sort. Valid values are `asc`, `desc`.","description_kind":"plain","optional":true},"tag_filters":{"type":["list","string"],"description":"An array of tags to filter by.","description_kind":"plain","optional":true},"text_filter":{"type":"string","description":"The text to use as a filter.","description_kind":"plain","optional":true}},"description":"The process query using formulas and functions.","description_kind":"plain"},"max_items":1}},"description_kind":"plain"}},"rum_query":{"nesting_mode":"list","block":{"attributes":{"index":{"type":"string","description":"The name of the index to query.","description_kind":"plain","required":true},"search_query":{"type":"string","description":"The search query to use.","description_kind":"plain","optional":true}},"block_types":{"compute_query":{"nesting_mode":"list","block":{"attributes":{"aggregation":{"type":"string","description":"The aggregation method.","description_kind":"plain","required":true},"facet":{"type":"string","description":"The facet name.","description_kind":"plain","optional":true},"interval":{"type":"number","description":"Define the time interval in seconds.","description_kind":"plain","optional":true}},"description":"`compute_query` or `multi_compute` is required. The map keys are listed below.","description_kind":"plain"},"max_items":1},"group_by":{"nesting_mode":"list","block":{"attributes":{"facet":{"type":"string","description":"The facet name.","description_kind":"plain","optional":true},"limit":{"type":"number","description":"The maximum number of items in the group.","description_kind":"plain","optional":true}},"block_types":{"sort_query":{"nesting_mode":"list","block":{"attributes":{"aggregation":{"type":"string","description":"The aggregation method.","description_kind":"plain","required":true},"facet":{"type":"string","description":"The facet name.","description_kind":"plain","optional":true},"order":{"type":"string","description":"Widget sorting methods. Valid values are `asc`, `desc`.","description_kind":"plain","required":true}},"description":"A list of exactly one element describing the sort query to use.","description_kind":"plain"},"max_items":1}},"description":"Multiple `group_by` blocks are allowed using the structure below.","description_kind":"plain"}},"multi_compute":{"nesting_mode":"list","block":{"attributes":{"aggregation":{"type":"string","description":"The aggregation method.","description_kind":"plain","required":true},"facet":{"type":"string","description":"The facet name.","description_kind":"plain","optional":true},"interval":{"type":"number","description":"Define the time interval in seconds.","description_kind":"plain","optional":true}},"description":"`compute_query` or `multi_compute` is required. Multiple `multi_compute` blocks are allowed using the structure below.","description_kind":"plain"}}},"description":"The query to use for this widget.","description_kind":"plain"},"max_items":1},"security_query":{"nesting_mode":"list","block":{"attributes":{"index":{"type":"string","description":"The name of the index to query.","description_kind":"plain","required":true},"search_query":{"type":"string","description":"The search query to use.","description_kind":"plain","optional":true}},"block_types":{"compute_query":{"nesting_mode":"list","block":{"attributes":{"aggregation":{"type":"string","description":"The aggregation method.","description_kind":"plain","required":true},"facet":{"type":"string","description":"The facet name.","description_kind":"plain","optional":true},"interval":{"type":"number","description":"Define the time interval in seconds.","description_kind":"plain","optional":true}},"description":"`compute_query` or `multi_compute` is required. The map keys are listed below.","description_kind":"plain"},"max_items":1},"group_by":{"nesting_mode":"list","block":{"attributes":{"facet":{"type":"string","description":"The facet name.","description_kind":"plain","optional":true},"limit":{"type":"number","description":"The maximum number of items in the group.","description_kind":"plain","optional":true}},"block_types":{"sort_query":{"nesting_mode":"list","block":{"attributes":{"aggregation":{"type":"string","description":"The aggregation method.","description_kind":"plain","required":true},"facet":{"type":"string","description":"The facet name.","description_kind":"plain","optional":true},"order":{"type":"string","description":"Widget sorting methods. Valid values are `asc`, `desc`.","description_kind":"plain","required":true}},"description":"A list of exactly one element describing the sort query to use.","description_kind":"plain"},"max_items":1}},"description":"Multiple `group_by` blocks are allowed using the structure below.","description_kind":"plain"}},"multi_compute":{"nesting_mode":"list","block":{"attributes":{"aggregation":{"type":"string","description":"The aggregation method.","description_kind":"plain","required":true},"facet":{"type":"string","description":"The facet name.","description_kind":"plain","optional":true},"interval":{"type":"number","description":"Define the time interval in seconds.","description_kind":"plain","optional":true}},"description":"`compute_query` or `multi_compute` is required. Multiple `multi_compute` blocks are allowed using the structure below.","description_kind":"plain"}}},"description":"The query to use for this widget.","description_kind":"plain"},"max_items":1}},"description":"A nested block describing the request to use when displaying the widget. Multiple request blocks are allowed using the structure below (exactly one of `q`, `apm_query`, `log_query`, `rum_query`, `security_query` or `process_query` is required within the request block).","description_kind":"plain"}}},"description":"The definition for a Change widget.","description_kind":"plain"},"max_items":1},"check_status_definition":{"nesting_mode":"list","block":{"attributes":{"check":{"type":"string","description":"The check to use in the widget.","description_kind":"plain","required":true},"group":{"type":"string","description":"The check group to use in the widget.","description_kind":"plain","optional":true},"group_by":{"type":["list","string"],"description":"When `grouping = \"cluster\"`, indicates a list of tags to use for grouping.","description_kind":"plain","optional":true},"grouping":{"type":"string","description":"The kind of grouping to use. Valid values are `check`, `cluster`.","description_kind":"plain","required":true},"live_span":{"type":"string","description":"The timeframe to use when displaying the widget. Valid values are `1m`, `5m`, `10m`, `15m`, `30m`, `1h`, `4h`, `1d`, `2d`, `1w`, `1mo`, `3mo`, `6mo`, `1y`, `alert`.","description_kind":"plain","optional":true},"tags":{"type":["list","string"],"description":"A list of tags to use in the widget.","description_kind":"plain","optional":true},"title":{"type":"string","description":"The title of the widget.","description_kind":"plain","optional":true},"title_align":{"type":"string","description":"The alignment of the widget's title. Valid values are `center`, `left`, `right`.","description_kind":"plain","optional":true},"title_size":{"type":"string","description":"The size of the widget's title (defaults to 16).","description_kind":"plain","optional":true}},"description":"The definition for a Check Status widget.","description_kind":"plain"},"max_items":1},"distribution_definition":{"nesting_mode":"list","block":{"attributes":{"legend_size":{"type":"string","description":"The size of the legend displayed in the widget.","description_kind":"plain","optional":true},"live_span":{"type":"string","description":"The timeframe to use when displaying the widget. Valid values are `1m`, `5m`, `10m`, `15m`, `30m`, `1h`, `4h`, `1d`, `2d`, `1w`, `1mo`, `3mo`, `6mo`, `1y`, `alert`.","description_kind":"plain","optional":true},"show_legend":{"type":"bool","description":"Whether or not to show the legend on this widget.","description_kind":"plain","optional":true},"title":{"type":"string","description":"The title of the widget.","description_kind":"plain","optional":true},"title_align":{"type":"string","description":"The alignment of the widget's title. Valid values are `center`, `left`, `right`.","description_kind":"plain","optional":true},"title_size":{"type":"string","description":"The size of the widget's title (defaults to 16).","description_kind":"plain","optional":true}},"block_types":{"request":{"nesting_mode":"list","block":{"attributes":{"q":{"type":"string","description":"The metric query to use for this widget.","description_kind":"plain","optional":true}},"block_types":{"apm_query":{"nesting_mode":"list","block":{"attributes":{"index":{"type":"string","description":"The name of the index to query.","description_kind":"plain","required":true},"search_query":{"type":"string","description":"The search query to use.","description_kind":"plain","optional":true}},"block_types":{"compute_query":{"nesting_mode":"list","block":{"attributes":{"aggregation":{"type":"string","description":"The aggregation method.","description_kind":"plain","required":true},"facet":{"type":"string","description":"The facet name.","description_kind":"plain","optional":true},"interval":{"type":"number","description":"Define the time interval in seconds.","description_kind":"plain","optional":true}},"description":"`compute_query` or `multi_compute` is required. The map keys are listed below.","description_kind":"plain"},"max_items":1},"group_by":{"nesting_mode":"list","block":{"attributes":{"facet":{"type":"string","description":"The facet name.","description_kind":"plain","optional":true},"limit":{"type":"number","description":"The maximum number of items in the group.","description_kind":"plain","optional":true}},"block_types":{"sort_query":{"nesting_mode":"list","block":{"attributes":{"aggregation":{"type":"string","description":"The aggregation method.","description_kind":"plain","required":true},"facet":{"type":"string","description":"The facet name.","description_kind":"plain","optional":true},"order":{"type":"string","description":"Widget sorting methods. Valid values are `asc`, `desc`.","description_kind":"plain","required":true}},"description":"A list of exactly one element describing the sort query to use.","description_kind":"plain"},"max_items":1}},"description":"Multiple `group_by` blocks are allowed using the structure below.","description_kind":"plain"}},"multi_compute":{"nesting_mode":"list","block":{"attributes":{"aggregation":{"type":"string","description":"The aggregation method.","description_kind":"plain","required":true},"facet":{"type":"string","description":"The facet name.","description_kind":"plain","optional":true},"interval":{"type":"number","description":"Define the time interval in seconds.","description_kind":"plain","optional":true}},"description":"`compute_query` or `multi_compute` is required. Multiple `multi_compute` blocks are allowed using the structure below.","description_kind":"plain"}}},"description":"The query to use for this widget.","description_kind":"plain"},"max_items":1},"apm_stats_query":{"nesting_mode":"list","block":{"attributes":{"env":{"type":"string","description":"The environment name.","description_kind":"plain","required":true},"name":{"type":"string","description":"The operation name associated with the service.","description_kind":"plain","required":true},"primary_tag":{"type":"string","description":"The organization's host group name and value.","description_kind":"plain","required":true},"resource":{"type":"string","description":"The resource name.","description_kind":"plain","optional":true},"row_type":{"type":"string","description":"The level of detail for the request. Valid values are `service`, `resource`, `span`.","description_kind":"plain","required":true},"service":{"type":"string","description":"The service name.","description_kind":"plain","required":true}},"block_types":{"columns":{"nesting_mode":"list","block":{"attributes":{"alias":{"type":"string","description":"A user-assigned alias for the column.","description_kind":"plain","optional":true},"cell_display_mode":{"type":"string","description":"A list of display modes for each table cell. Valid values are `number`, `bar`.","description_kind":"plain","optional":true},"name":{"type":"string","description":"The column name.","description_kind":"plain","required":true},"order":{"type":"string","description":"Widget sorting methods. Valid values are `asc`, `desc`.","description_kind":"plain","optional":true}},"description":"Column properties used by the front end for display.","description_kind":"plain"}}},"description_kind":"plain"},"max_items":1},"log_query":{"nesting_mode":"list","block":{"attributes":{"index":{"type":"string","description":"The name of the index to query.","description_kind":"plain","required":true},"search_query":{"type":"string","description":"The search query to use.","description_kind":"plain","optional":true}},"block_types":{"compute_query":{"nesting_mode":"list","block":{"attributes":{"aggregation":{"type":"string","description":"The aggregation method.","description_kind":"plain","required":true},"facet":{"type":"string","description":"The facet name.","description_kind":"plain","optional":true},"interval":{"type":"number","description":"Define the time interval in seconds.","description_kind":"plain","optional":true}},"description":"`compute_query` or `multi_compute` is required. The map keys are listed below.","description_kind":"plain"},"max_items":1},"group_by":{"nesting_mode":"list","block":{"attributes":{"facet":{"type":"string","description":"The facet name.","description_kind":"plain","optional":true},"limit":{"type":"number","description":"The maximum number of items in the group.","description_kind":"plain","optional":true}},"block_types":{"sort_query":{"nesting_mode":"list","block":{"attributes":{"aggregation":{"type":"string","description":"The aggregation method.","description_kind":"plain","required":true},"facet":{"type":"string","description":"The facet name.","description_kind":"plain","optional":true},"order":{"type":"string","description":"Widget sorting methods. Valid values are `asc`, `desc`.","description_kind":"plain","required":true}},"description":"A list of exactly one element describing the sort query to use.","description_kind":"plain"},"max_items":1}},"description":"Multiple `group_by` blocks are allowed using the structure below.","description_kind":"plain"}},"multi_compute":{"nesting_mode":"list","block":{"attributes":{"aggregation":{"type":"string","description":"The aggregation method.","description_kind":"plain","required":true},"facet":{"type":"string","description":"The facet name.","description_kind":"plain","optional":true},"interval":{"type":"number","description":"Define the time interval in seconds.","description_kind":"plain","optional":true}},"description":"`compute_query` or `multi_compute` is required. Multiple `multi_compute` blocks are allowed using the structure below.","description_kind":"plain"}}},"description":"The query to use for this widget.","description_kind":"plain"},"max_items":1},"process_query":{"nesting_mode":"list","block":{"attributes":{"filter_by":{"type":["list","string"],"description":"A list of processes.","description_kind":"plain","optional":true},"limit":{"type":"number","description":"The max number of items in the filter list.","description_kind":"plain","optional":true},"metric":{"type":"string","description":"Your chosen metric.","description_kind":"plain","required":true},"search_by":{"type":"string","description":"Your chosen search term.","description_kind":"plain","optional":true}},"description":"The process query to use in the widget. The structure of this block is described below.","description_kind":"plain"},"max_items":1},"rum_query":{"nesting_mode":"list","block":{"attributes":{"index":{"type":"string","description":"The name of the index to query.","description_kind":"plain","required":true},"search_query":{"type":"string","description":"The search query to use.","description_kind":"plain","optional":true}},"block_types":{"compute_query":{"nesting_mode":"list","block":{"attributes":{"aggregation":{"type":"string","description":"The aggregation method.","description_kind":"plain","required":true},"facet":{"type":"string","description":"The facet name.","description_kind":"plain","optional":true},"interval":{"type":"number","description":"Define the time interval in seconds.","description_kind":"plain","optional":true}},"description":"`compute_query` or `multi_compute` is required. The map keys are listed below.","description_kind":"plain"},"max_items":1},"group_by":{"nesting_mode":"list","block":{"attributes":{"facet":{"type":"string","description":"The facet name.","description_kind":"plain","optional":true},"limit":{"type":"number","description":"The maximum number of items in the group.","description_kind":"plain","optional":true}},"block_types":{"sort_query":{"nesting_mode":"list","block":{"attributes":{"aggregation":{"type":"string","description":"The aggregation method.","description_kind":"plain","required":true},"facet":{"type":"string","description":"The facet name.","description_kind":"plain","optional":true},"order":{"type":"string","description":"Widget sorting methods. Valid values are `asc`, `desc`.","description_kind":"plain","required":true}},"description":"A list of exactly one element describing the sort query to use.","description_kind":"plain"},"max_items":1}},"description":"Multiple `group_by` blocks are allowed using the structure below.","description_kind":"plain"}},"multi_compute":{"nesting_mode":"list","block":{"attributes":{"aggregation":{"type":"string","description":"The aggregation method.","description_kind":"plain","required":true},"facet":{"type":"string","description":"The facet name.","description_kind":"plain","optional":true},"interval":{"type":"number","description":"Define the time interval in seconds.","description_kind":"plain","optional":true}},"description":"`compute_query` or `multi_compute` is required. Multiple `multi_compute` blocks are allowed using the structure below.","description_kind":"plain"}}},"description":"The query to use for this widget.","description_kind":"plain"},"max_items":1},"security_query":{"nesting_mode":"list","block":{"attributes":{"index":{"type":"string","description":"The name of the index to query.","description_kind":"plain","required":true},"search_query":{"type":"string","description":"The search query to use.","description_kind":"plain","optional":true}},"block_types":{"compute_query":{"nesting_mode":"list","block":{"attributes":{"aggregation":{"type":"string","description":"The aggregation method.","description_kind":"plain","required":true},"facet":{"type":"string","description":"The facet name.","description_kind":"plain","optional":true},"interval":{"type":"number","description":"Define the time interval in seconds.","description_kind":"plain","optional":true}},"description":"`compute_query` or `multi_compute` is required. The map keys are listed below.","description_kind":"plain"},"max_items":1},"group_by":{"nesting_mode":"list","block":{"attributes":{"facet":{"type":"string","description":"The facet name.","description_kind":"plain","optional":true},"limit":{"type":"number","description":"The maximum number of items in the group.","description_kind":"plain","optional":true}},"block_types":{"sort_query":{"nesting_mode":"list","block":{"attributes":{"aggregation":{"type":"string","description":"The aggregation method.","description_kind":"plain","required":true},"facet":{"type":"string","description":"The facet name.","description_kind":"plain","optional":true},"order":{"type":"string","description":"Widget sorting methods. Valid values are `asc`, `desc`.","description_kind":"plain","required":true}},"description":"A list of exactly one element describing the sort query to use.","description_kind":"plain"},"max_items":1}},"description":"Multiple `group_by` blocks are allowed using the structure below.","description_kind":"plain"}},"multi_compute":{"nesting_mode":"list","block":{"attributes":{"aggregation":{"type":"string","description":"The aggregation method.","description_kind":"plain","required":true},"facet":{"type":"string","description":"The facet name.","description_kind":"plain","optional":true},"interval":{"type":"number","description":"Define the time interval in seconds.","description_kind":"plain","optional":true}},"description":"`compute_query` or `multi_compute` is required. Multiple `multi_compute` blocks are allowed using the structure below.","description_kind":"plain"}}},"description":"The query to use for this widget.","description_kind":"plain"},"max_items":1},"style":{"nesting_mode":"list","block":{"attributes":{"palette":{"type":"string","description":"A color palette to apply to the widget. The available options are available at: https://docs.datadoghq.com/dashboards/widgets/timeseries/#appearance.","description_kind":"plain","optional":true}},"description":"The style of the widget graph. One nested block is allowed using the structure below.","description_kind":"plain"},"max_items":1}},"description":"A nested block describing the request to use when displaying the widget. Multiple request blocks are allowed using the structure below (exactly one of `q`, `apm_query`, `log_query`, `rum_query`, `security_query` or `process_query` is required within the request block).","description_kind":"plain"}}},"description":"The definition for a Distribution widget.","description_kind":"plain"},"max_items":1},"event_stream_definition":{"nesting_mode":"list","block":{"attributes":{"event_size":{"type":"string","description":"The size to use to display an event. Valid values are `s`, `l`.","description_kind":"plain","optional":true},"live_span":{"type":"string","description":"The timeframe to use when displaying the widget. Valid values are `1m`, `5m`, `10m`, `15m`, `30m`, `1h`, `4h`, `1d`, `2d`, `1w`, `1mo`, `3mo`, `6mo`, `1y`, `alert`.","description_kind":"plain","optional":true},"query":{"type":"string","description":"The query to use in the widget.","description_kind":"plain","required":true},"tags_execution":{"type":"string","description":"The execution method for multi-value filters, options: `and` or `or`.","description_kind":"plain","optional":true},"title":{"type":"string","description":"The title of the widget.","description_kind":"plain","optional":true},"title_align":{"type":"string","description":"The alignment of the widget's title. Valid values are `center`, `left`, `right`.","description_kind":"plain","optional":true},"title_size":{"type":"string","description":"The size of the widget's title (defaults to 16).","description_kind":"plain","optional":true}},"description":"The definition for a Event Stream widget.","description_kind":"plain"},"max_items":1},"event_timeline_definition":{"nesting_mode":"list","block":{"attributes":{"live_span":{"type":"string","description":"The timeframe to use when displaying the widget. Valid values are `1m`, `5m`, `10m`, `15m`, `30m`, `1h`, `4h`, `1d`, `2d`, `1w`, `1mo`, `3mo`, `6mo`, `1y`, `alert`.","description_kind":"plain","optional":true},"query":{"type":"string","description":"The query to use in the widget.","description_kind":"plain","required":true},"tags_execution":{"type":"string","description":"The execution method for multi-value filters, options: `and` or `or`.","description_kind":"plain","optional":true},"title":{"type":"string","description":"The title of the widget.","description_kind":"plain","optional":true},"title_align":{"type":"string","description":"The alignment of the widget's title. Valid values are `center`, `left`, `right`.","description_kind":"plain","optional":true},"title_size":{"type":"string","description":"The size of the widget's title (defaults to 16).","description_kind":"plain","optional":true}},"description":"The definition for a Event Timeline widget.","description_kind":"plain"},"max_items":1},"free_text_definition":{"nesting_mode":"list","block":{"attributes":{"color":{"type":"string","description":"The color of the text in the widget.","description_kind":"plain","optional":true},"font_size":{"type":"string","description":"The size of the text in the widget.","description_kind":"plain","optional":true},"text":{"type":"string","description":"The text to display in the widget.","description_kind":"plain","required":true},"text_align":{"type":"string","description":"The alignment of the text in the widget. Valid values are `center`, `left`, `right`.","description_kind":"plain","optional":true}},"description":"The definition for a Free Text widget.","description_kind":"plain"},"max_items":1},"geomap_definition":{"nesting_mode":"list","block":{"attributes":{"live_span":{"type":"string","description":"The timeframe to use when displaying the widget. Valid values are `1m`, `5m`, `10m`, `15m`, `30m`, `1h`, `4h`, `1d`, `2d`, `1w`, `1mo`, `3mo`, `6mo`, `1y`, `alert`.","description_kind":"plain","optional":true},"title":{"type":"string","description":"The title of the widget.","description_kind":"plain","optional":true},"title_align":{"type":"string","description":"The alignment of the widget's title. Valid values are `center`, `left`, `right`.","description_kind":"plain","optional":true},"title_size":{"type":"string","description":"The size of the widget's title (defaults to 16).","description_kind":"plain","optional":true}},"block_types":{"custom_link":{"nesting_mode":"list","block":{"attributes":{"is_hidden":{"type":"bool","description":"The flag for toggling context menu link visibility.","description_kind":"plain","optional":true},"label":{"type":"string","description":"The label for the custom link URL.","description_kind":"plain","optional":true},"link":{"type":"string","description":"The URL of the custom link.","description_kind":"plain","optional":true},"override_label":{"type":"string","description":"The label ID that refers to a context menu link item. When `override_label` is provided, the client request omits the label field.","description_kind":"plain","optional":true}},"description":"A nested block describing a custom link. Multiple `custom_link` blocks are allowed using the structure below.","description_kind":"plain"}},"request":{"nesting_mode":"list","block":{"attributes":{"q":{"type":"string","description":"The metric query to use for this widget.","description_kind":"plain","optional":true}},"block_types":{"formula":{"nesting_mode":"list","block":{"attributes":{"alias":{"type":"string","description":"An expression alias.","description_kind":"plain","optional":true},"cell_display_mode":{"type":"string","description":"A list of display modes for each table cell. Valid values are `number`, `bar`.","description_kind":"plain","optional":true},"formula_expression":{"type":"string","description":"A string expression built from queries, formulas, and functions.","description_kind":"plain","required":true}},"block_types":{"conditional_formats":{"nesting_mode":"list","block":{"attributes":{"comparator":{"type":"string","description":"The comparator to use. Valid values are `\u003e`, `\u003e=`, `\u003c`, `\u003c=`.","description_kind":"plain","required":true},"custom_bg_color":{"type":"string","description":"The color palette to apply to the background, same values available as palette.","description_kind":"plain","optional":true},"custom_fg_color":{"type":"string","description":"The color palette to apply to the foreground, same values available as palette.","description_kind":"plain","optional":true},"hide_value":{"type":"bool","description":"Setting this to True hides values.","description_kind":"plain","optional":true},"image_url":{"type":"string","description":"Displays an image as the background.","description_kind":"plain","optional":true},"metric":{"type":"string","description":"The metric from the request to correlate with this conditional format.","description_kind":"plain","optional":true},"palette":{"type":"string","description":"The color palette to apply. Valid values are `blue`, `custom_bg`, `custom_image`, `custom_text`, `gray_on_white`, `grey`, `green`, `orange`, `red`, `red_on_white`, `white_on_gray`, `white_on_green`, `green_on_white`, `white_on_red`, `white_on_yellow`, `yellow_on_white`, `black_on_light_yellow`, `black_on_light_green`, `black_on_light_red`.","description_kind":"plain","required":true},"timeframe":{"type":"string","description":"Defines the displayed timeframe.","description_kind":"plain","optional":true},"value":{"type":"number","description":"A value for the comparator.","description_kind":"plain","required":true}},"description":"Conditional formats allow you to set the color of your widget content or background depending on the rule applied to your data. Multiple `conditional_formats` blocks are allowed using the structure below.","description_kind":"plain"}},"limit":{"nesting_mode":"list","block":{"attributes":{"count":{"type":"number","description":"The number of results to return","description_kind":"plain","optional":true},"order":{"type":"string","description":"The direction of the sort. Valid values are `asc`, `desc`.","description_kind":"plain","optional":true}},"description":"The options for limiting results returned.","description_kind":"plain"},"max_items":1},"style":{"nesting_mode":"list","block":{"attributes":{"palette":{"type":"string","description":"The color palette used to display the formula. A guide to the available color palettes can be found at https://docs.datadoghq.com/dashboards/guide/widget_colors","description_kind":"plain","optional":true},"palette_index":{"type":"number","description":"Index specifying which color to use within the palette.","description_kind":"plain","optional":true}},"description":"Styling options for widget formulas.","description_kind":"plain"},"max_items":1}},"description_kind":"plain"}},"log_query":{"nesting_mode":"list","block":{"attributes":{"index":{"type":"string","description":"The name of the index to query.","description_kind":"plain","required":true},"search_query":{"type":"string","description":"The search query to use.","description_kind":"plain","optional":true}},"block_types":{"compute_query":{"nesting_mode":"list","block":{"attributes":{"aggregation":{"type":"string","description":"The aggregation method.","description_kind":"plain","required":true},"facet":{"type":"string","description":"The facet name.","description_kind":"plain","optional":true},"interval":{"type":"number","description":"Define the time interval in seconds.","description_kind":"plain","optional":true}},"description":"`compute_query` or `multi_compute` is required. The map keys are listed below.","description_kind":"plain"},"max_items":1},"group_by":{"nesting_mode":"list","block":{"attributes":{"facet":{"type":"string","description":"The facet name.","description_kind":"plain","optional":true},"limit":{"type":"number","description":"The maximum number of items in the group.","description_kind":"plain","optional":true}},"block_types":{"sort_query":{"nesting_mode":"list","block":{"attributes":{"aggregation":{"type":"string","description":"The aggregation method.","description_kind":"plain","required":true},"facet":{"type":"string","description":"The facet name.","description_kind":"plain","optional":true},"order":{"type":"string","description":"Widget sorting methods. Valid values are `asc`, `desc`.","description_kind":"plain","required":true}},"description":"A list of exactly one element describing the sort query to use.","description_kind":"plain"},"max_items":1}},"description":"Multiple `group_by` blocks are allowed using the structure below.","description_kind":"plain"}},"multi_compute":{"nesting_mode":"list","block":{"attributes":{"aggregation":{"type":"string","description":"The aggregation method.","description_kind":"plain","required":true},"facet":{"type":"string","description":"The facet name.","description_kind":"plain","optional":true},"interval":{"type":"number","description":"Define the time interval in seconds.","description_kind":"plain","optional":true}},"description":"`compute_query` or `multi_compute` is required. Multiple `multi_compute` blocks are allowed using the structure below.","description_kind":"plain"}}},"description":"The query to use for this widget.","description_kind":"plain"},"max_items":1},"query":{"nesting_mode":"list","block":{"block_types":{"apm_dependency_stats_query":{"nesting_mode":"list","block":{"attributes":{"data_source":{"type":"string","description":"The data source for APM Dependency Stats queries. Valid values are `apm_dependency_stats`.","description_kind":"plain","required":true},"env":{"type":"string","description":"APM Environment.","description_kind":"plain","required":true},"is_upstream":{"type":"bool","description":"Determines whether stats for upstream or downstream dependencies should be queried.","description_kind":"plain","optional":true},"name":{"type":"string","description":"The name of query for use in formulas.","description_kind":"plain","required":true},"operation_name":{"type":"string","description":"Name of operation on service.","description_kind":"plain","required":true},"primary_tag_name":{"type":"string","description":"The name of the second primary tag used within APM; required when `primary_tag_value` is specified. See https://docs.datadoghq.com/tracing/guide/setting_primary_tags_to_scope/#add-a-second-primary-tag-in-datadog.","description_kind":"plain","optional":true},"primary_tag_value":{"type":"string","description":"Filter APM data by the second primary tag. `primary_tag_name` must also be specified.","description_kind":"plain","optional":true},"resource_name":{"type":"string","description":"APM resource.","description_kind":"plain","required":true},"service":{"type":"string","description":"APM service.","description_kind":"plain","required":true},"stat":{"type":"string","description":"APM statistic. Valid values are `avg_duration`, `avg_root_duration`, `avg_spans_per_trace`, `error_rate`, `pct_exec_time`, `pct_of_traces`, `total_traces_count`.","description_kind":"plain","required":true}},"description":"The APM Dependency Stats query using formulas and functions.","description_kind":"plain"},"max_items":1},"apm_resource_stats_query":{"nesting_mode":"list","block":{"attributes":{"data_source":{"type":"string","description":"The data source for APM Resource Stats queries. Valid values are `apm_resource_stats`.","description_kind":"plain","required":true},"env":{"type":"string","description":"APM Environment.","description_kind":"plain","required":true},"group_by":{"type":["list","string"],"description":"Array of fields to group results by.","description_kind":"plain","optional":true},"name":{"type":"string","description":"The name of query for use in formulas.","description_kind":"plain","required":true},"operation_name":{"type":"string","description":"Name of operation on service.","description_kind":"plain","optional":true},"primary_tag_name":{"type":"string","description":"The name of the second primary tag used within APM; required when `primary_tag_value` is specified. See https://docs.datadoghq.com/tracing/guide/setting_primary_tags_to_scope/#add-a-second-primary-tag-in-datadog.","description_kind":"plain","optional":true},"primary_tag_value":{"type":"string","description":"Filter APM data by the second primary tag. `primary_tag_name` must also be specified.","description_kind":"plain","optional":true},"resource_name":{"type":"string","description":"APM resource.","description_kind":"plain","optional":true},"service":{"type":"string","description":"APM service.","description_kind":"plain","required":true},"stat":{"type":"string","description":"APM statistic. Valid values are `errors`, `error_rate`, `hits`, `latency_avg`, `latency_distribution`, `latency_max`, `latency_p50`, `latency_p75`, `latency_p90`, `latency_p95`, `latency_p99`.","description_kind":"plain","required":true}},"description":"The APM Resource Stats query using formulas and functions.","description_kind":"plain"},"max_items":1},"event_query":{"nesting_mode":"list","block":{"attributes":{"data_source":{"type":"string","description":"The data source for event platform-based queries. Valid values are `logs`, `spans`, `network`, `rum`, `security_signals`, `profiles`, `audit`, `events`, `ci_tests`, `ci_pipelines`.","description_kind":"plain","required":true},"indexes":{"type":["list","string"],"description":"An array of index names to query in the stream.","description_kind":"plain","optional":true},"name":{"type":"string","description":"The name of query for use in formulas.","description_kind":"plain","required":true},"storage":{"type":"string","description":"Storage location (private beta).","description_kind":"plain","optional":true}},"block_types":{"compute":{"nesting_mode":"list","block":{"attributes":{"aggregation":{"type":"string","description":"The aggregation methods for event platform queries. Valid values are `count`, `cardinality`, `median`, `pc75`, `pc90`, `pc95`, `pc98`, `pc99`, `sum`, `min`, `max`, `avg`.","description_kind":"plain","required":true},"interval":{"type":"number","description":"A time interval in milliseconds.","description_kind":"plain","optional":true},"metric":{"type":"string","description":"The measurable attribute to compute.","description_kind":"plain","optional":true}},"description":"The compute options.","description_kind":"plain"},"min_items":1},"group_by":{"nesting_mode":"list","block":{"attributes":{"facet":{"type":"string","description":"The event facet.","description_kind":"plain","required":true},"limit":{"type":"number","description":"The number of groups to return.","description_kind":"plain","optional":true}},"block_types":{"sort":{"nesting_mode":"list","block":{"attributes":{"aggregation":{"type":"string","description":"The aggregation methods for the event platform queries. Valid values are `count`, `cardinality`, `median`, `pc75`, `pc90`, `pc95`, `pc98`, `pc99`, `sum`, `min`, `max`, `avg`.","description_kind":"plain","required":true},"metric":{"type":"string","description":"The metric used for sorting group by results.","description_kind":"plain","optional":true},"order":{"type":"string","description":"Direction of sort. Valid values are `asc`, `desc`.","description_kind":"plain","optional":true}},"description":"The options for sorting group by results.","description_kind":"plain"},"max_items":1}},"description":"Group by options.","description_kind":"plain"}},"search":{"nesting_mode":"list","block":{"attributes":{"query":{"type":"string","description":"The events search string.","description_kind":"plain","required":true}},"description":"The search options.","description_kind":"plain"},"max_items":1}},"description":"A timeseries formula and functions events query.","description_kind":"plain"},"max_items":1},"metric_query":{"nesting_mode":"list","block":{"attributes":{"aggregator":{"type":"string","description":"The aggregation methods available for metrics queries. Valid values are `avg`, `min`, `max`, `sum`, `last`, `area`, `l2norm`, `percentile`.","description_kind":"plain","optional":true},"data_source":{"type":"string","description":"The data source for metrics queries.","description_kind":"plain","optional":true},"name":{"type":"string","description":"The name of the query for use in formulas.","description_kind":"plain","required":true},"query":{"type":"string","description":"The metrics query definition.","description_kind":"plain","required":true}},"description":"A timeseries formula and functions metrics query.","description_kind":"plain"},"max_items":1},"process_query":{"nesting_mode":"list","block":{"attributes":{"aggregator":{"type":"string","description":"The aggregation methods available for metrics queries. Valid values are `avg`, `min`, `max`, `sum`, `last`, `area`, `l2norm`, `percentile`.","description_kind":"plain","optional":true},"data_source":{"type":"string","description":"The data source for process queries. Valid values are `process`, `container`.","description_kind":"plain","required":true},"is_normalized_cpu":{"type":"bool","description":"Whether to normalize the CPU percentages.","description_kind":"plain","optional":true},"limit":{"type":"number","description":"The number of hits to return.","description_kind":"plain","optional":true},"metric":{"type":"string","description":"The process metric name.","description_kind":"plain","required":true},"name":{"type":"string","description":"The name of query for use in formulas.","description_kind":"plain","required":true},"sort":{"type":"string","description":"The direction of the sort. Valid values are `asc`, `desc`.","description_kind":"plain","optional":true},"tag_filters":{"type":["list","string"],"description":"An array of tags to filter by.","description_kind":"plain","optional":true},"text_filter":{"type":"string","description":"The text to use as a filter.","description_kind":"plain","optional":true}},"description":"The process query using formulas and functions.","description_kind":"plain"},"max_items":1}},"description_kind":"plain"}},"rum_query":{"nesting_mode":"list","block":{"attributes":{"index":{"type":"string","description":"The name of the index to query.","description_kind":"plain","required":true},"search_query":{"type":"string","description":"The search query to use.","description_kind":"plain","optional":true}},"block_types":{"compute_query":{"nesting_mode":"list","block":{"attributes":{"aggregation":{"type":"string","description":"The aggregation method.","description_kind":"plain","required":true},"facet":{"type":"string","description":"The facet name.","description_kind":"plain","optional":true},"interval":{"type":"number","description":"Define the time interval in seconds.","description_kind":"plain","optional":true}},"description":"`compute_query` or `multi_compute` is required. The map keys are listed below.","description_kind":"plain"},"max_items":1},"group_by":{"nesting_mode":"list","block":{"attributes":{"facet":{"type":"string","description":"The facet name.","description_kind":"plain","optional":true},"limit":{"type":"number","description":"The maximum number of items in the group.","description_kind":"plain","optional":true}},"block_types":{"sort_query":{"nesting_mode":"list","block":{"attributes":{"aggregation":{"type":"string","description":"The aggregation method.","description_kind":"plain","required":true},"facet":{"type":"string","description":"The facet name.","description_kind":"plain","optional":true},"order":{"type":"string","description":"Widget sorting methods. Valid values are `asc`, `desc`.","description_kind":"plain","required":true}},"description":"A list of exactly one element describing the sort query to use.","description_kind":"plain"},"max_items":1}},"description":"Multiple `group_by` blocks are allowed using the structure below.","description_kind":"plain"}},"multi_compute":{"nesting_mode":"list","block":{"attributes":{"aggregation":{"type":"string","description":"The aggregation method.","description_kind":"plain","required":true},"facet":{"type":"string","description":"The facet name.","description_kind":"plain","optional":true},"interval":{"type":"number","description":"Define the time interval in seconds.","description_kind":"plain","optional":true}},"description":"`compute_query` or `multi_compute` is required. Multiple `multi_compute` blocks are allowed using the structure below.","description_kind":"plain"}}},"description":"The query to use for this widget.","description_kind":"plain"},"max_items":1}},"description":"A nested block describing the request to use when displaying the widget. Multiple `request` blocks are allowed using the structure below (exactly one of `q`, `log_query` or `rum_query` is required within the `request` block).","description_kind":"plain"}},"style":{"nesting_mode":"list","block":{"attributes":{"palette":{"type":"string","description":"The color palette to apply to the widget.","description_kind":"plain","required":true},"palette_flip":{"type":"bool","description":"A Boolean indicating whether to flip the palette tones.","description_kind":"plain","required":true}},"description":"The style of the widget graph. One nested block is allowed using the structure below.","description_kind":"plain"},"max_items":1},"view":{"nesting_mode":"list","block":{"attributes":{"focus":{"type":"string","description":"The two-letter ISO code of a country to focus the map on (or `WORLD`).","description_kind":"plain","required":true}},"description":"The view of the world that the map should render.","description_kind":"plain"},"min_items":1,"max_items":1}},"description":"The definition for a Geomap widget.","description_kind":"plain"},"max_items":1},"heatmap_definition":{"nesting_mode":"list","block":{"attributes":{"legend_size":{"type":"string","description":"The size of the legend displayed in the widget.","description_kind":"plain","optional":true},"live_span":{"type":"string","description":"The timeframe to use when displaying the widget. Valid values are `1m`, `5m`, `10m`, `15m`, `30m`, `1h`, `4h`, `1d`, `2d`, `1w`, `1mo`, `3mo`, `6mo`, `1y`, `alert`.","description_kind":"plain","optional":true},"show_legend":{"type":"bool","description":"Whether or not to show the legend on this widget.","description_kind":"plain","optional":true},"title":{"type":"string","description":"The title of the widget.","description_kind":"plain","optional":true},"title_align":{"type":"string","description":"The alignment of the widget's title. Valid values are `center`, `left`, `right`.","description_kind":"plain","optional":true},"title_size":{"type":"string","description":"The size of the widget's title (defaults to 16).","description_kind":"plain","optional":true}},"block_types":{"custom_link":{"nesting_mode":"list","block":{"attributes":{"is_hidden":{"type":"bool","description":"The flag for toggling context menu link visibility.","description_kind":"plain","optional":true},"label":{"type":"string","description":"The label for the custom link URL.","description_kind":"plain","optional":true},"link":{"type":"string","description":"The URL of the custom link.","description_kind":"plain","optional":true},"override_label":{"type":"string","description":"The label ID that refers to a context menu link item. When `override_label` is provided, the client request omits the label field.","description_kind":"plain","optional":true}},"description":"A nested block describing a custom link. Multiple `custom_link` blocks are allowed using the structure below.","description_kind":"plain"}},"event":{"nesting_mode":"list","block":{"attributes":{"q":{"type":"string","description":"The event query to use in the widget.","description_kind":"plain","required":true},"tags_execution":{"type":"string","description":"The execution method for multi-value filters.","description_kind":"plain","optional":true}},"description":"The definition of the event to overlay on the graph. Multiple `event` blocks are allowed using the structure below.","description_kind":"plain"}},"request":{"nesting_mode":"list","block":{"attributes":{"q":{"type":"string","description":"The metric query to use for this widget.","description_kind":"plain","optional":true}},"block_types":{"apm_query":{"nesting_mode":"list","block":{"attributes":{"index":{"type":"string","description":"The name of the index to query.","description_kind":"plain","required":true},"search_query":{"type":"string","description":"The search query to use.","description_kind":"plain","optional":true}},"block_types":{"compute_query":{"nesting_mode":"list","block":{"attributes":{"aggregation":{"type":"string","description":"The aggregation method.","description_kind":"plain","required":true},"facet":{"type":"string","description":"The facet name.","description_kind":"plain","optional":true},"interval":{"type":"number","description":"Define the time interval in seconds.","description_kind":"plain","optional":true}},"description":"`compute_query` or `multi_compute` is required. The map keys are listed below.","description_kind":"plain"},"max_items":1},"group_by":{"nesting_mode":"list","block":{"attributes":{"facet":{"type":"string","description":"The facet name.","description_kind":"plain","optional":true},"limit":{"type":"number","description":"The maximum number of items in the group.","description_kind":"plain","optional":true}},"block_types":{"sort_query":{"nesting_mode":"list","block":{"attributes":{"aggregation":{"type":"string","description":"The aggregation method.","description_kind":"plain","required":true},"facet":{"type":"string","description":"The facet name.","description_kind":"plain","optional":true},"order":{"type":"string","description":"Widget sorting methods. Valid values are `asc`, `desc`.","description_kind":"plain","required":true}},"description":"A list of exactly one element describing the sort query to use.","description_kind":"plain"},"max_items":1}},"description":"Multiple `group_by` blocks are allowed using the structure below.","description_kind":"plain"}},"multi_compute":{"nesting_mode":"list","block":{"attributes":{"aggregation":{"type":"string","description":"The aggregation method.","description_kind":"plain","required":true},"facet":{"type":"string","description":"The facet name.","description_kind":"plain","optional":true},"interval":{"type":"number","description":"Define the time interval in seconds.","description_kind":"plain","optional":true}},"description":"`compute_query` or `multi_compute` is required. Multiple `multi_compute` blocks are allowed using the structure below.","description_kind":"plain"}}},"description":"The query to use for this widget.","description_kind":"plain"},"max_items":1},"log_query":{"nesting_mode":"list","block":{"attributes":{"index":{"type":"string","description":"The name of the index to query.","description_kind":"plain","required":true},"search_query":{"type":"string","description":"The search query to use.","description_kind":"plain","optional":true}},"block_types":{"compute_query":{"nesting_mode":"list","block":{"attributes":{"aggregation":{"type":"string","description":"The aggregation method.","description_kind":"plain","required":true},"facet":{"type":"string","description":"The facet name.","description_kind":"plain","optional":true},"interval":{"type":"number","description":"Define the time interval in seconds.","description_kind":"plain","optional":true}},"description":"`compute_query` or `multi_compute` is required. The map keys are listed below.","description_kind":"plain"},"max_items":1},"group_by":{"nesting_mode":"list","block":{"attributes":{"facet":{"type":"string","description":"The facet name.","description_kind":"plain","optional":true},"limit":{"type":"number","description":"The maximum number of items in the group.","description_kind":"plain","optional":true}},"block_types":{"sort_query":{"nesting_mode":"list","block":{"attributes":{"aggregation":{"type":"string","description":"The aggregation method.","description_kind":"plain","required":true},"facet":{"type":"string","description":"The facet name.","description_kind":"plain","optional":true},"order":{"type":"string","description":"Widget sorting methods. Valid values are `asc`, `desc`.","description_kind":"plain","required":true}},"description":"A list of exactly one element describing the sort query to use.","description_kind":"plain"},"max_items":1}},"description":"Multiple `group_by` blocks are allowed using the structure below.","description_kind":"plain"}},"multi_compute":{"nesting_mode":"list","block":{"attributes":{"aggregation":{"type":"string","description":"The aggregation method.","description_kind":"plain","required":true},"facet":{"type":"string","description":"The facet name.","description_kind":"plain","optional":true},"interval":{"type":"number","description":"Define the time interval in seconds.","description_kind":"plain","optional":true}},"description":"`compute_query` or `multi_compute` is required. Multiple `multi_compute` blocks are allowed using the structure below.","description_kind":"plain"}}},"description":"The query to use for this widget.","description_kind":"plain"},"max_items":1},"process_query":{"nesting_mode":"list","block":{"attributes":{"filter_by":{"type":["list","string"],"description":"A list of processes.","description_kind":"plain","optional":true},"limit":{"type":"number","description":"The max number of items in the filter list.","description_kind":"plain","optional":true},"metric":{"type":"string","description":"Your chosen metric.","description_kind":"plain","required":true},"search_by":{"type":"string","description":"Your chosen search term.","description_kind":"plain","optional":true}},"description":"The process query to use in the widget. The structure of this block is described below.","description_kind":"plain"},"max_items":1},"rum_query":{"nesting_mode":"list","block":{"attributes":{"index":{"type":"string","description":"The name of the index to query.","description_kind":"plain","required":true},"search_query":{"type":"string","description":"The search query to use.","description_kind":"plain","optional":true}},"block_types":{"compute_query":{"nesting_mode":"list","block":{"attributes":{"aggregation":{"type":"string","description":"The aggregation method.","description_kind":"plain","required":true},"facet":{"type":"string","description":"The facet name.","description_kind":"plain","optional":true},"interval":{"type":"number","description":"Define the time interval in seconds.","description_kind":"plain","optional":true}},"description":"`compute_query` or `multi_compute` is required. The map keys are listed below.","description_kind":"plain"},"max_items":1},"group_by":{"nesting_mode":"list","block":{"attributes":{"facet":{"type":"string","description":"The facet name.","description_kind":"plain","optional":true},"limit":{"type":"number","description":"The maximum number of items in the group.","description_kind":"plain","optional":true}},"block_types":{"sort_query":{"nesting_mode":"list","block":{"attributes":{"aggregation":{"type":"string","description":"The aggregation method.","description_kind":"plain","required":true},"facet":{"type":"string","description":"The facet name.","description_kind":"plain","optional":true},"order":{"type":"string","description":"Widget sorting methods. Valid values are `asc`, `desc`.","description_kind":"plain","required":true}},"description":"A list of exactly one element describing the sort query to use.","description_kind":"plain"},"max_items":1}},"description":"Multiple `group_by` blocks are allowed using the structure below.","description_kind":"plain"}},"multi_compute":{"nesting_mode":"list","block":{"attributes":{"aggregation":{"type":"string","description":"The aggregation method.","description_kind":"plain","required":true},"facet":{"type":"string","description":"The facet name.","description_kind":"plain","optional":true},"interval":{"type":"number","description":"Define the time interval in seconds.","description_kind":"plain","optional":true}},"description":"`compute_query` or `multi_compute` is required. Multiple `multi_compute` blocks are allowed using the structure below.","description_kind":"plain"}}},"description":"The query to use for this widget.","description_kind":"plain"},"max_items":1},"security_query":{"nesting_mode":"list","block":{"attributes":{"index":{"type":"string","description":"The name of the index to query.","description_kind":"plain","required":true},"search_query":{"type":"string","description":"The search query to use.","description_kind":"plain","optional":true}},"block_types":{"compute_query":{"nesting_mode":"list","block":{"attributes":{"aggregation":{"type":"string","description":"The aggregation method.","description_kind":"plain","required":true},"facet":{"type":"string","description":"The facet name.","description_kind":"plain","optional":true},"interval":{"type":"number","description":"Define the time interval in seconds.","description_kind":"plain","optional":true}},"description":"`compute_query` or `multi_compute` is required. The map keys are listed below.","description_kind":"plain"},"max_items":1},"group_by":{"nesting_mode":"list","block":{"attributes":{"facet":{"type":"string","description":"The facet name.","description_kind":"plain","optional":true},"limit":{"type":"number","description":"The maximum number of items in the group.","description_kind":"plain","optional":true}},"block_types":{"sort_query":{"nesting_mode":"list","block":{"attributes":{"aggregation":{"type":"string","description":"The aggregation method.","description_kind":"plain","required":true},"facet":{"type":"string","description":"The facet name.","description_kind":"plain","optional":true},"order":{"type":"string","description":"Widget sorting methods. Valid values are `asc`, `desc`.","description_kind":"plain","required":true}},"description":"A list of exactly one element describing the sort query to use.","description_kind":"plain"},"max_items":1}},"description":"Multiple `group_by` blocks are allowed using the structure below.","description_kind":"plain"}},"multi_compute":{"nesting_mode":"list","block":{"attributes":{"aggregation":{"type":"string","description":"The aggregation method.","description_kind":"plain","required":true},"facet":{"type":"string","description":"The facet name.","description_kind":"plain","optional":true},"interval":{"type":"number","description":"Define the time interval in seconds.","description_kind":"plain","optional":true}},"description":"`compute_query` or `multi_compute` is required. Multiple `multi_compute` blocks are allowed using the structure below.","description_kind":"plain"}}},"description":"The query to use for this widget.","description_kind":"plain"},"max_items":1},"style":{"nesting_mode":"list","block":{"attributes":{"palette":{"type":"string","description":"A color palette to apply to the widget. The available options are available at: https://docs.datadoghq.com/dashboards/widgets/timeseries/#appearance.","description_kind":"plain","optional":true}},"description":"The style of the widget graph. One nested block is allowed using the structure below.","description_kind":"plain"},"max_items":1}},"description":"A nested block describing the request to use when displaying the widget. Multiple `request` blocks are allowed using the structure below (exactly one of `q`, `apm_query`, `log_query`, `rum_query`, `security_query` or `process_query` is required within the request block).","description_kind":"plain"}},"yaxis":{"nesting_mode":"list","block":{"attributes":{"include_zero":{"type":"bool","description":"Always include zero or fit the axis to the data range.","description_kind":"plain","optional":true},"label":{"type":"string","description":"The label of the axis to display on the graph.","description_kind":"plain","optional":true},"max":{"type":"string","description":"Specify the maximum value to show on the Y-axis.","description_kind":"plain","optional":true},"min":{"type":"string","description":"Specify the minimum value to show on the Y-axis.","description_kind":"plain","optional":true},"scale":{"type":"string","description":"Specify the scale type, options: `linear`, `log`, `pow`, `sqrt`.","description_kind":"plain","optional":true}},"description":"A nested block describing the Y-Axis Controls. The structure of this block is described below.","description_kind":"plain"},"max_items":1}},"description":"The definition for a Heatmap widget.","description_kind":"plain"},"max_items":1},"hostmap_definition":{"nesting_mode":"list","block":{"attributes":{"group":{"type":["list","string"],"description":"The list of tags to group nodes by.","description_kind":"plain","optional":true},"no_group_hosts":{"type":"bool","description":"A Boolean indicating whether to show ungrouped nodes.","description_kind":"plain","optional":true},"no_metric_hosts":{"type":"bool","description":"A Boolean indicating whether to show nodes with no metrics.","description_kind":"plain","optional":true},"node_type":{"type":"string","description":"The type of node used. Valid values are `host`, `container`.","description_kind":"plain","optional":true},"scope":{"type":["list","string"],"description":"The list of tags to filter nodes by.","description_kind":"plain","optional":true},"title":{"type":"string","description":"The title of the widget.","description_kind":"plain","optional":true},"title_align":{"type":"string","description":"The alignment of the widget's title. Valid values are `center`, `left`, `right`.","description_kind":"plain","optional":true},"title_size":{"type":"string","description":"The size of the widget's title (defaults to 16).","description_kind":"plain","optional":true}},"block_types":{"custom_link":{"nesting_mode":"list","block":{"attributes":{"is_hidden":{"type":"bool","description":"The flag for toggling context menu link visibility.","description_kind":"plain","optional":true},"label":{"type":"string","description":"The label for the custom link URL.","description_kind":"plain","optional":true},"link":{"type":"string","description":"The URL of the custom link.","description_kind":"plain","optional":true},"override_label":{"type":"string","description":"The label ID that refers to a context menu link item. When `override_label` is provided, the client request omits the label field.","description_kind":"plain","optional":true}},"description":"A nested block describing a custom link. Multiple `custom_link` blocks are allowed using the structure below.","description_kind":"plain"}},"request":{"nesting_mode":"list","block":{"block_types":{"fill":{"nesting_mode":"list","block":{"attributes":{"q":{"type":"string","description":"The metric query to use for this widget.","description_kind":"plain","optional":true}},"block_types":{"apm_query":{"nesting_mode":"list","block":{"attributes":{"index":{"type":"string","description":"The name of the index to query.","description_kind":"plain","required":true},"search_query":{"type":"string","description":"The search query to use.","description_kind":"plain","optional":true}},"block_types":{"compute_query":{"nesting_mode":"list","block":{"attributes":{"aggregation":{"type":"string","description":"The aggregation method.","description_kind":"plain","required":true},"facet":{"type":"string","description":"The facet name.","description_kind":"plain","optional":true},"interval":{"type":"number","description":"Define the time interval in seconds.","description_kind":"plain","optional":true}},"description":"`compute_query` or `multi_compute` is required. The map keys are listed below.","description_kind":"plain"},"max_items":1},"group_by":{"nesting_mode":"list","block":{"attributes":{"facet":{"type":"string","description":"The facet name.","description_kind":"plain","optional":true},"limit":{"type":"number","description":"The maximum number of items in the group.","description_kind":"plain","optional":true}},"block_types":{"sort_query":{"nesting_mode":"list","block":{"attributes":{"aggregation":{"type":"string","description":"The aggregation method.","description_kind":"plain","required":true},"facet":{"type":"string","description":"The facet name.","description_kind":"plain","optional":true},"order":{"type":"string","description":"Widget sorting methods. Valid values are `asc`, `desc`.","description_kind":"plain","required":true}},"description":"A list of exactly one element describing the sort query to use.","description_kind":"plain"},"max_items":1}},"description":"Multiple `group_by` blocks are allowed using the structure below.","description_kind":"plain"}},"multi_compute":{"nesting_mode":"list","block":{"attributes":{"aggregation":{"type":"string","description":"The aggregation method.","description_kind":"plain","required":true},"facet":{"type":"string","description":"The facet name.","description_kind":"plain","optional":true},"interval":{"type":"number","description":"Define the time interval in seconds.","description_kind":"plain","optional":true}},"description":"`compute_query` or `multi_compute` is required. Multiple `multi_compute` blocks are allowed using the structure below.","description_kind":"plain"}}},"description":"The query to use for this widget.","description_kind":"plain"},"max_items":1},"log_query":{"nesting_mode":"list","block":{"attributes":{"index":{"type":"string","description":"The name of the index to query.","description_kind":"plain","required":true},"search_query":{"type":"string","description":"The search query to use.","description_kind":"plain","optional":true}},"block_types":{"compute_query":{"nesting_mode":"list","block":{"attributes":{"aggregation":{"type":"string","description":"The aggregation method.","description_kind":"plain","required":true},"facet":{"type":"string","description":"The facet name.","description_kind":"plain","optional":true},"interval":{"type":"number","description":"Define the time interval in seconds.","description_kind":"plain","optional":true}},"description":"`compute_query` or `multi_compute` is required. The map keys are listed below.","description_kind":"plain"},"max_items":1},"group_by":{"nesting_mode":"list","block":{"attributes":{"facet":{"type":"string","description":"The facet name.","description_kind":"plain","optional":true},"limit":{"type":"number","description":"The maximum number of items in the group.","description_kind":"plain","optional":true}},"block_types":{"sort_query":{"nesting_mode":"list","block":{"attributes":{"aggregation":{"type":"string","description":"The aggregation method.","description_kind":"plain","required":true},"facet":{"type":"string","description":"The facet name.","description_kind":"plain","optional":true},"order":{"type":"string","description":"Widget sorting methods. Valid values are `asc`, `desc`.","description_kind":"plain","required":true}},"description":"A list of exactly one element describing the sort query to use.","description_kind":"plain"},"max_items":1}},"description":"Multiple `group_by` blocks are allowed using the structure below.","description_kind":"plain"}},"multi_compute":{"nesting_mode":"list","block":{"attributes":{"aggregation":{"type":"string","description":"The aggregation method.","description_kind":"plain","required":true},"facet":{"type":"string","description":"The facet name.","description_kind":"plain","optional":true},"interval":{"type":"number","description":"Define the time interval in seconds.","description_kind":"plain","optional":true}},"description":"`compute_query` or `multi_compute` is required. Multiple `multi_compute` blocks are allowed using the structure below.","description_kind":"plain"}}},"description":"The query to use for this widget.","description_kind":"plain"},"max_items":1},"process_query":{"nesting_mode":"list","block":{"attributes":{"filter_by":{"type":["list","string"],"description":"A list of processes.","description_kind":"plain","optional":true},"limit":{"type":"number","description":"The max number of items in the filter list.","description_kind":"plain","optional":true},"metric":{"type":"string","description":"Your chosen metric.","description_kind":"plain","required":true},"search_by":{"type":"string","description":"Your chosen search term.","description_kind":"plain","optional":true}},"description":"The process query to use in the widget. The structure of this block is described below.","description_kind":"plain"},"max_items":1},"rum_query":{"nesting_mode":"list","block":{"attributes":{"index":{"type":"string","description":"The name of the index to query.","description_kind":"plain","required":true},"search_query":{"type":"string","description":"The search query to use.","description_kind":"plain","optional":true}},"block_types":{"compute_query":{"nesting_mode":"list","block":{"attributes":{"aggregation":{"type":"string","description":"The aggregation method.","description_kind":"plain","required":true},"facet":{"type":"string","description":"The facet name.","description_kind":"plain","optional":true},"interval":{"type":"number","description":"Define the time interval in seconds.","description_kind":"plain","optional":true}},"description":"`compute_query` or `multi_compute` is required. The map keys are listed below.","description_kind":"plain"},"max_items":1},"group_by":{"nesting_mode":"list","block":{"attributes":{"facet":{"type":"string","description":"The facet name.","description_kind":"plain","optional":true},"limit":{"type":"number","description":"The maximum number of items in the group.","description_kind":"plain","optional":true}},"block_types":{"sort_query":{"nesting_mode":"list","block":{"attributes":{"aggregation":{"type":"string","description":"The aggregation method.","description_kind":"plain","required":true},"facet":{"type":"string","description":"The facet name.","description_kind":"plain","optional":true},"order":{"type":"string","description":"Widget sorting methods. Valid values are `asc`, `desc`.","description_kind":"plain","required":true}},"description":"A list of exactly one element describing the sort query to use.","description_kind":"plain"},"max_items":1}},"description":"Multiple `group_by` blocks are allowed using the structure below.","description_kind":"plain"}},"multi_compute":{"nesting_mode":"list","block":{"attributes":{"aggregation":{"type":"string","description":"The aggregation method.","description_kind":"plain","required":true},"facet":{"type":"string","description":"The facet name.","description_kind":"plain","optional":true},"interval":{"type":"number","description":"Define the time interval in seconds.","description_kind":"plain","optional":true}},"description":"`compute_query` or `multi_compute` is required. Multiple `multi_compute` blocks are allowed using the structure below.","description_kind":"plain"}}},"description":"The query to use for this widget.","description_kind":"plain"},"max_items":1},"security_query":{"nesting_mode":"list","block":{"attributes":{"index":{"type":"string","description":"The name of the index to query.","description_kind":"plain","required":true},"search_query":{"type":"string","description":"The search query to use.","description_kind":"plain","optional":true}},"block_types":{"compute_query":{"nesting_mode":"list","block":{"attributes":{"aggregation":{"type":"string","description":"The aggregation method.","description_kind":"plain","required":true},"facet":{"type":"string","description":"The facet name.","description_kind":"plain","optional":true},"interval":{"type":"number","description":"Define the time interval in seconds.","description_kind":"plain","optional":true}},"description":"`compute_query` or `multi_compute` is required. The map keys are listed below.","description_kind":"plain"},"max_items":1},"group_by":{"nesting_mode":"list","block":{"attributes":{"facet":{"type":"string","description":"The facet name.","description_kind":"plain","optional":true},"limit":{"type":"number","description":"The maximum number of items in the group.","description_kind":"plain","optional":true}},"block_types":{"sort_query":{"nesting_mode":"list","block":{"attributes":{"aggregation":{"type":"string","description":"The aggregation method.","description_kind":"plain","required":true},"facet":{"type":"string","description":"The facet name.","description_kind":"plain","optional":true},"order":{"type":"string","description":"Widget sorting methods. Valid values are `asc`, `desc`.","description_kind":"plain","required":true}},"description":"A list of exactly one element describing the sort query to use.","description_kind":"plain"},"max_items":1}},"description":"Multiple `group_by` blocks are allowed using the structure below.","description_kind":"plain"}},"multi_compute":{"nesting_mode":"list","block":{"attributes":{"aggregation":{"type":"string","description":"The aggregation method.","description_kind":"plain","required":true},"facet":{"type":"string","description":"The facet name.","description_kind":"plain","optional":true},"interval":{"type":"number","description":"Define the time interval in seconds.","description_kind":"plain","optional":true}},"description":"`compute_query` or `multi_compute` is required. Multiple `multi_compute` blocks are allowed using the structure below.","description_kind":"plain"}}},"description":"The query to use for this widget.","description_kind":"plain"},"max_items":1}},"description":"The query used to fill the map. Exactly one nested block is allowed using the structure below (exactly one of `q`, `apm_query`, `log_query`, `rum_query`, `security_query` or `process_query` is required within the request block).","description_kind":"plain"}},"size":{"nesting_mode":"list","block":{"attributes":{"q":{"type":"string","description":"The metric query to use for this widget.","description_kind":"plain","optional":true}},"block_types":{"apm_query":{"nesting_mode":"list","block":{"attributes":{"index":{"type":"string","description":"The name of the index to query.","description_kind":"plain","required":true},"search_query":{"type":"string","description":"The search query to use.","description_kind":"plain","optional":true}},"block_types":{"compute_query":{"nesting_mode":"list","block":{"attributes":{"aggregation":{"type":"string","description":"The aggregation method.","description_kind":"plain","required":true},"facet":{"type":"string","description":"The facet name.","description_kind":"plain","optional":true},"interval":{"type":"number","description":"Define the time interval in seconds.","description_kind":"plain","optional":true}},"description":"`compute_query` or `multi_compute` is required. The map keys are listed below.","description_kind":"plain"},"max_items":1},"group_by":{"nesting_mode":"list","block":{"attributes":{"facet":{"type":"string","description":"The facet name.","description_kind":"plain","optional":true},"limit":{"type":"number","description":"The maximum number of items in the group.","description_kind":"plain","optional":true}},"block_types":{"sort_query":{"nesting_mode":"list","block":{"attributes":{"aggregation":{"type":"string","description":"The aggregation method.","description_kind":"plain","required":true},"facet":{"type":"string","description":"The facet name.","description_kind":"plain","optional":true},"order":{"type":"string","description":"Widget sorting methods. Valid values are `asc`, `desc`.","description_kind":"plain","required":true}},"description":"A list of exactly one element describing the sort query to use.","description_kind":"plain"},"max_items":1}},"description":"Multiple `group_by` blocks are allowed using the structure below.","description_kind":"plain"}},"multi_compute":{"nesting_mode":"list","block":{"attributes":{"aggregation":{"type":"string","description":"The aggregation method.","description_kind":"plain","required":true},"facet":{"type":"string","description":"The facet name.","description_kind":"plain","optional":true},"interval":{"type":"number","description":"Define the time interval in seconds.","description_kind":"plain","optional":true}},"description":"`compute_query` or `multi_compute` is required. Multiple `multi_compute` blocks are allowed using the structure below.","description_kind":"plain"}}},"description":"The query to use for this widget.","description_kind":"plain"},"max_items":1},"log_query":{"nesting_mode":"list","block":{"attributes":{"index":{"type":"string","description":"The name of the index to query.","description_kind":"plain","required":true},"search_query":{"type":"string","description":"The search query to use.","description_kind":"plain","optional":true}},"block_types":{"compute_query":{"nesting_mode":"list","block":{"attributes":{"aggregation":{"type":"string","description":"The aggregation method.","description_kind":"plain","required":true},"facet":{"type":"string","description":"The facet name.","description_kind":"plain","optional":true},"interval":{"type":"number","description":"Define the time interval in seconds.","description_kind":"plain","optional":true}},"description":"`compute_query` or `multi_compute` is required. The map keys are listed below.","description_kind":"plain"},"max_items":1},"group_by":{"nesting_mode":"list","block":{"attributes":{"facet":{"type":"string","description":"The facet name.","description_kind":"plain","optional":true},"limit":{"type":"number","description":"The maximum number of items in the group.","description_kind":"plain","optional":true}},"block_types":{"sort_query":{"nesting_mode":"list","block":{"attributes":{"aggregation":{"type":"string","description":"The aggregation method.","description_kind":"plain","required":true},"facet":{"type":"string","description":"The facet name.","description_kind":"plain","optional":true},"order":{"type":"string","description":"Widget sorting methods. Valid values are `asc`, `desc`.","description_kind":"plain","required":true}},"description":"A list of exactly one element describing the sort query to use.","description_kind":"plain"},"max_items":1}},"description":"Multiple `group_by` blocks are allowed using the structure below.","description_kind":"plain"}},"multi_compute":{"nesting_mode":"list","block":{"attributes":{"aggregation":{"type":"string","description":"The aggregation method.","description_kind":"plain","required":true},"facet":{"type":"string","description":"The facet name.","description_kind":"plain","optional":true},"interval":{"type":"number","description":"Define the time interval in seconds.","description_kind":"plain","optional":true}},"description":"`compute_query` or `multi_compute` is required. Multiple `multi_compute` blocks are allowed using the structure below.","description_kind":"plain"}}},"description":"The query to use for this widget.","description_kind":"plain"},"max_items":1},"process_query":{"nesting_mode":"list","block":{"attributes":{"filter_by":{"type":["list","string"],"description":"A list of processes.","description_kind":"plain","optional":true},"limit":{"type":"number","description":"The max number of items in the filter list.","description_kind":"plain","optional":true},"metric":{"type":"string","description":"Your chosen metric.","description_kind":"plain","required":true},"search_by":{"type":"string","description":"Your chosen search term.","description_kind":"plain","optional":true}},"description":"The process query to use in the widget. The structure of this block is described below.","description_kind":"plain"},"max_items":1},"rum_query":{"nesting_mode":"list","block":{"attributes":{"index":{"type":"string","description":"The name of the index to query.","description_kind":"plain","required":true},"search_query":{"type":"string","description":"The search query to use.","description_kind":"plain","optional":true}},"block_types":{"compute_query":{"nesting_mode":"list","block":{"attributes":{"aggregation":{"type":"string","description":"The aggregation method.","description_kind":"plain","required":true},"facet":{"type":"string","description":"The facet name.","description_kind":"plain","optional":true},"interval":{"type":"number","description":"Define the time interval in seconds.","description_kind":"plain","optional":true}},"description":"`compute_query` or `multi_compute` is required. The map keys are listed below.","description_kind":"plain"},"max_items":1},"group_by":{"nesting_mode":"list","block":{"attributes":{"facet":{"type":"string","description":"The facet name.","description_kind":"plain","optional":true},"limit":{"type":"number","description":"The maximum number of items in the group.","description_kind":"plain","optional":true}},"block_types":{"sort_query":{"nesting_mode":"list","block":{"attributes":{"aggregation":{"type":"string","description":"The aggregation method.","description_kind":"plain","required":true},"facet":{"type":"string","description":"The facet name.","description_kind":"plain","optional":true},"order":{"type":"string","description":"Widget sorting methods. Valid values are `asc`, `desc`.","description_kind":"plain","required":true}},"description":"A list of exactly one element describing the sort query to use.","description_kind":"plain"},"max_items":1}},"description":"Multiple `group_by` blocks are allowed using the structure below.","description_kind":"plain"}},"multi_compute":{"nesting_mode":"list","block":{"attributes":{"aggregation":{"type":"string","description":"The aggregation method.","description_kind":"plain","required":true},"facet":{"type":"string","description":"The facet name.","description_kind":"plain","optional":true},"interval":{"type":"number","description":"Define the time interval in seconds.","description_kind":"plain","optional":true}},"description":"`compute_query` or `multi_compute` is required. Multiple `multi_compute` blocks are allowed using the structure below.","description_kind":"plain"}}},"description":"The query to use for this widget.","description_kind":"plain"},"max_items":1},"security_query":{"nesting_mode":"list","block":{"attributes":{"index":{"type":"string","description":"The name of the index to query.","description_kind":"plain","required":true},"search_query":{"type":"string","description":"The search query to use.","description_kind":"plain","optional":true}},"block_types":{"compute_query":{"nesting_mode":"list","block":{"attributes":{"aggregation":{"type":"string","description":"The aggregation method.","description_kind":"plain","required":true},"facet":{"type":"string","description":"The facet name.","description_kind":"plain","optional":true},"interval":{"type":"number","description":"Define the time interval in seconds.","description_kind":"plain","optional":true}},"description":"`compute_query` or `multi_compute` is required. The map keys are listed below.","description_kind":"plain"},"max_items":1},"group_by":{"nesting_mode":"list","block":{"attributes":{"facet":{"type":"string","description":"The facet name.","description_kind":"plain","optional":true},"limit":{"type":"number","description":"The maximum number of items in the group.","description_kind":"plain","optional":true}},"block_types":{"sort_query":{"nesting_mode":"list","block":{"attributes":{"aggregation":{"type":"string","description":"The aggregation method.","description_kind":"plain","required":true},"facet":{"type":"string","description":"The facet name.","description_kind":"plain","optional":true},"order":{"type":"string","description":"Widget sorting methods. Valid values are `asc`, `desc`.","description_kind":"plain","required":true}},"description":"A list of exactly one element describing the sort query to use.","description_kind":"plain"},"max_items":1}},"description":"Multiple `group_by` blocks are allowed using the structure below.","description_kind":"plain"}},"multi_compute":{"nesting_mode":"list","block":{"attributes":{"aggregation":{"type":"string","description":"The aggregation method.","description_kind":"plain","required":true},"facet":{"type":"string","description":"The facet name.","description_kind":"plain","optional":true},"interval":{"type":"number","description":"Define the time interval in seconds.","description_kind":"plain","optional":true}},"description":"`compute_query` or `multi_compute` is required. Multiple `multi_compute` blocks are allowed using the structure below.","description_kind":"plain"}}},"description":"The query to use for this widget.","description_kind":"plain"},"max_items":1}},"description":"The query used to size the map. Exactly one nested block is allowed using the structure below (exactly one of `q`, `apm_query`, `log_query`, `rum_query`, `security_query` or `process_query` is required within the request block).","description_kind":"plain"}}},"description":"A nested block describing the request to use when displaying the widget. Multiple `request` blocks are allowed using the structure below.","description_kind":"plain"},"max_items":1},"style":{"nesting_mode":"list","block":{"attributes":{"fill_max":{"type":"string","description":"The max value to use to color the map.","description_kind":"plain","optional":true},"fill_min":{"type":"string","description":"The min value to use to color the map.","description_kind":"plain","optional":true},"palette":{"type":"string","description":"A color palette to apply to the widget. The available options are available at: https://docs.datadoghq.com/dashboards/widgets/timeseries/#appearance.","description_kind":"plain","optional":true},"palette_flip":{"type":"bool","description":"A Boolean indicating whether to flip the palette tones.","description_kind":"plain","optional":true}},"description":"The style of the widget graph. One nested block is allowed using the structure below.","description_kind":"plain"},"max_items":1}},"description":"The definition for a Hostmap widget.","description_kind":"plain"},"max_items":1},"iframe_definition":{"nesting_mode":"list","block":{"attributes":{"url":{"type":"string","description":"The URL to use as a data source for the widget.","description_kind":"plain","required":true}},"description":"The definition for an Iframe widget.","description_kind":"plain"},"max_items":1},"image_definition":{"nesting_mode":"list","block":{"attributes":{"has_background":{"type":"bool","description":"Whether to display a background or not.","description_kind":"plain","optional":true},"has_border":{"type":"bool","description":"Whether to display a border or not.","description_kind":"plain","optional":true},"horizontal_align":{"type":"string","description":"The horizontal alignment for the widget. Valid values are `center`, `left`, `right`.","description_kind":"plain","optional":true},"margin":{"type":"string","description":"The margins to use around the image. Note: `small` and `large` values are deprecated. Valid values are `sm`, `md`, `lg`, `small`, `large`.","description_kind":"plain","optional":true},"sizing":{"type":"string","description":"The preferred method to adapt the dimensions of the image. The values are based on the image `object-fit` CSS properties. Note: `zoom`, `fit` and `center` values are deprecated. Valid values are `fill`, `contain`, `cover`, `none`, `scale-down`, `zoom`, `fit`, `center`.","description_kind":"plain","optional":true},"url":{"type":"string","description":"The URL to use as a data source for the widget.","description_kind":"plain","required":true},"url_dark_theme":{"type":"string","description":"The URL in dark mode to use as a data source for the widget.","description_kind":"plain","optional":true},"vertical_align":{"type":"string","description":"The vertical alignment for the widget. Valid values are `center`, `top`, `bottom`.","description_kind":"plain","optional":true}},"description":"The definition for an Image widget","description_kind":"plain"},"max_items":1},"list_stream_definition":{"nesting_mode":"list","block":{"attributes":{"title":{"type":"string","description":"The title of the widget.","description_kind":"plain","optional":true},"title_align":{"type":"string","description":"The alignment of the widget's title. Valid values are `center`, `left`, `right`.","description_kind":"plain","optional":true},"title_size":{"type":"string","description":"The size of the widget's title. Default is 16.","description_kind":"plain","optional":true}},"block_types":{"request":{"nesting_mode":"list","block":{"attributes":{"response_format":{"type":"string","description":"Widget response format. Valid values are `event_list`.","description_kind":"plain","required":true}},"block_types":{"columns":{"nesting_mode":"list","block":{"attributes":{"field":{"type":"string","description":"Widget column field.","description_kind":"plain","required":true},"width":{"type":"string","description":"Widget column width. Valid values are `auto`, `compact`, `full`.","description_kind":"plain","required":true}},"description":"Widget columns.","description_kind":"plain"},"min_items":1},"query":{"nesting_mode":"list","block":{"attributes":{"data_source":{"type":"string","description":"Source from which to query items to display in the stream. Valid values are `logs_stream`, `audit_stream`, `ci_pipeline_stream`, `ci_test_stream`, `rum_issue_stream`, `apm_issue_stream`, `logs_issue_stream`, `logs_pattern_stream`, `logs_transaction_stream`, `event_stream`.","description_kind":"plain","required":true},"event_size":{"type":"string","description":"Size of events displayed in widget. Required if `data_source` is `event_stream`. Valid values are `s`, `l`.","description_kind":"plain","optional":true},"indexes":{"type":["list","string"],"description":"List of indexes.","description_kind":"plain","optional":true},"query_string":{"type":"string","description":"Widget query.","description_kind":"plain","optional":true},"storage":{"type":"string","description":"Storage location (private beta).","description_kind":"plain","optional":true}},"description":"Updated list stream widget.","description_kind":"plain"},"min_items":1,"max_items":1}},"description":"Nested block describing the requests to use when displaying the widget. Multiple `request` blocks are allowed with the structure below.","description_kind":"plain"},"min_items":1}},"description":"The definition for a List Stream widget.","description_kind":"plain"},"max_items":1},"log_stream_definition":{"nesting_mode":"list","block":{"attributes":{"columns":{"type":["list","string"],"description":"Stringified list of columns to use, for example: `[\"column1\",\"column2\",\"column3\"]`.","description_kind":"plain","optional":true},"indexes":{"type":["list","string"],"description":"An array of index names to query in the stream.","description_kind":"plain","optional":true},"live_span":{"type":"string","description":"The timeframe to use when displaying the widget. Valid values are `1m`, `5m`, `10m`, `15m`, `30m`, `1h`, `4h`, `1d`, `2d`, `1w`, `1mo`, `3mo`, `6mo`, `1y`, `alert`.","description_kind":"plain","optional":true},"message_display":{"type":"string","description":"The number of log lines to display. Valid values are `inline`, `expanded-md`, `expanded-lg`.","description_kind":"plain","optional":true},"query":{"type":"string","description":"The query to use in the widget.","description_kind":"plain","optional":true},"show_date_column":{"type":"bool","description":"If the date column should be displayed.","description_kind":"plain","optional":true},"show_message_column":{"type":"bool","description":"If the message column should be displayed.","description_kind":"plain","optional":true},"title":{"type":"string","description":"The title of the widget.","description_kind":"plain","optional":true},"title_align":{"type":"string","description":"The alignment of the widget's title. Valid values are `center`, `left`, `right`.","description_kind":"plain","optional":true},"title_size":{"type":"string","description":"The size of the widget's title (defaults to 16).","description_kind":"plain","optional":true}},"block_types":{"sort":{"nesting_mode":"list","block":{"attributes":{"column":{"type":"string","description":"The facet path for the column.","description_kind":"plain","required":true},"order":{"type":"string","description":"Widget sorting methods. Valid values are `asc`, `desc`.","description_kind":"plain","required":true}},"description":"The facet and order to sort the data, for example: `{\"column\": \"time\", \"order\": \"desc\"}`.","description_kind":"plain"},"max_items":1}},"description":"The definition for an Log Stream widget.","description_kind":"plain"},"max_items":1},"manage_status_definition":{"nesting_mode":"list","block":{"attributes":{"color_preference":{"type":"string","description":"Whether to colorize text or background. Valid values are `background`, `text`.","description_kind":"plain","optional":true},"display_format":{"type":"string","description":"The display setting to use. Valid values are `counts`, `countsAndList`, `list`.","description_kind":"plain","optional":true},"hide_zero_counts":{"type":"bool","description":"A Boolean indicating whether to hide empty categories.","description_kind":"plain","optional":true},"query":{"type":"string","description":"The query to use in the widget.","description_kind":"plain","required":true},"show_last_triggered":{"type":"bool","description":"A Boolean indicating whether to show when monitors/groups last triggered.","description_kind":"plain","optional":true},"show_priority":{"type":"bool","description":"Whether to show the priorities column.","description_kind":"plain","optional":true},"sort":{"type":"string","description":"The method to sort the monitors. Valid values are `name`, `group`, `status`, `tags`, `triggered`, `group,asc`, `group,desc`, `name,asc`, `name,desc`, `status,asc`, `status,desc`, `tags,asc`, `tags,desc`, `triggered,asc`, `triggered,desc`, `priority,asc`, `priority,desc`.","description_kind":"plain","optional":true},"summary_type":{"type":"string","description":"The summary type to use. Valid values are `monitors`, `groups`, `combined`.","description_kind":"plain","optional":true},"title":{"type":"string","description":"The title of the widget.","description_kind":"plain","optional":true},"title_align":{"type":"string","description":"The alignment of the widget's title. Valid values are `center`, `left`, `right`.","description_kind":"plain","optional":true},"title_size":{"type":"string","description":"The size of the widget's title (defaults to 16).","description_kind":"plain","optional":true}},"description":"The definition for an Manage Status widget.","description_kind":"plain"},"max_items":1},"note_definition":{"nesting_mode":"list","block":{"attributes":{"background_color":{"type":"string","description":"The background color of the note.","description_kind":"plain","optional":true},"content":{"type":"string","description":"The content of the note.","description_kind":"plain","required":true},"font_size":{"type":"string","description":"The size of the text.","description_kind":"plain","optional":true},"has_padding":{"type":"bool","description":"Whether to add padding or not.","description_kind":"plain","optional":true},"show_tick":{"type":"bool","description":"Whether to show a tick or not.","description_kind":"plain","optional":true},"text_align":{"type":"string","description":"The alignment of the widget's text. Valid values are `center`, `left`, `right`.","description_kind":"plain","optional":true},"tick_edge":{"type":"string","description":"When `tick = true`, a string indicating on which side of the widget the tick should be displayed. Valid values are `bottom`, `left`, `right`, `top`.","description_kind":"plain","optional":true},"tick_pos":{"type":"string","description":"When `tick = true`, a string with a percent sign indicating the position of the tick, for example: `tick_pos = \"50%\"` is centered alignment.","description_kind":"plain","optional":true},"vertical_align":{"type":"string","description":"The vertical alignment for the widget. Valid values are `center`, `top`, `bottom`.","description_kind":"plain","optional":true}},"description":"The definition for a Note widget.","description_kind":"plain"},"max_items":1},"query_table_definition":{"nesting_mode":"list","block":{"attributes":{"has_search_bar":{"type":"string","description":"Controls the display of the search bar. Valid values are `always`, `never`, `auto`.","description_kind":"plain","optional":true},"live_span":{"type":"string","description":"The timeframe to use when displaying the widget. Valid values are `1m`, `5m`, `10m`, `15m`, `30m`, `1h`, `4h`, `1d`, `2d`, `1w`, `1mo`, `3mo`, `6mo`, `1y`, `alert`.","description_kind":"plain","optional":true},"title":{"type":"string","description":"The title of the widget.","description_kind":"plain","optional":true},"title_align":{"type":"string","description":"The alignment of the widget's title. Valid values are `center`, `left`, `right`.","description_kind":"plain","optional":true},"title_size":{"type":"string","description":"The size of the widget's title (defaults to 16).","description_kind":"plain","optional":true}},"block_types":{"custom_link":{"nesting_mode":"list","block":{"attributes":{"is_hidden":{"type":"bool","description":"The flag for toggling context menu link visibility.","description_kind":"plain","optional":true},"label":{"type":"string","description":"The label for the custom link URL.","description_kind":"plain","optional":true},"link":{"type":"string","description":"The URL of the custom link.","description_kind":"plain","optional":true},"override_label":{"type":"string","description":"The label ID that refers to a context menu link item. When `override_label` is provided, the client request omits the label field.","description_kind":"plain","optional":true}},"description":"A nested block describing a custom link. Multiple `custom_link` blocks are allowed using the structure below.","description_kind":"plain"}},"request":{"nesting_mode":"list","block":{"attributes":{"aggregator":{"type":"string","description":"The aggregator to use for time aggregation. Valid values are `avg`, `last`, `max`, `min`, `sum`, `percentile`.","description_kind":"plain","optional":true},"alias":{"type":"string","description":"The alias for the column name (defaults to metric name).","description_kind":"plain","optional":true},"cell_display_mode":{"type":["list","string"],"description":"A list of display modes for each table cell. List items one of `number`, `bar`. Valid values are `number`, `bar`.","description_kind":"plain","optional":true},"limit":{"type":"number","description":"The number of lines to show in the table.","description_kind":"plain","optional":true},"order":{"type":"string","description":"The sort order for the rows. Valid values are `asc`, `desc`.","description_kind":"plain","optional":true},"q":{"type":"string","description":"The metric query to use for this widget.","description_kind":"plain","optional":true}},"block_types":{"apm_query":{"nesting_mode":"list","block":{"attributes":{"index":{"type":"string","description":"The name of the index to query.","description_kind":"plain","required":true},"search_query":{"type":"string","description":"The search query to use.","description_kind":"plain","optional":true}},"block_types":{"compute_query":{"nesting_mode":"list","block":{"attributes":{"aggregation":{"type":"string","description":"The aggregation method.","description_kind":"plain","required":true},"facet":{"type":"string","description":"The facet name.","description_kind":"plain","optional":true},"interval":{"type":"number","description":"Define the time interval in seconds.","description_kind":"plain","optional":true}},"description":"`compute_query` or `multi_compute` is required. The map keys are listed below.","description_kind":"plain"},"max_items":1},"group_by":{"nesting_mode":"list","block":{"attributes":{"facet":{"type":"string","description":"The facet name.","description_kind":"plain","optional":true},"limit":{"type":"number","description":"The maximum number of items in the group.","description_kind":"plain","optional":true}},"block_types":{"sort_query":{"nesting_mode":"list","block":{"attributes":{"aggregation":{"type":"string","description":"The aggregation method.","description_kind":"plain","required":true},"facet":{"type":"string","description":"The facet name.","description_kind":"plain","optional":true},"order":{"type":"string","description":"Widget sorting methods. Valid values are `asc`, `desc`.","description_kind":"plain","required":true}},"description":"A list of exactly one element describing the sort query to use.","description_kind":"plain"},"max_items":1}},"description":"Multiple `group_by` blocks are allowed using the structure below.","description_kind":"plain"}},"multi_compute":{"nesting_mode":"list","block":{"attributes":{"aggregation":{"type":"string","description":"The aggregation method.","description_kind":"plain","required":true},"facet":{"type":"string","description":"The facet name.","description_kind":"plain","optional":true},"interval":{"type":"number","description":"Define the time interval in seconds.","description_kind":"plain","optional":true}},"description":"`compute_query` or `multi_compute` is required. Multiple `multi_compute` blocks are allowed using the structure below.","description_kind":"plain"}}},"description":"The query to use for this widget.","description_kind":"plain"},"max_items":1},"apm_stats_query":{"nesting_mode":"list","block":{"attributes":{"env":{"type":"string","description":"The environment name.","description_kind":"plain","required":true},"name":{"type":"string","description":"The operation name associated with the service.","description_kind":"plain","required":true},"primary_tag":{"type":"string","description":"The organization's host group name and value.","description_kind":"plain","required":true},"resource":{"type":"string","description":"The resource name.","description_kind":"plain","optional":true},"row_type":{"type":"string","description":"The level of detail for the request. Valid values are `service`, `resource`, `span`.","description_kind":"plain","required":true},"service":{"type":"string","description":"The service name.","description_kind":"plain","required":true}},"block_types":{"columns":{"nesting_mode":"list","block":{"attributes":{"alias":{"type":"string","description":"A user-assigned alias for the column.","description_kind":"plain","optional":true},"cell_display_mode":{"type":"string","description":"A list of display modes for each table cell. Valid values are `number`, `bar`.","description_kind":"plain","optional":true},"name":{"type":"string","description":"The column name.","description_kind":"plain","required":true},"order":{"type":"string","description":"Widget sorting methods. Valid values are `asc`, `desc`.","description_kind":"plain","optional":true}},"description":"Column properties used by the front end for display.","description_kind":"plain"}}},"description_kind":"plain"},"max_items":1},"conditional_formats":{"nesting_mode":"list","block":{"attributes":{"comparator":{"type":"string","description":"The comparator to use. Valid values are `\u003e`, `\u003e=`, `\u003c`, `\u003c=`.","description_kind":"plain","required":true},"custom_bg_color":{"type":"string","description":"The color palette to apply to the background, same values available as palette.","description_kind":"plain","optional":true},"custom_fg_color":{"type":"string","description":"The color palette to apply to the foreground, same values available as palette.","description_kind":"plain","optional":true},"hide_value":{"type":"bool","description":"Setting this to True hides values.","description_kind":"plain","optional":true},"image_url":{"type":"string","description":"Displays an image as the background.","description_kind":"plain","optional":true},"metric":{"type":"string","description":"The metric from the request to correlate with this conditional format.","description_kind":"plain","optional":true},"palette":{"type":"string","description":"The color palette to apply. Valid values are `blue`, `custom_bg`, `custom_image`, `custom_text`, `gray_on_white`, `grey`, `green`, `orange`, `red`, `red_on_white`, `white_on_gray`, `white_on_green`, `green_on_white`, `white_on_red`, `white_on_yellow`, `yellow_on_white`, `black_on_light_yellow`, `black_on_light_green`, `black_on_light_red`.","description_kind":"plain","required":true},"timeframe":{"type":"string","description":"Defines the displayed timeframe.","description_kind":"plain","optional":true},"value":{"type":"number","description":"A value for the comparator.","description_kind":"plain","required":true}},"description":"Conditional formats allow you to set the color of your widget content or background, depending on the rule applied to your data. Multiple `conditional_formats` blocks are allowed using the structure below.","description_kind":"plain"}},"formula":{"nesting_mode":"list","block":{"attributes":{"alias":{"type":"string","description":"An expression alias.","description_kind":"plain","optional":true},"cell_display_mode":{"type":"string","description":"A list of display modes for each table cell. Valid values are `number`, `bar`.","description_kind":"plain","optional":true},"formula_expression":{"type":"string","description":"A string expression built from queries, formulas, and functions.","description_kind":"plain","required":true}},"block_types":{"conditional_formats":{"nesting_mode":"list","block":{"attributes":{"comparator":{"type":"string","description":"The comparator to use. Valid values are `\u003e`, `\u003e=`, `\u003c`, `\u003c=`.","description_kind":"plain","required":true},"custom_bg_color":{"type":"string","description":"The color palette to apply to the background, same values available as palette.","description_kind":"plain","optional":true},"custom_fg_color":{"type":"string","description":"The color palette to apply to the foreground, same values available as palette.","description_kind":"plain","optional":true},"hide_value":{"type":"bool","description":"Setting this to True hides values.","description_kind":"plain","optional":true},"image_url":{"type":"string","description":"Displays an image as the background.","description_kind":"plain","optional":true},"metric":{"type":"string","description":"The metric from the request to correlate with this conditional format.","description_kind":"plain","optional":true},"palette":{"type":"string","description":"The color palette to apply. Valid values are `blue`, `custom_bg`, `custom_image`, `custom_text`, `gray_on_white`, `grey`, `green`, `orange`, `red`, `red_on_white`, `white_on_gray`, `white_on_green`, `green_on_white`, `white_on_red`, `white_on_yellow`, `yellow_on_white`, `black_on_light_yellow`, `black_on_light_green`, `black_on_light_red`.","description_kind":"plain","required":true},"timeframe":{"type":"string","description":"Defines the displayed timeframe.","description_kind":"plain","optional":true},"value":{"type":"number","description":"A value for the comparator.","description_kind":"plain","required":true}},"description":"Conditional formats allow you to set the color of your widget content or background depending on the rule applied to your data. Multiple `conditional_formats` blocks are allowed using the structure below.","description_kind":"plain"}},"limit":{"nesting_mode":"list","block":{"attributes":{"count":{"type":"number","description":"The number of results to return","description_kind":"plain","optional":true},"order":{"type":"string","description":"The direction of the sort. Valid values are `asc`, `desc`.","description_kind":"plain","optional":true}},"description":"The options for limiting results returned.","description_kind":"plain"},"max_items":1},"style":{"nesting_mode":"list","block":{"attributes":{"palette":{"type":"string","description":"The color palette used to display the formula. A guide to the available color palettes can be found at https://docs.datadoghq.com/dashboards/guide/widget_colors","description_kind":"plain","optional":true},"palette_index":{"type":"number","description":"Index specifying which color to use within the palette.","description_kind":"plain","optional":true}},"description":"Styling options for widget formulas.","description_kind":"plain"},"max_items":1}},"description_kind":"plain"}},"log_query":{"nesting_mode":"list","block":{"attributes":{"index":{"type":"string","description":"The name of the index to query.","description_kind":"plain","required":true},"search_query":{"type":"string","description":"The search query to use.","description_kind":"plain","optional":true}},"block_types":{"compute_query":{"nesting_mode":"list","block":{"attributes":{"aggregation":{"type":"string","description":"The aggregation method.","description_kind":"plain","required":true},"facet":{"type":"string","description":"The facet name.","description_kind":"plain","optional":true},"interval":{"type":"number","description":"Define the time interval in seconds.","description_kind":"plain","optional":true}},"description":"`compute_query` or `multi_compute` is required. The map keys are listed below.","description_kind":"plain"},"max_items":1},"group_by":{"nesting_mode":"list","block":{"attributes":{"facet":{"type":"string","description":"The facet name.","description_kind":"plain","optional":true},"limit":{"type":"number","description":"The maximum number of items in the group.","description_kind":"plain","optional":true}},"block_types":{"sort_query":{"nesting_mode":"list","block":{"attributes":{"aggregation":{"type":"string","description":"The aggregation method.","description_kind":"plain","required":true},"facet":{"type":"string","description":"The facet name.","description_kind":"plain","optional":true},"order":{"type":"string","description":"Widget sorting methods. Valid values are `asc`, `desc`.","description_kind":"plain","required":true}},"description":"A list of exactly one element describing the sort query to use.","description_kind":"plain"},"max_items":1}},"description":"Multiple `group_by` blocks are allowed using the structure below.","description_kind":"plain"}},"multi_compute":{"nesting_mode":"list","block":{"attributes":{"aggregation":{"type":"string","description":"The aggregation method.","description_kind":"plain","required":true},"facet":{"type":"string","description":"The facet name.","description_kind":"plain","optional":true},"interval":{"type":"number","description":"Define the time interval in seconds.","description_kind":"plain","optional":true}},"description":"`compute_query` or `multi_compute` is required. Multiple `multi_compute` blocks are allowed using the structure below.","description_kind":"plain"}}},"description":"The query to use for this widget.","description_kind":"plain"},"max_items":1},"process_query":{"nesting_mode":"list","block":{"attributes":{"filter_by":{"type":["list","string"],"description":"A list of processes.","description_kind":"plain","optional":true},"limit":{"type":"number","description":"The max number of items in the filter list.","description_kind":"plain","optional":true},"metric":{"type":"string","description":"Your chosen metric.","description_kind":"plain","required":true},"search_by":{"type":"string","description":"Your chosen search term.","description_kind":"plain","optional":true}},"description":"The process query to use in the widget. The structure of this block is described below.","description_kind":"plain"},"max_items":1},"query":{"nesting_mode":"list","block":{"block_types":{"apm_dependency_stats_query":{"nesting_mode":"list","block":{"attributes":{"data_source":{"type":"string","description":"The data source for APM Dependency Stats queries. Valid values are `apm_dependency_stats`.","description_kind":"plain","required":true},"env":{"type":"string","description":"APM Environment.","description_kind":"plain","required":true},"is_upstream":{"type":"bool","description":"Determines whether stats for upstream or downstream dependencies should be queried.","description_kind":"plain","optional":true},"name":{"type":"string","description":"The name of query for use in formulas.","description_kind":"plain","required":true},"operation_name":{"type":"string","description":"Name of operation on service.","description_kind":"plain","required":true},"primary_tag_name":{"type":"string","description":"The name of the second primary tag used within APM; required when `primary_tag_value` is specified. See https://docs.datadoghq.com/tracing/guide/setting_primary_tags_to_scope/#add-a-second-primary-tag-in-datadog.","description_kind":"plain","optional":true},"primary_tag_value":{"type":"string","description":"Filter APM data by the second primary tag. `primary_tag_name` must also be specified.","description_kind":"plain","optional":true},"resource_name":{"type":"string","description":"APM resource.","description_kind":"plain","required":true},"service":{"type":"string","description":"APM service.","description_kind":"plain","required":true},"stat":{"type":"string","description":"APM statistic. Valid values are `avg_duration`, `avg_root_duration`, `avg_spans_per_trace`, `error_rate`, `pct_exec_time`, `pct_of_traces`, `total_traces_count`.","description_kind":"plain","required":true}},"description":"The APM Dependency Stats query using formulas and functions.","description_kind":"plain"},"max_items":1},"apm_resource_stats_query":{"nesting_mode":"list","block":{"attributes":{"data_source":{"type":"string","description":"The data source for APM Resource Stats queries. Valid values are `apm_resource_stats`.","description_kind":"plain","required":true},"env":{"type":"string","description":"APM Environment.","description_kind":"plain","required":true},"group_by":{"type":["list","string"],"description":"Array of fields to group results by.","description_kind":"plain","optional":true},"name":{"type":"string","description":"The name of query for use in formulas.","description_kind":"plain","required":true},"operation_name":{"type":"string","description":"Name of operation on service.","description_kind":"plain","optional":true},"primary_tag_name":{"type":"string","description":"The name of the second primary tag used within APM; required when `primary_tag_value` is specified. See https://docs.datadoghq.com/tracing/guide/setting_primary_tags_to_scope/#add-a-second-primary-tag-in-datadog.","description_kind":"plain","optional":true},"primary_tag_value":{"type":"string","description":"Filter APM data by the second primary tag. `primary_tag_name` must also be specified.","description_kind":"plain","optional":true},"resource_name":{"type":"string","description":"APM resource.","description_kind":"plain","optional":true},"service":{"type":"string","description":"APM service.","description_kind":"plain","required":true},"stat":{"type":"string","description":"APM statistic. Valid values are `errors`, `error_rate`, `hits`, `latency_avg`, `latency_distribution`, `latency_max`, `latency_p50`, `latency_p75`, `latency_p90`, `latency_p95`, `latency_p99`.","description_kind":"plain","required":true}},"description":"The APM Resource Stats query using formulas and functions.","description_kind":"plain"},"max_items":1},"event_query":{"nesting_mode":"list","block":{"attributes":{"data_source":{"type":"string","description":"The data source for event platform-based queries. Valid values are `logs`, `spans`, `network`, `rum`, `security_signals`, `profiles`, `audit`, `events`, `ci_tests`, `ci_pipelines`.","description_kind":"plain","required":true},"indexes":{"type":["list","string"],"description":"An array of index names to query in the stream.","description_kind":"plain","optional":true},"name":{"type":"string","description":"The name of query for use in formulas.","description_kind":"plain","required":true},"storage":{"type":"string","description":"Storage location (private beta).","description_kind":"plain","optional":true}},"block_types":{"compute":{"nesting_mode":"list","block":{"attributes":{"aggregation":{"type":"string","description":"The aggregation methods for event platform queries. Valid values are `count`, `cardinality`, `median`, `pc75`, `pc90`, `pc95`, `pc98`, `pc99`, `sum`, `min`, `max`, `avg`.","description_kind":"plain","required":true},"interval":{"type":"number","description":"A time interval in milliseconds.","description_kind":"plain","optional":true},"metric":{"type":"string","description":"The measurable attribute to compute.","description_kind":"plain","optional":true}},"description":"The compute options.","description_kind":"plain"},"min_items":1},"group_by":{"nesting_mode":"list","block":{"attributes":{"facet":{"type":"string","description":"The event facet.","description_kind":"plain","required":true},"limit":{"type":"number","description":"The number of groups to return.","description_kind":"plain","optional":true}},"block_types":{"sort":{"nesting_mode":"list","block":{"attributes":{"aggregation":{"type":"string","description":"The aggregation methods for the event platform queries. Valid values are `count`, `cardinality`, `median`, `pc75`, `pc90`, `pc95`, `pc98`, `pc99`, `sum`, `min`, `max`, `avg`.","description_kind":"plain","required":true},"metric":{"type":"string","description":"The metric used for sorting group by results.","description_kind":"plain","optional":true},"order":{"type":"string","description":"Direction of sort. Valid values are `asc`, `desc`.","description_kind":"plain","optional":true}},"description":"The options for sorting group by results.","description_kind":"plain"},"max_items":1}},"description":"Group by options.","description_kind":"plain"}},"search":{"nesting_mode":"list","block":{"attributes":{"query":{"type":"string","description":"The events search string.","description_kind":"plain","required":true}},"description":"The search options.","description_kind":"plain"},"max_items":1}},"description":"A timeseries formula and functions events query.","description_kind":"plain"},"max_items":1},"metric_query":{"nesting_mode":"list","block":{"attributes":{"aggregator":{"type":"string","description":"The aggregation methods available for metrics queries. Valid values are `avg`, `min`, `max`, `sum`, `last`, `area`, `l2norm`, `percentile`.","description_kind":"plain","optional":true},"data_source":{"type":"string","description":"The data source for metrics queries.","description_kind":"plain","optional":true},"name":{"type":"string","description":"The name of the query for use in formulas.","description_kind":"plain","required":true},"query":{"type":"string","description":"The metrics query definition.","description_kind":"plain","required":true}},"description":"A timeseries formula and functions metrics query.","description_kind":"plain"},"max_items":1},"process_query":{"nesting_mode":"list","block":{"attributes":{"aggregator":{"type":"string","description":"The aggregation methods available for metrics queries. Valid values are `avg`, `min`, `max`, `sum`, `last`, `area`, `l2norm`, `percentile`.","description_kind":"plain","optional":true},"data_source":{"type":"string","description":"The data source for process queries. Valid values are `process`, `container`.","description_kind":"plain","required":true},"is_normalized_cpu":{"type":"bool","description":"Whether to normalize the CPU percentages.","description_kind":"plain","optional":true},"limit":{"type":"number","description":"The number of hits to return.","description_kind":"plain","optional":true},"metric":{"type":"string","description":"The process metric name.","description_kind":"plain","required":true},"name":{"type":"string","description":"The name of query for use in formulas.","description_kind":"plain","required":true},"sort":{"type":"string","description":"The direction of the sort. Valid values are `asc`, `desc`.","description_kind":"plain","optional":true},"tag_filters":{"type":["list","string"],"description":"An array of tags to filter by.","description_kind":"plain","optional":true},"text_filter":{"type":"string","description":"The text to use as a filter.","description_kind":"plain","optional":true}},"description":"The process query using formulas and functions.","description_kind":"plain"},"max_items":1}},"description_kind":"plain"}},"rum_query":{"nesting_mode":"list","block":{"attributes":{"index":{"type":"string","description":"The name of the index to query.","description_kind":"plain","required":true},"search_query":{"type":"string","description":"The search query to use.","description_kind":"plain","optional":true}},"block_types":{"compute_query":{"nesting_mode":"list","block":{"attributes":{"aggregation":{"type":"string","description":"The aggregation method.","description_kind":"plain","required":true},"facet":{"type":"string","description":"The facet name.","description_kind":"plain","optional":true},"interval":{"type":"number","description":"Define the time interval in seconds.","description_kind":"plain","optional":true}},"description":"`compute_query` or `multi_compute` is required. The map keys are listed below.","description_kind":"plain"},"max_items":1},"group_by":{"nesting_mode":"list","block":{"attributes":{"facet":{"type":"string","description":"The facet name.","description_kind":"plain","optional":true},"limit":{"type":"number","description":"The maximum number of items in the group.","description_kind":"plain","optional":true}},"block_types":{"sort_query":{"nesting_mode":"list","block":{"attributes":{"aggregation":{"type":"string","description":"The aggregation method.","description_kind":"plain","required":true},"facet":{"type":"string","description":"The facet name.","description_kind":"plain","optional":true},"order":{"type":"string","description":"Widget sorting methods. Valid values are `asc`, `desc`.","description_kind":"plain","required":true}},"description":"A list of exactly one element describing the sort query to use.","description_kind":"plain"},"max_items":1}},"description":"Multiple `group_by` blocks are allowed using the structure below.","description_kind":"plain"}},"multi_compute":{"nesting_mode":"list","block":{"attributes":{"aggregation":{"type":"string","description":"The aggregation method.","description_kind":"plain","required":true},"facet":{"type":"string","description":"The facet name.","description_kind":"plain","optional":true},"interval":{"type":"number","description":"Define the time interval in seconds.","description_kind":"plain","optional":true}},"description":"`compute_query` or `multi_compute` is required. Multiple `multi_compute` blocks are allowed using the structure below.","description_kind":"plain"}}},"description":"The query to use for this widget.","description_kind":"plain"},"max_items":1},"security_query":{"nesting_mode":"list","block":{"attributes":{"index":{"type":"string","description":"The name of the index to query.","description_kind":"plain","required":true},"search_query":{"type":"string","description":"The search query to use.","description_kind":"plain","optional":true}},"block_types":{"compute_query":{"nesting_mode":"list","block":{"attributes":{"aggregation":{"type":"string","description":"The aggregation method.","description_kind":"plain","required":true},"facet":{"type":"string","description":"The facet name.","description_kind":"plain","optional":true},"interval":{"type":"number","description":"Define the time interval in seconds.","description_kind":"plain","optional":true}},"description":"`compute_query` or `multi_compute` is required. The map keys are listed below.","description_kind":"plain"},"max_items":1},"group_by":{"nesting_mode":"list","block":{"attributes":{"facet":{"type":"string","description":"The facet name.","description_kind":"plain","optional":true},"limit":{"type":"number","description":"The maximum number of items in the group.","description_kind":"plain","optional":true}},"block_types":{"sort_query":{"nesting_mode":"list","block":{"attributes":{"aggregation":{"type":"string","description":"The aggregation method.","description_kind":"plain","required":true},"facet":{"type":"string","description":"The facet name.","description_kind":"plain","optional":true},"order":{"type":"string","description":"Widget sorting methods. Valid values are `asc`, `desc`.","description_kind":"plain","required":true}},"description":"A list of exactly one element describing the sort query to use.","description_kind":"plain"},"max_items":1}},"description":"Multiple `group_by` blocks are allowed using the structure below.","description_kind":"plain"}},"multi_compute":{"nesting_mode":"list","block":{"attributes":{"aggregation":{"type":"string","description":"The aggregation method.","description_kind":"plain","required":true},"facet":{"type":"string","description":"The facet name.","description_kind":"plain","optional":true},"interval":{"type":"number","description":"Define the time interval in seconds.","description_kind":"plain","optional":true}},"description":"`compute_query` or `multi_compute` is required. Multiple `multi_compute` blocks are allowed using the structure below.","description_kind":"plain"}}},"description":"The query to use for this widget.","description_kind":"plain"},"max_items":1}},"description":"A nested block describing the request to use when displaying the widget. Multiple `request` blocks are allowed using the structure below (exactly one of `q`, `apm_query`, `log_query`, `rum_query`, `security_query`, `apm_stats_query` or `process_query` is required within the `request` block).","description_kind":"plain"}}},"description":"The definition for a Query Table widget.","description_kind":"plain"},"max_items":1},"query_value_definition":{"nesting_mode":"list","block":{"attributes":{"autoscale":{"type":"bool","description":"A Boolean indicating whether to automatically scale the tile.","description_kind":"plain","optional":true},"custom_unit":{"type":"string","description":"The unit for the value displayed in the widget.","description_kind":"plain","optional":true},"live_span":{"type":"string","description":"The timeframe to use when displaying the widget. Valid values are `1m`, `5m`, `10m`, `15m`, `30m`, `1h`, `4h`, `1d`, `2d`, `1w`, `1mo`, `3mo`, `6mo`, `1y`, `alert`.","description_kind":"plain","optional":true},"precision":{"type":"number","description":"The precision to use when displaying the tile.","description_kind":"plain","optional":true},"text_align":{"type":"string","description":"The alignment of the widget's text. Valid values are `center`, `left`, `right`.","description_kind":"plain","optional":true},"title":{"type":"string","description":"The title of the widget.","description_kind":"plain","optional":true},"title_align":{"type":"string","description":"The alignment of the widget's title. Valid values are `center`, `left`, `right`.","description_kind":"plain","optional":true},"title_size":{"type":"string","description":"The size of the widget's title (defaults to 16).","description_kind":"plain","optional":true}},"block_types":{"custom_link":{"nesting_mode":"list","block":{"attributes":{"is_hidden":{"type":"bool","description":"The flag for toggling context menu link visibility.","description_kind":"plain","optional":true},"label":{"type":"string","description":"The label for the custom link URL.","description_kind":"plain","optional":true},"link":{"type":"string","description":"The URL of the custom link.","description_kind":"plain","optional":true},"override_label":{"type":"string","description":"The label ID that refers to a context menu link item. When `override_label` is provided, the client request omits the label field.","description_kind":"plain","optional":true}},"description":"A nested block describing a custom link. Multiple `custom_link` blocks are allowed using the structure below.","description_kind":"plain"}},"request":{"nesting_mode":"list","block":{"attributes":{"aggregator":{"type":"string","description":"The aggregator to use for time aggregation. Valid values are `avg`, `last`, `max`, `min`, `sum`, `percentile`.","description_kind":"plain","optional":true},"q":{"type":"string","description":"The metric query to use for this widget.","description_kind":"plain","optional":true}},"block_types":{"apm_query":{"nesting_mode":"list","block":{"attributes":{"index":{"type":"string","description":"The name of the index to query.","description_kind":"plain","required":true},"search_query":{"type":"string","description":"The search query to use.","description_kind":"plain","optional":true}},"block_types":{"compute_query":{"nesting_mode":"list","block":{"attributes":{"aggregation":{"type":"string","description":"The aggregation method.","description_kind":"plain","required":true},"facet":{"type":"string","description":"The facet name.","description_kind":"plain","optional":true},"interval":{"type":"number","description":"Define the time interval in seconds.","description_kind":"plain","optional":true}},"description":"`compute_query` or `multi_compute` is required. The map keys are listed below.","description_kind":"plain"},"max_items":1},"group_by":{"nesting_mode":"list","block":{"attributes":{"facet":{"type":"string","description":"The facet name.","description_kind":"plain","optional":true},"limit":{"type":"number","description":"The maximum number of items in the group.","description_kind":"plain","optional":true}},"block_types":{"sort_query":{"nesting_mode":"list","block":{"attributes":{"aggregation":{"type":"string","description":"The aggregation method.","description_kind":"plain","required":true},"facet":{"type":"string","description":"The facet name.","description_kind":"plain","optional":true},"order":{"type":"string","description":"Widget sorting methods. Valid values are `asc`, `desc`.","description_kind":"plain","required":true}},"description":"A list of exactly one element describing the sort query to use.","description_kind":"plain"},"max_items":1}},"description":"Multiple `group_by` blocks are allowed using the structure below.","description_kind":"plain"}},"multi_compute":{"nesting_mode":"list","block":{"attributes":{"aggregation":{"type":"string","description":"The aggregation method.","description_kind":"plain","required":true},"facet":{"type":"string","description":"The facet name.","description_kind":"plain","optional":true},"interval":{"type":"number","description":"Define the time interval in seconds.","description_kind":"plain","optional":true}},"description":"`compute_query` or `multi_compute` is required. Multiple `multi_compute` blocks are allowed using the structure below.","description_kind":"plain"}}},"description":"The query to use for this widget.","description_kind":"plain"},"max_items":1},"audit_query":{"nesting_mode":"list","block":{"attributes":{"index":{"type":"string","description":"The name of the index to query.","description_kind":"plain","required":true},"search_query":{"type":"string","description":"The search query to use.","description_kind":"plain","optional":true}},"block_types":{"compute_query":{"nesting_mode":"list","block":{"attributes":{"aggregation":{"type":"string","description":"The aggregation method.","description_kind":"plain","required":true},"facet":{"type":"string","description":"The facet name.","description_kind":"plain","optional":true},"interval":{"type":"number","description":"Define the time interval in seconds.","description_kind":"plain","optional":true}},"description":"`compute_query` or `multi_compute` is required. The map keys are listed below.","description_kind":"plain"},"max_items":1},"group_by":{"nesting_mode":"list","block":{"attributes":{"facet":{"type":"string","description":"The facet name.","description_kind":"plain","optional":true},"limit":{"type":"number","description":"The maximum number of items in the group.","description_kind":"plain","optional":true}},"block_types":{"sort_query":{"nesting_mode":"list","block":{"attributes":{"aggregation":{"type":"string","description":"The aggregation method.","description_kind":"plain","required":true},"facet":{"type":"string","description":"The facet name.","description_kind":"plain","optional":true},"order":{"type":"string","description":"Widget sorting methods. Valid values are `asc`, `desc`.","description_kind":"plain","required":true}},"description":"A list of exactly one element describing the sort query to use.","description_kind":"plain"},"max_items":1}},"description":"Multiple `group_by` blocks are allowed using the structure below.","description_kind":"plain"}},"multi_compute":{"nesting_mode":"list","block":{"attributes":{"aggregation":{"type":"string","description":"The aggregation method.","description_kind":"plain","required":true},"facet":{"type":"string","description":"The facet name.","description_kind":"plain","optional":true},"interval":{"type":"number","description":"Define the time interval in seconds.","description_kind":"plain","optional":true}},"description":"`compute_query` or `multi_compute` is required. Multiple `multi_compute` blocks are allowed using the structure below.","description_kind":"plain"}}},"description":"The query to use for this widget.","description_kind":"plain"},"max_items":1},"conditional_formats":{"nesting_mode":"list","block":{"attributes":{"comparator":{"type":"string","description":"The comparator to use. Valid values are `\u003e`, `\u003e=`, `\u003c`, `\u003c=`.","description_kind":"plain","required":true},"custom_bg_color":{"type":"string","description":"The color palette to apply to the background, same values available as palette.","description_kind":"plain","optional":true},"custom_fg_color":{"type":"string","description":"The color palette to apply to the foreground, same values available as palette.","description_kind":"plain","optional":true},"hide_value":{"type":"bool","description":"Setting this to True hides values.","description_kind":"plain","optional":true},"image_url":{"type":"string","description":"Displays an image as the background.","description_kind":"plain","optional":true},"metric":{"type":"string","description":"The metric from the request to correlate with this conditional format.","description_kind":"plain","optional":true},"palette":{"type":"string","description":"The color palette to apply. Valid values are `blue`, `custom_bg`, `custom_image`, `custom_text`, `gray_on_white`, `grey`, `green`, `orange`, `red`, `red_on_white`, `white_on_gray`, `white_on_green`, `green_on_white`, `white_on_red`, `white_on_yellow`, `yellow_on_white`, `black_on_light_yellow`, `black_on_light_green`, `black_on_light_red`.","description_kind":"plain","required":true},"timeframe":{"type":"string","description":"Defines the displayed timeframe.","description_kind":"plain","optional":true},"value":{"type":"number","description":"A value for the comparator.","description_kind":"plain","required":true}},"description":"Conditional formats allow you to set the color of your widget content or background depending on the rule applied to your data. Multiple `conditional_formats` blocks are allowed using the structure below.","description_kind":"plain"}},"formula":{"nesting_mode":"list","block":{"attributes":{"alias":{"type":"string","description":"An expression alias.","description_kind":"plain","optional":true},"cell_display_mode":{"type":"string","description":"A list of display modes for each table cell. Valid values are `number`, `bar`.","description_kind":"plain","optional":true},"formula_expression":{"type":"string","description":"A string expression built from queries, formulas, and functions.","description_kind":"plain","required":true}},"block_types":{"conditional_formats":{"nesting_mode":"list","block":{"attributes":{"comparator":{"type":"string","description":"The comparator to use. Valid values are `\u003e`, `\u003e=`, `\u003c`, `\u003c=`.","description_kind":"plain","required":true},"custom_bg_color":{"type":"string","description":"The color palette to apply to the background, same values available as palette.","description_kind":"plain","optional":true},"custom_fg_color":{"type":"string","description":"The color palette to apply to the foreground, same values available as palette.","description_kind":"plain","optional":true},"hide_value":{"type":"bool","description":"Setting this to True hides values.","description_kind":"plain","optional":true},"image_url":{"type":"string","description":"Displays an image as the background.","description_kind":"plain","optional":true},"metric":{"type":"string","description":"The metric from the request to correlate with this conditional format.","description_kind":"plain","optional":true},"palette":{"type":"string","description":"The color palette to apply. Valid values are `blue`, `custom_bg`, `custom_image`, `custom_text`, `gray_on_white`, `grey`, `green`, `orange`, `red`, `red_on_white`, `white_on_gray`, `white_on_green`, `green_on_white`, `white_on_red`, `white_on_yellow`, `yellow_on_white`, `black_on_light_yellow`, `black_on_light_green`, `black_on_light_red`.","description_kind":"plain","required":true},"timeframe":{"type":"string","description":"Defines the displayed timeframe.","description_kind":"plain","optional":true},"value":{"type":"number","description":"A value for the comparator.","description_kind":"plain","required":true}},"description":"Conditional formats allow you to set the color of your widget content or background depending on the rule applied to your data. Multiple `conditional_formats` blocks are allowed using the structure below.","description_kind":"plain"}},"limit":{"nesting_mode":"list","block":{"attributes":{"count":{"type":"number","description":"The number of results to return","description_kind":"plain","optional":true},"order":{"type":"string","description":"The direction of the sort. Valid values are `asc`, `desc`.","description_kind":"plain","optional":true}},"description":"The options for limiting results returned.","description_kind":"plain"},"max_items":1},"style":{"nesting_mode":"list","block":{"attributes":{"palette":{"type":"string","description":"The color palette used to display the formula. A guide to the available color palettes can be found at https://docs.datadoghq.com/dashboards/guide/widget_colors","description_kind":"plain","optional":true},"palette_index":{"type":"number","description":"Index specifying which color to use within the palette.","description_kind":"plain","optional":true}},"description":"Styling options for widget formulas.","description_kind":"plain"},"max_items":1}},"description_kind":"plain"}},"log_query":{"nesting_mode":"list","block":{"attributes":{"index":{"type":"string","description":"The name of the index to query.","description_kind":"plain","required":true},"search_query":{"type":"string","description":"The search query to use.","description_kind":"plain","optional":true}},"block_types":{"compute_query":{"nesting_mode":"list","block":{"attributes":{"aggregation":{"type":"string","description":"The aggregation method.","description_kind":"plain","required":true},"facet":{"type":"string","description":"The facet name.","description_kind":"plain","optional":true},"interval":{"type":"number","description":"Define the time interval in seconds.","description_kind":"plain","optional":true}},"description":"`compute_query` or `multi_compute` is required. The map keys are listed below.","description_kind":"plain"},"max_items":1},"group_by":{"nesting_mode":"list","block":{"attributes":{"facet":{"type":"string","description":"The facet name.","description_kind":"plain","optional":true},"limit":{"type":"number","description":"The maximum number of items in the group.","description_kind":"plain","optional":true}},"block_types":{"sort_query":{"nesting_mode":"list","block":{"attributes":{"aggregation":{"type":"string","description":"The aggregation method.","description_kind":"plain","required":true},"facet":{"type":"string","description":"The facet name.","description_kind":"plain","optional":true},"order":{"type":"string","description":"Widget sorting methods. Valid values are `asc`, `desc`.","description_kind":"plain","required":true}},"description":"A list of exactly one element describing the sort query to use.","description_kind":"plain"},"max_items":1}},"description":"Multiple `group_by` blocks are allowed using the structure below.","description_kind":"plain"}},"multi_compute":{"nesting_mode":"list","block":{"attributes":{"aggregation":{"type":"string","description":"The aggregation method.","description_kind":"plain","required":true},"facet":{"type":"string","description":"The facet name.","description_kind":"plain","optional":true},"interval":{"type":"number","description":"Define the time interval in seconds.","description_kind":"plain","optional":true}},"description":"`compute_query` or `multi_compute` is required. Multiple `multi_compute` blocks are allowed using the structure below.","description_kind":"plain"}}},"description":"The query to use for this widget.","description_kind":"plain"},"max_items":1},"process_query":{"nesting_mode":"list","block":{"attributes":{"filter_by":{"type":["list","string"],"description":"A list of processes.","description_kind":"plain","optional":true},"limit":{"type":"number","description":"The max number of items in the filter list.","description_kind":"plain","optional":true},"metric":{"type":"string","description":"Your chosen metric.","description_kind":"plain","required":true},"search_by":{"type":"string","description":"Your chosen search term.","description_kind":"plain","optional":true}},"description":"The process query to use in the widget. The structure of this block is described below.","description_kind":"plain"},"max_items":1},"query":{"nesting_mode":"list","block":{"block_types":{"apm_dependency_stats_query":{"nesting_mode":"list","block":{"attributes":{"data_source":{"type":"string","description":"The data source for APM Dependency Stats queries. Valid values are `apm_dependency_stats`.","description_kind":"plain","required":true},"env":{"type":"string","description":"APM Environment.","description_kind":"plain","required":true},"is_upstream":{"type":"bool","description":"Determines whether stats for upstream or downstream dependencies should be queried.","description_kind":"plain","optional":true},"name":{"type":"string","description":"The name of query for use in formulas.","description_kind":"plain","required":true},"operation_name":{"type":"string","description":"Name of operation on service.","description_kind":"plain","required":true},"primary_tag_name":{"type":"string","description":"The name of the second primary tag used within APM; required when `primary_tag_value` is specified. See https://docs.datadoghq.com/tracing/guide/setting_primary_tags_to_scope/#add-a-second-primary-tag-in-datadog.","description_kind":"plain","optional":true},"primary_tag_value":{"type":"string","description":"Filter APM data by the second primary tag. `primary_tag_name` must also be specified.","description_kind":"plain","optional":true},"resource_name":{"type":"string","description":"APM resource.","description_kind":"plain","required":true},"service":{"type":"string","description":"APM service.","description_kind":"plain","required":true},"stat":{"type":"string","description":"APM statistic. Valid values are `avg_duration`, `avg_root_duration`, `avg_spans_per_trace`, `error_rate`, `pct_exec_time`, `pct_of_traces`, `total_traces_count`.","description_kind":"plain","required":true}},"description":"The APM Dependency Stats query using formulas and functions.","description_kind":"plain"},"max_items":1},"apm_resource_stats_query":{"nesting_mode":"list","block":{"attributes":{"data_source":{"type":"string","description":"The data source for APM Resource Stats queries. Valid values are `apm_resource_stats`.","description_kind":"plain","required":true},"env":{"type":"string","description":"APM Environment.","description_kind":"plain","required":true},"group_by":{"type":["list","string"],"description":"Array of fields to group results by.","description_kind":"plain","optional":true},"name":{"type":"string","description":"The name of query for use in formulas.","description_kind":"plain","required":true},"operation_name":{"type":"string","description":"Name of operation on service.","description_kind":"plain","optional":true},"primary_tag_name":{"type":"string","description":"The name of the second primary tag used within APM; required when `primary_tag_value` is specified. See https://docs.datadoghq.com/tracing/guide/setting_primary_tags_to_scope/#add-a-second-primary-tag-in-datadog.","description_kind":"plain","optional":true},"primary_tag_value":{"type":"string","description":"Filter APM data by the second primary tag. `primary_tag_name` must also be specified.","description_kind":"plain","optional":true},"resource_name":{"type":"string","description":"APM resource.","description_kind":"plain","optional":true},"service":{"type":"string","description":"APM service.","description_kind":"plain","required":true},"stat":{"type":"string","description":"APM statistic. Valid values are `errors`, `error_rate`, `hits`, `latency_avg`, `latency_distribution`, `latency_max`, `latency_p50`, `latency_p75`, `latency_p90`, `latency_p95`, `latency_p99`.","description_kind":"plain","required":true}},"description":"The APM Resource Stats query using formulas and functions.","description_kind":"plain"},"max_items":1},"event_query":{"nesting_mode":"list","block":{"attributes":{"data_source":{"type":"string","description":"The data source for event platform-based queries. Valid values are `logs`, `spans`, `network`, `rum`, `security_signals`, `profiles`, `audit`, `events`, `ci_tests`, `ci_pipelines`.","description_kind":"plain","required":true},"indexes":{"type":["list","string"],"description":"An array of index names to query in the stream.","description_kind":"plain","optional":true},"name":{"type":"string","description":"The name of query for use in formulas.","description_kind":"plain","required":true},"storage":{"type":"string","description":"Storage location (private beta).","description_kind":"plain","optional":true}},"block_types":{"compute":{"nesting_mode":"list","block":{"attributes":{"aggregation":{"type":"string","description":"The aggregation methods for event platform queries. Valid values are `count`, `cardinality`, `median`, `pc75`, `pc90`, `pc95`, `pc98`, `pc99`, `sum`, `min`, `max`, `avg`.","description_kind":"plain","required":true},"interval":{"type":"number","description":"A time interval in milliseconds.","description_kind":"plain","optional":true},"metric":{"type":"string","description":"The measurable attribute to compute.","description_kind":"plain","optional":true}},"description":"The compute options.","description_kind":"plain"},"min_items":1},"group_by":{"nesting_mode":"list","block":{"attributes":{"facet":{"type":"string","description":"The event facet.","description_kind":"plain","required":true},"limit":{"type":"number","description":"The number of groups to return.","description_kind":"plain","optional":true}},"block_types":{"sort":{"nesting_mode":"list","block":{"attributes":{"aggregation":{"type":"string","description":"The aggregation methods for the event platform queries. Valid values are `count`, `cardinality`, `median`, `pc75`, `pc90`, `pc95`, `pc98`, `pc99`, `sum`, `min`, `max`, `avg`.","description_kind":"plain","required":true},"metric":{"type":"string","description":"The metric used for sorting group by results.","description_kind":"plain","optional":true},"order":{"type":"string","description":"Direction of sort. Valid values are `asc`, `desc`.","description_kind":"plain","optional":true}},"description":"The options for sorting group by results.","description_kind":"plain"},"max_items":1}},"description":"Group by options.","description_kind":"plain"}},"search":{"nesting_mode":"list","block":{"attributes":{"query":{"type":"string","description":"The events search string.","description_kind":"plain","required":true}},"description":"The search options.","description_kind":"plain"},"max_items":1}},"description":"A timeseries formula and functions events query.","description_kind":"plain"},"max_items":1},"metric_query":{"nesting_mode":"list","block":{"attributes":{"aggregator":{"type":"string","description":"The aggregation methods available for metrics queries. Valid values are `avg`, `min`, `max`, `sum`, `last`, `area`, `l2norm`, `percentile`.","description_kind":"plain","optional":true},"data_source":{"type":"string","description":"The data source for metrics queries.","description_kind":"plain","optional":true},"name":{"type":"string","description":"The name of the query for use in formulas.","description_kind":"plain","required":true},"query":{"type":"string","description":"The metrics query definition.","description_kind":"plain","required":true}},"description":"A timeseries formula and functions metrics query.","description_kind":"plain"},"max_items":1},"process_query":{"nesting_mode":"list","block":{"attributes":{"aggregator":{"type":"string","description":"The aggregation methods available for metrics queries. Valid values are `avg`, `min`, `max`, `sum`, `last`, `area`, `l2norm`, `percentile`.","description_kind":"plain","optional":true},"data_source":{"type":"string","description":"The data source for process queries. Valid values are `process`, `container`.","description_kind":"plain","required":true},"is_normalized_cpu":{"type":"bool","description":"Whether to normalize the CPU percentages.","description_kind":"plain","optional":true},"limit":{"type":"number","description":"The number of hits to return.","description_kind":"plain","optional":true},"metric":{"type":"string","description":"The process metric name.","description_kind":"plain","required":true},"name":{"type":"string","description":"The name of query for use in formulas.","description_kind":"plain","required":true},"sort":{"type":"string","description":"The direction of the sort. Valid values are `asc`, `desc`.","description_kind":"plain","optional":true},"tag_filters":{"type":["list","string"],"description":"An array of tags to filter by.","description_kind":"plain","optional":true},"text_filter":{"type":"string","description":"The text to use as a filter.","description_kind":"plain","optional":true}},"description":"The process query using formulas and functions.","description_kind":"plain"},"max_items":1}},"description_kind":"plain"}},"rum_query":{"nesting_mode":"list","block":{"attributes":{"index":{"type":"string","description":"The name of the index to query.","description_kind":"plain","required":true},"search_query":{"type":"string","description":"The search query to use.","description_kind":"plain","optional":true}},"block_types":{"compute_query":{"nesting_mode":"list","block":{"attributes":{"aggregation":{"type":"string","description":"The aggregation method.","description_kind":"plain","required":true},"facet":{"type":"string","description":"The facet name.","description_kind":"plain","optional":true},"interval":{"type":"number","description":"Define the time interval in seconds.","description_kind":"plain","optional":true}},"description":"`compute_query` or `multi_compute` is required. The map keys are listed below.","description_kind":"plain"},"max_items":1},"group_by":{"nesting_mode":"list","block":{"attributes":{"facet":{"type":"string","description":"The facet name.","description_kind":"plain","optional":true},"limit":{"type":"number","description":"The maximum number of items in the group.","description_kind":"plain","optional":true}},"block_types":{"sort_query":{"nesting_mode":"list","block":{"attributes":{"aggregation":{"type":"string","description":"The aggregation method.","description_kind":"plain","required":true},"facet":{"type":"string","description":"The facet name.","description_kind":"plain","optional":true},"order":{"type":"string","description":"Widget sorting methods. Valid values are `asc`, `desc`.","description_kind":"plain","required":true}},"description":"A list of exactly one element describing the sort query to use.","description_kind":"plain"},"max_items":1}},"description":"Multiple `group_by` blocks are allowed using the structure below.","description_kind":"plain"}},"multi_compute":{"nesting_mode":"list","block":{"attributes":{"aggregation":{"type":"string","description":"The aggregation method.","description_kind":"plain","required":true},"facet":{"type":"string","description":"The facet name.","description_kind":"plain","optional":true},"interval":{"type":"number","description":"Define the time interval in seconds.","description_kind":"plain","optional":true}},"description":"`compute_query` or `multi_compute` is required. Multiple `multi_compute` blocks are allowed using the structure below.","description_kind":"plain"}}},"description":"The query to use for this widget.","description_kind":"plain"},"max_items":1},"security_query":{"nesting_mode":"list","block":{"attributes":{"index":{"type":"string","description":"The name of the index to query.","description_kind":"plain","required":true},"search_query":{"type":"string","description":"The search query to use.","description_kind":"plain","optional":true}},"block_types":{"compute_query":{"nesting_mode":"list","block":{"attributes":{"aggregation":{"type":"string","description":"The aggregation method.","description_kind":"plain","required":true},"facet":{"type":"string","description":"The facet name.","description_kind":"plain","optional":true},"interval":{"type":"number","description":"Define the time interval in seconds.","description_kind":"plain","optional":true}},"description":"`compute_query` or `multi_compute` is required. The map keys are listed below.","description_kind":"plain"},"max_items":1},"group_by":{"nesting_mode":"list","block":{"attributes":{"facet":{"type":"string","description":"The facet name.","description_kind":"plain","optional":true},"limit":{"type":"number","description":"The maximum number of items in the group.","description_kind":"plain","optional":true}},"block_types":{"sort_query":{"nesting_mode":"list","block":{"attributes":{"aggregation":{"type":"string","description":"The aggregation method.","description_kind":"plain","required":true},"facet":{"type":"string","description":"The facet name.","description_kind":"plain","optional":true},"order":{"type":"string","description":"Widget sorting methods. Valid values are `asc`, `desc`.","description_kind":"plain","required":true}},"description":"A list of exactly one element describing the sort query to use.","description_kind":"plain"},"max_items":1}},"description":"Multiple `group_by` blocks are allowed using the structure below.","description_kind":"plain"}},"multi_compute":{"nesting_mode":"list","block":{"attributes":{"aggregation":{"type":"string","description":"The aggregation method.","description_kind":"plain","required":true},"facet":{"type":"string","description":"The facet name.","description_kind":"plain","optional":true},"interval":{"type":"number","description":"Define the time interval in seconds.","description_kind":"plain","optional":true}},"description":"`compute_query` or `multi_compute` is required. Multiple `multi_compute` blocks are allowed using the structure below.","description_kind":"plain"}}},"description":"The query to use for this widget.","description_kind":"plain"},"max_items":1}},"description":"A nested block describing the request to use when displaying the widget. Multiple `request` blocks are allowed using the structure below (exactly one of `q`, `apm_query`, `log_query`, `rum_query`, `security_query` or `process_query` is required within the `request` block).","description_kind":"plain"}},"timeseries_background":{"nesting_mode":"list","block":{"attributes":{"type":{"type":"string","description":"Whether the Timeseries is made using an area or bars. Valid values are `bars`, `area`.","description_kind":"plain","required":true}},"block_types":{"yaxis":{"nesting_mode":"list","block":{"attributes":{"include_zero":{"type":"bool","description":"Always include zero or fit the axis to the data range.","description_kind":"plain","optional":true},"label":{"type":"string","description":"The label of the axis to display on the graph.","description_kind":"plain","optional":true},"max":{"type":"string","description":"Specify the maximum value to show on the Y-axis.","description_kind":"plain","optional":true},"min":{"type":"string","description":"Specify the minimum value to show on the Y-axis.","description_kind":"plain","optional":true},"scale":{"type":"string","description":"Specify the scale type, options: `linear`, `log`, `pow`, `sqrt`.","description_kind":"plain","optional":true}},"description":"A nested block describing the Y-Axis Controls. Exactly one nested block is allowed using the structure below.","description_kind":"plain"},"max_items":1}},"description":"Set a timeseries on the widget background.","description_kind":"plain"},"max_items":1}},"description":"The definition for a Query Value widget.","description_kind":"plain"},"max_items":1},"run_workflow_definition":{"nesting_mode":"list","block":{"attributes":{"live_span":{"type":"string","description":"The timeframe to use when displaying the widget. Valid values are `1m`, `5m`, `10m`, `15m`, `30m`, `1h`, `4h`, `1d`, `2d`, `1w`, `1mo`, `3mo`, `6mo`, `1y`, `alert`.","description_kind":"plain","optional":true},"title":{"type":"string","description":"The title of the widget.","description_kind":"plain","optional":true},"title_align":{"type":"string","description":"The alignment of the widget's title. Valid values are `center`, `left`, `right`.","description_kind":"plain","optional":true},"title_size":{"type":"string","description":"The size of the widget's title (defaults to 16).","description_kind":"plain","optional":true},"workflow_id":{"type":"string","description":"Workflow ID","description_kind":"plain","required":true}},"block_types":{"custom_link":{"nesting_mode":"list","block":{"attributes":{"is_hidden":{"type":"bool","description":"The flag for toggling context menu link visibility.","description_kind":"plain","optional":true},"label":{"type":"string","description":"The label for the custom link URL.","description_kind":"plain","optional":true},"link":{"type":"string","description":"The URL of the custom link.","description_kind":"plain","optional":true},"override_label":{"type":"string","description":"The label ID that refers to a context menu link item. When `override_label` is provided, the client request omits the label field.","description_kind":"plain","optional":true}},"description":"A nested block describing a custom link. Multiple `custom_link` blocks are allowed using the structure below.","description_kind":"plain"}},"input":{"nesting_mode":"list","block":{"attributes":{"name":{"type":"string","description":"Name of the workflow input.","description_kind":"plain","required":true},"value":{"type":"string","description":"Dashboard template variable. Can be suffixed with `.value` or `.key`.","description_kind":"plain","required":true}},"description":"Array of workflow inputs to map to dashboard template variables.","description_kind":"plain"}}},"description":"The definition for a Run Workflow widget. **NOTE:** Currently in private beta. To request access, contact Support at support@datadoghq.com.","description_kind":"plain"},"max_items":1},"scatterplot_definition":{"nesting_mode":"list","block":{"attributes":{"color_by_groups":{"type":["list","string"],"description":"List of groups used for colors.","description_kind":"plain","optional":true},"live_span":{"type":"string","description":"The timeframe to use when displaying the widget. Valid values are `1m`, `5m`, `10m`, `15m`, `30m`, `1h`, `4h`, `1d`, `2d`, `1w`, `1mo`, `3mo`, `6mo`, `1y`, `alert`.","description_kind":"plain","optional":true},"title":{"type":"string","description":"The title of the widget.","description_kind":"plain","optional":true},"title_align":{"type":"string","description":"The alignment of the widget's title. Valid values are `center`, `left`, `right`.","description_kind":"plain","optional":true},"title_size":{"type":"string","description":"The size of the widget's title (defaults to 16).","description_kind":"plain","optional":true}},"block_types":{"custom_link":{"nesting_mode":"list","block":{"attributes":{"is_hidden":{"type":"bool","description":"The flag for toggling context menu link visibility.","description_kind":"plain","optional":true},"label":{"type":"string","description":"The label for the custom link URL.","description_kind":"plain","optional":true},"link":{"type":"string","description":"The URL of the custom link.","description_kind":"plain","optional":true},"override_label":{"type":"string","description":"The label ID that refers to a context menu link item. When `override_label` is provided, the client request omits the label field.","description_kind":"plain","optional":true}},"description":"A nested block describing a custom link. Multiple `custom_link` blocks are allowed using the structure below.","description_kind":"plain"}},"request":{"nesting_mode":"list","block":{"block_types":{"scatterplot_table":{"nesting_mode":"list","block":{"block_types":{"formula":{"nesting_mode":"list","block":{"attributes":{"alias":{"type":"string","description":"An expression alias.","description_kind":"plain","optional":true},"dimension":{"type":"string","description":"Dimension of the Scatterplot. Valid values are `x`, `y`, `radius`, `color`.","description_kind":"plain","required":true},"formula_expression":{"type":"string","description":"A string expression built from queries, formulas, and functions.","description_kind":"plain","required":true}},"description_kind":"plain"}},"query":{"nesting_mode":"list","block":{"block_types":{"apm_dependency_stats_query":{"nesting_mode":"list","block":{"attributes":{"data_source":{"type":"string","description":"The data source for APM Dependency Stats queries. Valid values are `apm_dependency_stats`.","description_kind":"plain","required":true},"env":{"type":"string","description":"APM Environment.","description_kind":"plain","required":true},"is_upstream":{"type":"bool","description":"Determines whether stats for upstream or downstream dependencies should be queried.","description_kind":"plain","optional":true},"name":{"type":"string","description":"The name of query for use in formulas.","description_kind":"plain","required":true},"operation_name":{"type":"string","description":"Name of operation on service.","description_kind":"plain","required":true},"primary_tag_name":{"type":"string","description":"The name of the second primary tag used within APM; required when `primary_tag_value` is specified. See https://docs.datadoghq.com/tracing/guide/setting_primary_tags_to_scope/#add-a-second-primary-tag-in-datadog.","description_kind":"plain","optional":true},"primary_tag_value":{"type":"string","description":"Filter APM data by the second primary tag. `primary_tag_name` must also be specified.","description_kind":"plain","optional":true},"resource_name":{"type":"string","description":"APM resource.","description_kind":"plain","required":true},"service":{"type":"string","description":"APM service.","description_kind":"plain","required":true},"stat":{"type":"string","description":"APM statistic. Valid values are `avg_duration`, `avg_root_duration`, `avg_spans_per_trace`, `error_rate`, `pct_exec_time`, `pct_of_traces`, `total_traces_count`.","description_kind":"plain","required":true}},"description":"The APM Dependency Stats query using formulas and functions.","description_kind":"plain"},"max_items":1},"apm_resource_stats_query":{"nesting_mode":"list","block":{"attributes":{"data_source":{"type":"string","description":"The data source for APM Resource Stats queries. Valid values are `apm_resource_stats`.","description_kind":"plain","required":true},"env":{"type":"string","description":"APM Environment.","description_kind":"plain","required":true},"group_by":{"type":["list","string"],"description":"Array of fields to group results by.","description_kind":"plain","optional":true},"name":{"type":"string","description":"The name of query for use in formulas.","description_kind":"plain","required":true},"operation_name":{"type":"string","description":"Name of operation on service.","description_kind":"plain","optional":true},"primary_tag_name":{"type":"string","description":"The name of the second primary tag used within APM; required when `primary_tag_value` is specified. See https://docs.datadoghq.com/tracing/guide/setting_primary_tags_to_scope/#add-a-second-primary-tag-in-datadog.","description_kind":"plain","optional":true},"primary_tag_value":{"type":"string","description":"Filter APM data by the second primary tag. `primary_tag_name` must also be specified.","description_kind":"plain","optional":true},"resource_name":{"type":"string","description":"APM resource.","description_kind":"plain","optional":true},"service":{"type":"string","description":"APM service.","description_kind":"plain","required":true},"stat":{"type":"string","description":"APM statistic. Valid values are `errors`, `error_rate`, `hits`, `latency_avg`, `latency_distribution`, `latency_max`, `latency_p50`, `latency_p75`, `latency_p90`, `latency_p95`, `latency_p99`.","description_kind":"plain","required":true}},"description":"The APM Resource Stats query using formulas and functions.","description_kind":"plain"},"max_items":1},"event_query":{"nesting_mode":"list","block":{"attributes":{"data_source":{"type":"string","description":"The data source for event platform-based queries. Valid values are `logs`, `spans`, `network`, `rum`, `security_signals`, `profiles`, `audit`, `events`, `ci_tests`, `ci_pipelines`.","description_kind":"plain","required":true},"indexes":{"type":["list","string"],"description":"An array of index names to query in the stream.","description_kind":"plain","optional":true},"name":{"type":"string","description":"The name of query for use in formulas.","description_kind":"plain","required":true},"storage":{"type":"string","description":"Storage location (private beta).","description_kind":"plain","optional":true}},"block_types":{"compute":{"nesting_mode":"list","block":{"attributes":{"aggregation":{"type":"string","description":"The aggregation methods for event platform queries. Valid values are `count`, `cardinality`, `median`, `pc75`, `pc90`, `pc95`, `pc98`, `pc99`, `sum`, `min`, `max`, `avg`.","description_kind":"plain","required":true},"interval":{"type":"number","description":"A time interval in milliseconds.","description_kind":"plain","optional":true},"metric":{"type":"string","description":"The measurable attribute to compute.","description_kind":"plain","optional":true}},"description":"The compute options.","description_kind":"plain"},"min_items":1},"group_by":{"nesting_mode":"list","block":{"attributes":{"facet":{"type":"string","description":"The event facet.","description_kind":"plain","required":true},"limit":{"type":"number","description":"The number of groups to return.","description_kind":"plain","optional":true}},"block_types":{"sort":{"nesting_mode":"list","block":{"attributes":{"aggregation":{"type":"string","description":"The aggregation methods for the event platform queries. Valid values are `count`, `cardinality`, `median`, `pc75`, `pc90`, `pc95`, `pc98`, `pc99`, `sum`, `min`, `max`, `avg`.","description_kind":"plain","required":true},"metric":{"type":"string","description":"The metric used for sorting group by results.","description_kind":"plain","optional":true},"order":{"type":"string","description":"Direction of sort. Valid values are `asc`, `desc`.","description_kind":"plain","optional":true}},"description":"The options for sorting group by results.","description_kind":"plain"},"max_items":1}},"description":"Group by options.","description_kind":"plain"}},"search":{"nesting_mode":"list","block":{"attributes":{"query":{"type":"string","description":"The events search string.","description_kind":"plain","required":true}},"description":"The search options.","description_kind":"plain"},"max_items":1}},"description":"A timeseries formula and functions events query.","description_kind":"plain"},"max_items":1},"metric_query":{"nesting_mode":"list","block":{"attributes":{"aggregator":{"type":"string","description":"The aggregation methods available for metrics queries. Valid values are `avg`, `min`, `max`, `sum`, `last`, `area`, `l2norm`, `percentile`.","description_kind":"plain","optional":true},"data_source":{"type":"string","description":"The data source for metrics queries.","description_kind":"plain","optional":true},"name":{"type":"string","description":"The name of the query for use in formulas.","description_kind":"plain","required":true},"query":{"type":"string","description":"The metrics query definition.","description_kind":"plain","required":true}},"description":"A timeseries formula and functions metrics query.","description_kind":"plain"},"max_items":1},"process_query":{"nesting_mode":"list","block":{"attributes":{"aggregator":{"type":"string","description":"The aggregation methods available for metrics queries. Valid values are `avg`, `min`, `max`, `sum`, `last`, `area`, `l2norm`, `percentile`.","description_kind":"plain","optional":true},"data_source":{"type":"string","description":"The data source for process queries. Valid values are `process`, `container`.","description_kind":"plain","required":true},"is_normalized_cpu":{"type":"bool","description":"Whether to normalize the CPU percentages.","description_kind":"plain","optional":true},"limit":{"type":"number","description":"The number of hits to return.","description_kind":"plain","optional":true},"metric":{"type":"string","description":"The process metric name.","description_kind":"plain","required":true},"name":{"type":"string","description":"The name of query for use in formulas.","description_kind":"plain","required":true},"sort":{"type":"string","description":"The direction of the sort. Valid values are `asc`, `desc`.","description_kind":"plain","optional":true},"tag_filters":{"type":["list","string"],"description":"An array of tags to filter by.","description_kind":"plain","optional":true},"text_filter":{"type":"string","description":"The text to use as a filter.","description_kind":"plain","optional":true}},"description":"The process query using formulas and functions.","description_kind":"plain"},"max_items":1}},"description_kind":"plain"}}},"description":"Scatterplot request containing formulas and functions.","description_kind":"plain"}},"x":{"nesting_mode":"list","block":{"attributes":{"aggregator":{"type":"string","description":"Aggregator used for the request. Valid values are `avg`, `last`, `max`, `min`, `sum`, `percentile`.","description_kind":"plain","optional":true},"q":{"type":"string","description":"The metric query to use for this widget.","description_kind":"plain","optional":true}},"block_types":{"apm_query":{"nesting_mode":"list","block":{"attributes":{"index":{"type":"string","description":"The name of the index to query.","description_kind":"plain","required":true},"search_query":{"type":"string","description":"The search query to use.","description_kind":"plain","optional":true}},"block_types":{"compute_query":{"nesting_mode":"list","block":{"attributes":{"aggregation":{"type":"string","description":"The aggregation method.","description_kind":"plain","required":true},"facet":{"type":"string","description":"The facet name.","description_kind":"plain","optional":true},"interval":{"type":"number","description":"Define the time interval in seconds.","description_kind":"plain","optional":true}},"description":"`compute_query` or `multi_compute` is required. The map keys are listed below.","description_kind":"plain"},"max_items":1},"group_by":{"nesting_mode":"list","block":{"attributes":{"facet":{"type":"string","description":"The facet name.","description_kind":"plain","optional":true},"limit":{"type":"number","description":"The maximum number of items in the group.","description_kind":"plain","optional":true}},"block_types":{"sort_query":{"nesting_mode":"list","block":{"attributes":{"aggregation":{"type":"string","description":"The aggregation method.","description_kind":"plain","required":true},"facet":{"type":"string","description":"The facet name.","description_kind":"plain","optional":true},"order":{"type":"string","description":"Widget sorting methods. Valid values are `asc`, `desc`.","description_kind":"plain","required":true}},"description":"A list of exactly one element describing the sort query to use.","description_kind":"plain"},"max_items":1}},"description":"Multiple `group_by` blocks are allowed using the structure below.","description_kind":"plain"}},"multi_compute":{"nesting_mode":"list","block":{"attributes":{"aggregation":{"type":"string","description":"The aggregation method.","description_kind":"plain","required":true},"facet":{"type":"string","description":"The facet name.","description_kind":"plain","optional":true},"interval":{"type":"number","description":"Define the time interval in seconds.","description_kind":"plain","optional":true}},"description":"`compute_query` or `multi_compute` is required. Multiple `multi_compute` blocks are allowed using the structure below.","description_kind":"plain"}}},"description":"The query to use for this widget.","description_kind":"plain"},"max_items":1},"log_query":{"nesting_mode":"list","block":{"attributes":{"index":{"type":"string","description":"The name of the index to query.","description_kind":"plain","required":true},"search_query":{"type":"string","description":"The search query to use.","description_kind":"plain","optional":true}},"block_types":{"compute_query":{"nesting_mode":"list","block":{"attributes":{"aggregation":{"type":"string","description":"The aggregation method.","description_kind":"plain","required":true},"facet":{"type":"string","description":"The facet name.","description_kind":"plain","optional":true},"interval":{"type":"number","description":"Define the time interval in seconds.","description_kind":"plain","optional":true}},"description":"`compute_query` or `multi_compute` is required. The map keys are listed below.","description_kind":"plain"},"max_items":1},"group_by":{"nesting_mode":"list","block":{"attributes":{"facet":{"type":"string","description":"The facet name.","description_kind":"plain","optional":true},"limit":{"type":"number","description":"The maximum number of items in the group.","description_kind":"plain","optional":true}},"block_types":{"sort_query":{"nesting_mode":"list","block":{"attributes":{"aggregation":{"type":"string","description":"The aggregation method.","description_kind":"plain","required":true},"facet":{"type":"string","description":"The facet name.","description_kind":"plain","optional":true},"order":{"type":"string","description":"Widget sorting methods. Valid values are `asc`, `desc`.","description_kind":"plain","required":true}},"description":"A list of exactly one element describing the sort query to use.","description_kind":"plain"},"max_items":1}},"description":"Multiple `group_by` blocks are allowed using the structure below.","description_kind":"plain"}},"multi_compute":{"nesting_mode":"list","block":{"attributes":{"aggregation":{"type":"string","description":"The aggregation method.","description_kind":"plain","required":true},"facet":{"type":"string","description":"The facet name.","description_kind":"plain","optional":true},"interval":{"type":"number","description":"Define the time interval in seconds.","description_kind":"plain","optional":true}},"description":"`compute_query` or `multi_compute` is required. Multiple `multi_compute` blocks are allowed using the structure below.","description_kind":"plain"}}},"description":"The query to use for this widget.","description_kind":"plain"},"max_items":1},"process_query":{"nesting_mode":"list","block":{"attributes":{"filter_by":{"type":["list","string"],"description":"A list of processes.","description_kind":"plain","optional":true},"limit":{"type":"number","description":"The max number of items in the filter list.","description_kind":"plain","optional":true},"metric":{"type":"string","description":"Your chosen metric.","description_kind":"plain","required":true},"search_by":{"type":"string","description":"Your chosen search term.","description_kind":"plain","optional":true}},"description":"The process query to use in the widget. The structure of this block is described below.","description_kind":"plain"},"max_items":1},"rum_query":{"nesting_mode":"list","block":{"attributes":{"index":{"type":"string","description":"The name of the index to query.","description_kind":"plain","required":true},"search_query":{"type":"string","description":"The search query to use.","description_kind":"plain","optional":true}},"block_types":{"compute_query":{"nesting_mode":"list","block":{"attributes":{"aggregation":{"type":"string","description":"The aggregation method.","description_kind":"plain","required":true},"facet":{"type":"string","description":"The facet name.","description_kind":"plain","optional":true},"interval":{"type":"number","description":"Define the time interval in seconds.","description_kind":"plain","optional":true}},"description":"`compute_query` or `multi_compute` is required. The map keys are listed below.","description_kind":"plain"},"max_items":1},"group_by":{"nesting_mode":"list","block":{"attributes":{"facet":{"type":"string","description":"The facet name.","description_kind":"plain","optional":true},"limit":{"type":"number","description":"The maximum number of items in the group.","description_kind":"plain","optional":true}},"block_types":{"sort_query":{"nesting_mode":"list","block":{"attributes":{"aggregation":{"type":"string","description":"The aggregation method.","description_kind":"plain","required":true},"facet":{"type":"string","description":"The facet name.","description_kind":"plain","optional":true},"order":{"type":"string","description":"Widget sorting methods. Valid values are `asc`, `desc`.","description_kind":"plain","required":true}},"description":"A list of exactly one element describing the sort query to use.","description_kind":"plain"},"max_items":1}},"description":"Multiple `group_by` blocks are allowed using the structure below.","description_kind":"plain"}},"multi_compute":{"nesting_mode":"list","block":{"attributes":{"aggregation":{"type":"string","description":"The aggregation method.","description_kind":"plain","required":true},"facet":{"type":"string","description":"The facet name.","description_kind":"plain","optional":true},"interval":{"type":"number","description":"Define the time interval in seconds.","description_kind":"plain","optional":true}},"description":"`compute_query` or `multi_compute` is required. Multiple `multi_compute` blocks are allowed using the structure below.","description_kind":"plain"}}},"description":"The query to use for this widget.","description_kind":"plain"},"max_items":1},"security_query":{"nesting_mode":"list","block":{"attributes":{"index":{"type":"string","description":"The name of the index to query.","description_kind":"plain","required":true},"search_query":{"type":"string","description":"The search query to use.","description_kind":"plain","optional":true}},"block_types":{"compute_query":{"nesting_mode":"list","block":{"attributes":{"aggregation":{"type":"string","description":"The aggregation method.","description_kind":"plain","required":true},"facet":{"type":"string","description":"The facet name.","description_kind":"plain","optional":true},"interval":{"type":"number","description":"Define the time interval in seconds.","description_kind":"plain","optional":true}},"description":"`compute_query` or `multi_compute` is required. The map keys are listed below.","description_kind":"plain"},"max_items":1},"group_by":{"nesting_mode":"list","block":{"attributes":{"facet":{"type":"string","description":"The facet name.","description_kind":"plain","optional":true},"limit":{"type":"number","description":"The maximum number of items in the group.","description_kind":"plain","optional":true}},"block_types":{"sort_query":{"nesting_mode":"list","block":{"attributes":{"aggregation":{"type":"string","description":"The aggregation method.","description_kind":"plain","required":true},"facet":{"type":"string","description":"The facet name.","description_kind":"plain","optional":true},"order":{"type":"string","description":"Widget sorting methods. Valid values are `asc`, `desc`.","description_kind":"plain","required":true}},"description":"A list of exactly one element describing the sort query to use.","description_kind":"plain"},"max_items":1}},"description":"Multiple `group_by` blocks are allowed using the structure below.","description_kind":"plain"}},"multi_compute":{"nesting_mode":"list","block":{"attributes":{"aggregation":{"type":"string","description":"The aggregation method.","description_kind":"plain","required":true},"facet":{"type":"string","description":"The facet name.","description_kind":"plain","optional":true},"interval":{"type":"number","description":"Define the time interval in seconds.","description_kind":"plain","optional":true}},"description":"`compute_query` or `multi_compute` is required. Multiple `multi_compute` blocks are allowed using the structure below.","description_kind":"plain"}}},"description":"The query to use for this widget.","description_kind":"plain"},"max_items":1}},"description":"The query used for the X-Axis. Exactly one nested block is allowed using the structure below (exactly one of `q`, `apm_query`, `log_query`, `rum_query`, `security_query`, `apm_stats_query` or `process_query` is required within the block).","description_kind":"plain"}},"y":{"nesting_mode":"list","block":{"attributes":{"aggregator":{"type":"string","description":"Aggregator used for the request. Valid values are `avg`, `last`, `max`, `min`, `sum`, `percentile`.","description_kind":"plain","optional":true},"q":{"type":"string","description":"The metric query to use for this widget.","description_kind":"plain","optional":true}},"block_types":{"apm_query":{"nesting_mode":"list","block":{"attributes":{"index":{"type":"string","description":"The name of the index to query.","description_kind":"plain","required":true},"search_query":{"type":"string","description":"The search query to use.","description_kind":"plain","optional":true}},"block_types":{"compute_query":{"nesting_mode":"list","block":{"attributes":{"aggregation":{"type":"string","description":"The aggregation method.","description_kind":"plain","required":true},"facet":{"type":"string","description":"The facet name.","description_kind":"plain","optional":true},"interval":{"type":"number","description":"Define the time interval in seconds.","description_kind":"plain","optional":true}},"description":"`compute_query` or `multi_compute` is required. The map keys are listed below.","description_kind":"plain"},"max_items":1},"group_by":{"nesting_mode":"list","block":{"attributes":{"facet":{"type":"string","description":"The facet name.","description_kind":"plain","optional":true},"limit":{"type":"number","description":"The maximum number of items in the group.","description_kind":"plain","optional":true}},"block_types":{"sort_query":{"nesting_mode":"list","block":{"attributes":{"aggregation":{"type":"string","description":"The aggregation method.","description_kind":"plain","required":true},"facet":{"type":"string","description":"The facet name.","description_kind":"plain","optional":true},"order":{"type":"string","description":"Widget sorting methods. Valid values are `asc`, `desc`.","description_kind":"plain","required":true}},"description":"A list of exactly one element describing the sort query to use.","description_kind":"plain"},"max_items":1}},"description":"Multiple `group_by` blocks are allowed using the structure below.","description_kind":"plain"}},"multi_compute":{"nesting_mode":"list","block":{"attributes":{"aggregation":{"type":"string","description":"The aggregation method.","description_kind":"plain","required":true},"facet":{"type":"string","description":"The facet name.","description_kind":"plain","optional":true},"interval":{"type":"number","description":"Define the time interval in seconds.","description_kind":"plain","optional":true}},"description":"`compute_query` or `multi_compute` is required. Multiple `multi_compute` blocks are allowed using the structure below.","description_kind":"plain"}}},"description":"The query to use for this widget.","description_kind":"plain"},"max_items":1},"log_query":{"nesting_mode":"list","block":{"attributes":{"index":{"type":"string","description":"The name of the index to query.","description_kind":"plain","required":true},"search_query":{"type":"string","description":"The search query to use.","description_kind":"plain","optional":true}},"block_types":{"compute_query":{"nesting_mode":"list","block":{"attributes":{"aggregation":{"type":"string","description":"The aggregation method.","description_kind":"plain","required":true},"facet":{"type":"string","description":"The facet name.","description_kind":"plain","optional":true},"interval":{"type":"number","description":"Define the time interval in seconds.","description_kind":"plain","optional":true}},"description":"`compute_query` or `multi_compute` is required. The map keys are listed below.","description_kind":"plain"},"max_items":1},"group_by":{"nesting_mode":"list","block":{"attributes":{"facet":{"type":"string","description":"The facet name.","description_kind":"plain","optional":true},"limit":{"type":"number","description":"The maximum number of items in the group.","description_kind":"plain","optional":true}},"block_types":{"sort_query":{"nesting_mode":"list","block":{"attributes":{"aggregation":{"type":"string","description":"The aggregation method.","description_kind":"plain","required":true},"facet":{"type":"string","description":"The facet name.","description_kind":"plain","optional":true},"order":{"type":"string","description":"Widget sorting methods. Valid values are `asc`, `desc`.","description_kind":"plain","required":true}},"description":"A list of exactly one element describing the sort query to use.","description_kind":"plain"},"max_items":1}},"description":"Multiple `group_by` blocks are allowed using the structure below.","description_kind":"plain"}},"multi_compute":{"nesting_mode":"list","block":{"attributes":{"aggregation":{"type":"string","description":"The aggregation method.","description_kind":"plain","required":true},"facet":{"type":"string","description":"The facet name.","description_kind":"plain","optional":true},"interval":{"type":"number","description":"Define the time interval in seconds.","description_kind":"plain","optional":true}},"description":"`compute_query` or `multi_compute` is required. Multiple `multi_compute` blocks are allowed using the structure below.","description_kind":"plain"}}},"description":"The query to use for this widget.","description_kind":"plain"},"max_items":1},"process_query":{"nesting_mode":"list","block":{"attributes":{"filter_by":{"type":["list","string"],"description":"A list of processes.","description_kind":"plain","optional":true},"limit":{"type":"number","description":"The max number of items in the filter list.","description_kind":"plain","optional":true},"metric":{"type":"string","description":"Your chosen metric.","description_kind":"plain","required":true},"search_by":{"type":"string","description":"Your chosen search term.","description_kind":"plain","optional":true}},"description":"The process query to use in the widget. The structure of this block is described below.","description_kind":"plain"},"max_items":1},"rum_query":{"nesting_mode":"list","block":{"attributes":{"index":{"type":"string","description":"The name of the index to query.","description_kind":"plain","required":true},"search_query":{"type":"string","description":"The search query to use.","description_kind":"plain","optional":true}},"block_types":{"compute_query":{"nesting_mode":"list","block":{"attributes":{"aggregation":{"type":"string","description":"The aggregation method.","description_kind":"plain","required":true},"facet":{"type":"string","description":"The facet name.","description_kind":"plain","optional":true},"interval":{"type":"number","description":"Define the time interval in seconds.","description_kind":"plain","optional":true}},"description":"`compute_query` or `multi_compute` is required. The map keys are listed below.","description_kind":"plain"},"max_items":1},"group_by":{"nesting_mode":"list","block":{"attributes":{"facet":{"type":"string","description":"The facet name.","description_kind":"plain","optional":true},"limit":{"type":"number","description":"The maximum number of items in the group.","description_kind":"plain","optional":true}},"block_types":{"sort_query":{"nesting_mode":"list","block":{"attributes":{"aggregation":{"type":"string","description":"The aggregation method.","description_kind":"plain","required":true},"facet":{"type":"string","description":"The facet name.","description_kind":"plain","optional":true},"order":{"type":"string","description":"Widget sorting methods. Valid values are `asc`, `desc`.","description_kind":"plain","required":true}},"description":"A list of exactly one element describing the sort query to use.","description_kind":"plain"},"max_items":1}},"description":"Multiple `group_by` blocks are allowed using the structure below.","description_kind":"plain"}},"multi_compute":{"nesting_mode":"list","block":{"attributes":{"aggregation":{"type":"string","description":"The aggregation method.","description_kind":"plain","required":true},"facet":{"type":"string","description":"The facet name.","description_kind":"plain","optional":true},"interval":{"type":"number","description":"Define the time interval in seconds.","description_kind":"plain","optional":true}},"description":"`compute_query` or `multi_compute` is required. Multiple `multi_compute` blocks are allowed using the structure below.","description_kind":"plain"}}},"description":"The query to use for this widget.","description_kind":"plain"},"max_items":1},"security_query":{"nesting_mode":"list","block":{"attributes":{"index":{"type":"string","description":"The name of the index to query.","description_kind":"plain","required":true},"search_query":{"type":"string","description":"The search query to use.","description_kind":"plain","optional":true}},"block_types":{"compute_query":{"nesting_mode":"list","block":{"attributes":{"aggregation":{"type":"string","description":"The aggregation method.","description_kind":"plain","required":true},"facet":{"type":"string","description":"The facet name.","description_kind":"plain","optional":true},"interval":{"type":"number","description":"Define the time interval in seconds.","description_kind":"plain","optional":true}},"description":"`compute_query` or `multi_compute` is required. The map keys are listed below.","description_kind":"plain"},"max_items":1},"group_by":{"nesting_mode":"list","block":{"attributes":{"facet":{"type":"string","description":"The facet name.","description_kind":"plain","optional":true},"limit":{"type":"number","description":"The maximum number of items in the group.","description_kind":"plain","optional":true}},"block_types":{"sort_query":{"nesting_mode":"list","block":{"attributes":{"aggregation":{"type":"string","description":"The aggregation method.","description_kind":"plain","required":true},"facet":{"type":"string","description":"The facet name.","description_kind":"plain","optional":true},"order":{"type":"string","description":"Widget sorting methods. Valid values are `asc`, `desc`.","description_kind":"plain","required":true}},"description":"A list of exactly one element describing the sort query to use.","description_kind":"plain"},"max_items":1}},"description":"Multiple `group_by` blocks are allowed using the structure below.","description_kind":"plain"}},"multi_compute":{"nesting_mode":"list","block":{"attributes":{"aggregation":{"type":"string","description":"The aggregation method.","description_kind":"plain","required":true},"facet":{"type":"string","description":"The facet name.","description_kind":"plain","optional":true},"interval":{"type":"number","description":"Define the time interval in seconds.","description_kind":"plain","optional":true}},"description":"`compute_query` or `multi_compute` is required. Multiple `multi_compute` blocks are allowed using the structure below.","description_kind":"plain"}}},"description":"The query to use for this widget.","description_kind":"plain"},"max_items":1}},"description":"The query used for the Y-Axis. Exactly one nested block is allowed using the structure below (exactly one of `q`, `apm_query`, `log_query`, `rum_query`, `security_query`, `apm_stats_query` or `process_query` is required within the block).","description_kind":"plain"}}},"description":"A nested block describing the request to use when displaying the widget. Exactly one `request` block is allowed using the structure below.","description_kind":"plain"},"max_items":1},"xaxis":{"nesting_mode":"list","block":{"attributes":{"include_zero":{"type":"bool","description":"Always include zero or fit the axis to the data range.","description_kind":"plain","optional":true},"label":{"type":"string","description":"The label of the axis to display on the graph.","description_kind":"plain","optional":true},"max":{"type":"string","description":"Specify the maximum value to show on the Y-axis.","description_kind":"plain","optional":true},"min":{"type":"string","description":"Specify the minimum value to show on the Y-axis.","description_kind":"plain","optional":true},"scale":{"type":"string","description":"Specify the scale type, options: `linear`, `log`, `pow`, `sqrt`.","description_kind":"plain","optional":true}},"description":"A nested block describing the X-Axis Controls. Exactly one nested block is allowed using the structure below.","description_kind":"plain"},"max_items":1},"yaxis":{"nesting_mode":"list","block":{"attributes":{"include_zero":{"type":"bool","description":"Always include zero or fit the axis to the data range.","description_kind":"plain","optional":true},"label":{"type":"string","description":"The label of the axis to display on the graph.","description_kind":"plain","optional":true},"max":{"type":"string","description":"Specify the maximum value to show on the Y-axis.","description_kind":"plain","optional":true},"min":{"type":"string","description":"Specify the minimum value to show on the Y-axis.","description_kind":"plain","optional":true},"scale":{"type":"string","description":"Specify the scale type, options: `linear`, `log`, `pow`, `sqrt`.","description_kind":"plain","optional":true}},"description":"A nested block describing the Y-Axis Controls. Exactly one nested block is allowed using the structure below.","description_kind":"plain"},"max_items":1}},"description":"The definition for a Scatterplot widget.","description_kind":"plain"},"max_items":1},"service_level_objective_definition":{"nesting_mode":"list","block":{"attributes":{"additional_query_filters":{"type":"string","description":"Additional filters applied to the SLO query.","description_kind":"plain","optional":true},"global_time_target":{"type":"string","description":"The global time target of the widget.","description_kind":"plain","optional":true},"show_error_budget":{"type":"bool","description":"Whether to show the error budget or not.","description_kind":"plain","optional":true},"slo_id":{"type":"string","description":"The ID of the service level objective used by the widget.","description_kind":"plain","required":true},"time_windows":{"type":["list","string"],"description":"A list of time windows to display in the widget. Valid values are `7d`, `30d`, `90d`, `week_to_date`, `previous_week`, `month_to_date`, `previous_month`, `global_time`.","description_kind":"plain","required":true},"title":{"type":"string","description":"The title of the widget.","description_kind":"plain","optional":true},"title_align":{"type":"string","description":"The alignment of the widget's title. Valid values are `center`, `left`, `right`.","description_kind":"plain","optional":true},"title_size":{"type":"string","description":"The size of the widget's title (defaults to 16).","description_kind":"plain","optional":true},"view_mode":{"type":"string","description":"The view mode for the widget. Valid values are `overall`, `component`, `both`.","description_kind":"plain","required":true},"view_type":{"type":"string","description":"The type of view to use when displaying the widget. Only `detail` is supported.","description_kind":"plain","required":true}},"description":"The definition for a Service Level Objective widget.","description_kind":"plain"},"max_items":1},"servicemap_definition":{"nesting_mode":"list","block":{"attributes":{"filters":{"type":["list","string"],"description":"Your environment and primary tag (or `*` if enabled for your account).","description_kind":"plain","required":true},"service":{"type":"string","description":"The ID of the service to map.","description_kind":"plain","required":true},"title":{"type":"string","description":"The title of the widget.","description_kind":"plain","optional":true},"title_align":{"type":"string","description":"The alignment of the widget's title. Valid values are `center`, `left`, `right`.","description_kind":"plain","optional":true},"title_size":{"type":"string","description":"The size of the widget's title (defaults to 16).","description_kind":"plain","optional":true}},"block_types":{"custom_link":{"nesting_mode":"list","block":{"attributes":{"is_hidden":{"type":"bool","description":"The flag for toggling context menu link visibility.","description_kind":"plain","optional":true},"label":{"type":"string","description":"The label for the custom link URL.","description_kind":"plain","optional":true},"link":{"type":"string","description":"The URL of the custom link.","description_kind":"plain","optional":true},"override_label":{"type":"string","description":"The label ID that refers to a context menu link item. When `override_label` is provided, the client request omits the label field.","description_kind":"plain","optional":true}},"description":"A nested block describing a custom link. Multiple `custom_link` blocks are allowed using the structure below.","description_kind":"plain"}}},"description":"The definition for a Service Map widget.","description_kind":"plain"},"max_items":1},"slo_list_definition":{"nesting_mode":"list","block":{"attributes":{"title":{"type":"string","description":"The title of the widget.","description_kind":"plain","optional":true},"title_align":{"type":"string","description":"The alignment of the widget's title. Valid values are `center`, `left`, `right`.","description_kind":"plain","optional":true},"title_size":{"type":"string","description":"The size of the widget's title (defaults to 16).","description_kind":"plain","optional":true}},"block_types":{"request":{"nesting_mode":"list","block":{"attributes":{"request_type":{"type":"string","description":"The request type for the SLO List request. Valid values are `slo_list`.","description_kind":"plain","required":true}},"block_types":{"query":{"nesting_mode":"list","block":{"attributes":{"limit":{"type":"number","description":"Maximum number of results to display in the table.","description_kind":"plain","optional":true},"query_string":{"type":"string","description":"Widget query.","description_kind":"plain","required":true}},"block_types":{"sort":{"nesting_mode":"list","block":{"attributes":{"column":{"type":"string","description":"The facet path for the column.","description_kind":"plain","required":true},"order":{"type":"string","description":"Widget sorting methods. Valid values are `asc`, `desc`.","description_kind":"plain","required":true}},"description":"The facet and order to sort the data, for example: `{\"column\": \"status.sli\", \"order\": \"desc\"}`.","description_kind":"plain"},"max_items":1}},"description":"Updated SLO List widget.","description_kind":"plain"},"min_items":1,"max_items":1}},"description":"A nested block describing the request to use when displaying the widget. Exactly one `request` block is allowed.","description_kind":"plain"},"min_items":1,"max_items":1}},"description":"The definition for an SLO (Service Level Objective) List widget.","description_kind":"plain"},"max_items":1},"sunburst_definition":{"nesting_mode":"list","block":{"attributes":{"hide_total":{"type":"bool","description":"Whether or not to show the total value in the widget.","description_kind":"plain","optional":true},"live_span":{"type":"string","description":"The timeframe to use when displaying the widget. Valid values are `1m`, `5m`, `10m`, `15m`, `30m`, `1h`, `4h`, `1d`, `2d`, `1w`, `1mo`, `3mo`, `6mo`, `1y`, `alert`.","description_kind":"plain","optional":true},"title":{"type":"string","description":"The title of the widget.","description_kind":"plain","optional":true},"title_align":{"type":"string","description":"The alignment of the widget's title. One of `left`, `center`, or `right`. Valid values are `center`, `left`, `right`.","description_kind":"plain","optional":true},"title_size":{"type":"string","description":"The size of the widget's title. Default is 16.","description_kind":"plain","optional":true}},"block_types":{"custom_link":{"nesting_mode":"list","block":{"attributes":{"is_hidden":{"type":"bool","description":"The flag for toggling context menu link visibility.","description_kind":"plain","optional":true},"label":{"type":"string","description":"The label for the custom link URL.","description_kind":"plain","optional":true},"link":{"type":"string","description":"The URL of the custom link.","description_kind":"plain","optional":true},"override_label":{"type":"string","description":"The label ID that refers to a context menu link item. When `override_label` is provided, the client request omits the label field.","description_kind":"plain","optional":true}},"description":"Nested block describing a custom link. Multiple `custom_link` blocks are allowed with the structure below.","description_kind":"plain"}},"legend_inline":{"nesting_mode":"list","block":{"attributes":{"hide_percent":{"type":"bool","description":"Whether to hide the percentages of the groups.","description_kind":"plain","optional":true},"hide_value":{"type":"bool","description":"Whether to hide the values of the groups.","description_kind":"plain","optional":true},"type":{"type":"string","description":"The type of legend (inline or automatic). Valid values are `inline`, `automatic`.","description_kind":"plain","required":true}},"description":"Used to configure the inline legend. Cannot be used in conjunction with legend_table.","description_kind":"plain"},"max_items":1},"legend_table":{"nesting_mode":"list","block":{"attributes":{"type":{"type":"string","description":"The type of legend (table or none). Valid values are `table`, `none`.","description_kind":"plain","required":true}},"description":"Used to configure the table legend. Cannot be used in conjunction with legend_inline.","description_kind":"plain"},"max_items":1},"request":{"nesting_mode":"list","block":{"attributes":{"q":{"type":"string","description":"The metric query to use for this widget.","description_kind":"plain","optional":true}},"block_types":{"apm_query":{"nesting_mode":"list","block":{"attributes":{"index":{"type":"string","description":"The name of the index to query.","description_kind":"plain","required":true},"search_query":{"type":"string","description":"The search query to use.","description_kind":"plain","optional":true}},"block_types":{"compute_query":{"nesting_mode":"list","block":{"attributes":{"aggregation":{"type":"string","description":"The aggregation method.","description_kind":"plain","required":true},"facet":{"type":"string","description":"The facet name.","description_kind":"plain","optional":true},"interval":{"type":"number","description":"Define the time interval in seconds.","description_kind":"plain","optional":true}},"description":"`compute_query` or `multi_compute` is required. The map keys are listed below.","description_kind":"plain"},"max_items":1},"group_by":{"nesting_mode":"list","block":{"attributes":{"facet":{"type":"string","description":"The facet name.","description_kind":"plain","optional":true},"limit":{"type":"number","description":"The maximum number of items in the group.","description_kind":"plain","optional":true}},"block_types":{"sort_query":{"nesting_mode":"list","block":{"attributes":{"aggregation":{"type":"string","description":"The aggregation method.","description_kind":"plain","required":true},"facet":{"type":"string","description":"The facet name.","description_kind":"plain","optional":true},"order":{"type":"string","description":"Widget sorting methods. Valid values are `asc`, `desc`.","description_kind":"plain","required":true}},"description":"A list of exactly one element describing the sort query to use.","description_kind":"plain"},"max_items":1}},"description":"Multiple `group_by` blocks are allowed using the structure below.","description_kind":"plain"}},"multi_compute":{"nesting_mode":"list","block":{"attributes":{"aggregation":{"type":"string","description":"The aggregation method.","description_kind":"plain","required":true},"facet":{"type":"string","description":"The facet name.","description_kind":"plain","optional":true},"interval":{"type":"number","description":"Define the time interval in seconds.","description_kind":"plain","optional":true}},"description":"`compute_query` or `multi_compute` is required. Multiple `multi_compute` blocks are allowed using the structure below.","description_kind":"plain"}}},"description":"The query to use for this widget.","description_kind":"plain"},"max_items":1},"audit_query":{"nesting_mode":"list","block":{"attributes":{"index":{"type":"string","description":"The name of the index to query.","description_kind":"plain","required":true},"search_query":{"type":"string","description":"The search query to use.","description_kind":"plain","optional":true}},"block_types":{"compute_query":{"nesting_mode":"list","block":{"attributes":{"aggregation":{"type":"string","description":"The aggregation method.","description_kind":"plain","required":true},"facet":{"type":"string","description":"The facet name.","description_kind":"plain","optional":true},"interval":{"type":"number","description":"Define the time interval in seconds.","description_kind":"plain","optional":true}},"description":"`compute_query` or `multi_compute` is required. The map keys are listed below.","description_kind":"plain"},"max_items":1},"group_by":{"nesting_mode":"list","block":{"attributes":{"facet":{"type":"string","description":"The facet name.","description_kind":"plain","optional":true},"limit":{"type":"number","description":"The maximum number of items in the group.","description_kind":"plain","optional":true}},"block_types":{"sort_query":{"nesting_mode":"list","block":{"attributes":{"aggregation":{"type":"string","description":"The aggregation method.","description_kind":"plain","required":true},"facet":{"type":"string","description":"The facet name.","description_kind":"plain","optional":true},"order":{"type":"string","description":"Widget sorting methods. Valid values are `asc`, `desc`.","description_kind":"plain","required":true}},"description":"A list of exactly one element describing the sort query to use.","description_kind":"plain"},"max_items":1}},"description":"Multiple `group_by` blocks are allowed using the structure below.","description_kind":"plain"}},"multi_compute":{"nesting_mode":"list","block":{"attributes":{"aggregation":{"type":"string","description":"The aggregation method.","description_kind":"plain","required":true},"facet":{"type":"string","description":"The facet name.","description_kind":"plain","optional":true},"interval":{"type":"number","description":"Define the time interval in seconds.","description_kind":"plain","optional":true}},"description":"`compute_query` or `multi_compute` is required. Multiple `multi_compute` blocks are allowed using the structure below.","description_kind":"plain"}}},"description":"The query to use for this widget.","description_kind":"plain"},"max_items":1},"formula":{"nesting_mode":"list","block":{"attributes":{"alias":{"type":"string","description":"An expression alias.","description_kind":"plain","optional":true},"cell_display_mode":{"type":"string","description":"A list of display modes for each table cell. Valid values are `number`, `bar`.","description_kind":"plain","optional":true},"formula_expression":{"type":"string","description":"A string expression built from queries, formulas, and functions.","description_kind":"plain","required":true}},"block_types":{"conditional_formats":{"nesting_mode":"list","block":{"attributes":{"comparator":{"type":"string","description":"The comparator to use. Valid values are `\u003e`, `\u003e=`, `\u003c`, `\u003c=`.","description_kind":"plain","required":true},"custom_bg_color":{"type":"string","description":"The color palette to apply to the background, same values available as palette.","description_kind":"plain","optional":true},"custom_fg_color":{"type":"string","description":"The color palette to apply to the foreground, same values available as palette.","description_kind":"plain","optional":true},"hide_value":{"type":"bool","description":"Setting this to True hides values.","description_kind":"plain","optional":true},"image_url":{"type":"string","description":"Displays an image as the background.","description_kind":"plain","optional":true},"metric":{"type":"string","description":"The metric from the request to correlate with this conditional format.","description_kind":"plain","optional":true},"palette":{"type":"string","description":"The color palette to apply. Valid values are `blue`, `custom_bg`, `custom_image`, `custom_text`, `gray_on_white`, `grey`, `green`, `orange`, `red`, `red_on_white`, `white_on_gray`, `white_on_green`, `green_on_white`, `white_on_red`, `white_on_yellow`, `yellow_on_white`, `black_on_light_yellow`, `black_on_light_green`, `black_on_light_red`.","description_kind":"plain","required":true},"timeframe":{"type":"string","description":"Defines the displayed timeframe.","description_kind":"plain","optional":true},"value":{"type":"number","description":"A value for the comparator.","description_kind":"plain","required":true}},"description":"Conditional formats allow you to set the color of your widget content or background depending on the rule applied to your data. Multiple `conditional_formats` blocks are allowed using the structure below.","description_kind":"plain"}},"limit":{"nesting_mode":"list","block":{"attributes":{"count":{"type":"number","description":"The number of results to return","description_kind":"plain","optional":true},"order":{"type":"string","description":"The direction of the sort. Valid values are `asc`, `desc`.","description_kind":"plain","optional":true}},"description":"The options for limiting results returned.","description_kind":"plain"},"max_items":1},"style":{"nesting_mode":"list","block":{"attributes":{"palette":{"type":"string","description":"The color palette used to display the formula. A guide to the available color palettes can be found at https://docs.datadoghq.com/dashboards/guide/widget_colors","description_kind":"plain","optional":true},"palette_index":{"type":"number","description":"Index specifying which color to use within the palette.","description_kind":"plain","optional":true}},"description":"Styling options for widget formulas.","description_kind":"plain"},"max_items":1}},"description_kind":"plain"}},"log_query":{"nesting_mode":"list","block":{"attributes":{"index":{"type":"string","description":"The name of the index to query.","description_kind":"plain","required":true},"search_query":{"type":"string","description":"The search query to use.","description_kind":"plain","optional":true}},"block_types":{"compute_query":{"nesting_mode":"list","block":{"attributes":{"aggregation":{"type":"string","description":"The aggregation method.","description_kind":"plain","required":true},"facet":{"type":"string","description":"The facet name.","description_kind":"plain","optional":true},"interval":{"type":"number","description":"Define the time interval in seconds.","description_kind":"plain","optional":true}},"description":"`compute_query` or `multi_compute` is required. The map keys are listed below.","description_kind":"plain"},"max_items":1},"group_by":{"nesting_mode":"list","block":{"attributes":{"facet":{"type":"string","description":"The facet name.","description_kind":"plain","optional":true},"limit":{"type":"number","description":"The maximum number of items in the group.","description_kind":"plain","optional":true}},"block_types":{"sort_query":{"nesting_mode":"list","block":{"attributes":{"aggregation":{"type":"string","description":"The aggregation method.","description_kind":"plain","required":true},"facet":{"type":"string","description":"The facet name.","description_kind":"plain","optional":true},"order":{"type":"string","description":"Widget sorting methods. Valid values are `asc`, `desc`.","description_kind":"plain","required":true}},"description":"A list of exactly one element describing the sort query to use.","description_kind":"plain"},"max_items":1}},"description":"Multiple `group_by` blocks are allowed using the structure below.","description_kind":"plain"}},"multi_compute":{"nesting_mode":"list","block":{"attributes":{"aggregation":{"type":"string","description":"The aggregation method.","description_kind":"plain","required":true},"facet":{"type":"string","description":"The facet name.","description_kind":"plain","optional":true},"interval":{"type":"number","description":"Define the time interval in seconds.","description_kind":"plain","optional":true}},"description":"`compute_query` or `multi_compute` is required. Multiple `multi_compute` blocks are allowed using the structure below.","description_kind":"plain"}}},"description":"The query to use for this widget.","description_kind":"plain"},"max_items":1},"network_query":{"nesting_mode":"list","block":{"attributes":{"index":{"type":"string","description":"The name of the index to query.","description_kind":"plain","required":true},"search_query":{"type":"string","description":"The search query to use.","description_kind":"plain","optional":true}},"block_types":{"compute_query":{"nesting_mode":"list","block":{"attributes":{"aggregation":{"type":"string","description":"The aggregation method.","description_kind":"plain","required":true},"facet":{"type":"string","description":"The facet name.","description_kind":"plain","optional":true},"interval":{"type":"number","description":"Define the time interval in seconds.","description_kind":"plain","optional":true}},"description":"`compute_query` or `multi_compute` is required. The map keys are listed below.","description_kind":"plain"},"max_items":1},"group_by":{"nesting_mode":"list","block":{"attributes":{"facet":{"type":"string","description":"The facet name.","description_kind":"plain","optional":true},"limit":{"type":"number","description":"The maximum number of items in the group.","description_kind":"plain","optional":true}},"block_types":{"sort_query":{"nesting_mode":"list","block":{"attributes":{"aggregation":{"type":"string","description":"The aggregation method.","description_kind":"plain","required":true},"facet":{"type":"string","description":"The facet name.","description_kind":"plain","optional":true},"order":{"type":"string","description":"Widget sorting methods. Valid values are `asc`, `desc`.","description_kind":"plain","required":true}},"description":"A list of exactly one element describing the sort query to use.","description_kind":"plain"},"max_items":1}},"description":"Multiple `group_by` blocks are allowed using the structure below.","description_kind":"plain"}},"multi_compute":{"nesting_mode":"list","block":{"attributes":{"aggregation":{"type":"string","description":"The aggregation method.","description_kind":"plain","required":true},"facet":{"type":"string","description":"The facet name.","description_kind":"plain","optional":true},"interval":{"type":"number","description":"Define the time interval in seconds.","description_kind":"plain","optional":true}},"description":"`compute_query` or `multi_compute` is required. Multiple `multi_compute` blocks are allowed using the structure below.","description_kind":"plain"}}},"description":"The query to use for this widget.","description_kind":"plain"},"max_items":1},"process_query":{"nesting_mode":"list","block":{"attributes":{"filter_by":{"type":["list","string"],"description":"A list of processes.","description_kind":"plain","optional":true},"limit":{"type":"number","description":"The max number of items in the filter list.","description_kind":"plain","optional":true},"metric":{"type":"string","description":"Your chosen metric.","description_kind":"plain","required":true},"search_by":{"type":"string","description":"Your chosen search term.","description_kind":"plain","optional":true}},"description":"The process query to use in the widget. The structure of this block is described below.","description_kind":"plain"},"max_items":1},"query":{"nesting_mode":"list","block":{"block_types":{"apm_dependency_stats_query":{"nesting_mode":"list","block":{"attributes":{"data_source":{"type":"string","description":"The data source for APM Dependency Stats queries. Valid values are `apm_dependency_stats`.","description_kind":"plain","required":true},"env":{"type":"string","description":"APM Environment.","description_kind":"plain","required":true},"is_upstream":{"type":"bool","description":"Determines whether stats for upstream or downstream dependencies should be queried.","description_kind":"plain","optional":true},"name":{"type":"string","description":"The name of query for use in formulas.","description_kind":"plain","required":true},"operation_name":{"type":"string","description":"Name of operation on service.","description_kind":"plain","required":true},"primary_tag_name":{"type":"string","description":"The name of the second primary tag used within APM; required when `primary_tag_value` is specified. See https://docs.datadoghq.com/tracing/guide/setting_primary_tags_to_scope/#add-a-second-primary-tag-in-datadog.","description_kind":"plain","optional":true},"primary_tag_value":{"type":"string","description":"Filter APM data by the second primary tag. `primary_tag_name` must also be specified.","description_kind":"plain","optional":true},"resource_name":{"type":"string","description":"APM resource.","description_kind":"plain","required":true},"service":{"type":"string","description":"APM service.","description_kind":"plain","required":true},"stat":{"type":"string","description":"APM statistic. Valid values are `avg_duration`, `avg_root_duration`, `avg_spans_per_trace`, `error_rate`, `pct_exec_time`, `pct_of_traces`, `total_traces_count`.","description_kind":"plain","required":true}},"description":"The APM Dependency Stats query using formulas and functions.","description_kind":"plain"},"max_items":1},"apm_resource_stats_query":{"nesting_mode":"list","block":{"attributes":{"data_source":{"type":"string","description":"The data source for APM Resource Stats queries. Valid values are `apm_resource_stats`.","description_kind":"plain","required":true},"env":{"type":"string","description":"APM Environment.","description_kind":"plain","required":true},"group_by":{"type":["list","string"],"description":"Array of fields to group results by.","description_kind":"plain","optional":true},"name":{"type":"string","description":"The name of query for use in formulas.","description_kind":"plain","required":true},"operation_name":{"type":"string","description":"Name of operation on service.","description_kind":"plain","optional":true},"primary_tag_name":{"type":"string","description":"The name of the second primary tag used within APM; required when `primary_tag_value` is specified. See https://docs.datadoghq.com/tracing/guide/setting_primary_tags_to_scope/#add-a-second-primary-tag-in-datadog.","description_kind":"plain","optional":true},"primary_tag_value":{"type":"string","description":"Filter APM data by the second primary tag. `primary_tag_name` must also be specified.","description_kind":"plain","optional":true},"resource_name":{"type":"string","description":"APM resource.","description_kind":"plain","optional":true},"service":{"type":"string","description":"APM service.","description_kind":"plain","required":true},"stat":{"type":"string","description":"APM statistic. Valid values are `errors`, `error_rate`, `hits`, `latency_avg`, `latency_distribution`, `latency_max`, `latency_p50`, `latency_p75`, `latency_p90`, `latency_p95`, `latency_p99`.","description_kind":"plain","required":true}},"description":"The APM Resource Stats query using formulas and functions.","description_kind":"plain"},"max_items":1},"event_query":{"nesting_mode":"list","block":{"attributes":{"data_source":{"type":"string","description":"The data source for event platform-based queries. Valid values are `logs`, `spans`, `network`, `rum`, `security_signals`, `profiles`, `audit`, `events`, `ci_tests`, `ci_pipelines`.","description_kind":"plain","required":true},"indexes":{"type":["list","string"],"description":"An array of index names to query in the stream.","description_kind":"plain","optional":true},"name":{"type":"string","description":"The name of query for use in formulas.","description_kind":"plain","required":true},"storage":{"type":"string","description":"Storage location (private beta).","description_kind":"plain","optional":true}},"block_types":{"compute":{"nesting_mode":"list","block":{"attributes":{"aggregation":{"type":"string","description":"The aggregation methods for event platform queries. Valid values are `count`, `cardinality`, `median`, `pc75`, `pc90`, `pc95`, `pc98`, `pc99`, `sum`, `min`, `max`, `avg`.","description_kind":"plain","required":true},"interval":{"type":"number","description":"A time interval in milliseconds.","description_kind":"plain","optional":true},"metric":{"type":"string","description":"The measurable attribute to compute.","description_kind":"plain","optional":true}},"description":"The compute options.","description_kind":"plain"},"min_items":1},"group_by":{"nesting_mode":"list","block":{"attributes":{"facet":{"type":"string","description":"The event facet.","description_kind":"plain","required":true},"limit":{"type":"number","description":"The number of groups to return.","description_kind":"plain","optional":true}},"block_types":{"sort":{"nesting_mode":"list","block":{"attributes":{"aggregation":{"type":"string","description":"The aggregation methods for the event platform queries. Valid values are `count`, `cardinality`, `median`, `pc75`, `pc90`, `pc95`, `pc98`, `pc99`, `sum`, `min`, `max`, `avg`.","description_kind":"plain","required":true},"metric":{"type":"string","description":"The metric used for sorting group by results.","description_kind":"plain","optional":true},"order":{"type":"string","description":"Direction of sort. Valid values are `asc`, `desc`.","description_kind":"plain","optional":true}},"description":"The options for sorting group by results.","description_kind":"plain"},"max_items":1}},"description":"Group by options.","description_kind":"plain"}},"search":{"nesting_mode":"list","block":{"attributes":{"query":{"type":"string","description":"The events search string.","description_kind":"plain","required":true}},"description":"The search options.","description_kind":"plain"},"max_items":1}},"description":"A timeseries formula and functions events query.","description_kind":"plain"},"max_items":1},"metric_query":{"nesting_mode":"list","block":{"attributes":{"aggregator":{"type":"string","description":"The aggregation methods available for metrics queries. Valid values are `avg`, `min`, `max`, `sum`, `last`, `area`, `l2norm`, `percentile`.","description_kind":"plain","optional":true},"data_source":{"type":"string","description":"The data source for metrics queries.","description_kind":"plain","optional":true},"name":{"type":"string","description":"The name of the query for use in formulas.","description_kind":"plain","required":true},"query":{"type":"string","description":"The metrics query definition.","description_kind":"plain","required":true}},"description":"A timeseries formula and functions metrics query.","description_kind":"plain"},"max_items":1},"process_query":{"nesting_mode":"list","block":{"attributes":{"aggregator":{"type":"string","description":"The aggregation methods available for metrics queries. Valid values are `avg`, `min`, `max`, `sum`, `last`, `area`, `l2norm`, `percentile`.","description_kind":"plain","optional":true},"data_source":{"type":"string","description":"The data source for process queries. Valid values are `process`, `container`.","description_kind":"plain","required":true},"is_normalized_cpu":{"type":"bool","description":"Whether to normalize the CPU percentages.","description_kind":"plain","optional":true},"limit":{"type":"number","description":"The number of hits to return.","description_kind":"plain","optional":true},"metric":{"type":"string","description":"The process metric name.","description_kind":"plain","required":true},"name":{"type":"string","description":"The name of query for use in formulas.","description_kind":"plain","required":true},"sort":{"type":"string","description":"The direction of the sort. Valid values are `asc`, `desc`.","description_kind":"plain","optional":true},"tag_filters":{"type":["list","string"],"description":"An array of tags to filter by.","description_kind":"plain","optional":true},"text_filter":{"type":"string","description":"The text to use as a filter.","description_kind":"plain","optional":true}},"description":"The process query using formulas and functions.","description_kind":"plain"},"max_items":1}},"description_kind":"plain"}},"rum_query":{"nesting_mode":"list","block":{"attributes":{"index":{"type":"string","description":"The name of the index to query.","description_kind":"plain","required":true},"search_query":{"type":"string","description":"The search query to use.","description_kind":"plain","optional":true}},"block_types":{"compute_query":{"nesting_mode":"list","block":{"attributes":{"aggregation":{"type":"string","description":"The aggregation method.","description_kind":"plain","required":true},"facet":{"type":"string","description":"The facet name.","description_kind":"plain","optional":true},"interval":{"type":"number","description":"Define the time interval in seconds.","description_kind":"plain","optional":true}},"description":"`compute_query` or `multi_compute` is required. The map keys are listed below.","description_kind":"plain"},"max_items":1},"group_by":{"nesting_mode":"list","block":{"attributes":{"facet":{"type":"string","description":"The facet name.","description_kind":"plain","optional":true},"limit":{"type":"number","description":"The maximum number of items in the group.","description_kind":"plain","optional":true}},"block_types":{"sort_query":{"nesting_mode":"list","block":{"attributes":{"aggregation":{"type":"string","description":"The aggregation method.","description_kind":"plain","required":true},"facet":{"type":"string","description":"The facet name.","description_kind":"plain","optional":true},"order":{"type":"string","description":"Widget sorting methods. Valid values are `asc`, `desc`.","description_kind":"plain","required":true}},"description":"A list of exactly one element describing the sort query to use.","description_kind":"plain"},"max_items":1}},"description":"Multiple `group_by` blocks are allowed using the structure below.","description_kind":"plain"}},"multi_compute":{"nesting_mode":"list","block":{"attributes":{"aggregation":{"type":"string","description":"The aggregation method.","description_kind":"plain","required":true},"facet":{"type":"string","description":"The facet name.","description_kind":"plain","optional":true},"interval":{"type":"number","description":"Define the time interval in seconds.","description_kind":"plain","optional":true}},"description":"`compute_query` or `multi_compute` is required. Multiple `multi_compute` blocks are allowed using the structure below.","description_kind":"plain"}}},"description":"The query to use for this widget.","description_kind":"plain"},"max_items":1},"security_query":{"nesting_mode":"list","block":{"attributes":{"index":{"type":"string","description":"The name of the index to query.","description_kind":"plain","required":true},"search_query":{"type":"string","description":"The search query to use.","description_kind":"plain","optional":true}},"block_types":{"compute_query":{"nesting_mode":"list","block":{"attributes":{"aggregation":{"type":"string","description":"The aggregation method.","description_kind":"plain","required":true},"facet":{"type":"string","description":"The facet name.","description_kind":"plain","optional":true},"interval":{"type":"number","description":"Define the time interval in seconds.","description_kind":"plain","optional":true}},"description":"`compute_query` or `multi_compute` is required. The map keys are listed below.","description_kind":"plain"},"max_items":1},"group_by":{"nesting_mode":"list","block":{"attributes":{"facet":{"type":"string","description":"The facet name.","description_kind":"plain","optional":true},"limit":{"type":"number","description":"The maximum number of items in the group.","description_kind":"plain","optional":true}},"block_types":{"sort_query":{"nesting_mode":"list","block":{"attributes":{"aggregation":{"type":"string","description":"The aggregation method.","description_kind":"plain","required":true},"facet":{"type":"string","description":"The facet name.","description_kind":"plain","optional":true},"order":{"type":"string","description":"Widget sorting methods. Valid values are `asc`, `desc`.","description_kind":"plain","required":true}},"description":"A list of exactly one element describing the sort query to use.","description_kind":"plain"},"max_items":1}},"description":"Multiple `group_by` blocks are allowed using the structure below.","description_kind":"plain"}},"multi_compute":{"nesting_mode":"list","block":{"attributes":{"aggregation":{"type":"string","description":"The aggregation method.","description_kind":"plain","required":true},"facet":{"type":"string","description":"The facet name.","description_kind":"plain","optional":true},"interval":{"type":"number","description":"Define the time interval in seconds.","description_kind":"plain","optional":true}},"description":"`compute_query` or `multi_compute` is required. Multiple `multi_compute` blocks are allowed using the structure below.","description_kind":"plain"}}},"description":"The query to use for this widget.","description_kind":"plain"},"max_items":1}},"description":"Nested block describing the request to use when displaying the widget. Multiple `request` blocks are allowed with the structure below (exactly one of `q`, `log_query` or `rum_query` is required within the `request` block).","description_kind":"plain"}}},"description":"The definition for a Sunburst widget.","description_kind":"plain"},"max_items":1},"timeseries_definition":{"nesting_mode":"list","block":{"attributes":{"legend_columns":{"type":["set","string"],"description":"A list of columns to display in the legend. Valid values are `value`, `avg`, `sum`, `min`, `max`.","description_kind":"plain","optional":true},"legend_layout":{"type":"string","description":"The layout of the legend displayed in the widget. Valid values are `auto`, `horizontal`, `vertical`.","description_kind":"plain","optional":true},"legend_size":{"type":"string","description":"The size of the legend displayed in the widget.","description_kind":"plain","optional":true},"live_span":{"type":"string","description":"The timeframe to use when displaying the widget. Valid values are `1m`, `5m`, `10m`, `15m`, `30m`, `1h`, `4h`, `1d`, `2d`, `1w`, `1mo`, `3mo`, `6mo`, `1y`, `alert`.","description_kind":"plain","optional":true},"show_legend":{"type":"bool","description":"Whether or not to show the legend on this widget.","description_kind":"plain","optional":true},"title":{"type":"string","description":"The title of the widget.","description_kind":"plain","optional":true},"title_align":{"type":"string","description":"The alignment of the widget's title. Valid values are `center`, `left`, `right`.","description_kind":"plain","optional":true},"title_size":{"type":"string","description":"The size of the widget's title (defaults to 16).","description_kind":"plain","optional":true}},"block_types":{"custom_link":{"nesting_mode":"list","block":{"attributes":{"is_hidden":{"type":"bool","description":"The flag for toggling context menu link visibility.","description_kind":"plain","optional":true},"label":{"type":"string","description":"The label for the custom link URL.","description_kind":"plain","optional":true},"link":{"type":"string","description":"The URL of the custom link.","description_kind":"plain","optional":true},"override_label":{"type":"string","description":"The label ID that refers to a context menu link item. When `override_label` is provided, the client request omits the label field.","description_kind":"plain","optional":true}},"description":"A nested block describing a custom link. Multiple `custom_link` blocks are allowed using the structure below.","description_kind":"plain"}},"event":{"nesting_mode":"list","block":{"attributes":{"q":{"type":"string","description":"The event query to use in the widget.","description_kind":"plain","required":true},"tags_execution":{"type":"string","description":"The execution method for multi-value filters.","description_kind":"plain","optional":true}},"description":"The definition of the event to overlay on the graph. Multiple `event` blocks are allowed using the structure below.","description_kind":"plain"}},"marker":{"nesting_mode":"list","block":{"attributes":{"display_type":{"type":"string","description":"How the marker lines are displayed, options are one of {`error`, `warning`, `info`, `ok`} combined with one of {`dashed`, `solid`, `bold`}. Example: `error dashed`.","description_kind":"plain","optional":true},"label":{"type":"string","description":"A label for the line or range.","description_kind":"plain","optional":true},"value":{"type":"string","description":"A mathematical expression describing the marker, for example: `y \u003e 1`, `-5 \u003c y \u003c 0`, `y = 19`.","description_kind":"plain","required":true}},"description":"A nested block describing the marker to use when displaying the widget. The structure of this block is described below. Multiple `marker` blocks are allowed within a given `tile_def` block.","description_kind":"plain"}},"request":{"nesting_mode":"list","block":{"attributes":{"display_type":{"type":"string","description":"How to display the marker lines. Valid values are `area`, `bars`, `line`.","description_kind":"plain","optional":true},"on_right_yaxis":{"type":"bool","description":"A Boolean indicating whether the request uses the right or left Y-Axis.","description_kind":"plain","optional":true},"q":{"type":"string","description":"The metric query to use for this widget.","description_kind":"plain","optional":true}},"block_types":{"apm_query":{"nesting_mode":"list","block":{"attributes":{"index":{"type":"string","description":"The name of the index to query.","description_kind":"plain","required":true},"search_query":{"type":"string","description":"The search query to use.","description_kind":"plain","optional":true}},"block_types":{"compute_query":{"nesting_mode":"list","block":{"attributes":{"aggregation":{"type":"string","description":"The aggregation method.","description_kind":"plain","required":true},"facet":{"type":"string","description":"The facet name.","description_kind":"plain","optional":true},"interval":{"type":"number","description":"Define the time interval in seconds.","description_kind":"plain","optional":true}},"description":"`compute_query` or `multi_compute` is required. The map keys are listed below.","description_kind":"plain"},"max_items":1},"group_by":{"nesting_mode":"list","block":{"attributes":{"facet":{"type":"string","description":"The facet name.","description_kind":"plain","optional":true},"limit":{"type":"number","description":"The maximum number of items in the group.","description_kind":"plain","optional":true}},"block_types":{"sort_query":{"nesting_mode":"list","block":{"attributes":{"aggregation":{"type":"string","description":"The aggregation method.","description_kind":"plain","required":true},"facet":{"type":"string","description":"The facet name.","description_kind":"plain","optional":true},"order":{"type":"string","description":"Widget sorting methods. Valid values are `asc`, `desc`.","description_kind":"plain","required":true}},"description":"A list of exactly one element describing the sort query to use.","description_kind":"plain"},"max_items":1}},"description":"Multiple `group_by` blocks are allowed using the structure below.","description_kind":"plain"}},"multi_compute":{"nesting_mode":"list","block":{"attributes":{"aggregation":{"type":"string","description":"The aggregation method.","description_kind":"plain","required":true},"facet":{"type":"string","description":"The facet name.","description_kind":"plain","optional":true},"interval":{"type":"number","description":"Define the time interval in seconds.","description_kind":"plain","optional":true}},"description":"`compute_query` or `multi_compute` is required. Multiple `multi_compute` blocks are allowed using the structure below.","description_kind":"plain"}}},"description":"The query to use for this widget.","description_kind":"plain"},"max_items":1},"audit_query":{"nesting_mode":"list","block":{"attributes":{"index":{"type":"string","description":"The name of the index to query.","description_kind":"plain","required":true},"search_query":{"type":"string","description":"The search query to use.","description_kind":"plain","optional":true}},"block_types":{"compute_query":{"nesting_mode":"list","block":{"attributes":{"aggregation":{"type":"string","description":"The aggregation method.","description_kind":"plain","required":true},"facet":{"type":"string","description":"The facet name.","description_kind":"plain","optional":true},"interval":{"type":"number","description":"Define the time interval in seconds.","description_kind":"plain","optional":true}},"description":"`compute_query` or `multi_compute` is required. The map keys are listed below.","description_kind":"plain"},"max_items":1},"group_by":{"nesting_mode":"list","block":{"attributes":{"facet":{"type":"string","description":"The facet name.","description_kind":"plain","optional":true},"limit":{"type":"number","description":"The maximum number of items in the group.","description_kind":"plain","optional":true}},"block_types":{"sort_query":{"nesting_mode":"list","block":{"attributes":{"aggregation":{"type":"string","description":"The aggregation method.","description_kind":"plain","required":true},"facet":{"type":"string","description":"The facet name.","description_kind":"plain","optional":true},"order":{"type":"string","description":"Widget sorting methods. Valid values are `asc`, `desc`.","description_kind":"plain","required":true}},"description":"A list of exactly one element describing the sort query to use.","description_kind":"plain"},"max_items":1}},"description":"Multiple `group_by` blocks are allowed using the structure below.","description_kind":"plain"}},"multi_compute":{"nesting_mode":"list","block":{"attributes":{"aggregation":{"type":"string","description":"The aggregation method.","description_kind":"plain","required":true},"facet":{"type":"string","description":"The facet name.","description_kind":"plain","optional":true},"interval":{"type":"number","description":"Define the time interval in seconds.","description_kind":"plain","optional":true}},"description":"`compute_query` or `multi_compute` is required. Multiple `multi_compute` blocks are allowed using the structure below.","description_kind":"plain"}}},"description":"The query to use for this widget.","description_kind":"plain"},"max_items":1},"formula":{"nesting_mode":"list","block":{"attributes":{"alias":{"type":"string","description":"An expression alias.","description_kind":"plain","optional":true},"cell_display_mode":{"type":"string","description":"A list of display modes for each table cell. Valid values are `number`, `bar`.","description_kind":"plain","optional":true},"formula_expression":{"type":"string","description":"A string expression built from queries, formulas, and functions.","description_kind":"plain","required":true}},"block_types":{"conditional_formats":{"nesting_mode":"list","block":{"attributes":{"comparator":{"type":"string","description":"The comparator to use. Valid values are `\u003e`, `\u003e=`, `\u003c`, `\u003c=`.","description_kind":"plain","required":true},"custom_bg_color":{"type":"string","description":"The color palette to apply to the background, same values available as palette.","description_kind":"plain","optional":true},"custom_fg_color":{"type":"string","description":"The color palette to apply to the foreground, same values available as palette.","description_kind":"plain","optional":true},"hide_value":{"type":"bool","description":"Setting this to True hides values.","description_kind":"plain","optional":true},"image_url":{"type":"string","description":"Displays an image as the background.","description_kind":"plain","optional":true},"metric":{"type":"string","description":"The metric from the request to correlate with this conditional format.","description_kind":"plain","optional":true},"palette":{"type":"string","description":"The color palette to apply. Valid values are `blue`, `custom_bg`, `custom_image`, `custom_text`, `gray_on_white`, `grey`, `green`, `orange`, `red`, `red_on_white`, `white_on_gray`, `white_on_green`, `green_on_white`, `white_on_red`, `white_on_yellow`, `yellow_on_white`, `black_on_light_yellow`, `black_on_light_green`, `black_on_light_red`.","description_kind":"plain","required":true},"timeframe":{"type":"string","description":"Defines the displayed timeframe.","description_kind":"plain","optional":true},"value":{"type":"number","description":"A value for the comparator.","description_kind":"plain","required":true}},"description":"Conditional formats allow you to set the color of your widget content or background depending on the rule applied to your data. Multiple `conditional_formats` blocks are allowed using the structure below.","description_kind":"plain"}},"limit":{"nesting_mode":"list","block":{"attributes":{"count":{"type":"number","description":"The number of results to return","description_kind":"plain","optional":true},"order":{"type":"string","description":"The direction of the sort. Valid values are `asc`, `desc`.","description_kind":"plain","optional":true}},"description":"The options for limiting results returned.","description_kind":"plain"},"max_items":1},"style":{"nesting_mode":"list","block":{"attributes":{"palette":{"type":"string","description":"The color palette used to display the formula. A guide to the available color palettes can be found at https://docs.datadoghq.com/dashboards/guide/widget_colors","description_kind":"plain","optional":true},"palette_index":{"type":"number","description":"Index specifying which color to use within the palette.","description_kind":"plain","optional":true}},"description":"Styling options for widget formulas.","description_kind":"plain"},"max_items":1}},"description_kind":"plain"}},"log_query":{"nesting_mode":"list","block":{"attributes":{"index":{"type":"string","description":"The name of the index to query.","description_kind":"plain","required":true},"search_query":{"type":"string","description":"The search query to use.","description_kind":"plain","optional":true}},"block_types":{"compute_query":{"nesting_mode":"list","block":{"attributes":{"aggregation":{"type":"string","description":"The aggregation method.","description_kind":"plain","required":true},"facet":{"type":"string","description":"The facet name.","description_kind":"plain","optional":true},"interval":{"type":"number","description":"Define the time interval in seconds.","description_kind":"plain","optional":true}},"description":"`compute_query` or `multi_compute` is required. The map keys are listed below.","description_kind":"plain"},"max_items":1},"group_by":{"nesting_mode":"list","block":{"attributes":{"facet":{"type":"string","description":"The facet name.","description_kind":"plain","optional":true},"limit":{"type":"number","description":"The maximum number of items in the group.","description_kind":"plain","optional":true}},"block_types":{"sort_query":{"nesting_mode":"list","block":{"attributes":{"aggregation":{"type":"string","description":"The aggregation method.","description_kind":"plain","required":true},"facet":{"type":"string","description":"The facet name.","description_kind":"plain","optional":true},"order":{"type":"string","description":"Widget sorting methods. Valid values are `asc`, `desc`.","description_kind":"plain","required":true}},"description":"A list of exactly one element describing the sort query to use.","description_kind":"plain"},"max_items":1}},"description":"Multiple `group_by` blocks are allowed using the structure below.","description_kind":"plain"}},"multi_compute":{"nesting_mode":"list","block":{"attributes":{"aggregation":{"type":"string","description":"The aggregation method.","description_kind":"plain","required":true},"facet":{"type":"string","description":"The facet name.","description_kind":"plain","optional":true},"interval":{"type":"number","description":"Define the time interval in seconds.","description_kind":"plain","optional":true}},"description":"`compute_query` or `multi_compute` is required. Multiple `multi_compute` blocks are allowed using the structure below.","description_kind":"plain"}}},"description":"The query to use for this widget.","description_kind":"plain"},"max_items":1},"metadata":{"nesting_mode":"list","block":{"attributes":{"alias_name":{"type":"string","description":"The expression alias.","description_kind":"plain","optional":true},"expression":{"type":"string","description":"The expression name.","description_kind":"plain","required":true}},"description":"Used to define expression aliases. Multiple `metadata` blocks are allowed using the structure below.","description_kind":"plain"}},"network_query":{"nesting_mode":"list","block":{"attributes":{"index":{"type":"string","description":"The name of the index to query.","description_kind":"plain","required":true},"search_query":{"type":"string","description":"The search query to use.","description_kind":"plain","optional":true}},"block_types":{"compute_query":{"nesting_mode":"list","block":{"attributes":{"aggregation":{"type":"string","description":"The aggregation method.","description_kind":"plain","required":true},"facet":{"type":"string","description":"The facet name.","description_kind":"plain","optional":true},"interval":{"type":"number","description":"Define the time interval in seconds.","description_kind":"plain","optional":true}},"description":"`compute_query` or `multi_compute` is required. The map keys are listed below.","description_kind":"plain"},"max_items":1},"group_by":{"nesting_mode":"list","block":{"attributes":{"facet":{"type":"string","description":"The facet name.","description_kind":"plain","optional":true},"limit":{"type":"number","description":"The maximum number of items in the group.","description_kind":"plain","optional":true}},"block_types":{"sort_query":{"nesting_mode":"list","block":{"attributes":{"aggregation":{"type":"string","description":"The aggregation method.","description_kind":"plain","required":true},"facet":{"type":"string","description":"The facet name.","description_kind":"plain","optional":true},"order":{"type":"string","description":"Widget sorting methods. Valid values are `asc`, `desc`.","description_kind":"plain","required":true}},"description":"A list of exactly one element describing the sort query to use.","description_kind":"plain"},"max_items":1}},"description":"Multiple `group_by` blocks are allowed using the structure below.","description_kind":"plain"}},"multi_compute":{"nesting_mode":"list","block":{"attributes":{"aggregation":{"type":"string","description":"The aggregation method.","description_kind":"plain","required":true},"facet":{"type":"string","description":"The facet name.","description_kind":"plain","optional":true},"interval":{"type":"number","description":"Define the time interval in seconds.","description_kind":"plain","optional":true}},"description":"`compute_query` or `multi_compute` is required. Multiple `multi_compute` blocks are allowed using the structure below.","description_kind":"plain"}}},"description":"The query to use for this widget.","description_kind":"plain"},"max_items":1},"process_query":{"nesting_mode":"list","block":{"attributes":{"filter_by":{"type":["list","string"],"description":"A list of processes.","description_kind":"plain","optional":true},"limit":{"type":"number","description":"The max number of items in the filter list.","description_kind":"plain","optional":true},"metric":{"type":"string","description":"Your chosen metric.","description_kind":"plain","required":true},"search_by":{"type":"string","description":"Your chosen search term.","description_kind":"plain","optional":true}},"description":"The process query to use in the widget. The structure of this block is described below.","description_kind":"plain"},"max_items":1},"query":{"nesting_mode":"list","block":{"block_types":{"apm_dependency_stats_query":{"nesting_mode":"list","block":{"attributes":{"data_source":{"type":"string","description":"The data source for APM Dependency Stats queries. Valid values are `apm_dependency_stats`.","description_kind":"plain","required":true},"env":{"type":"string","description":"APM Environment.","description_kind":"plain","required":true},"is_upstream":{"type":"bool","description":"Determines whether stats for upstream or downstream dependencies should be queried.","description_kind":"plain","optional":true},"name":{"type":"string","description":"The name of query for use in formulas.","description_kind":"plain","required":true},"operation_name":{"type":"string","description":"Name of operation on service.","description_kind":"plain","required":true},"primary_tag_name":{"type":"string","description":"The name of the second primary tag used within APM; required when `primary_tag_value` is specified. See https://docs.datadoghq.com/tracing/guide/setting_primary_tags_to_scope/#add-a-second-primary-tag-in-datadog.","description_kind":"plain","optional":true},"primary_tag_value":{"type":"string","description":"Filter APM data by the second primary tag. `primary_tag_name` must also be specified.","description_kind":"plain","optional":true},"resource_name":{"type":"string","description":"APM resource.","description_kind":"plain","required":true},"service":{"type":"string","description":"APM service.","description_kind":"plain","required":true},"stat":{"type":"string","description":"APM statistic. Valid values are `avg_duration`, `avg_root_duration`, `avg_spans_per_trace`, `error_rate`, `pct_exec_time`, `pct_of_traces`, `total_traces_count`.","description_kind":"plain","required":true}},"description":"The APM Dependency Stats query using formulas and functions.","description_kind":"plain"},"max_items":1},"apm_resource_stats_query":{"nesting_mode":"list","block":{"attributes":{"data_source":{"type":"string","description":"The data source for APM Resource Stats queries. Valid values are `apm_resource_stats`.","description_kind":"plain","required":true},"env":{"type":"string","description":"APM Environment.","description_kind":"plain","required":true},"group_by":{"type":["list","string"],"description":"Array of fields to group results by.","description_kind":"plain","optional":true},"name":{"type":"string","description":"The name of query for use in formulas.","description_kind":"plain","required":true},"operation_name":{"type":"string","description":"Name of operation on service.","description_kind":"plain","optional":true},"primary_tag_name":{"type":"string","description":"The name of the second primary tag used within APM; required when `primary_tag_value` is specified. See https://docs.datadoghq.com/tracing/guide/setting_primary_tags_to_scope/#add-a-second-primary-tag-in-datadog.","description_kind":"plain","optional":true},"primary_tag_value":{"type":"string","description":"Filter APM data by the second primary tag. `primary_tag_name` must also be specified.","description_kind":"plain","optional":true},"resource_name":{"type":"string","description":"APM resource.","description_kind":"plain","optional":true},"service":{"type":"string","description":"APM service.","description_kind":"plain","required":true},"stat":{"type":"string","description":"APM statistic. Valid values are `errors`, `error_rate`, `hits`, `latency_avg`, `latency_distribution`, `latency_max`, `latency_p50`, `latency_p75`, `latency_p90`, `latency_p95`, `latency_p99`.","description_kind":"plain","required":true}},"description":"The APM Resource Stats query using formulas and functions.","description_kind":"plain"},"max_items":1},"event_query":{"nesting_mode":"list","block":{"attributes":{"data_source":{"type":"string","description":"The data source for event platform-based queries. Valid values are `logs`, `spans`, `network`, `rum`, `security_signals`, `profiles`, `audit`, `events`, `ci_tests`, `ci_pipelines`.","description_kind":"plain","required":true},"indexes":{"type":["list","string"],"description":"An array of index names to query in the stream.","description_kind":"plain","optional":true},"name":{"type":"string","description":"The name of query for use in formulas.","description_kind":"plain","required":true},"storage":{"type":"string","description":"Storage location (private beta).","description_kind":"plain","optional":true}},"block_types":{"compute":{"nesting_mode":"list","block":{"attributes":{"aggregation":{"type":"string","description":"The aggregation methods for event platform queries. Valid values are `count`, `cardinality`, `median`, `pc75`, `pc90`, `pc95`, `pc98`, `pc99`, `sum`, `min`, `max`, `avg`.","description_kind":"plain","required":true},"interval":{"type":"number","description":"A time interval in milliseconds.","description_kind":"plain","optional":true},"metric":{"type":"string","description":"The measurable attribute to compute.","description_kind":"plain","optional":true}},"description":"The compute options.","description_kind":"plain"},"min_items":1},"group_by":{"nesting_mode":"list","block":{"attributes":{"facet":{"type":"string","description":"The event facet.","description_kind":"plain","required":true},"limit":{"type":"number","description":"The number of groups to return.","description_kind":"plain","optional":true}},"block_types":{"sort":{"nesting_mode":"list","block":{"attributes":{"aggregation":{"type":"string","description":"The aggregation methods for the event platform queries. Valid values are `count`, `cardinality`, `median`, `pc75`, `pc90`, `pc95`, `pc98`, `pc99`, `sum`, `min`, `max`, `avg`.","description_kind":"plain","required":true},"metric":{"type":"string","description":"The metric used for sorting group by results.","description_kind":"plain","optional":true},"order":{"type":"string","description":"Direction of sort. Valid values are `asc`, `desc`.","description_kind":"plain","optional":true}},"description":"The options for sorting group by results.","description_kind":"plain"},"max_items":1}},"description":"Group by options.","description_kind":"plain"}},"search":{"nesting_mode":"list","block":{"attributes":{"query":{"type":"string","description":"The events search string.","description_kind":"plain","required":true}},"description":"The search options.","description_kind":"plain"},"max_items":1}},"description":"A timeseries formula and functions events query.","description_kind":"plain"},"max_items":1},"metric_query":{"nesting_mode":"list","block":{"attributes":{"aggregator":{"type":"string","description":"The aggregation methods available for metrics queries. Valid values are `avg`, `min`, `max`, `sum`, `last`, `area`, `l2norm`, `percentile`.","description_kind":"plain","optional":true},"data_source":{"type":"string","description":"The data source for metrics queries.","description_kind":"plain","optional":true},"name":{"type":"string","description":"The name of the query for use in formulas.","description_kind":"plain","required":true},"query":{"type":"string","description":"The metrics query definition.","description_kind":"plain","required":true}},"description":"A timeseries formula and functions metrics query.","description_kind":"plain"},"max_items":1},"process_query":{"nesting_mode":"list","block":{"attributes":{"aggregator":{"type":"string","description":"The aggregation methods available for metrics queries. Valid values are `avg`, `min`, `max`, `sum`, `last`, `area`, `l2norm`, `percentile`.","description_kind":"plain","optional":true},"data_source":{"type":"string","description":"The data source for process queries. Valid values are `process`, `container`.","description_kind":"plain","required":true},"is_normalized_cpu":{"type":"bool","description":"Whether to normalize the CPU percentages.","description_kind":"plain","optional":true},"limit":{"type":"number","description":"The number of hits to return.","description_kind":"plain","optional":true},"metric":{"type":"string","description":"The process metric name.","description_kind":"plain","required":true},"name":{"type":"string","description":"The name of query for use in formulas.","description_kind":"plain","required":true},"sort":{"type":"string","description":"The direction of the sort. Valid values are `asc`, `desc`.","description_kind":"plain","optional":true},"tag_filters":{"type":["list","string"],"description":"An array of tags to filter by.","description_kind":"plain","optional":true},"text_filter":{"type":"string","description":"The text to use as a filter.","description_kind":"plain","optional":true}},"description":"The process query using formulas and functions.","description_kind":"plain"},"max_items":1}},"description_kind":"plain"}},"rum_query":{"nesting_mode":"list","block":{"attributes":{"index":{"type":"string","description":"The name of the index to query.","description_kind":"plain","required":true},"search_query":{"type":"string","description":"The search query to use.","description_kind":"plain","optional":true}},"block_types":{"compute_query":{"nesting_mode":"list","block":{"attributes":{"aggregation":{"type":"string","description":"The aggregation method.","description_kind":"plain","required":true},"facet":{"type":"string","description":"The facet name.","description_kind":"plain","optional":true},"interval":{"type":"number","description":"Define the time interval in seconds.","description_kind":"plain","optional":true}},"description":"`compute_query` or `multi_compute` is required. The map keys are listed below.","description_kind":"plain"},"max_items":1},"group_by":{"nesting_mode":"list","block":{"attributes":{"facet":{"type":"string","description":"The facet name.","description_kind":"plain","optional":true},"limit":{"type":"number","description":"The maximum number of items in the group.","description_kind":"plain","optional":true}},"block_types":{"sort_query":{"nesting_mode":"list","block":{"attributes":{"aggregation":{"type":"string","description":"The aggregation method.","description_kind":"plain","required":true},"facet":{"type":"string","description":"The facet name.","description_kind":"plain","optional":true},"order":{"type":"string","description":"Widget sorting methods. Valid values are `asc`, `desc`.","description_kind":"plain","required":true}},"description":"A list of exactly one element describing the sort query to use.","description_kind":"plain"},"max_items":1}},"description":"Multiple `group_by` blocks are allowed using the structure below.","description_kind":"plain"}},"multi_compute":{"nesting_mode":"list","block":{"attributes":{"aggregation":{"type":"string","description":"The aggregation method.","description_kind":"plain","required":true},"facet":{"type":"string","description":"The facet name.","description_kind":"plain","optional":true},"interval":{"type":"number","description":"Define the time interval in seconds.","description_kind":"plain","optional":true}},"description":"`compute_query` or `multi_compute` is required. Multiple `multi_compute` blocks are allowed using the structure below.","description_kind":"plain"}}},"description":"The query to use for this widget.","description_kind":"plain"},"max_items":1},"security_query":{"nesting_mode":"list","block":{"attributes":{"index":{"type":"string","description":"The name of the index to query.","description_kind":"plain","required":true},"search_query":{"type":"string","description":"The search query to use.","description_kind":"plain","optional":true}},"block_types":{"compute_query":{"nesting_mode":"list","block":{"attributes":{"aggregation":{"type":"string","description":"The aggregation method.","description_kind":"plain","required":true},"facet":{"type":"string","description":"The facet name.","description_kind":"plain","optional":true},"interval":{"type":"number","description":"Define the time interval in seconds.","description_kind":"plain","optional":true}},"description":"`compute_query` or `multi_compute` is required. The map keys are listed below.","description_kind":"plain"},"max_items":1},"group_by":{"nesting_mode":"list","block":{"attributes":{"facet":{"type":"string","description":"The facet name.","description_kind":"plain","optional":true},"limit":{"type":"number","description":"The maximum number of items in the group.","description_kind":"plain","optional":true}},"block_types":{"sort_query":{"nesting_mode":"list","block":{"attributes":{"aggregation":{"type":"string","description":"The aggregation method.","description_kind":"plain","required":true},"facet":{"type":"string","description":"The facet name.","description_kind":"plain","optional":true},"order":{"type":"string","description":"Widget sorting methods. Valid values are `asc`, `desc`.","description_kind":"plain","required":true}},"description":"A list of exactly one element describing the sort query to use.","description_kind":"plain"},"max_items":1}},"description":"Multiple `group_by` blocks are allowed using the structure below.","description_kind":"plain"}},"multi_compute":{"nesting_mode":"list","block":{"attributes":{"aggregation":{"type":"string","description":"The aggregation method.","description_kind":"plain","required":true},"facet":{"type":"string","description":"The facet name.","description_kind":"plain","optional":true},"interval":{"type":"number","description":"Define the time interval in seconds.","description_kind":"plain","optional":true}},"description":"`compute_query` or `multi_compute` is required. Multiple `multi_compute` blocks are allowed using the structure below.","description_kind":"plain"}}},"description":"The query to use for this widget.","description_kind":"plain"},"max_items":1},"style":{"nesting_mode":"list","block":{"attributes":{"line_type":{"type":"string","description":"The type of lines displayed. Valid values are `dashed`, `dotted`, `solid`.","description_kind":"plain","optional":true},"line_width":{"type":"string","description":"The width of line displayed. Valid values are `normal`, `thick`, `thin`.","description_kind":"plain","optional":true},"palette":{"type":"string","description":"A color palette to apply to the widget. The available options are available at: https://docs.datadoghq.com/dashboards/widgets/timeseries/#appearance.","description_kind":"plain","optional":true}},"description":"The style of the widget graph. Exactly one `style` block is allowed using the structure below.","description_kind":"plain"},"max_items":1}},"description":"A nested block describing the request to use when displaying the widget. Multiple `request` blocks are allowed using the structure below (exactly one of `q`, `apm_query`, `log_query`, `rum_query`, `network_query`, `security_query` or `process_query` is required within the `request` block).","description_kind":"plain"}},"right_yaxis":{"nesting_mode":"list","block":{"attributes":{"include_zero":{"type":"bool","description":"Always include zero or fit the axis to the data range.","description_kind":"plain","optional":true},"label":{"type":"string","description":"The label of the axis to display on the graph.","description_kind":"plain","optional":true},"max":{"type":"string","description":"Specify the maximum value to show on the Y-axis.","description_kind":"plain","optional":true},"min":{"type":"string","description":"Specify the minimum value to show on the Y-axis.","description_kind":"plain","optional":true},"scale":{"type":"string","description":"Specify the scale type, options: `linear`, `log`, `pow`, `sqrt`.","description_kind":"plain","optional":true}},"description":"A nested block describing the right Y-Axis Controls. See the `on_right_yaxis` property for which request will use this axis. The structure of this block is described below.","description_kind":"plain"},"max_items":1},"yaxis":{"nesting_mode":"list","block":{"attributes":{"include_zero":{"type":"bool","description":"Always include zero or fit the axis to the data range.","description_kind":"plain","optional":true},"label":{"type":"string","description":"The label of the axis to display on the graph.","description_kind":"plain","optional":true},"max":{"type":"string","description":"Specify the maximum value to show on the Y-axis.","description_kind":"plain","optional":true},"min":{"type":"string","description":"Specify the minimum value to show on the Y-axis.","description_kind":"plain","optional":true},"scale":{"type":"string","description":"Specify the scale type, options: `linear`, `log`, `pow`, `sqrt`.","description_kind":"plain","optional":true}},"description":"A nested block describing the Y-Axis Controls. The structure of this block is described below.","description_kind":"plain"},"max_items":1}},"description":"The definition for a Timeseries widget.","description_kind":"plain"},"max_items":1},"toplist_definition":{"nesting_mode":"list","block":{"attributes":{"live_span":{"type":"string","description":"The timeframe to use when displaying the widget. Valid values are `1m`, `5m`, `10m`, `15m`, `30m`, `1h`, `4h`, `1d`, `2d`, `1w`, `1mo`, `3mo`, `6mo`, `1y`, `alert`.","description_kind":"plain","optional":true},"title":{"type":"string","description":"The title of the widget.","description_kind":"plain","optional":true},"title_align":{"type":"string","description":"The alignment of the widget's title. Valid values are `center`, `left`, `right`.","description_kind":"plain","optional":true},"title_size":{"type":"string","description":"The size of the widget's title (defaults to 16).","description_kind":"plain","optional":true}},"block_types":{"custom_link":{"nesting_mode":"list","block":{"attributes":{"is_hidden":{"type":"bool","description":"The flag for toggling context menu link visibility.","description_kind":"plain","optional":true},"label":{"type":"string","description":"The label for the custom link URL.","description_kind":"plain","optional":true},"link":{"type":"string","description":"The URL of the custom link.","description_kind":"plain","optional":true},"override_label":{"type":"string","description":"The label ID that refers to a context menu link item. When `override_label` is provided, the client request omits the label field.","description_kind":"plain","optional":true}},"description":"A nested block describing a custom link. Multiple `custom_link` blocks are allowed using the structure below.","description_kind":"plain"}},"request":{"nesting_mode":"list","block":{"attributes":{"q":{"type":"string","description":"The metric query to use for this widget.","description_kind":"plain","optional":true}},"block_types":{"apm_query":{"nesting_mode":"list","block":{"attributes":{"index":{"type":"string","description":"The name of the index to query.","description_kind":"plain","required":true},"search_query":{"type":"string","description":"The search query to use.","description_kind":"plain","optional":true}},"block_types":{"compute_query":{"nesting_mode":"list","block":{"attributes":{"aggregation":{"type":"string","description":"The aggregation method.","description_kind":"plain","required":true},"facet":{"type":"string","description":"The facet name.","description_kind":"plain","optional":true},"interval":{"type":"number","description":"Define the time interval in seconds.","description_kind":"plain","optional":true}},"description":"`compute_query` or `multi_compute` is required. The map keys are listed below.","description_kind":"plain"},"max_items":1},"group_by":{"nesting_mode":"list","block":{"attributes":{"facet":{"type":"string","description":"The facet name.","description_kind":"plain","optional":true},"limit":{"type":"number","description":"The maximum number of items in the group.","description_kind":"plain","optional":true}},"block_types":{"sort_query":{"nesting_mode":"list","block":{"attributes":{"aggregation":{"type":"string","description":"The aggregation method.","description_kind":"plain","required":true},"facet":{"type":"string","description":"The facet name.","description_kind":"plain","optional":true},"order":{"type":"string","description":"Widget sorting methods. Valid values are `asc`, `desc`.","description_kind":"plain","required":true}},"description":"A list of exactly one element describing the sort query to use.","description_kind":"plain"},"max_items":1}},"description":"Multiple `group_by` blocks are allowed using the structure below.","description_kind":"plain"}},"multi_compute":{"nesting_mode":"list","block":{"attributes":{"aggregation":{"type":"string","description":"The aggregation method.","description_kind":"plain","required":true},"facet":{"type":"string","description":"The facet name.","description_kind":"plain","optional":true},"interval":{"type":"number","description":"Define the time interval in seconds.","description_kind":"plain","optional":true}},"description":"`compute_query` or `multi_compute` is required. Multiple `multi_compute` blocks are allowed using the structure below.","description_kind":"plain"}}},"description":"The query to use for this widget.","description_kind":"plain"},"max_items":1},"audit_query":{"nesting_mode":"list","block":{"attributes":{"index":{"type":"string","description":"The name of the index to query.","description_kind":"plain","required":true},"search_query":{"type":"string","description":"The search query to use.","description_kind":"plain","optional":true}},"block_types":{"compute_query":{"nesting_mode":"list","block":{"attributes":{"aggregation":{"type":"string","description":"The aggregation method.","description_kind":"plain","required":true},"facet":{"type":"string","description":"The facet name.","description_kind":"plain","optional":true},"interval":{"type":"number","description":"Define the time interval in seconds.","description_kind":"plain","optional":true}},"description":"`compute_query` or `multi_compute` is required. The map keys are listed below.","description_kind":"plain"},"max_items":1},"group_by":{"nesting_mode":"list","block":{"attributes":{"facet":{"type":"string","description":"The facet name.","description_kind":"plain","optional":true},"limit":{"type":"number","description":"The maximum number of items in the group.","description_kind":"plain","optional":true}},"block_types":{"sort_query":{"nesting_mode":"list","block":{"attributes":{"aggregation":{"type":"string","description":"The aggregation method.","description_kind":"plain","required":true},"facet":{"type":"string","description":"The facet name.","description_kind":"plain","optional":true},"order":{"type":"string","description":"Widget sorting methods. Valid values are `asc`, `desc`.","description_kind":"plain","required":true}},"description":"A list of exactly one element describing the sort query to use.","description_kind":"plain"},"max_items":1}},"description":"Multiple `group_by` blocks are allowed using the structure below.","description_kind":"plain"}},"multi_compute":{"nesting_mode":"list","block":{"attributes":{"aggregation":{"type":"string","description":"The aggregation method.","description_kind":"plain","required":true},"facet":{"type":"string","description":"The facet name.","description_kind":"plain","optional":true},"interval":{"type":"number","description":"Define the time interval in seconds.","description_kind":"plain","optional":true}},"description":"`compute_query` or `multi_compute` is required. Multiple `multi_compute` blocks are allowed using the structure below.","description_kind":"plain"}}},"description":"The query to use for this widget.","description_kind":"plain"},"max_items":1},"conditional_formats":{"nesting_mode":"list","block":{"attributes":{"comparator":{"type":"string","description":"The comparator to use. Valid values are `\u003e`, `\u003e=`, `\u003c`, `\u003c=`.","description_kind":"plain","required":true},"custom_bg_color":{"type":"string","description":"The color palette to apply to the background, same values available as palette.","description_kind":"plain","optional":true},"custom_fg_color":{"type":"string","description":"The color palette to apply to the foreground, same values available as palette.","description_kind":"plain","optional":true},"hide_value":{"type":"bool","description":"Setting this to True hides values.","description_kind":"plain","optional":true},"image_url":{"type":"string","description":"Displays an image as the background.","description_kind":"plain","optional":true},"metric":{"type":"string","description":"The metric from the request to correlate with this conditional format.","description_kind":"plain","optional":true},"palette":{"type":"string","description":"The color palette to apply. Valid values are `blue`, `custom_bg`, `custom_image`, `custom_text`, `gray_on_white`, `grey`, `green`, `orange`, `red`, `red_on_white`, `white_on_gray`, `white_on_green`, `green_on_white`, `white_on_red`, `white_on_yellow`, `yellow_on_white`, `black_on_light_yellow`, `black_on_light_green`, `black_on_light_red`.","description_kind":"plain","required":true},"timeframe":{"type":"string","description":"Defines the displayed timeframe.","description_kind":"plain","optional":true},"value":{"type":"number","description":"A value for the comparator.","description_kind":"plain","required":true}},"description":"Conditional formats allow you to set the color of your widget content or background, depending on a rule applied to your data. Multiple `conditional_formats` blocks are allowed using the structure below.","description_kind":"plain"}},"formula":{"nesting_mode":"list","block":{"attributes":{"alias":{"type":"string","description":"An expression alias.","description_kind":"plain","optional":true},"cell_display_mode":{"type":"string","description":"A list of display modes for each table cell. Valid values are `number`, `bar`.","description_kind":"plain","optional":true},"formula_expression":{"type":"string","description":"A string expression built from queries, formulas, and functions.","description_kind":"plain","required":true}},"block_types":{"conditional_formats":{"nesting_mode":"list","block":{"attributes":{"comparator":{"type":"string","description":"The comparator to use. Valid values are `\u003e`, `\u003e=`, `\u003c`, `\u003c=`.","description_kind":"plain","required":true},"custom_bg_color":{"type":"string","description":"The color palette to apply to the background, same values available as palette.","description_kind":"plain","optional":true},"custom_fg_color":{"type":"string","description":"The color palette to apply to the foreground, same values available as palette.","description_kind":"plain","optional":true},"hide_value":{"type":"bool","description":"Setting this to True hides values.","description_kind":"plain","optional":true},"image_url":{"type":"string","description":"Displays an image as the background.","description_kind":"plain","optional":true},"metric":{"type":"string","description":"The metric from the request to correlate with this conditional format.","description_kind":"plain","optional":true},"palette":{"type":"string","description":"The color palette to apply. Valid values are `blue`, `custom_bg`, `custom_image`, `custom_text`, `gray_on_white`, `grey`, `green`, `orange`, `red`, `red_on_white`, `white_on_gray`, `white_on_green`, `green_on_white`, `white_on_red`, `white_on_yellow`, `yellow_on_white`, `black_on_light_yellow`, `black_on_light_green`, `black_on_light_red`.","description_kind":"plain","required":true},"timeframe":{"type":"string","description":"Defines the displayed timeframe.","description_kind":"plain","optional":true},"value":{"type":"number","description":"A value for the comparator.","description_kind":"plain","required":true}},"description":"Conditional formats allow you to set the color of your widget content or background depending on the rule applied to your data. Multiple `conditional_formats` blocks are allowed using the structure below.","description_kind":"plain"}},"limit":{"nesting_mode":"list","block":{"attributes":{"count":{"type":"number","description":"The number of results to return","description_kind":"plain","optional":true},"order":{"type":"string","description":"The direction of the sort. Valid values are `asc`, `desc`.","description_kind":"plain","optional":true}},"description":"The options for limiting results returned.","description_kind":"plain"},"max_items":1},"style":{"nesting_mode":"list","block":{"attributes":{"palette":{"type":"string","description":"The color palette used to display the formula. A guide to the available color palettes can be found at https://docs.datadoghq.com/dashboards/guide/widget_colors","description_kind":"plain","optional":true},"palette_index":{"type":"number","description":"Index specifying which color to use within the palette.","description_kind":"plain","optional":true}},"description":"Styling options for widget formulas.","description_kind":"plain"},"max_items":1}},"description_kind":"plain"}},"log_query":{"nesting_mode":"list","block":{"attributes":{"index":{"type":"string","description":"The name of the index to query.","description_kind":"plain","required":true},"search_query":{"type":"string","description":"The search query to use.","description_kind":"plain","optional":true}},"block_types":{"compute_query":{"nesting_mode":"list","block":{"attributes":{"aggregation":{"type":"string","description":"The aggregation method.","description_kind":"plain","required":true},"facet":{"type":"string","description":"The facet name.","description_kind":"plain","optional":true},"interval":{"type":"number","description":"Define the time interval in seconds.","description_kind":"plain","optional":true}},"description":"`compute_query` or `multi_compute` is required. The map keys are listed below.","description_kind":"plain"},"max_items":1},"group_by":{"nesting_mode":"list","block":{"attributes":{"facet":{"type":"string","description":"The facet name.","description_kind":"plain","optional":true},"limit":{"type":"number","description":"The maximum number of items in the group.","description_kind":"plain","optional":true}},"block_types":{"sort_query":{"nesting_mode":"list","block":{"attributes":{"aggregation":{"type":"string","description":"The aggregation method.","description_kind":"plain","required":true},"facet":{"type":"string","description":"The facet name.","description_kind":"plain","optional":true},"order":{"type":"string","description":"Widget sorting methods. Valid values are `asc`, `desc`.","description_kind":"plain","required":true}},"description":"A list of exactly one element describing the sort query to use.","description_kind":"plain"},"max_items":1}},"description":"Multiple `group_by` blocks are allowed using the structure below.","description_kind":"plain"}},"multi_compute":{"nesting_mode":"list","block":{"attributes":{"aggregation":{"type":"string","description":"The aggregation method.","description_kind":"plain","required":true},"facet":{"type":"string","description":"The facet name.","description_kind":"plain","optional":true},"interval":{"type":"number","description":"Define the time interval in seconds.","description_kind":"plain","optional":true}},"description":"`compute_query` or `multi_compute` is required. Multiple `multi_compute` blocks are allowed using the structure below.","description_kind":"plain"}}},"description":"The query to use for this widget.","description_kind":"plain"},"max_items":1},"process_query":{"nesting_mode":"list","block":{"attributes":{"filter_by":{"type":["list","string"],"description":"A list of processes.","description_kind":"plain","optional":true},"limit":{"type":"number","description":"The max number of items in the filter list.","description_kind":"plain","optional":true},"metric":{"type":"string","description":"Your chosen metric.","description_kind":"plain","required":true},"search_by":{"type":"string","description":"Your chosen search term.","description_kind":"plain","optional":true}},"description":"The process query to use in the widget. The structure of this block is described below.","description_kind":"plain"},"max_items":1},"query":{"nesting_mode":"list","block":{"block_types":{"apm_dependency_stats_query":{"nesting_mode":"list","block":{"attributes":{"data_source":{"type":"string","description":"The data source for APM Dependency Stats queries. Valid values are `apm_dependency_stats`.","description_kind":"plain","required":true},"env":{"type":"string","description":"APM Environment.","description_kind":"plain","required":true},"is_upstream":{"type":"bool","description":"Determines whether stats for upstream or downstream dependencies should be queried.","description_kind":"plain","optional":true},"name":{"type":"string","description":"The name of query for use in formulas.","description_kind":"plain","required":true},"operation_name":{"type":"string","description":"Name of operation on service.","description_kind":"plain","required":true},"primary_tag_name":{"type":"string","description":"The name of the second primary tag used within APM; required when `primary_tag_value` is specified. See https://docs.datadoghq.com/tracing/guide/setting_primary_tags_to_scope/#add-a-second-primary-tag-in-datadog.","description_kind":"plain","optional":true},"primary_tag_value":{"type":"string","description":"Filter APM data by the second primary tag. `primary_tag_name` must also be specified.","description_kind":"plain","optional":true},"resource_name":{"type":"string","description":"APM resource.","description_kind":"plain","required":true},"service":{"type":"string","description":"APM service.","description_kind":"plain","required":true},"stat":{"type":"string","description":"APM statistic. Valid values are `avg_duration`, `avg_root_duration`, `avg_spans_per_trace`, `error_rate`, `pct_exec_time`, `pct_of_traces`, `total_traces_count`.","description_kind":"plain","required":true}},"description":"The APM Dependency Stats query using formulas and functions.","description_kind":"plain"},"max_items":1},"apm_resource_stats_query":{"nesting_mode":"list","block":{"attributes":{"data_source":{"type":"string","description":"The data source for APM Resource Stats queries. Valid values are `apm_resource_stats`.","description_kind":"plain","required":true},"env":{"type":"string","description":"APM Environment.","description_kind":"plain","required":true},"group_by":{"type":["list","string"],"description":"Array of fields to group results by.","description_kind":"plain","optional":true},"name":{"type":"string","description":"The name of query for use in formulas.","description_kind":"plain","required":true},"operation_name":{"type":"string","description":"Name of operation on service.","description_kind":"plain","optional":true},"primary_tag_name":{"type":"string","description":"The name of the second primary tag used within APM; required when `primary_tag_value` is specified. See https://docs.datadoghq.com/tracing/guide/setting_primary_tags_to_scope/#add-a-second-primary-tag-in-datadog.","description_kind":"plain","optional":true},"primary_tag_value":{"type":"string","description":"Filter APM data by the second primary tag. `primary_tag_name` must also be specified.","description_kind":"plain","optional":true},"resource_name":{"type":"string","description":"APM resource.","description_kind":"plain","optional":true},"service":{"type":"string","description":"APM service.","description_kind":"plain","required":true},"stat":{"type":"string","description":"APM statistic. Valid values are `errors`, `error_rate`, `hits`, `latency_avg`, `latency_distribution`, `latency_max`, `latency_p50`, `latency_p75`, `latency_p90`, `latency_p95`, `latency_p99`.","description_kind":"plain","required":true}},"description":"The APM Resource Stats query using formulas and functions.","description_kind":"plain"},"max_items":1},"event_query":{"nesting_mode":"list","block":{"attributes":{"data_source":{"type":"string","description":"The data source for event platform-based queries. Valid values are `logs`, `spans`, `network`, `rum`, `security_signals`, `profiles`, `audit`, `events`, `ci_tests`, `ci_pipelines`.","description_kind":"plain","required":true},"indexes":{"type":["list","string"],"description":"An array of index names to query in the stream.","description_kind":"plain","optional":true},"name":{"type":"string","description":"The name of query for use in formulas.","description_kind":"plain","required":true},"storage":{"type":"string","description":"Storage location (private beta).","description_kind":"plain","optional":true}},"block_types":{"compute":{"nesting_mode":"list","block":{"attributes":{"aggregation":{"type":"string","description":"The aggregation methods for event platform queries. Valid values are `count`, `cardinality`, `median`, `pc75`, `pc90`, `pc95`, `pc98`, `pc99`, `sum`, `min`, `max`, `avg`.","description_kind":"plain","required":true},"interval":{"type":"number","description":"A time interval in milliseconds.","description_kind":"plain","optional":true},"metric":{"type":"string","description":"The measurable attribute to compute.","description_kind":"plain","optional":true}},"description":"The compute options.","description_kind":"plain"},"min_items":1},"group_by":{"nesting_mode":"list","block":{"attributes":{"facet":{"type":"string","description":"The event facet.","description_kind":"plain","required":true},"limit":{"type":"number","description":"The number of groups to return.","description_kind":"plain","optional":true}},"block_types":{"sort":{"nesting_mode":"list","block":{"attributes":{"aggregation":{"type":"string","description":"The aggregation methods for the event platform queries. Valid values are `count`, `cardinality`, `median`, `pc75`, `pc90`, `pc95`, `pc98`, `pc99`, `sum`, `min`, `max`, `avg`.","description_kind":"plain","required":true},"metric":{"type":"string","description":"The metric used for sorting group by results.","description_kind":"plain","optional":true},"order":{"type":"string","description":"Direction of sort. Valid values are `asc`, `desc`.","description_kind":"plain","optional":true}},"description":"The options for sorting group by results.","description_kind":"plain"},"max_items":1}},"description":"Group by options.","description_kind":"plain"}},"search":{"nesting_mode":"list","block":{"attributes":{"query":{"type":"string","description":"The events search string.","description_kind":"plain","required":true}},"description":"The search options.","description_kind":"plain"},"max_items":1}},"description":"A timeseries formula and functions events query.","description_kind":"plain"},"max_items":1},"metric_query":{"nesting_mode":"list","block":{"attributes":{"aggregator":{"type":"string","description":"The aggregation methods available for metrics queries. Valid values are `avg`, `min`, `max`, `sum`, `last`, `area`, `l2norm`, `percentile`.","description_kind":"plain","optional":true},"data_source":{"type":"string","description":"The data source for metrics queries.","description_kind":"plain","optional":true},"name":{"type":"string","description":"The name of the query for use in formulas.","description_kind":"plain","required":true},"query":{"type":"string","description":"The metrics query definition.","description_kind":"plain","required":true}},"description":"A timeseries formula and functions metrics query.","description_kind":"plain"},"max_items":1},"process_query":{"nesting_mode":"list","block":{"attributes":{"aggregator":{"type":"string","description":"The aggregation methods available for metrics queries. Valid values are `avg`, `min`, `max`, `sum`, `last`, `area`, `l2norm`, `percentile`.","description_kind":"plain","optional":true},"data_source":{"type":"string","description":"The data source for process queries. Valid values are `process`, `container`.","description_kind":"plain","required":true},"is_normalized_cpu":{"type":"bool","description":"Whether to normalize the CPU percentages.","description_kind":"plain","optional":true},"limit":{"type":"number","description":"The number of hits to return.","description_kind":"plain","optional":true},"metric":{"type":"string","description":"The process metric name.","description_kind":"plain","required":true},"name":{"type":"string","description":"The name of query for use in formulas.","description_kind":"plain","required":true},"sort":{"type":"string","description":"The direction of the sort. Valid values are `asc`, `desc`.","description_kind":"plain","optional":true},"tag_filters":{"type":["list","string"],"description":"An array of tags to filter by.","description_kind":"plain","optional":true},"text_filter":{"type":"string","description":"The text to use as a filter.","description_kind":"plain","optional":true}},"description":"The process query using formulas and functions.","description_kind":"plain"},"max_items":1}},"description_kind":"plain"}},"rum_query":{"nesting_mode":"list","block":{"attributes":{"index":{"type":"string","description":"The name of the index to query.","description_kind":"plain","required":true},"search_query":{"type":"string","description":"The search query to use.","description_kind":"plain","optional":true}},"block_types":{"compute_query":{"nesting_mode":"list","block":{"attributes":{"aggregation":{"type":"string","description":"The aggregation method.","description_kind":"plain","required":true},"facet":{"type":"string","description":"The facet name.","description_kind":"plain","optional":true},"interval":{"type":"number","description":"Define the time interval in seconds.","description_kind":"plain","optional":true}},"description":"`compute_query` or `multi_compute` is required. The map keys are listed below.","description_kind":"plain"},"max_items":1},"group_by":{"nesting_mode":"list","block":{"attributes":{"facet":{"type":"string","description":"The facet name.","description_kind":"plain","optional":true},"limit":{"type":"number","description":"The maximum number of items in the group.","description_kind":"plain","optional":true}},"block_types":{"sort_query":{"nesting_mode":"list","block":{"attributes":{"aggregation":{"type":"string","description":"The aggregation method.","description_kind":"plain","required":true},"facet":{"type":"string","description":"The facet name.","description_kind":"plain","optional":true},"order":{"type":"string","description":"Widget sorting methods. Valid values are `asc`, `desc`.","description_kind":"plain","required":true}},"description":"A list of exactly one element describing the sort query to use.","description_kind":"plain"},"max_items":1}},"description":"Multiple `group_by` blocks are allowed using the structure below.","description_kind":"plain"}},"multi_compute":{"nesting_mode":"list","block":{"attributes":{"aggregation":{"type":"string","description":"The aggregation method.","description_kind":"plain","required":true},"facet":{"type":"string","description":"The facet name.","description_kind":"plain","optional":true},"interval":{"type":"number","description":"Define the time interval in seconds.","description_kind":"plain","optional":true}},"description":"`compute_query` or `multi_compute` is required. Multiple `multi_compute` blocks are allowed using the structure below.","description_kind":"plain"}}},"description":"The query to use for this widget.","description_kind":"plain"},"max_items":1},"security_query":{"nesting_mode":"list","block":{"attributes":{"index":{"type":"string","description":"The name of the index to query.","description_kind":"plain","required":true},"search_query":{"type":"string","description":"The search query to use.","description_kind":"plain","optional":true}},"block_types":{"compute_query":{"nesting_mode":"list","block":{"attributes":{"aggregation":{"type":"string","description":"The aggregation method.","description_kind":"plain","required":true},"facet":{"type":"string","description":"The facet name.","description_kind":"plain","optional":true},"interval":{"type":"number","description":"Define the time interval in seconds.","description_kind":"plain","optional":true}},"description":"`compute_query` or `multi_compute` is required. The map keys are listed below.","description_kind":"plain"},"max_items":1},"group_by":{"nesting_mode":"list","block":{"attributes":{"facet":{"type":"string","description":"The facet name.","description_kind":"plain","optional":true},"limit":{"type":"number","description":"The maximum number of items in the group.","description_kind":"plain","optional":true}},"block_types":{"sort_query":{"nesting_mode":"list","block":{"attributes":{"aggregation":{"type":"string","description":"The aggregation method.","description_kind":"plain","required":true},"facet":{"type":"string","description":"The facet name.","description_kind":"plain","optional":true},"order":{"type":"string","description":"Widget sorting methods. Valid values are `asc`, `desc`.","description_kind":"plain","required":true}},"description":"A list of exactly one element describing the sort query to use.","description_kind":"plain"},"max_items":1}},"description":"Multiple `group_by` blocks are allowed using the structure below.","description_kind":"plain"}},"multi_compute":{"nesting_mode":"list","block":{"attributes":{"aggregation":{"type":"string","description":"The aggregation method.","description_kind":"plain","required":true},"facet":{"type":"string","description":"The facet name.","description_kind":"plain","optional":true},"interval":{"type":"number","description":"Define the time interval in seconds.","description_kind":"plain","optional":true}},"description":"`compute_query` or `multi_compute` is required. Multiple `multi_compute` blocks are allowed using the structure below.","description_kind":"plain"}}},"description":"The query to use for this widget.","description_kind":"plain"},"max_items":1},"style":{"nesting_mode":"list","block":{"attributes":{"palette":{"type":"string","description":"A color palette to apply to the widget. The available options are available at: https://docs.datadoghq.com/dashboards/widgets/timeseries/#appearance.","description_kind":"plain","optional":true}},"description":"Define request for the widget's style.","description_kind":"plain"},"max_items":1}},"description":"A nested block describing the request to use when displaying the widget. Multiple `request` blocks are allowed using the structure below (exactly one of `q`, `apm_query`, `log_query`, `rum_query`, `security_query` or `process_query` is required within the `request` block).","description_kind":"plain"}}},"description":"The definition for a Toplist widget.","description_kind":"plain"},"max_items":1},"topology_map_definition":{"nesting_mode":"list","block":{"attributes":{"title":{"type":"string","description":"The title of the widget.","description_kind":"plain","optional":true},"title_align":{"type":"string","description":"The alignment of the widget's title. Valid values are `center`, `left`, `right`.","description_kind":"plain","optional":true},"title_size":{"type":"string","description":"The size of the widget's title (defaults to 16).","description_kind":"plain","optional":true}},"block_types":{"custom_link":{"nesting_mode":"list","block":{"attributes":{"is_hidden":{"type":"bool","description":"The flag for toggling context menu link visibility.","description_kind":"plain","optional":true},"label":{"type":"string","description":"The label for the custom link URL.","description_kind":"plain","optional":true},"link":{"type":"string","description":"The URL of the custom link.","description_kind":"plain","optional":true},"override_label":{"type":"string","description":"The label ID that refers to a context menu link item. When `override_label` is provided, the client request omits the label field.","description_kind":"plain","optional":true}},"description":"A nested block describing a custom link. Multiple `custom_link` blocks are allowed using the structure below.","description_kind":"plain"}},"request":{"nesting_mode":"list","block":{"attributes":{"request_type":{"type":"string","description":"The request type for the Topology request ('topology'). Valid values are `topology`.","description_kind":"plain","required":true}},"block_types":{"query":{"nesting_mode":"list","block":{"attributes":{"data_source":{"type":"string","description":"The data source for the Topology request ('service_map' or 'data_streams'). Valid values are `data_streams`, `service_map`.","description_kind":"plain","required":true},"filters":{"type":["list","string"],"description":"Your environment and primary tag (or `*` if enabled for your account).","description_kind":"plain","required":true},"service":{"type":"string","description":"The ID of the service to map.","description_kind":"plain","required":true}},"description":"The query for a Topology request.","description_kind":"plain"},"min_items":1}},"description":"A nested block describing the request to use when displaying the widget. Multiple request blocks are allowed using the structure below (`query` and `request_type` are required within the request).","description_kind":"plain"}}},"description":"The definition for a Topology Map widget.","description_kind":"plain"},"max_items":1},"trace_service_definition":{"nesting_mode":"list","block":{"attributes":{"display_format":{"type":"string","description":"The number of columns to display. Valid values are `one_column`, `two_column`, `three_column`.","description_kind":"plain","optional":true},"env":{"type":"string","description":"APM environment.","description_kind":"plain","required":true},"live_span":{"type":"string","description":"The timeframe to use when displaying the widget. Valid values are `1m`, `5m`, `10m`, `15m`, `30m`, `1h`, `4h`, `1d`, `2d`, `1w`, `1mo`, `3mo`, `6mo`, `1y`, `alert`.","description_kind":"plain","optional":true},"service":{"type":"string","description":"APM service.","description_kind":"plain","required":true},"show_breakdown":{"type":"bool","description":"Whether to show the latency breakdown or not.","description_kind":"plain","optional":true},"show_distribution":{"type":"bool","description":"Whether to show the latency distribution or not.","description_kind":"plain","optional":true},"show_errors":{"type":"bool","description":"Whether to show the error metrics or not.","description_kind":"plain","optional":true},"show_hits":{"type":"bool","description":"Whether to show the hits metrics or not","description_kind":"plain","optional":true},"show_latency":{"type":"bool","description":"Whether to show the latency metrics or not.","description_kind":"plain","optional":true},"show_resource_list":{"type":"bool","description":"Whether to show the resource list or not.","description_kind":"plain","optional":true},"size_format":{"type":"string","description":"The size of the widget. Valid values are `small`, `medium`, `large`.","description_kind":"plain","optional":true},"span_name":{"type":"string","description":"APM span name","description_kind":"plain","required":true},"title":{"type":"string","description":"The title of the widget.","description_kind":"plain","optional":true},"title_align":{"type":"string","description":"The alignment of the widget's title. Valid values are `center`, `left`, `right`.","description_kind":"plain","optional":true},"title_size":{"type":"string","description":"The size of the widget's title (defaults to 16).","description_kind":"plain","optional":true}},"description":"The definition for a Trace Service widget.","description_kind":"plain"},"max_items":1},"treemap_definition":{"nesting_mode":"list","block":{"attributes":{"title":{"type":"string","description":"The title of the widget.","description_kind":"plain","optional":true}},"block_types":{"request":{"nesting_mode":"list","block":{"block_types":{"formula":{"nesting_mode":"list","block":{"attributes":{"alias":{"type":"string","description":"An expression alias.","description_kind":"plain","optional":true},"cell_display_mode":{"type":"string","description":"A list of display modes for each table cell. Valid values are `number`, `bar`.","description_kind":"plain","optional":true},"formula_expression":{"type":"string","description":"A string expression built from queries, formulas, and functions.","description_kind":"plain","required":true}},"block_types":{"conditional_formats":{"nesting_mode":"list","block":{"attributes":{"comparator":{"type":"string","description":"The comparator to use. Valid values are `\u003e`, `\u003e=`, `\u003c`, `\u003c=`.","description_kind":"plain","required":true},"custom_bg_color":{"type":"string","description":"The color palette to apply to the background, same values available as palette.","description_kind":"plain","optional":true},"custom_fg_color":{"type":"string","description":"The color palette to apply to the foreground, same values available as palette.","description_kind":"plain","optional":true},"hide_value":{"type":"bool","description":"Setting this to True hides values.","description_kind":"plain","optional":true},"image_url":{"type":"string","description":"Displays an image as the background.","description_kind":"plain","optional":true},"metric":{"type":"string","description":"The metric from the request to correlate with this conditional format.","description_kind":"plain","optional":true},"palette":{"type":"string","description":"The color palette to apply. Valid values are `blue`, `custom_bg`, `custom_image`, `custom_text`, `gray_on_white`, `grey`, `green`, `orange`, `red`, `red_on_white`, `white_on_gray`, `white_on_green`, `green_on_white`, `white_on_red`, `white_on_yellow`, `yellow_on_white`, `black_on_light_yellow`, `black_on_light_green`, `black_on_light_red`.","description_kind":"plain","required":true},"timeframe":{"type":"string","description":"Defines the displayed timeframe.","description_kind":"plain","optional":true},"value":{"type":"number","description":"A value for the comparator.","description_kind":"plain","required":true}},"description":"Conditional formats allow you to set the color of your widget content or background depending on the rule applied to your data. Multiple `conditional_formats` blocks are allowed using the structure below.","description_kind":"plain"}},"limit":{"nesting_mode":"list","block":{"attributes":{"count":{"type":"number","description":"The number of results to return","description_kind":"plain","optional":true},"order":{"type":"string","description":"The direction of the sort. Valid values are `asc`, `desc`.","description_kind":"plain","optional":true}},"description":"The options for limiting results returned.","description_kind":"plain"},"max_items":1},"style":{"nesting_mode":"list","block":{"attributes":{"palette":{"type":"string","description":"The color palette used to display the formula. A guide to the available color palettes can be found at https://docs.datadoghq.com/dashboards/guide/widget_colors","description_kind":"plain","optional":true},"palette_index":{"type":"number","description":"Index specifying which color to use within the palette.","description_kind":"plain","optional":true}},"description":"Styling options for widget formulas.","description_kind":"plain"},"max_items":1}},"description_kind":"plain"}},"query":{"nesting_mode":"list","block":{"block_types":{"apm_dependency_stats_query":{"nesting_mode":"list","block":{"attributes":{"data_source":{"type":"string","description":"The data source for APM Dependency Stats queries. Valid values are `apm_dependency_stats`.","description_kind":"plain","required":true},"env":{"type":"string","description":"APM Environment.","description_kind":"plain","required":true},"is_upstream":{"type":"bool","description":"Determines whether stats for upstream or downstream dependencies should be queried.","description_kind":"plain","optional":true},"name":{"type":"string","description":"The name of query for use in formulas.","description_kind":"plain","required":true},"operation_name":{"type":"string","description":"Name of operation on service.","description_kind":"plain","required":true},"primary_tag_name":{"type":"string","description":"The name of the second primary tag used within APM; required when `primary_tag_value` is specified. See https://docs.datadoghq.com/tracing/guide/setting_primary_tags_to_scope/#add-a-second-primary-tag-in-datadog.","description_kind":"plain","optional":true},"primary_tag_value":{"type":"string","description":"Filter APM data by the second primary tag. `primary_tag_name` must also be specified.","description_kind":"plain","optional":true},"resource_name":{"type":"string","description":"APM resource.","description_kind":"plain","required":true},"service":{"type":"string","description":"APM service.","description_kind":"plain","required":true},"stat":{"type":"string","description":"APM statistic. Valid values are `avg_duration`, `avg_root_duration`, `avg_spans_per_trace`, `error_rate`, `pct_exec_time`, `pct_of_traces`, `total_traces_count`.","description_kind":"plain","required":true}},"description":"The APM Dependency Stats query using formulas and functions.","description_kind":"plain"},"max_items":1},"apm_resource_stats_query":{"nesting_mode":"list","block":{"attributes":{"data_source":{"type":"string","description":"The data source for APM Resource Stats queries. Valid values are `apm_resource_stats`.","description_kind":"plain","required":true},"env":{"type":"string","description":"APM Environment.","description_kind":"plain","required":true},"group_by":{"type":["list","string"],"description":"Array of fields to group results by.","description_kind":"plain","optional":true},"name":{"type":"string","description":"The name of query for use in formulas.","description_kind":"plain","required":true},"operation_name":{"type":"string","description":"Name of operation on service.","description_kind":"plain","optional":true},"primary_tag_name":{"type":"string","description":"The name of the second primary tag used within APM; required when `primary_tag_value` is specified. See https://docs.datadoghq.com/tracing/guide/setting_primary_tags_to_scope/#add-a-second-primary-tag-in-datadog.","description_kind":"plain","optional":true},"primary_tag_value":{"type":"string","description":"Filter APM data by the second primary tag. `primary_tag_name` must also be specified.","description_kind":"plain","optional":true},"resource_name":{"type":"string","description":"APM resource.","description_kind":"plain","optional":true},"service":{"type":"string","description":"APM service.","description_kind":"plain","required":true},"stat":{"type":"string","description":"APM statistic. Valid values are `errors`, `error_rate`, `hits`, `latency_avg`, `latency_distribution`, `latency_max`, `latency_p50`, `latency_p75`, `latency_p90`, `latency_p95`, `latency_p99`.","description_kind":"plain","required":true}},"description":"The APM Resource Stats query using formulas and functions.","description_kind":"plain"},"max_items":1},"event_query":{"nesting_mode":"list","block":{"attributes":{"data_source":{"type":"string","description":"The data source for event platform-based queries. Valid values are `logs`, `spans`, `network`, `rum`, `security_signals`, `profiles`, `audit`, `events`, `ci_tests`, `ci_pipelines`.","description_kind":"plain","required":true},"indexes":{"type":["list","string"],"description":"An array of index names to query in the stream.","description_kind":"plain","optional":true},"name":{"type":"string","description":"The name of query for use in formulas.","description_kind":"plain","required":true},"storage":{"type":"string","description":"Storage location (private beta).","description_kind":"plain","optional":true}},"block_types":{"compute":{"nesting_mode":"list","block":{"attributes":{"aggregation":{"type":"string","description":"The aggregation methods for event platform queries. Valid values are `count`, `cardinality`, `median`, `pc75`, `pc90`, `pc95`, `pc98`, `pc99`, `sum`, `min`, `max`, `avg`.","description_kind":"plain","required":true},"interval":{"type":"number","description":"A time interval in milliseconds.","description_kind":"plain","optional":true},"metric":{"type":"string","description":"The measurable attribute to compute.","description_kind":"plain","optional":true}},"description":"The compute options.","description_kind":"plain"},"min_items":1},"group_by":{"nesting_mode":"list","block":{"attributes":{"facet":{"type":"string","description":"The event facet.","description_kind":"plain","required":true},"limit":{"type":"number","description":"The number of groups to return.","description_kind":"plain","optional":true}},"block_types":{"sort":{"nesting_mode":"list","block":{"attributes":{"aggregation":{"type":"string","description":"The aggregation methods for the event platform queries. Valid values are `count`, `cardinality`, `median`, `pc75`, `pc90`, `pc95`, `pc98`, `pc99`, `sum`, `min`, `max`, `avg`.","description_kind":"plain","required":true},"metric":{"type":"string","description":"The metric used for sorting group by results.","description_kind":"plain","optional":true},"order":{"type":"string","description":"Direction of sort. Valid values are `asc`, `desc`.","description_kind":"plain","optional":true}},"description":"The options for sorting group by results.","description_kind":"plain"},"max_items":1}},"description":"Group by options.","description_kind":"plain"}},"search":{"nesting_mode":"list","block":{"attributes":{"query":{"type":"string","description":"The events search string.","description_kind":"plain","required":true}},"description":"The search options.","description_kind":"plain"},"max_items":1}},"description":"A timeseries formula and functions events query.","description_kind":"plain"},"max_items":1},"metric_query":{"nesting_mode":"list","block":{"attributes":{"aggregator":{"type":"string","description":"The aggregation methods available for metrics queries. Valid values are `avg`, `min`, `max`, `sum`, `last`, `area`, `l2norm`, `percentile`.","description_kind":"plain","optional":true},"data_source":{"type":"string","description":"The data source for metrics queries.","description_kind":"plain","optional":true},"name":{"type":"string","description":"The name of the query for use in formulas.","description_kind":"plain","required":true},"query":{"type":"string","description":"The metrics query definition.","description_kind":"plain","required":true}},"description":"A timeseries formula and functions metrics query.","description_kind":"plain"},"max_items":1},"process_query":{"nesting_mode":"list","block":{"attributes":{"aggregator":{"type":"string","description":"The aggregation methods available for metrics queries. Valid values are `avg`, `min`, `max`, `sum`, `last`, `area`, `l2norm`, `percentile`.","description_kind":"plain","optional":true},"data_source":{"type":"string","description":"The data source for process queries. Valid values are `process`, `container`.","description_kind":"plain","required":true},"is_normalized_cpu":{"type":"bool","description":"Whether to normalize the CPU percentages.","description_kind":"plain","optional":true},"limit":{"type":"number","description":"The number of hits to return.","description_kind":"plain","optional":true},"metric":{"type":"string","description":"The process metric name.","description_kind":"plain","required":true},"name":{"type":"string","description":"The name of query for use in formulas.","description_kind":"plain","required":true},"sort":{"type":"string","description":"The direction of the sort. Valid values are `asc`, `desc`.","description_kind":"plain","optional":true},"tag_filters":{"type":["list","string"],"description":"An array of tags to filter by.","description_kind":"plain","optional":true},"text_filter":{"type":"string","description":"The text to use as a filter.","description_kind":"plain","optional":true}},"description":"The process query using formulas and functions.","description_kind":"plain"},"max_items":1}},"description_kind":"plain"}}},"description":"Nested block describing the request to use when displaying the widget.","description_kind":"plain"}}},"description":"The definition for a Treemap widget.","description_kind":"plain"},"max_items":1},"widget_layout":{"nesting_mode":"list","block":{"attributes":{"height":{"type":"number","description":"The height of the widget.","description_kind":"plain","required":true},"is_column_break":{"type":"bool","description":"Whether the widget should be the first one on the second column in high density or not. Only for the new dashboard layout and only one widget in the dashboard should have this property set to `true`.","description_kind":"plain","optional":true},"width":{"type":"number","description":"The width of the widget.","description_kind":"plain","required":true},"x":{"type":"number","description":"The position of the widget on the x (horizontal) axis. Should be greater than or equal to 0.","description_kind":"plain","required":true},"y":{"type":"number","description":"The position of the widget on the y (vertical) axis. Should be greater than or equal to 0.","description_kind":"plain","required":true}},"description":"The layout of the widget on a 'free' dashboard.","description_kind":"plain"},"max_items":1}},"description":"The list of widgets in this group.","description_kind":"plain"}}},"description":"The definition for a Group widget.","description_kind":"plain"},"max_items":1},"heatmap_definition":{"nesting_mode":"list","block":{"attributes":{"legend_size":{"type":"string","description":"The size of the legend displayed in the widget.","description_kind":"plain","optional":true},"live_span":{"type":"string","description":"The timeframe to use when displaying the widget. Valid values are `1m`, `5m`, `10m`, `15m`, `30m`, `1h`, `4h`, `1d`, `2d`, `1w`, `1mo`, `3mo`, `6mo`, `1y`, `alert`.","description_kind":"plain","optional":true},"show_legend":{"type":"bool","description":"Whether or not to show the legend on this widget.","description_kind":"plain","optional":true},"title":{"type":"string","description":"The title of the widget.","description_kind":"plain","optional":true},"title_align":{"type":"string","description":"The alignment of the widget's title. Valid values are `center`, `left`, `right`.","description_kind":"plain","optional":true},"title_size":{"type":"string","description":"The size of the widget's title (defaults to 16).","description_kind":"plain","optional":true}},"block_types":{"custom_link":{"nesting_mode":"list","block":{"attributes":{"is_hidden":{"type":"bool","description":"The flag for toggling context menu link visibility.","description_kind":"plain","optional":true},"label":{"type":"string","description":"The label for the custom link URL.","description_kind":"plain","optional":true},"link":{"type":"string","description":"The URL of the custom link.","description_kind":"plain","optional":true},"override_label":{"type":"string","description":"The label ID that refers to a context menu link item. When `override_label` is provided, the client request omits the label field.","description_kind":"plain","optional":true}},"description":"A nested block describing a custom link. Multiple `custom_link` blocks are allowed using the structure below.","description_kind":"plain"}},"event":{"nesting_mode":"list","block":{"attributes":{"q":{"type":"string","description":"The event query to use in the widget.","description_kind":"plain","required":true},"tags_execution":{"type":"string","description":"The execution method for multi-value filters.","description_kind":"plain","optional":true}},"description":"The definition of the event to overlay on the graph. Multiple `event` blocks are allowed using the structure below.","description_kind":"plain"}},"request":{"nesting_mode":"list","block":{"attributes":{"q":{"type":"string","description":"The metric query to use for this widget.","description_kind":"plain","optional":true}},"block_types":{"apm_query":{"nesting_mode":"list","block":{"attributes":{"index":{"type":"string","description":"The name of the index to query.","description_kind":"plain","required":true},"search_query":{"type":"string","description":"The search query to use.","description_kind":"plain","optional":true}},"block_types":{"compute_query":{"nesting_mode":"list","block":{"attributes":{"aggregation":{"type":"string","description":"The aggregation method.","description_kind":"plain","required":true},"facet":{"type":"string","description":"The facet name.","description_kind":"plain","optional":true},"interval":{"type":"number","description":"Define the time interval in seconds.","description_kind":"plain","optional":true}},"description":"`compute_query` or `multi_compute` is required. The map keys are listed below.","description_kind":"plain"},"max_items":1},"group_by":{"nesting_mode":"list","block":{"attributes":{"facet":{"type":"string","description":"The facet name.","description_kind":"plain","optional":true},"limit":{"type":"number","description":"The maximum number of items in the group.","description_kind":"plain","optional":true}},"block_types":{"sort_query":{"nesting_mode":"list","block":{"attributes":{"aggregation":{"type":"string","description":"The aggregation method.","description_kind":"plain","required":true},"facet":{"type":"string","description":"The facet name.","description_kind":"plain","optional":true},"order":{"type":"string","description":"Widget sorting methods. Valid values are `asc`, `desc`.","description_kind":"plain","required":true}},"description":"A list of exactly one element describing the sort query to use.","description_kind":"plain"},"max_items":1}},"description":"Multiple `group_by` blocks are allowed using the structure below.","description_kind":"plain"}},"multi_compute":{"nesting_mode":"list","block":{"attributes":{"aggregation":{"type":"string","description":"The aggregation method.","description_kind":"plain","required":true},"facet":{"type":"string","description":"The facet name.","description_kind":"plain","optional":true},"interval":{"type":"number","description":"Define the time interval in seconds.","description_kind":"plain","optional":true}},"description":"`compute_query` or `multi_compute` is required. Multiple `multi_compute` blocks are allowed using the structure below.","description_kind":"plain"}}},"description":"The query to use for this widget.","description_kind":"plain"},"max_items":1},"log_query":{"nesting_mode":"list","block":{"attributes":{"index":{"type":"string","description":"The name of the index to query.","description_kind":"plain","required":true},"search_query":{"type":"string","description":"The search query to use.","description_kind":"plain","optional":true}},"block_types":{"compute_query":{"nesting_mode":"list","block":{"attributes":{"aggregation":{"type":"string","description":"The aggregation method.","description_kind":"plain","required":true},"facet":{"type":"string","description":"The facet name.","description_kind":"plain","optional":true},"interval":{"type":"number","description":"Define the time interval in seconds.","description_kind":"plain","optional":true}},"description":"`compute_query` or `multi_compute` is required. The map keys are listed below.","description_kind":"plain"},"max_items":1},"group_by":{"nesting_mode":"list","block":{"attributes":{"facet":{"type":"string","description":"The facet name.","description_kind":"plain","optional":true},"limit":{"type":"number","description":"The maximum number of items in the group.","description_kind":"plain","optional":true}},"block_types":{"sort_query":{"nesting_mode":"list","block":{"attributes":{"aggregation":{"type":"string","description":"The aggregation method.","description_kind":"plain","required":true},"facet":{"type":"string","description":"The facet name.","description_kind":"plain","optional":true},"order":{"type":"string","description":"Widget sorting methods. Valid values are `asc`, `desc`.","description_kind":"plain","required":true}},"description":"A list of exactly one element describing the sort query to use.","description_kind":"plain"},"max_items":1}},"description":"Multiple `group_by` blocks are allowed using the structure below.","description_kind":"plain"}},"multi_compute":{"nesting_mode":"list","block":{"attributes":{"aggregation":{"type":"string","description":"The aggregation method.","description_kind":"plain","required":true},"facet":{"type":"string","description":"The facet name.","description_kind":"plain","optional":true},"interval":{"type":"number","description":"Define the time interval in seconds.","description_kind":"plain","optional":true}},"description":"`compute_query` or `multi_compute` is required. Multiple `multi_compute` blocks are allowed using the structure below.","description_kind":"plain"}}},"description":"The query to use for this widget.","description_kind":"plain"},"max_items":1},"process_query":{"nesting_mode":"list","block":{"attributes":{"filter_by":{"type":["list","string"],"description":"A list of processes.","description_kind":"plain","optional":true},"limit":{"type":"number","description":"The max number of items in the filter list.","description_kind":"plain","optional":true},"metric":{"type":"string","description":"Your chosen metric.","description_kind":"plain","required":true},"search_by":{"type":"string","description":"Your chosen search term.","description_kind":"plain","optional":true}},"description":"The process query to use in the widget. The structure of this block is described below.","description_kind":"plain"},"max_items":1},"rum_query":{"nesting_mode":"list","block":{"attributes":{"index":{"type":"string","description":"The name of the index to query.","description_kind":"plain","required":true},"search_query":{"type":"string","description":"The search query to use.","description_kind":"plain","optional":true}},"block_types":{"compute_query":{"nesting_mode":"list","block":{"attributes":{"aggregation":{"type":"string","description":"The aggregation method.","description_kind":"plain","required":true},"facet":{"type":"string","description":"The facet name.","description_kind":"plain","optional":true},"interval":{"type":"number","description":"Define the time interval in seconds.","description_kind":"plain","optional":true}},"description":"`compute_query` or `multi_compute` is required. The map keys are listed below.","description_kind":"plain"},"max_items":1},"group_by":{"nesting_mode":"list","block":{"attributes":{"facet":{"type":"string","description":"The facet name.","description_kind":"plain","optional":true},"limit":{"type":"number","description":"The maximum number of items in the group.","description_kind":"plain","optional":true}},"block_types":{"sort_query":{"nesting_mode":"list","block":{"attributes":{"aggregation":{"type":"string","description":"The aggregation method.","description_kind":"plain","required":true},"facet":{"type":"string","description":"The facet name.","description_kind":"plain","optional":true},"order":{"type":"string","description":"Widget sorting methods. Valid values are `asc`, `desc`.","description_kind":"plain","required":true}},"description":"A list of exactly one element describing the sort query to use.","description_kind":"plain"},"max_items":1}},"description":"Multiple `group_by` blocks are allowed using the structure below.","description_kind":"plain"}},"multi_compute":{"nesting_mode":"list","block":{"attributes":{"aggregation":{"type":"string","description":"The aggregation method.","description_kind":"plain","required":true},"facet":{"type":"string","description":"The facet name.","description_kind":"plain","optional":true},"interval":{"type":"number","description":"Define the time interval in seconds.","description_kind":"plain","optional":true}},"description":"`compute_query` or `multi_compute` is required. Multiple `multi_compute` blocks are allowed using the structure below.","description_kind":"plain"}}},"description":"The query to use for this widget.","description_kind":"plain"},"max_items":1},"security_query":{"nesting_mode":"list","block":{"attributes":{"index":{"type":"string","description":"The name of the index to query.","description_kind":"plain","required":true},"search_query":{"type":"string","description":"The search query to use.","description_kind":"plain","optional":true}},"block_types":{"compute_query":{"nesting_mode":"list","block":{"attributes":{"aggregation":{"type":"string","description":"The aggregation method.","description_kind":"plain","required":true},"facet":{"type":"string","description":"The facet name.","description_kind":"plain","optional":true},"interval":{"type":"number","description":"Define the time interval in seconds.","description_kind":"plain","optional":true}},"description":"`compute_query` or `multi_compute` is required. The map keys are listed below.","description_kind":"plain"},"max_items":1},"group_by":{"nesting_mode":"list","block":{"attributes":{"facet":{"type":"string","description":"The facet name.","description_kind":"plain","optional":true},"limit":{"type":"number","description":"The maximum number of items in the group.","description_kind":"plain","optional":true}},"block_types":{"sort_query":{"nesting_mode":"list","block":{"attributes":{"aggregation":{"type":"string","description":"The aggregation method.","description_kind":"plain","required":true},"facet":{"type":"string","description":"The facet name.","description_kind":"plain","optional":true},"order":{"type":"string","description":"Widget sorting methods. Valid values are `asc`, `desc`.","description_kind":"plain","required":true}},"description":"A list of exactly one element describing the sort query to use.","description_kind":"plain"},"max_items":1}},"description":"Multiple `group_by` blocks are allowed using the structure below.","description_kind":"plain"}},"multi_compute":{"nesting_mode":"list","block":{"attributes":{"aggregation":{"type":"string","description":"The aggregation method.","description_kind":"plain","required":true},"facet":{"type":"string","description":"The facet name.","description_kind":"plain","optional":true},"interval":{"type":"number","description":"Define the time interval in seconds.","description_kind":"plain","optional":true}},"description":"`compute_query` or `multi_compute` is required. Multiple `multi_compute` blocks are allowed using the structure below.","description_kind":"plain"}}},"description":"The query to use for this widget.","description_kind":"plain"},"max_items":1},"style":{"nesting_mode":"list","block":{"attributes":{"palette":{"type":"string","description":"A color palette to apply to the widget. The available options are available at: https://docs.datadoghq.com/dashboards/widgets/timeseries/#appearance.","description_kind":"plain","optional":true}},"description":"The style of the widget graph. One nested block is allowed using the structure below.","description_kind":"plain"},"max_items":1}},"description":"A nested block describing the request to use when displaying the widget. Multiple `request` blocks are allowed using the structure below (exactly one of `q`, `apm_query`, `log_query`, `rum_query`, `security_query` or `process_query` is required within the request block).","description_kind":"plain"}},"yaxis":{"nesting_mode":"list","block":{"attributes":{"include_zero":{"type":"bool","description":"Always include zero or fit the axis to the data range.","description_kind":"plain","optional":true},"label":{"type":"string","description":"The label of the axis to display on the graph.","description_kind":"plain","optional":true},"max":{"type":"string","description":"Specify the maximum value to show on the Y-axis.","description_kind":"plain","optional":true},"min":{"type":"string","description":"Specify the minimum value to show on the Y-axis.","description_kind":"plain","optional":true},"scale":{"type":"string","description":"Specify the scale type, options: `linear`, `log`, `pow`, `sqrt`.","description_kind":"plain","optional":true}},"description":"A nested block describing the Y-Axis Controls. The structure of this block is described below.","description_kind":"plain"},"max_items":1}},"description":"The definition for a Heatmap widget.","description_kind":"plain"},"max_items":1},"hostmap_definition":{"nesting_mode":"list","block":{"attributes":{"group":{"type":["list","string"],"description":"The list of tags to group nodes by.","description_kind":"plain","optional":true},"no_group_hosts":{"type":"bool","description":"A Boolean indicating whether to show ungrouped nodes.","description_kind":"plain","optional":true},"no_metric_hosts":{"type":"bool","description":"A Boolean indicating whether to show nodes with no metrics.","description_kind":"plain","optional":true},"node_type":{"type":"string","description":"The type of node used. Valid values are `host`, `container`.","description_kind":"plain","optional":true},"scope":{"type":["list","string"],"description":"The list of tags to filter nodes by.","description_kind":"plain","optional":true},"title":{"type":"string","description":"The title of the widget.","description_kind":"plain","optional":true},"title_align":{"type":"string","description":"The alignment of the widget's title. Valid values are `center`, `left`, `right`.","description_kind":"plain","optional":true},"title_size":{"type":"string","description":"The size of the widget's title (defaults to 16).","description_kind":"plain","optional":true}},"block_types":{"custom_link":{"nesting_mode":"list","block":{"attributes":{"is_hidden":{"type":"bool","description":"The flag for toggling context menu link visibility.","description_kind":"plain","optional":true},"label":{"type":"string","description":"The label for the custom link URL.","description_kind":"plain","optional":true},"link":{"type":"string","description":"The URL of the custom link.","description_kind":"plain","optional":true},"override_label":{"type":"string","description":"The label ID that refers to a context menu link item. When `override_label` is provided, the client request omits the label field.","description_kind":"plain","optional":true}},"description":"A nested block describing a custom link. Multiple `custom_link` blocks are allowed using the structure below.","description_kind":"plain"}},"request":{"nesting_mode":"list","block":{"block_types":{"fill":{"nesting_mode":"list","block":{"attributes":{"q":{"type":"string","description":"The metric query to use for this widget.","description_kind":"plain","optional":true}},"block_types":{"apm_query":{"nesting_mode":"list","block":{"attributes":{"index":{"type":"string","description":"The name of the index to query.","description_kind":"plain","required":true},"search_query":{"type":"string","description":"The search query to use.","description_kind":"plain","optional":true}},"block_types":{"compute_query":{"nesting_mode":"list","block":{"attributes":{"aggregation":{"type":"string","description":"The aggregation method.","description_kind":"plain","required":true},"facet":{"type":"string","description":"The facet name.","description_kind":"plain","optional":true},"interval":{"type":"number","description":"Define the time interval in seconds.","description_kind":"plain","optional":true}},"description":"`compute_query` or `multi_compute` is required. The map keys are listed below.","description_kind":"plain"},"max_items":1},"group_by":{"nesting_mode":"list","block":{"attributes":{"facet":{"type":"string","description":"The facet name.","description_kind":"plain","optional":true},"limit":{"type":"number","description":"The maximum number of items in the group.","description_kind":"plain","optional":true}},"block_types":{"sort_query":{"nesting_mode":"list","block":{"attributes":{"aggregation":{"type":"string","description":"The aggregation method.","description_kind":"plain","required":true},"facet":{"type":"string","description":"The facet name.","description_kind":"plain","optional":true},"order":{"type":"string","description":"Widget sorting methods. Valid values are `asc`, `desc`.","description_kind":"plain","required":true}},"description":"A list of exactly one element describing the sort query to use.","description_kind":"plain"},"max_items":1}},"description":"Multiple `group_by` blocks are allowed using the structure below.","description_kind":"plain"}},"multi_compute":{"nesting_mode":"list","block":{"attributes":{"aggregation":{"type":"string","description":"The aggregation method.","description_kind":"plain","required":true},"facet":{"type":"string","description":"The facet name.","description_kind":"plain","optional":true},"interval":{"type":"number","description":"Define the time interval in seconds.","description_kind":"plain","optional":true}},"description":"`compute_query` or `multi_compute` is required. Multiple `multi_compute` blocks are allowed using the structure below.","description_kind":"plain"}}},"description":"The query to use for this widget.","description_kind":"plain"},"max_items":1},"log_query":{"nesting_mode":"list","block":{"attributes":{"index":{"type":"string","description":"The name of the index to query.","description_kind":"plain","required":true},"search_query":{"type":"string","description":"The search query to use.","description_kind":"plain","optional":true}},"block_types":{"compute_query":{"nesting_mode":"list","block":{"attributes":{"aggregation":{"type":"string","description":"The aggregation method.","description_kind":"plain","required":true},"facet":{"type":"string","description":"The facet name.","description_kind":"plain","optional":true},"interval":{"type":"number","description":"Define the time interval in seconds.","description_kind":"plain","optional":true}},"description":"`compute_query` or `multi_compute` is required. The map keys are listed below.","description_kind":"plain"},"max_items":1},"group_by":{"nesting_mode":"list","block":{"attributes":{"facet":{"type":"string","description":"The facet name.","description_kind":"plain","optional":true},"limit":{"type":"number","description":"The maximum number of items in the group.","description_kind":"plain","optional":true}},"block_types":{"sort_query":{"nesting_mode":"list","block":{"attributes":{"aggregation":{"type":"string","description":"The aggregation method.","description_kind":"plain","required":true},"facet":{"type":"string","description":"The facet name.","description_kind":"plain","optional":true},"order":{"type":"string","description":"Widget sorting methods. Valid values are `asc`, `desc`.","description_kind":"plain","required":true}},"description":"A list of exactly one element describing the sort query to use.","description_kind":"plain"},"max_items":1}},"description":"Multiple `group_by` blocks are allowed using the structure below.","description_kind":"plain"}},"multi_compute":{"nesting_mode":"list","block":{"attributes":{"aggregation":{"type":"string","description":"The aggregation method.","description_kind":"plain","required":true},"facet":{"type":"string","description":"The facet name.","description_kind":"plain","optional":true},"interval":{"type":"number","description":"Define the time interval in seconds.","description_kind":"plain","optional":true}},"description":"`compute_query` or `multi_compute` is required. Multiple `multi_compute` blocks are allowed using the structure below.","description_kind":"plain"}}},"description":"The query to use for this widget.","description_kind":"plain"},"max_items":1},"process_query":{"nesting_mode":"list","block":{"attributes":{"filter_by":{"type":["list","string"],"description":"A list of processes.","description_kind":"plain","optional":true},"limit":{"type":"number","description":"The max number of items in the filter list.","description_kind":"plain","optional":true},"metric":{"type":"string","description":"Your chosen metric.","description_kind":"plain","required":true},"search_by":{"type":"string","description":"Your chosen search term.","description_kind":"plain","optional":true}},"description":"The process query to use in the widget. The structure of this block is described below.","description_kind":"plain"},"max_items":1},"rum_query":{"nesting_mode":"list","block":{"attributes":{"index":{"type":"string","description":"The name of the index to query.","description_kind":"plain","required":true},"search_query":{"type":"string","description":"The search query to use.","description_kind":"plain","optional":true}},"block_types":{"compute_query":{"nesting_mode":"list","block":{"attributes":{"aggregation":{"type":"string","description":"The aggregation method.","description_kind":"plain","required":true},"facet":{"type":"string","description":"The facet name.","description_kind":"plain","optional":true},"interval":{"type":"number","description":"Define the time interval in seconds.","description_kind":"plain","optional":true}},"description":"`compute_query` or `multi_compute` is required. The map keys are listed below.","description_kind":"plain"},"max_items":1},"group_by":{"nesting_mode":"list","block":{"attributes":{"facet":{"type":"string","description":"The facet name.","description_kind":"plain","optional":true},"limit":{"type":"number","description":"The maximum number of items in the group.","description_kind":"plain","optional":true}},"block_types":{"sort_query":{"nesting_mode":"list","block":{"attributes":{"aggregation":{"type":"string","description":"The aggregation method.","description_kind":"plain","required":true},"facet":{"type":"string","description":"The facet name.","description_kind":"plain","optional":true},"order":{"type":"string","description":"Widget sorting methods. Valid values are `asc`, `desc`.","description_kind":"plain","required":true}},"description":"A list of exactly one element describing the sort query to use.","description_kind":"plain"},"max_items":1}},"description":"Multiple `group_by` blocks are allowed using the structure below.","description_kind":"plain"}},"multi_compute":{"nesting_mode":"list","block":{"attributes":{"aggregation":{"type":"string","description":"The aggregation method.","description_kind":"plain","required":true},"facet":{"type":"string","description":"The facet name.","description_kind":"plain","optional":true},"interval":{"type":"number","description":"Define the time interval in seconds.","description_kind":"plain","optional":true}},"description":"`compute_query` or `multi_compute` is required. Multiple `multi_compute` blocks are allowed using the structure below.","description_kind":"plain"}}},"description":"The query to use for this widget.","description_kind":"plain"},"max_items":1},"security_query":{"nesting_mode":"list","block":{"attributes":{"index":{"type":"string","description":"The name of the index to query.","description_kind":"plain","required":true},"search_query":{"type":"string","description":"The search query to use.","description_kind":"plain","optional":true}},"block_types":{"compute_query":{"nesting_mode":"list","block":{"attributes":{"aggregation":{"type":"string","description":"The aggregation method.","description_kind":"plain","required":true},"facet":{"type":"string","description":"The facet name.","description_kind":"plain","optional":true},"interval":{"type":"number","description":"Define the time interval in seconds.","description_kind":"plain","optional":true}},"description":"`compute_query` or `multi_compute` is required. The map keys are listed below.","description_kind":"plain"},"max_items":1},"group_by":{"nesting_mode":"list","block":{"attributes":{"facet":{"type":"string","description":"The facet name.","description_kind":"plain","optional":true},"limit":{"type":"number","description":"The maximum number of items in the group.","description_kind":"plain","optional":true}},"block_types":{"sort_query":{"nesting_mode":"list","block":{"attributes":{"aggregation":{"type":"string","description":"The aggregation method.","description_kind":"plain","required":true},"facet":{"type":"string","description":"The facet name.","description_kind":"plain","optional":true},"order":{"type":"string","description":"Widget sorting methods. Valid values are `asc`, `desc`.","description_kind":"plain","required":true}},"description":"A list of exactly one element describing the sort query to use.","description_kind":"plain"},"max_items":1}},"description":"Multiple `group_by` blocks are allowed using the structure below.","description_kind":"plain"}},"multi_compute":{"nesting_mode":"list","block":{"attributes":{"aggregation":{"type":"string","description":"The aggregation method.","description_kind":"plain","required":true},"facet":{"type":"string","description":"The facet name.","description_kind":"plain","optional":true},"interval":{"type":"number","description":"Define the time interval in seconds.","description_kind":"plain","optional":true}},"description":"`compute_query` or `multi_compute` is required. Multiple `multi_compute` blocks are allowed using the structure below.","description_kind":"plain"}}},"description":"The query to use for this widget.","description_kind":"plain"},"max_items":1}},"description":"The query used to fill the map. Exactly one nested block is allowed using the structure below (exactly one of `q`, `apm_query`, `log_query`, `rum_query`, `security_query` or `process_query` is required within the request block).","description_kind":"plain"}},"size":{"nesting_mode":"list","block":{"attributes":{"q":{"type":"string","description":"The metric query to use for this widget.","description_kind":"plain","optional":true}},"block_types":{"apm_query":{"nesting_mode":"list","block":{"attributes":{"index":{"type":"string","description":"The name of the index to query.","description_kind":"plain","required":true},"search_query":{"type":"string","description":"The search query to use.","description_kind":"plain","optional":true}},"block_types":{"compute_query":{"nesting_mode":"list","block":{"attributes":{"aggregation":{"type":"string","description":"The aggregation method.","description_kind":"plain","required":true},"facet":{"type":"string","description":"The facet name.","description_kind":"plain","optional":true},"interval":{"type":"number","description":"Define the time interval in seconds.","description_kind":"plain","optional":true}},"description":"`compute_query` or `multi_compute` is required. The map keys are listed below.","description_kind":"plain"},"max_items":1},"group_by":{"nesting_mode":"list","block":{"attributes":{"facet":{"type":"string","description":"The facet name.","description_kind":"plain","optional":true},"limit":{"type":"number","description":"The maximum number of items in the group.","description_kind":"plain","optional":true}},"block_types":{"sort_query":{"nesting_mode":"list","block":{"attributes":{"aggregation":{"type":"string","description":"The aggregation method.","description_kind":"plain","required":true},"facet":{"type":"string","description":"The facet name.","description_kind":"plain","optional":true},"order":{"type":"string","description":"Widget sorting methods. Valid values are `asc`, `desc`.","description_kind":"plain","required":true}},"description":"A list of exactly one element describing the sort query to use.","description_kind":"plain"},"max_items":1}},"description":"Multiple `group_by` blocks are allowed using the structure below.","description_kind":"plain"}},"multi_compute":{"nesting_mode":"list","block":{"attributes":{"aggregation":{"type":"string","description":"The aggregation method.","description_kind":"plain","required":true},"facet":{"type":"string","description":"The facet name.","description_kind":"plain","optional":true},"interval":{"type":"number","description":"Define the time interval in seconds.","description_kind":"plain","optional":true}},"description":"`compute_query` or `multi_compute` is required. Multiple `multi_compute` blocks are allowed using the structure below.","description_kind":"plain"}}},"description":"The query to use for this widget.","description_kind":"plain"},"max_items":1},"log_query":{"nesting_mode":"list","block":{"attributes":{"index":{"type":"string","description":"The name of the index to query.","description_kind":"plain","required":true},"search_query":{"type":"string","description":"The search query to use.","description_kind":"plain","optional":true}},"block_types":{"compute_query":{"nesting_mode":"list","block":{"attributes":{"aggregation":{"type":"string","description":"The aggregation method.","description_kind":"plain","required":true},"facet":{"type":"string","description":"The facet name.","description_kind":"plain","optional":true},"interval":{"type":"number","description":"Define the time interval in seconds.","description_kind":"plain","optional":true}},"description":"`compute_query` or `multi_compute` is required. The map keys are listed below.","description_kind":"plain"},"max_items":1},"group_by":{"nesting_mode":"list","block":{"attributes":{"facet":{"type":"string","description":"The facet name.","description_kind":"plain","optional":true},"limit":{"type":"number","description":"The maximum number of items in the group.","description_kind":"plain","optional":true}},"block_types":{"sort_query":{"nesting_mode":"list","block":{"attributes":{"aggregation":{"type":"string","description":"The aggregation method.","description_kind":"plain","required":true},"facet":{"type":"string","description":"The facet name.","description_kind":"plain","optional":true},"order":{"type":"string","description":"Widget sorting methods. Valid values are `asc`, `desc`.","description_kind":"plain","required":true}},"description":"A list of exactly one element describing the sort query to use.","description_kind":"plain"},"max_items":1}},"description":"Multiple `group_by` blocks are allowed using the structure below.","description_kind":"plain"}},"multi_compute":{"nesting_mode":"list","block":{"attributes":{"aggregation":{"type":"string","description":"The aggregation method.","description_kind":"plain","required":true},"facet":{"type":"string","description":"The facet name.","description_kind":"plain","optional":true},"interval":{"type":"number","description":"Define the time interval in seconds.","description_kind":"plain","optional":true}},"description":"`compute_query` or `multi_compute` is required. Multiple `multi_compute` blocks are allowed using the structure below.","description_kind":"plain"}}},"description":"The query to use for this widget.","description_kind":"plain"},"max_items":1},"process_query":{"nesting_mode":"list","block":{"attributes":{"filter_by":{"type":["list","string"],"description":"A list of processes.","description_kind":"plain","optional":true},"limit":{"type":"number","description":"The max number of items in the filter list.","description_kind":"plain","optional":true},"metric":{"type":"string","description":"Your chosen metric.","description_kind":"plain","required":true},"search_by":{"type":"string","description":"Your chosen search term.","description_kind":"plain","optional":true}},"description":"The process query to use in the widget. The structure of this block is described below.","description_kind":"plain"},"max_items":1},"rum_query":{"nesting_mode":"list","block":{"attributes":{"index":{"type":"string","description":"The name of the index to query.","description_kind":"plain","required":true},"search_query":{"type":"string","description":"The search query to use.","description_kind":"plain","optional":true}},"block_types":{"compute_query":{"nesting_mode":"list","block":{"attributes":{"aggregation":{"type":"string","description":"The aggregation method.","description_kind":"plain","required":true},"facet":{"type":"string","description":"The facet name.","description_kind":"plain","optional":true},"interval":{"type":"number","description":"Define the time interval in seconds.","description_kind":"plain","optional":true}},"description":"`compute_query` or `multi_compute` is required. The map keys are listed below.","description_kind":"plain"},"max_items":1},"group_by":{"nesting_mode":"list","block":{"attributes":{"facet":{"type":"string","description":"The facet name.","description_kind":"plain","optional":true},"limit":{"type":"number","description":"The maximum number of items in the group.","description_kind":"plain","optional":true}},"block_types":{"sort_query":{"nesting_mode":"list","block":{"attributes":{"aggregation":{"type":"string","description":"The aggregation method.","description_kind":"plain","required":true},"facet":{"type":"string","description":"The facet name.","description_kind":"plain","optional":true},"order":{"type":"string","description":"Widget sorting methods. Valid values are `asc`, `desc`.","description_kind":"plain","required":true}},"description":"A list of exactly one element describing the sort query to use.","description_kind":"plain"},"max_items":1}},"description":"Multiple `group_by` blocks are allowed using the structure below.","description_kind":"plain"}},"multi_compute":{"nesting_mode":"list","block":{"attributes":{"aggregation":{"type":"string","description":"The aggregation method.","description_kind":"plain","required":true},"facet":{"type":"string","description":"The facet name.","description_kind":"plain","optional":true},"interval":{"type":"number","description":"Define the time interval in seconds.","description_kind":"plain","optional":true}},"description":"`compute_query` or `multi_compute` is required. Multiple `multi_compute` blocks are allowed using the structure below.","description_kind":"plain"}}},"description":"The query to use for this widget.","description_kind":"plain"},"max_items":1},"security_query":{"nesting_mode":"list","block":{"attributes":{"index":{"type":"string","description":"The name of the index to query.","description_kind":"plain","required":true},"search_query":{"type":"string","description":"The search query to use.","description_kind":"plain","optional":true}},"block_types":{"compute_query":{"nesting_mode":"list","block":{"attributes":{"aggregation":{"type":"string","description":"The aggregation method.","description_kind":"plain","required":true},"facet":{"type":"string","description":"The facet name.","description_kind":"plain","optional":true},"interval":{"type":"number","description":"Define the time interval in seconds.","description_kind":"plain","optional":true}},"description":"`compute_query` or `multi_compute` is required. The map keys are listed below.","description_kind":"plain"},"max_items":1},"group_by":{"nesting_mode":"list","block":{"attributes":{"facet":{"type":"string","description":"The facet name.","description_kind":"plain","optional":true},"limit":{"type":"number","description":"The maximum number of items in the group.","description_kind":"plain","optional":true}},"block_types":{"sort_query":{"nesting_mode":"list","block":{"attributes":{"aggregation":{"type":"string","description":"The aggregation method.","description_kind":"plain","required":true},"facet":{"type":"string","description":"The facet name.","description_kind":"plain","optional":true},"order":{"type":"string","description":"Widget sorting methods. Valid values are `asc`, `desc`.","description_kind":"plain","required":true}},"description":"A list of exactly one element describing the sort query to use.","description_kind":"plain"},"max_items":1}},"description":"Multiple `group_by` blocks are allowed using the structure below.","description_kind":"plain"}},"multi_compute":{"nesting_mode":"list","block":{"attributes":{"aggregation":{"type":"string","description":"The aggregation method.","description_kind":"plain","required":true},"facet":{"type":"string","description":"The facet name.","description_kind":"plain","optional":true},"interval":{"type":"number","description":"Define the time interval in seconds.","description_kind":"plain","optional":true}},"description":"`compute_query` or `multi_compute` is required. Multiple `multi_compute` blocks are allowed using the structure below.","description_kind":"plain"}}},"description":"The query to use for this widget.","description_kind":"plain"},"max_items":1}},"description":"The query used to size the map. Exactly one nested block is allowed using the structure below (exactly one of `q`, `apm_query`, `log_query`, `rum_query`, `security_query` or `process_query` is required within the request block).","description_kind":"plain"}}},"description":"A nested block describing the request to use when displaying the widget. Multiple `request` blocks are allowed using the structure below.","description_kind":"plain"},"max_items":1},"style":{"nesting_mode":"list","block":{"attributes":{"fill_max":{"type":"string","description":"The max value to use to color the map.","description_kind":"plain","optional":true},"fill_min":{"type":"string","description":"The min value to use to color the map.","description_kind":"plain","optional":true},"palette":{"type":"string","description":"A color palette to apply to the widget. The available options are available at: https://docs.datadoghq.com/dashboards/widgets/timeseries/#appearance.","description_kind":"plain","optional":true},"palette_flip":{"type":"bool","description":"A Boolean indicating whether to flip the palette tones.","description_kind":"plain","optional":true}},"description":"The style of the widget graph. One nested block is allowed using the structure below.","description_kind":"plain"},"max_items":1}},"description":"The definition for a Hostmap widget.","description_kind":"plain"},"max_items":1},"iframe_definition":{"nesting_mode":"list","block":{"attributes":{"url":{"type":"string","description":"The URL to use as a data source for the widget.","description_kind":"plain","required":true}},"description":"The definition for an Iframe widget.","description_kind":"plain"},"max_items":1},"image_definition":{"nesting_mode":"list","block":{"attributes":{"has_background":{"type":"bool","description":"Whether to display a background or not.","description_kind":"plain","optional":true},"has_border":{"type":"bool","description":"Whether to display a border or not.","description_kind":"plain","optional":true},"horizontal_align":{"type":"string","description":"The horizontal alignment for the widget. Valid values are `center`, `left`, `right`.","description_kind":"plain","optional":true},"margin":{"type":"string","description":"The margins to use around the image. Note: `small` and `large` values are deprecated. Valid values are `sm`, `md`, `lg`, `small`, `large`.","description_kind":"plain","optional":true},"sizing":{"type":"string","description":"The preferred method to adapt the dimensions of the image. The values are based on the image `object-fit` CSS properties. Note: `zoom`, `fit` and `center` values are deprecated. Valid values are `fill`, `contain`, `cover`, `none`, `scale-down`, `zoom`, `fit`, `center`.","description_kind":"plain","optional":true},"url":{"type":"string","description":"The URL to use as a data source for the widget.","description_kind":"plain","required":true},"url_dark_theme":{"type":"string","description":"The URL in dark mode to use as a data source for the widget.","description_kind":"plain","optional":true},"vertical_align":{"type":"string","description":"The vertical alignment for the widget. Valid values are `center`, `top`, `bottom`.","description_kind":"plain","optional":true}},"description":"The definition for an Image widget","description_kind":"plain"},"max_items":1},"list_stream_definition":{"nesting_mode":"list","block":{"attributes":{"title":{"type":"string","description":"The title of the widget.","description_kind":"plain","optional":true},"title_align":{"type":"string","description":"The alignment of the widget's title. Valid values are `center`, `left`, `right`.","description_kind":"plain","optional":true},"title_size":{"type":"string","description":"The size of the widget's title. Default is 16.","description_kind":"plain","optional":true}},"block_types":{"request":{"nesting_mode":"list","block":{"attributes":{"response_format":{"type":"string","description":"Widget response format. Valid values are `event_list`.","description_kind":"plain","required":true}},"block_types":{"columns":{"nesting_mode":"list","block":{"attributes":{"field":{"type":"string","description":"Widget column field.","description_kind":"plain","required":true},"width":{"type":"string","description":"Widget column width. Valid values are `auto`, `compact`, `full`.","description_kind":"plain","required":true}},"description":"Widget columns.","description_kind":"plain"},"min_items":1},"query":{"nesting_mode":"list","block":{"attributes":{"data_source":{"type":"string","description":"Source from which to query items to display in the stream. Valid values are `logs_stream`, `audit_stream`, `ci_pipeline_stream`, `ci_test_stream`, `rum_issue_stream`, `apm_issue_stream`, `logs_issue_stream`, `logs_pattern_stream`, `logs_transaction_stream`, `event_stream`.","description_kind":"plain","required":true},"event_size":{"type":"string","description":"Size of events displayed in widget. Required if `data_source` is `event_stream`. Valid values are `s`, `l`.","description_kind":"plain","optional":true},"indexes":{"type":["list","string"],"description":"List of indexes.","description_kind":"plain","optional":true},"query_string":{"type":"string","description":"Widget query.","description_kind":"plain","optional":true},"storage":{"type":"string","description":"Storage location (private beta).","description_kind":"plain","optional":true}},"description":"Updated list stream widget.","description_kind":"plain"},"min_items":1,"max_items":1}},"description":"Nested block describing the requests to use when displaying the widget. Multiple `request` blocks are allowed with the structure below.","description_kind":"plain"},"min_items":1}},"description":"The definition for a List Stream widget.","description_kind":"plain"},"max_items":1},"log_stream_definition":{"nesting_mode":"list","block":{"attributes":{"columns":{"type":["list","string"],"description":"Stringified list of columns to use, for example: `[\"column1\",\"column2\",\"column3\"]`.","description_kind":"plain","optional":true},"indexes":{"type":["list","string"],"description":"An array of index names to query in the stream.","description_kind":"plain","optional":true},"live_span":{"type":"string","description":"The timeframe to use when displaying the widget. Valid values are `1m`, `5m`, `10m`, `15m`, `30m`, `1h`, `4h`, `1d`, `2d`, `1w`, `1mo`, `3mo`, `6mo`, `1y`, `alert`.","description_kind":"plain","optional":true},"message_display":{"type":"string","description":"The number of log lines to display. Valid values are `inline`, `expanded-md`, `expanded-lg`.","description_kind":"plain","optional":true},"query":{"type":"string","description":"The query to use in the widget.","description_kind":"plain","optional":true},"show_date_column":{"type":"bool","description":"If the date column should be displayed.","description_kind":"plain","optional":true},"show_message_column":{"type":"bool","description":"If the message column should be displayed.","description_kind":"plain","optional":true},"title":{"type":"string","description":"The title of the widget.","description_kind":"plain","optional":true},"title_align":{"type":"string","description":"The alignment of the widget's title. Valid values are `center`, `left`, `right`.","description_kind":"plain","optional":true},"title_size":{"type":"string","description":"The size of the widget's title (defaults to 16).","description_kind":"plain","optional":true}},"block_types":{"sort":{"nesting_mode":"list","block":{"attributes":{"column":{"type":"string","description":"The facet path for the column.","description_kind":"plain","required":true},"order":{"type":"string","description":"Widget sorting methods. Valid values are `asc`, `desc`.","description_kind":"plain","required":true}},"description":"The facet and order to sort the data, for example: `{\"column\": \"time\", \"order\": \"desc\"}`.","description_kind":"plain"},"max_items":1}},"description":"The definition for an Log Stream widget.","description_kind":"plain"},"max_items":1},"manage_status_definition":{"nesting_mode":"list","block":{"attributes":{"color_preference":{"type":"string","description":"Whether to colorize text or background. Valid values are `background`, `text`.","description_kind":"plain","optional":true},"display_format":{"type":"string","description":"The display setting to use. Valid values are `counts`, `countsAndList`, `list`.","description_kind":"plain","optional":true},"hide_zero_counts":{"type":"bool","description":"A Boolean indicating whether to hide empty categories.","description_kind":"plain","optional":true},"query":{"type":"string","description":"The query to use in the widget.","description_kind":"plain","required":true},"show_last_triggered":{"type":"bool","description":"A Boolean indicating whether to show when monitors/groups last triggered.","description_kind":"plain","optional":true},"show_priority":{"type":"bool","description":"Whether to show the priorities column.","description_kind":"plain","optional":true},"sort":{"type":"string","description":"The method to sort the monitors. Valid values are `name`, `group`, `status`, `tags`, `triggered`, `group,asc`, `group,desc`, `name,asc`, `name,desc`, `status,asc`, `status,desc`, `tags,asc`, `tags,desc`, `triggered,asc`, `triggered,desc`, `priority,asc`, `priority,desc`.","description_kind":"plain","optional":true},"summary_type":{"type":"string","description":"The summary type to use. Valid values are `monitors`, `groups`, `combined`.","description_kind":"plain","optional":true},"title":{"type":"string","description":"The title of the widget.","description_kind":"plain","optional":true},"title_align":{"type":"string","description":"The alignment of the widget's title. Valid values are `center`, `left`, `right`.","description_kind":"plain","optional":true},"title_size":{"type":"string","description":"The size of the widget's title (defaults to 16).","description_kind":"plain","optional":true}},"description":"The definition for an Manage Status widget.","description_kind":"plain"},"max_items":1},"note_definition":{"nesting_mode":"list","block":{"attributes":{"background_color":{"type":"string","description":"The background color of the note.","description_kind":"plain","optional":true},"content":{"type":"string","description":"The content of the note.","description_kind":"plain","required":true},"font_size":{"type":"string","description":"The size of the text.","description_kind":"plain","optional":true},"has_padding":{"type":"bool","description":"Whether to add padding or not.","description_kind":"plain","optional":true},"show_tick":{"type":"bool","description":"Whether to show a tick or not.","description_kind":"plain","optional":true},"text_align":{"type":"string","description":"The alignment of the widget's text. Valid values are `center`, `left`, `right`.","description_kind":"plain","optional":true},"tick_edge":{"type":"string","description":"When `tick = true`, a string indicating on which side of the widget the tick should be displayed. Valid values are `bottom`, `left`, `right`, `top`.","description_kind":"plain","optional":true},"tick_pos":{"type":"string","description":"When `tick = true`, a string with a percent sign indicating the position of the tick, for example: `tick_pos = \"50%\"` is centered alignment.","description_kind":"plain","optional":true},"vertical_align":{"type":"string","description":"The vertical alignment for the widget. Valid values are `center`, `top`, `bottom`.","description_kind":"plain","optional":true}},"description":"The definition for a Note widget.","description_kind":"plain"},"max_items":1},"query_table_definition":{"nesting_mode":"list","block":{"attributes":{"has_search_bar":{"type":"string","description":"Controls the display of the search bar. Valid values are `always`, `never`, `auto`.","description_kind":"plain","optional":true},"live_span":{"type":"string","description":"The timeframe to use when displaying the widget. Valid values are `1m`, `5m`, `10m`, `15m`, `30m`, `1h`, `4h`, `1d`, `2d`, `1w`, `1mo`, `3mo`, `6mo`, `1y`, `alert`.","description_kind":"plain","optional":true},"title":{"type":"string","description":"The title of the widget.","description_kind":"plain","optional":true},"title_align":{"type":"string","description":"The alignment of the widget's title. Valid values are `center`, `left`, `right`.","description_kind":"plain","optional":true},"title_size":{"type":"string","description":"The size of the widget's title (defaults to 16).","description_kind":"plain","optional":true}},"block_types":{"custom_link":{"nesting_mode":"list","block":{"attributes":{"is_hidden":{"type":"bool","description":"The flag for toggling context menu link visibility.","description_kind":"plain","optional":true},"label":{"type":"string","description":"The label for the custom link URL.","description_kind":"plain","optional":true},"link":{"type":"string","description":"The URL of the custom link.","description_kind":"plain","optional":true},"override_label":{"type":"string","description":"The label ID that refers to a context menu link item. When `override_label` is provided, the client request omits the label field.","description_kind":"plain","optional":true}},"description":"A nested block describing a custom link. Multiple `custom_link` blocks are allowed using the structure below.","description_kind":"plain"}},"request":{"nesting_mode":"list","block":{"attributes":{"aggregator":{"type":"string","description":"The aggregator to use for time aggregation. Valid values are `avg`, `last`, `max`, `min`, `sum`, `percentile`.","description_kind":"plain","optional":true},"alias":{"type":"string","description":"The alias for the column name (defaults to metric name).","description_kind":"plain","optional":true},"cell_display_mode":{"type":["list","string"],"description":"A list of display modes for each table cell. List items one of `number`, `bar`. Valid values are `number`, `bar`.","description_kind":"plain","optional":true},"limit":{"type":"number","description":"The number of lines to show in the table.","description_kind":"plain","optional":true},"order":{"type":"string","description":"The sort order for the rows. Valid values are `asc`, `desc`.","description_kind":"plain","optional":true},"q":{"type":"string","description":"The metric query to use for this widget.","description_kind":"plain","optional":true}},"block_types":{"apm_query":{"nesting_mode":"list","block":{"attributes":{"index":{"type":"string","description":"The name of the index to query.","description_kind":"plain","required":true},"search_query":{"type":"string","description":"The search query to use.","description_kind":"plain","optional":true}},"block_types":{"compute_query":{"nesting_mode":"list","block":{"attributes":{"aggregation":{"type":"string","description":"The aggregation method.","description_kind":"plain","required":true},"facet":{"type":"string","description":"The facet name.","description_kind":"plain","optional":true},"interval":{"type":"number","description":"Define the time interval in seconds.","description_kind":"plain","optional":true}},"description":"`compute_query` or `multi_compute` is required. The map keys are listed below.","description_kind":"plain"},"max_items":1},"group_by":{"nesting_mode":"list","block":{"attributes":{"facet":{"type":"string","description":"The facet name.","description_kind":"plain","optional":true},"limit":{"type":"number","description":"The maximum number of items in the group.","description_kind":"plain","optional":true}},"block_types":{"sort_query":{"nesting_mode":"list","block":{"attributes":{"aggregation":{"type":"string","description":"The aggregation method.","description_kind":"plain","required":true},"facet":{"type":"string","description":"The facet name.","description_kind":"plain","optional":true},"order":{"type":"string","description":"Widget sorting methods. Valid values are `asc`, `desc`.","description_kind":"plain","required":true}},"description":"A list of exactly one element describing the sort query to use.","description_kind":"plain"},"max_items":1}},"description":"Multiple `group_by` blocks are allowed using the structure below.","description_kind":"plain"}},"multi_compute":{"nesting_mode":"list","block":{"attributes":{"aggregation":{"type":"string","description":"The aggregation method.","description_kind":"plain","required":true},"facet":{"type":"string","description":"The facet name.","description_kind":"plain","optional":true},"interval":{"type":"number","description":"Define the time interval in seconds.","description_kind":"plain","optional":true}},"description":"`compute_query` or `multi_compute` is required. Multiple `multi_compute` blocks are allowed using the structure below.","description_kind":"plain"}}},"description":"The query to use for this widget.","description_kind":"plain"},"max_items":1},"apm_stats_query":{"nesting_mode":"list","block":{"attributes":{"env":{"type":"string","description":"The environment name.","description_kind":"plain","required":true},"name":{"type":"string","description":"The operation name associated with the service.","description_kind":"plain","required":true},"primary_tag":{"type":"string","description":"The organization's host group name and value.","description_kind":"plain","required":true},"resource":{"type":"string","description":"The resource name.","description_kind":"plain","optional":true},"row_type":{"type":"string","description":"The level of detail for the request. Valid values are `service`, `resource`, `span`.","description_kind":"plain","required":true},"service":{"type":"string","description":"The service name.","description_kind":"plain","required":true}},"block_types":{"columns":{"nesting_mode":"list","block":{"attributes":{"alias":{"type":"string","description":"A user-assigned alias for the column.","description_kind":"plain","optional":true},"cell_display_mode":{"type":"string","description":"A list of display modes for each table cell. Valid values are `number`, `bar`.","description_kind":"plain","optional":true},"name":{"type":"string","description":"The column name.","description_kind":"plain","required":true},"order":{"type":"string","description":"Widget sorting methods. Valid values are `asc`, `desc`.","description_kind":"plain","optional":true}},"description":"Column properties used by the front end for display.","description_kind":"plain"}}},"description_kind":"plain"},"max_items":1},"conditional_formats":{"nesting_mode":"list","block":{"attributes":{"comparator":{"type":"string","description":"The comparator to use. Valid values are `\u003e`, `\u003e=`, `\u003c`, `\u003c=`.","description_kind":"plain","required":true},"custom_bg_color":{"type":"string","description":"The color palette to apply to the background, same values available as palette.","description_kind":"plain","optional":true},"custom_fg_color":{"type":"string","description":"The color palette to apply to the foreground, same values available as palette.","description_kind":"plain","optional":true},"hide_value":{"type":"bool","description":"Setting this to True hides values.","description_kind":"plain","optional":true},"image_url":{"type":"string","description":"Displays an image as the background.","description_kind":"plain","optional":true},"metric":{"type":"string","description":"The metric from the request to correlate with this conditional format.","description_kind":"plain","optional":true},"palette":{"type":"string","description":"The color palette to apply. Valid values are `blue`, `custom_bg`, `custom_image`, `custom_text`, `gray_on_white`, `grey`, `green`, `orange`, `red`, `red_on_white`, `white_on_gray`, `white_on_green`, `green_on_white`, `white_on_red`, `white_on_yellow`, `yellow_on_white`, `black_on_light_yellow`, `black_on_light_green`, `black_on_light_red`.","description_kind":"plain","required":true},"timeframe":{"type":"string","description":"Defines the displayed timeframe.","description_kind":"plain","optional":true},"value":{"type":"number","description":"A value for the comparator.","description_kind":"plain","required":true}},"description":"Conditional formats allow you to set the color of your widget content or background, depending on the rule applied to your data. Multiple `conditional_formats` blocks are allowed using the structure below.","description_kind":"plain"}},"formula":{"nesting_mode":"list","block":{"attributes":{"alias":{"type":"string","description":"An expression alias.","description_kind":"plain","optional":true},"cell_display_mode":{"type":"string","description":"A list of display modes for each table cell. Valid values are `number`, `bar`.","description_kind":"plain","optional":true},"formula_expression":{"type":"string","description":"A string expression built from queries, formulas, and functions.","description_kind":"plain","required":true}},"block_types":{"conditional_formats":{"nesting_mode":"list","block":{"attributes":{"comparator":{"type":"string","description":"The comparator to use. Valid values are `\u003e`, `\u003e=`, `\u003c`, `\u003c=`.","description_kind":"plain","required":true},"custom_bg_color":{"type":"string","description":"The color palette to apply to the background, same values available as palette.","description_kind":"plain","optional":true},"custom_fg_color":{"type":"string","description":"The color palette to apply to the foreground, same values available as palette.","description_kind":"plain","optional":true},"hide_value":{"type":"bool","description":"Setting this to True hides values.","description_kind":"plain","optional":true},"image_url":{"type":"string","description":"Displays an image as the background.","description_kind":"plain","optional":true},"metric":{"type":"string","description":"The metric from the request to correlate with this conditional format.","description_kind":"plain","optional":true},"palette":{"type":"string","description":"The color palette to apply. Valid values are `blue`, `custom_bg`, `custom_image`, `custom_text`, `gray_on_white`, `grey`, `green`, `orange`, `red`, `red_on_white`, `white_on_gray`, `white_on_green`, `green_on_white`, `white_on_red`, `white_on_yellow`, `yellow_on_white`, `black_on_light_yellow`, `black_on_light_green`, `black_on_light_red`.","description_kind":"plain","required":true},"timeframe":{"type":"string","description":"Defines the displayed timeframe.","description_kind":"plain","optional":true},"value":{"type":"number","description":"A value for the comparator.","description_kind":"plain","required":true}},"description":"Conditional formats allow you to set the color of your widget content or background depending on the rule applied to your data. Multiple `conditional_formats` blocks are allowed using the structure below.","description_kind":"plain"}},"limit":{"nesting_mode":"list","block":{"attributes":{"count":{"type":"number","description":"The number of results to return","description_kind":"plain","optional":true},"order":{"type":"string","description":"The direction of the sort. Valid values are `asc`, `desc`.","description_kind":"plain","optional":true}},"description":"The options for limiting results returned.","description_kind":"plain"},"max_items":1},"style":{"nesting_mode":"list","block":{"attributes":{"palette":{"type":"string","description":"The color palette used to display the formula. A guide to the available color palettes can be found at https://docs.datadoghq.com/dashboards/guide/widget_colors","description_kind":"plain","optional":true},"palette_index":{"type":"number","description":"Index specifying which color to use within the palette.","description_kind":"plain","optional":true}},"description":"Styling options for widget formulas.","description_kind":"plain"},"max_items":1}},"description_kind":"plain"}},"log_query":{"nesting_mode":"list","block":{"attributes":{"index":{"type":"string","description":"The name of the index to query.","description_kind":"plain","required":true},"search_query":{"type":"string","description":"The search query to use.","description_kind":"plain","optional":true}},"block_types":{"compute_query":{"nesting_mode":"list","block":{"attributes":{"aggregation":{"type":"string","description":"The aggregation method.","description_kind":"plain","required":true},"facet":{"type":"string","description":"The facet name.","description_kind":"plain","optional":true},"interval":{"type":"number","description":"Define the time interval in seconds.","description_kind":"plain","optional":true}},"description":"`compute_query` or `multi_compute` is required. The map keys are listed below.","description_kind":"plain"},"max_items":1},"group_by":{"nesting_mode":"list","block":{"attributes":{"facet":{"type":"string","description":"The facet name.","description_kind":"plain","optional":true},"limit":{"type":"number","description":"The maximum number of items in the group.","description_kind":"plain","optional":true}},"block_types":{"sort_query":{"nesting_mode":"list","block":{"attributes":{"aggregation":{"type":"string","description":"The aggregation method.","description_kind":"plain","required":true},"facet":{"type":"string","description":"The facet name.","description_kind":"plain","optional":true},"order":{"type":"string","description":"Widget sorting methods. Valid values are `asc`, `desc`.","description_kind":"plain","required":true}},"description":"A list of exactly one element describing the sort query to use.","description_kind":"plain"},"max_items":1}},"description":"Multiple `group_by` blocks are allowed using the structure below.","description_kind":"plain"}},"multi_compute":{"nesting_mode":"list","block":{"attributes":{"aggregation":{"type":"string","description":"The aggregation method.","description_kind":"plain","required":true},"facet":{"type":"string","description":"The facet name.","description_kind":"plain","optional":true},"interval":{"type":"number","description":"Define the time interval in seconds.","description_kind":"plain","optional":true}},"description":"`compute_query` or `multi_compute` is required. Multiple `multi_compute` blocks are allowed using the structure below.","description_kind":"plain"}}},"description":"The query to use for this widget.","description_kind":"plain"},"max_items":1},"process_query":{"nesting_mode":"list","block":{"attributes":{"filter_by":{"type":["list","string"],"description":"A list of processes.","description_kind":"plain","optional":true},"limit":{"type":"number","description":"The max number of items in the filter list.","description_kind":"plain","optional":true},"metric":{"type":"string","description":"Your chosen metric.","description_kind":"plain","required":true},"search_by":{"type":"string","description":"Your chosen search term.","description_kind":"plain","optional":true}},"description":"The process query to use in the widget. The structure of this block is described below.","description_kind":"plain"},"max_items":1},"query":{"nesting_mode":"list","block":{"block_types":{"apm_dependency_stats_query":{"nesting_mode":"list","block":{"attributes":{"data_source":{"type":"string","description":"The data source for APM Dependency Stats queries. Valid values are `apm_dependency_stats`.","description_kind":"plain","required":true},"env":{"type":"string","description":"APM Environment.","description_kind":"plain","required":true},"is_upstream":{"type":"bool","description":"Determines whether stats for upstream or downstream dependencies should be queried.","description_kind":"plain","optional":true},"name":{"type":"string","description":"The name of query for use in formulas.","description_kind":"plain","required":true},"operation_name":{"type":"string","description":"Name of operation on service.","description_kind":"plain","required":true},"primary_tag_name":{"type":"string","description":"The name of the second primary tag used within APM; required when `primary_tag_value` is specified. See https://docs.datadoghq.com/tracing/guide/setting_primary_tags_to_scope/#add-a-second-primary-tag-in-datadog.","description_kind":"plain","optional":true},"primary_tag_value":{"type":"string","description":"Filter APM data by the second primary tag. `primary_tag_name` must also be specified.","description_kind":"plain","optional":true},"resource_name":{"type":"string","description":"APM resource.","description_kind":"plain","required":true},"service":{"type":"string","description":"APM service.","description_kind":"plain","required":true},"stat":{"type":"string","description":"APM statistic. Valid values are `avg_duration`, `avg_root_duration`, `avg_spans_per_trace`, `error_rate`, `pct_exec_time`, `pct_of_traces`, `total_traces_count`.","description_kind":"plain","required":true}},"description":"The APM Dependency Stats query using formulas and functions.","description_kind":"plain"},"max_items":1},"apm_resource_stats_query":{"nesting_mode":"list","block":{"attributes":{"data_source":{"type":"string","description":"The data source for APM Resource Stats queries. Valid values are `apm_resource_stats`.","description_kind":"plain","required":true},"env":{"type":"string","description":"APM Environment.","description_kind":"plain","required":true},"group_by":{"type":["list","string"],"description":"Array of fields to group results by.","description_kind":"plain","optional":true},"name":{"type":"string","description":"The name of query for use in formulas.","description_kind":"plain","required":true},"operation_name":{"type":"string","description":"Name of operation on service.","description_kind":"plain","optional":true},"primary_tag_name":{"type":"string","description":"The name of the second primary tag used within APM; required when `primary_tag_value` is specified. See https://docs.datadoghq.com/tracing/guide/setting_primary_tags_to_scope/#add-a-second-primary-tag-in-datadog.","description_kind":"plain","optional":true},"primary_tag_value":{"type":"string","description":"Filter APM data by the second primary tag. `primary_tag_name` must also be specified.","description_kind":"plain","optional":true},"resource_name":{"type":"string","description":"APM resource.","description_kind":"plain","optional":true},"service":{"type":"string","description":"APM service.","description_kind":"plain","required":true},"stat":{"type":"string","description":"APM statistic. Valid values are `errors`, `error_rate`, `hits`, `latency_avg`, `latency_distribution`, `latency_max`, `latency_p50`, `latency_p75`, `latency_p90`, `latency_p95`, `latency_p99`.","description_kind":"plain","required":true}},"description":"The APM Resource Stats query using formulas and functions.","description_kind":"plain"},"max_items":1},"event_query":{"nesting_mode":"list","block":{"attributes":{"data_source":{"type":"string","description":"The data source for event platform-based queries. Valid values are `logs`, `spans`, `network`, `rum`, `security_signals`, `profiles`, `audit`, `events`, `ci_tests`, `ci_pipelines`.","description_kind":"plain","required":true},"indexes":{"type":["list","string"],"description":"An array of index names to query in the stream.","description_kind":"plain","optional":true},"name":{"type":"string","description":"The name of query for use in formulas.","description_kind":"plain","required":true},"storage":{"type":"string","description":"Storage location (private beta).","description_kind":"plain","optional":true}},"block_types":{"compute":{"nesting_mode":"list","block":{"attributes":{"aggregation":{"type":"string","description":"The aggregation methods for event platform queries. Valid values are `count`, `cardinality`, `median`, `pc75`, `pc90`, `pc95`, `pc98`, `pc99`, `sum`, `min`, `max`, `avg`.","description_kind":"plain","required":true},"interval":{"type":"number","description":"A time interval in milliseconds.","description_kind":"plain","optional":true},"metric":{"type":"string","description":"The measurable attribute to compute.","description_kind":"plain","optional":true}},"description":"The compute options.","description_kind":"plain"},"min_items":1},"group_by":{"nesting_mode":"list","block":{"attributes":{"facet":{"type":"string","description":"The event facet.","description_kind":"plain","required":true},"limit":{"type":"number","description":"The number of groups to return.","description_kind":"plain","optional":true}},"block_types":{"sort":{"nesting_mode":"list","block":{"attributes":{"aggregation":{"type":"string","description":"The aggregation methods for the event platform queries. Valid values are `count`, `cardinality`, `median`, `pc75`, `pc90`, `pc95`, `pc98`, `pc99`, `sum`, `min`, `max`, `avg`.","description_kind":"plain","required":true},"metric":{"type":"string","description":"The metric used for sorting group by results.","description_kind":"plain","optional":true},"order":{"type":"string","description":"Direction of sort. Valid values are `asc`, `desc`.","description_kind":"plain","optional":true}},"description":"The options for sorting group by results.","description_kind":"plain"},"max_items":1}},"description":"Group by options.","description_kind":"plain"}},"search":{"nesting_mode":"list","block":{"attributes":{"query":{"type":"string","description":"The events search string.","description_kind":"plain","required":true}},"description":"The search options.","description_kind":"plain"},"max_items":1}},"description":"A timeseries formula and functions events query.","description_kind":"plain"},"max_items":1},"metric_query":{"nesting_mode":"list","block":{"attributes":{"aggregator":{"type":"string","description":"The aggregation methods available for metrics queries. Valid values are `avg`, `min`, `max`, `sum`, `last`, `area`, `l2norm`, `percentile`.","description_kind":"plain","optional":true},"data_source":{"type":"string","description":"The data source for metrics queries.","description_kind":"plain","optional":true},"name":{"type":"string","description":"The name of the query for use in formulas.","description_kind":"plain","required":true},"query":{"type":"string","description":"The metrics query definition.","description_kind":"plain","required":true}},"description":"A timeseries formula and functions metrics query.","description_kind":"plain"},"max_items":1},"process_query":{"nesting_mode":"list","block":{"attributes":{"aggregator":{"type":"string","description":"The aggregation methods available for metrics queries. Valid values are `avg`, `min`, `max`, `sum`, `last`, `area`, `l2norm`, `percentile`.","description_kind":"plain","optional":true},"data_source":{"type":"string","description":"The data source for process queries. Valid values are `process`, `container`.","description_kind":"plain","required":true},"is_normalized_cpu":{"type":"bool","description":"Whether to normalize the CPU percentages.","description_kind":"plain","optional":true},"limit":{"type":"number","description":"The number of hits to return.","description_kind":"plain","optional":true},"metric":{"type":"string","description":"The process metric name.","description_kind":"plain","required":true},"name":{"type":"string","description":"The name of query for use in formulas.","description_kind":"plain","required":true},"sort":{"type":"string","description":"The direction of the sort. Valid values are `asc`, `desc`.","description_kind":"plain","optional":true},"tag_filters":{"type":["list","string"],"description":"An array of tags to filter by.","description_kind":"plain","optional":true},"text_filter":{"type":"string","description":"The text to use as a filter.","description_kind":"plain","optional":true}},"description":"The process query using formulas and functions.","description_kind":"plain"},"max_items":1}},"description_kind":"plain"}},"rum_query":{"nesting_mode":"list","block":{"attributes":{"index":{"type":"string","description":"The name of the index to query.","description_kind":"plain","required":true},"search_query":{"type":"string","description":"The search query to use.","description_kind":"plain","optional":true}},"block_types":{"compute_query":{"nesting_mode":"list","block":{"attributes":{"aggregation":{"type":"string","description":"The aggregation method.","description_kind":"plain","required":true},"facet":{"type":"string","description":"The facet name.","description_kind":"plain","optional":true},"interval":{"type":"number","description":"Define the time interval in seconds.","description_kind":"plain","optional":true}},"description":"`compute_query` or `multi_compute` is required. The map keys are listed below.","description_kind":"plain"},"max_items":1},"group_by":{"nesting_mode":"list","block":{"attributes":{"facet":{"type":"string","description":"The facet name.","description_kind":"plain","optional":true},"limit":{"type":"number","description":"The maximum number of items in the group.","description_kind":"plain","optional":true}},"block_types":{"sort_query":{"nesting_mode":"list","block":{"attributes":{"aggregation":{"type":"string","description":"The aggregation method.","description_kind":"plain","required":true},"facet":{"type":"string","description":"The facet name.","description_kind":"plain","optional":true},"order":{"type":"string","description":"Widget sorting methods. Valid values are `asc`, `desc`.","description_kind":"plain","required":true}},"description":"A list of exactly one element describing the sort query to use.","description_kind":"plain"},"max_items":1}},"description":"Multiple `group_by` blocks are allowed using the structure below.","description_kind":"plain"}},"multi_compute":{"nesting_mode":"list","block":{"attributes":{"aggregation":{"type":"string","description":"The aggregation method.","description_kind":"plain","required":true},"facet":{"type":"string","description":"The facet name.","description_kind":"plain","optional":true},"interval":{"type":"number","description":"Define the time interval in seconds.","description_kind":"plain","optional":true}},"description":"`compute_query` or `multi_compute` is required. Multiple `multi_compute` blocks are allowed using the structure below.","description_kind":"plain"}}},"description":"The query to use for this widget.","description_kind":"plain"},"max_items":1},"security_query":{"nesting_mode":"list","block":{"attributes":{"index":{"type":"string","description":"The name of the index to query.","description_kind":"plain","required":true},"search_query":{"type":"string","description":"The search query to use.","description_kind":"plain","optional":true}},"block_types":{"compute_query":{"nesting_mode":"list","block":{"attributes":{"aggregation":{"type":"string","description":"The aggregation method.","description_kind":"plain","required":true},"facet":{"type":"string","description":"The facet name.","description_kind":"plain","optional":true},"interval":{"type":"number","description":"Define the time interval in seconds.","description_kind":"plain","optional":true}},"description":"`compute_query` or `multi_compute` is required. The map keys are listed below.","description_kind":"plain"},"max_items":1},"group_by":{"nesting_mode":"list","block":{"attributes":{"facet":{"type":"string","description":"The facet name.","description_kind":"plain","optional":true},"limit":{"type":"number","description":"The maximum number of items in the group.","description_kind":"plain","optional":true}},"block_types":{"sort_query":{"nesting_mode":"list","block":{"attributes":{"aggregation":{"type":"string","description":"The aggregation method.","description_kind":"plain","required":true},"facet":{"type":"string","description":"The facet name.","description_kind":"plain","optional":true},"order":{"type":"string","description":"Widget sorting methods. Valid values are `asc`, `desc`.","description_kind":"plain","required":true}},"description":"A list of exactly one element describing the sort query to use.","description_kind":"plain"},"max_items":1}},"description":"Multiple `group_by` blocks are allowed using the structure below.","description_kind":"plain"}},"multi_compute":{"nesting_mode":"list","block":{"attributes":{"aggregation":{"type":"string","description":"The aggregation method.","description_kind":"plain","required":true},"facet":{"type":"string","description":"The facet name.","description_kind":"plain","optional":true},"interval":{"type":"number","description":"Define the time interval in seconds.","description_kind":"plain","optional":true}},"description":"`compute_query` or `multi_compute` is required. Multiple `multi_compute` blocks are allowed using the structure below.","description_kind":"plain"}}},"description":"The query to use for this widget.","description_kind":"plain"},"max_items":1}},"description":"A nested block describing the request to use when displaying the widget. Multiple `request` blocks are allowed using the structure below (exactly one of `q`, `apm_query`, `log_query`, `rum_query`, `security_query`, `apm_stats_query` or `process_query` is required within the `request` block).","description_kind":"plain"}}},"description":"The definition for a Query Table widget.","description_kind":"plain"},"max_items":1},"query_value_definition":{"nesting_mode":"list","block":{"attributes":{"autoscale":{"type":"bool","description":"A Boolean indicating whether to automatically scale the tile.","description_kind":"plain","optional":true},"custom_unit":{"type":"string","description":"The unit for the value displayed in the widget.","description_kind":"plain","optional":true},"live_span":{"type":"string","description":"The timeframe to use when displaying the widget. Valid values are `1m`, `5m`, `10m`, `15m`, `30m`, `1h`, `4h`, `1d`, `2d`, `1w`, `1mo`, `3mo`, `6mo`, `1y`, `alert`.","description_kind":"plain","optional":true},"precision":{"type":"number","description":"The precision to use when displaying the tile.","description_kind":"plain","optional":true},"text_align":{"type":"string","description":"The alignment of the widget's text. Valid values are `center`, `left`, `right`.","description_kind":"plain","optional":true},"title":{"type":"string","description":"The title of the widget.","description_kind":"plain","optional":true},"title_align":{"type":"string","description":"The alignment of the widget's title. Valid values are `center`, `left`, `right`.","description_kind":"plain","optional":true},"title_size":{"type":"string","description":"The size of the widget's title (defaults to 16).","description_kind":"plain","optional":true}},"block_types":{"custom_link":{"nesting_mode":"list","block":{"attributes":{"is_hidden":{"type":"bool","description":"The flag for toggling context menu link visibility.","description_kind":"plain","optional":true},"label":{"type":"string","description":"The label for the custom link URL.","description_kind":"plain","optional":true},"link":{"type":"string","description":"The URL of the custom link.","description_kind":"plain","optional":true},"override_label":{"type":"string","description":"The label ID that refers to a context menu link item. When `override_label` is provided, the client request omits the label field.","description_kind":"plain","optional":true}},"description":"A nested block describing a custom link. Multiple `custom_link` blocks are allowed using the structure below.","description_kind":"plain"}},"request":{"nesting_mode":"list","block":{"attributes":{"aggregator":{"type":"string","description":"The aggregator to use for time aggregation. Valid values are `avg`, `last`, `max`, `min`, `sum`, `percentile`.","description_kind":"plain","optional":true},"q":{"type":"string","description":"The metric query to use for this widget.","description_kind":"plain","optional":true}},"block_types":{"apm_query":{"nesting_mode":"list","block":{"attributes":{"index":{"type":"string","description":"The name of the index to query.","description_kind":"plain","required":true},"search_query":{"type":"string","description":"The search query to use.","description_kind":"plain","optional":true}},"block_types":{"compute_query":{"nesting_mode":"list","block":{"attributes":{"aggregation":{"type":"string","description":"The aggregation method.","description_kind":"plain","required":true},"facet":{"type":"string","description":"The facet name.","description_kind":"plain","optional":true},"interval":{"type":"number","description":"Define the time interval in seconds.","description_kind":"plain","optional":true}},"description":"`compute_query` or `multi_compute` is required. The map keys are listed below.","description_kind":"plain"},"max_items":1},"group_by":{"nesting_mode":"list","block":{"attributes":{"facet":{"type":"string","description":"The facet name.","description_kind":"plain","optional":true},"limit":{"type":"number","description":"The maximum number of items in the group.","description_kind":"plain","optional":true}},"block_types":{"sort_query":{"nesting_mode":"list","block":{"attributes":{"aggregation":{"type":"string","description":"The aggregation method.","description_kind":"plain","required":true},"facet":{"type":"string","description":"The facet name.","description_kind":"plain","optional":true},"order":{"type":"string","description":"Widget sorting methods. Valid values are `asc`, `desc`.","description_kind":"plain","required":true}},"description":"A list of exactly one element describing the sort query to use.","description_kind":"plain"},"max_items":1}},"description":"Multiple `group_by` blocks are allowed using the structure below.","description_kind":"plain"}},"multi_compute":{"nesting_mode":"list","block":{"attributes":{"aggregation":{"type":"string","description":"The aggregation method.","description_kind":"plain","required":true},"facet":{"type":"string","description":"The facet name.","description_kind":"plain","optional":true},"interval":{"type":"number","description":"Define the time interval in seconds.","description_kind":"plain","optional":true}},"description":"`compute_query` or `multi_compute` is required. Multiple `multi_compute` blocks are allowed using the structure below.","description_kind":"plain"}}},"description":"The query to use for this widget.","description_kind":"plain"},"max_items":1},"audit_query":{"nesting_mode":"list","block":{"attributes":{"index":{"type":"string","description":"The name of the index to query.","description_kind":"plain","required":true},"search_query":{"type":"string","description":"The search query to use.","description_kind":"plain","optional":true}},"block_types":{"compute_query":{"nesting_mode":"list","block":{"attributes":{"aggregation":{"type":"string","description":"The aggregation method.","description_kind":"plain","required":true},"facet":{"type":"string","description":"The facet name.","description_kind":"plain","optional":true},"interval":{"type":"number","description":"Define the time interval in seconds.","description_kind":"plain","optional":true}},"description":"`compute_query` or `multi_compute` is required. The map keys are listed below.","description_kind":"plain"},"max_items":1},"group_by":{"nesting_mode":"list","block":{"attributes":{"facet":{"type":"string","description":"The facet name.","description_kind":"plain","optional":true},"limit":{"type":"number","description":"The maximum number of items in the group.","description_kind":"plain","optional":true}},"block_types":{"sort_query":{"nesting_mode":"list","block":{"attributes":{"aggregation":{"type":"string","description":"The aggregation method.","description_kind":"plain","required":true},"facet":{"type":"string","description":"The facet name.","description_kind":"plain","optional":true},"order":{"type":"string","description":"Widget sorting methods. Valid values are `asc`, `desc`.","description_kind":"plain","required":true}},"description":"A list of exactly one element describing the sort query to use.","description_kind":"plain"},"max_items":1}},"description":"Multiple `group_by` blocks are allowed using the structure below.","description_kind":"plain"}},"multi_compute":{"nesting_mode":"list","block":{"attributes":{"aggregation":{"type":"string","description":"The aggregation method.","description_kind":"plain","required":true},"facet":{"type":"string","description":"The facet name.","description_kind":"plain","optional":true},"interval":{"type":"number","description":"Define the time interval in seconds.","description_kind":"plain","optional":true}},"description":"`compute_query` or `multi_compute` is required. Multiple `multi_compute` blocks are allowed using the structure below.","description_kind":"plain"}}},"description":"The query to use for this widget.","description_kind":"plain"},"max_items":1},"conditional_formats":{"nesting_mode":"list","block":{"attributes":{"comparator":{"type":"string","description":"The comparator to use. Valid values are `\u003e`, `\u003e=`, `\u003c`, `\u003c=`.","description_kind":"plain","required":true},"custom_bg_color":{"type":"string","description":"The color palette to apply to the background, same values available as palette.","description_kind":"plain","optional":true},"custom_fg_color":{"type":"string","description":"The color palette to apply to the foreground, same values available as palette.","description_kind":"plain","optional":true},"hide_value":{"type":"bool","description":"Setting this to True hides values.","description_kind":"plain","optional":true},"image_url":{"type":"string","description":"Displays an image as the background.","description_kind":"plain","optional":true},"metric":{"type":"string","description":"The metric from the request to correlate with this conditional format.","description_kind":"plain","optional":true},"palette":{"type":"string","description":"The color palette to apply. Valid values are `blue`, `custom_bg`, `custom_image`, `custom_text`, `gray_on_white`, `grey`, `green`, `orange`, `red`, `red_on_white`, `white_on_gray`, `white_on_green`, `green_on_white`, `white_on_red`, `white_on_yellow`, `yellow_on_white`, `black_on_light_yellow`, `black_on_light_green`, `black_on_light_red`.","description_kind":"plain","required":true},"timeframe":{"type":"string","description":"Defines the displayed timeframe.","description_kind":"plain","optional":true},"value":{"type":"number","description":"A value for the comparator.","description_kind":"plain","required":true}},"description":"Conditional formats allow you to set the color of your widget content or background depending on the rule applied to your data. Multiple `conditional_formats` blocks are allowed using the structure below.","description_kind":"plain"}},"formula":{"nesting_mode":"list","block":{"attributes":{"alias":{"type":"string","description":"An expression alias.","description_kind":"plain","optional":true},"cell_display_mode":{"type":"string","description":"A list of display modes for each table cell. Valid values are `number`, `bar`.","description_kind":"plain","optional":true},"formula_expression":{"type":"string","description":"A string expression built from queries, formulas, and functions.","description_kind":"plain","required":true}},"block_types":{"conditional_formats":{"nesting_mode":"list","block":{"attributes":{"comparator":{"type":"string","description":"The comparator to use. Valid values are `\u003e`, `\u003e=`, `\u003c`, `\u003c=`.","description_kind":"plain","required":true},"custom_bg_color":{"type":"string","description":"The color palette to apply to the background, same values available as palette.","description_kind":"plain","optional":true},"custom_fg_color":{"type":"string","description":"The color palette to apply to the foreground, same values available as palette.","description_kind":"plain","optional":true},"hide_value":{"type":"bool","description":"Setting this to True hides values.","description_kind":"plain","optional":true},"image_url":{"type":"string","description":"Displays an image as the background.","description_kind":"plain","optional":true},"metric":{"type":"string","description":"The metric from the request to correlate with this conditional format.","description_kind":"plain","optional":true},"palette":{"type":"string","description":"The color palette to apply. Valid values are `blue`, `custom_bg`, `custom_image`, `custom_text`, `gray_on_white`, `grey`, `green`, `orange`, `red`, `red_on_white`, `white_on_gray`, `white_on_green`, `green_on_white`, `white_on_red`, `white_on_yellow`, `yellow_on_white`, `black_on_light_yellow`, `black_on_light_green`, `black_on_light_red`.","description_kind":"plain","required":true},"timeframe":{"type":"string","description":"Defines the displayed timeframe.","description_kind":"plain","optional":true},"value":{"type":"number","description":"A value for the comparator.","description_kind":"plain","required":true}},"description":"Conditional formats allow you to set the color of your widget content or background depending on the rule applied to your data. Multiple `conditional_formats` blocks are allowed using the structure below.","description_kind":"plain"}},"limit":{"nesting_mode":"list","block":{"attributes":{"count":{"type":"number","description":"The number of results to return","description_kind":"plain","optional":true},"order":{"type":"string","description":"The direction of the sort. Valid values are `asc`, `desc`.","description_kind":"plain","optional":true}},"description":"The options for limiting results returned.","description_kind":"plain"},"max_items":1},"style":{"nesting_mode":"list","block":{"attributes":{"palette":{"type":"string","description":"The color palette used to display the formula. A guide to the available color palettes can be found at https://docs.datadoghq.com/dashboards/guide/widget_colors","description_kind":"plain","optional":true},"palette_index":{"type":"number","description":"Index specifying which color to use within the palette.","description_kind":"plain","optional":true}},"description":"Styling options for widget formulas.","description_kind":"plain"},"max_items":1}},"description_kind":"plain"}},"log_query":{"nesting_mode":"list","block":{"attributes":{"index":{"type":"string","description":"The name of the index to query.","description_kind":"plain","required":true},"search_query":{"type":"string","description":"The search query to use.","description_kind":"plain","optional":true}},"block_types":{"compute_query":{"nesting_mode":"list","block":{"attributes":{"aggregation":{"type":"string","description":"The aggregation method.","description_kind":"plain","required":true},"facet":{"type":"string","description":"The facet name.","description_kind":"plain","optional":true},"interval":{"type":"number","description":"Define the time interval in seconds.","description_kind":"plain","optional":true}},"description":"`compute_query` or `multi_compute` is required. The map keys are listed below.","description_kind":"plain"},"max_items":1},"group_by":{"nesting_mode":"list","block":{"attributes":{"facet":{"type":"string","description":"The facet name.","description_kind":"plain","optional":true},"limit":{"type":"number","description":"The maximum number of items in the group.","description_kind":"plain","optional":true}},"block_types":{"sort_query":{"nesting_mode":"list","block":{"attributes":{"aggregation":{"type":"string","description":"The aggregation method.","description_kind":"plain","required":true},"facet":{"type":"string","description":"The facet name.","description_kind":"plain","optional":true},"order":{"type":"string","description":"Widget sorting methods. Valid values are `asc`, `desc`.","description_kind":"plain","required":true}},"description":"A list of exactly one element describing the sort query to use.","description_kind":"plain"},"max_items":1}},"description":"Multiple `group_by` blocks are allowed using the structure below.","description_kind":"plain"}},"multi_compute":{"nesting_mode":"list","block":{"attributes":{"aggregation":{"type":"string","description":"The aggregation method.","description_kind":"plain","required":true},"facet":{"type":"string","description":"The facet name.","description_kind":"plain","optional":true},"interval":{"type":"number","description":"Define the time interval in seconds.","description_kind":"plain","optional":true}},"description":"`compute_query` or `multi_compute` is required. Multiple `multi_compute` blocks are allowed using the structure below.","description_kind":"plain"}}},"description":"The query to use for this widget.","description_kind":"plain"},"max_items":1},"process_query":{"nesting_mode":"list","block":{"attributes":{"filter_by":{"type":["list","string"],"description":"A list of processes.","description_kind":"plain","optional":true},"limit":{"type":"number","description":"The max number of items in the filter list.","description_kind":"plain","optional":true},"metric":{"type":"string","description":"Your chosen metric.","description_kind":"plain","required":true},"search_by":{"type":"string","description":"Your chosen search term.","description_kind":"plain","optional":true}},"description":"The process query to use in the widget. The structure of this block is described below.","description_kind":"plain"},"max_items":1},"query":{"nesting_mode":"list","block":{"block_types":{"apm_dependency_stats_query":{"nesting_mode":"list","block":{"attributes":{"data_source":{"type":"string","description":"The data source for APM Dependency Stats queries. Valid values are `apm_dependency_stats`.","description_kind":"plain","required":true},"env":{"type":"string","description":"APM Environment.","description_kind":"plain","required":true},"is_upstream":{"type":"bool","description":"Determines whether stats for upstream or downstream dependencies should be queried.","description_kind":"plain","optional":true},"name":{"type":"string","description":"The name of query for use in formulas.","description_kind":"plain","required":true},"operation_name":{"type":"string","description":"Name of operation on service.","description_kind":"plain","required":true},"primary_tag_name":{"type":"string","description":"The name of the second primary tag used within APM; required when `primary_tag_value` is specified. See https://docs.datadoghq.com/tracing/guide/setting_primary_tags_to_scope/#add-a-second-primary-tag-in-datadog.","description_kind":"plain","optional":true},"primary_tag_value":{"type":"string","description":"Filter APM data by the second primary tag. `primary_tag_name` must also be specified.","description_kind":"plain","optional":true},"resource_name":{"type":"string","description":"APM resource.","description_kind":"plain","required":true},"service":{"type":"string","description":"APM service.","description_kind":"plain","required":true},"stat":{"type":"string","description":"APM statistic. Valid values are `avg_duration`, `avg_root_duration`, `avg_spans_per_trace`, `error_rate`, `pct_exec_time`, `pct_of_traces`, `total_traces_count`.","description_kind":"plain","required":true}},"description":"The APM Dependency Stats query using formulas and functions.","description_kind":"plain"},"max_items":1},"apm_resource_stats_query":{"nesting_mode":"list","block":{"attributes":{"data_source":{"type":"string","description":"The data source for APM Resource Stats queries. Valid values are `apm_resource_stats`.","description_kind":"plain","required":true},"env":{"type":"string","description":"APM Environment.","description_kind":"plain","required":true},"group_by":{"type":["list","string"],"description":"Array of fields to group results by.","description_kind":"plain","optional":true},"name":{"type":"string","description":"The name of query for use in formulas.","description_kind":"plain","required":true},"operation_name":{"type":"string","description":"Name of operation on service.","description_kind":"plain","optional":true},"primary_tag_name":{"type":"string","description":"The name of the second primary tag used within APM; required when `primary_tag_value` is specified. See https://docs.datadoghq.com/tracing/guide/setting_primary_tags_to_scope/#add-a-second-primary-tag-in-datadog.","description_kind":"plain","optional":true},"primary_tag_value":{"type":"string","description":"Filter APM data by the second primary tag. `primary_tag_name` must also be specified.","description_kind":"plain","optional":true},"resource_name":{"type":"string","description":"APM resource.","description_kind":"plain","optional":true},"service":{"type":"string","description":"APM service.","description_kind":"plain","required":true},"stat":{"type":"string","description":"APM statistic. Valid values are `errors`, `error_rate`, `hits`, `latency_avg`, `latency_distribution`, `latency_max`, `latency_p50`, `latency_p75`, `latency_p90`, `latency_p95`, `latency_p99`.","description_kind":"plain","required":true}},"description":"The APM Resource Stats query using formulas and functions.","description_kind":"plain"},"max_items":1},"event_query":{"nesting_mode":"list","block":{"attributes":{"data_source":{"type":"string","description":"The data source for event platform-based queries. Valid values are `logs`, `spans`, `network`, `rum`, `security_signals`, `profiles`, `audit`, `events`, `ci_tests`, `ci_pipelines`.","description_kind":"plain","required":true},"indexes":{"type":["list","string"],"description":"An array of index names to query in the stream.","description_kind":"plain","optional":true},"name":{"type":"string","description":"The name of query for use in formulas.","description_kind":"plain","required":true},"storage":{"type":"string","description":"Storage location (private beta).","description_kind":"plain","optional":true}},"block_types":{"compute":{"nesting_mode":"list","block":{"attributes":{"aggregation":{"type":"string","description":"The aggregation methods for event platform queries. Valid values are `count`, `cardinality`, `median`, `pc75`, `pc90`, `pc95`, `pc98`, `pc99`, `sum`, `min`, `max`, `avg`.","description_kind":"plain","required":true},"interval":{"type":"number","description":"A time interval in milliseconds.","description_kind":"plain","optional":true},"metric":{"type":"string","description":"The measurable attribute to compute.","description_kind":"plain","optional":true}},"description":"The compute options.","description_kind":"plain"},"min_items":1},"group_by":{"nesting_mode":"list","block":{"attributes":{"facet":{"type":"string","description":"The event facet.","description_kind":"plain","required":true},"limit":{"type":"number","description":"The number of groups to return.","description_kind":"plain","optional":true}},"block_types":{"sort":{"nesting_mode":"list","block":{"attributes":{"aggregation":{"type":"string","description":"The aggregation methods for the event platform queries. Valid values are `count`, `cardinality`, `median`, `pc75`, `pc90`, `pc95`, `pc98`, `pc99`, `sum`, `min`, `max`, `avg`.","description_kind":"plain","required":true},"metric":{"type":"string","description":"The metric used for sorting group by results.","description_kind":"plain","optional":true},"order":{"type":"string","description":"Direction of sort. Valid values are `asc`, `desc`.","description_kind":"plain","optional":true}},"description":"The options for sorting group by results.","description_kind":"plain"},"max_items":1}},"description":"Group by options.","description_kind":"plain"}},"search":{"nesting_mode":"list","block":{"attributes":{"query":{"type":"string","description":"The events search string.","description_kind":"plain","required":true}},"description":"The search options.","description_kind":"plain"},"max_items":1}},"description":"A timeseries formula and functions events query.","description_kind":"plain"},"max_items":1},"metric_query":{"nesting_mode":"list","block":{"attributes":{"aggregator":{"type":"string","description":"The aggregation methods available for metrics queries. Valid values are `avg`, `min`, `max`, `sum`, `last`, `area`, `l2norm`, `percentile`.","description_kind":"plain","optional":true},"data_source":{"type":"string","description":"The data source for metrics queries.","description_kind":"plain","optional":true},"name":{"type":"string","description":"The name of the query for use in formulas.","description_kind":"plain","required":true},"query":{"type":"string","description":"The metrics query definition.","description_kind":"plain","required":true}},"description":"A timeseries formula and functions metrics query.","description_kind":"plain"},"max_items":1},"process_query":{"nesting_mode":"list","block":{"attributes":{"aggregator":{"type":"string","description":"The aggregation methods available for metrics queries. Valid values are `avg`, `min`, `max`, `sum`, `last`, `area`, `l2norm`, `percentile`.","description_kind":"plain","optional":true},"data_source":{"type":"string","description":"The data source for process queries. Valid values are `process`, `container`.","description_kind":"plain","required":true},"is_normalized_cpu":{"type":"bool","description":"Whether to normalize the CPU percentages.","description_kind":"plain","optional":true},"limit":{"type":"number","description":"The number of hits to return.","description_kind":"plain","optional":true},"metric":{"type":"string","description":"The process metric name.","description_kind":"plain","required":true},"name":{"type":"string","description":"The name of query for use in formulas.","description_kind":"plain","required":true},"sort":{"type":"string","description":"The direction of the sort. Valid values are `asc`, `desc`.","description_kind":"plain","optional":true},"tag_filters":{"type":["list","string"],"description":"An array of tags to filter by.","description_kind":"plain","optional":true},"text_filter":{"type":"string","description":"The text to use as a filter.","description_kind":"plain","optional":true}},"description":"The process query using formulas and functions.","description_kind":"plain"},"max_items":1}},"description_kind":"plain"}},"rum_query":{"nesting_mode":"list","block":{"attributes":{"index":{"type":"string","description":"The name of the index to query.","description_kind":"plain","required":true},"search_query":{"type":"string","description":"The search query to use.","description_kind":"plain","optional":true}},"block_types":{"compute_query":{"nesting_mode":"list","block":{"attributes":{"aggregation":{"type":"string","description":"The aggregation method.","description_kind":"plain","required":true},"facet":{"type":"string","description":"The facet name.","description_kind":"plain","optional":true},"interval":{"type":"number","description":"Define the time interval in seconds.","description_kind":"plain","optional":true}},"description":"`compute_query` or `multi_compute` is required. The map keys are listed below.","description_kind":"plain"},"max_items":1},"group_by":{"nesting_mode":"list","block":{"attributes":{"facet":{"type":"string","description":"The facet name.","description_kind":"plain","optional":true},"limit":{"type":"number","description":"The maximum number of items in the group.","description_kind":"plain","optional":true}},"block_types":{"sort_query":{"nesting_mode":"list","block":{"attributes":{"aggregation":{"type":"string","description":"The aggregation method.","description_kind":"plain","required":true},"facet":{"type":"string","description":"The facet name.","description_kind":"plain","optional":true},"order":{"type":"string","description":"Widget sorting methods. Valid values are `asc`, `desc`.","description_kind":"plain","required":true}},"description":"A list of exactly one element describing the sort query to use.","description_kind":"plain"},"max_items":1}},"description":"Multiple `group_by` blocks are allowed using the structure below.","description_kind":"plain"}},"multi_compute":{"nesting_mode":"list","block":{"attributes":{"aggregation":{"type":"string","description":"The aggregation method.","description_kind":"plain","required":true},"facet":{"type":"string","description":"The facet name.","description_kind":"plain","optional":true},"interval":{"type":"number","description":"Define the time interval in seconds.","description_kind":"plain","optional":true}},"description":"`compute_query` or `multi_compute` is required. Multiple `multi_compute` blocks are allowed using the structure below.","description_kind":"plain"}}},"description":"The query to use for this widget.","description_kind":"plain"},"max_items":1},"security_query":{"nesting_mode":"list","block":{"attributes":{"index":{"type":"string","description":"The name of the index to query.","description_kind":"plain","required":true},"search_query":{"type":"string","description":"The search query to use.","description_kind":"plain","optional":true}},"block_types":{"compute_query":{"nesting_mode":"list","block":{"attributes":{"aggregation":{"type":"string","description":"The aggregation method.","description_kind":"plain","required":true},"facet":{"type":"string","description":"The facet name.","description_kind":"plain","optional":true},"interval":{"type":"number","description":"Define the time interval in seconds.","description_kind":"plain","optional":true}},"description":"`compute_query` or `multi_compute` is required. The map keys are listed below.","description_kind":"plain"},"max_items":1},"group_by":{"nesting_mode":"list","block":{"attributes":{"facet":{"type":"string","description":"The facet name.","description_kind":"plain","optional":true},"limit":{"type":"number","description":"The maximum number of items in the group.","description_kind":"plain","optional":true}},"block_types":{"sort_query":{"nesting_mode":"list","block":{"attributes":{"aggregation":{"type":"string","description":"The aggregation method.","description_kind":"plain","required":true},"facet":{"type":"string","description":"The facet name.","description_kind":"plain","optional":true},"order":{"type":"string","description":"Widget sorting methods. Valid values are `asc`, `desc`.","description_kind":"plain","required":true}},"description":"A list of exactly one element describing the sort query to use.","description_kind":"plain"},"max_items":1}},"description":"Multiple `group_by` blocks are allowed using the structure below.","description_kind":"plain"}},"multi_compute":{"nesting_mode":"list","block":{"attributes":{"aggregation":{"type":"string","description":"The aggregation method.","description_kind":"plain","required":true},"facet":{"type":"string","description":"The facet name.","description_kind":"plain","optional":true},"interval":{"type":"number","description":"Define the time interval in seconds.","description_kind":"plain","optional":true}},"description":"`compute_query` or `multi_compute` is required. Multiple `multi_compute` blocks are allowed using the structure below.","description_kind":"plain"}}},"description":"The query to use for this widget.","description_kind":"plain"},"max_items":1}},"description":"A nested block describing the request to use when displaying the widget. Multiple `request` blocks are allowed using the structure below (exactly one of `q`, `apm_query`, `log_query`, `rum_query`, `security_query` or `process_query` is required within the `request` block).","description_kind":"plain"}},"timeseries_background":{"nesting_mode":"list","block":{"attributes":{"type":{"type":"string","description":"Whether the Timeseries is made using an area or bars. Valid values are `bars`, `area`.","description_kind":"plain","required":true}},"block_types":{"yaxis":{"nesting_mode":"list","block":{"attributes":{"include_zero":{"type":"bool","description":"Always include zero or fit the axis to the data range.","description_kind":"plain","optional":true},"label":{"type":"string","description":"The label of the axis to display on the graph.","description_kind":"plain","optional":true},"max":{"type":"string","description":"Specify the maximum value to show on the Y-axis.","description_kind":"plain","optional":true},"min":{"type":"string","description":"Specify the minimum value to show on the Y-axis.","description_kind":"plain","optional":true},"scale":{"type":"string","description":"Specify the scale type, options: `linear`, `log`, `pow`, `sqrt`.","description_kind":"plain","optional":true}},"description":"A nested block describing the Y-Axis Controls. Exactly one nested block is allowed using the structure below.","description_kind":"plain"},"max_items":1}},"description":"Set a timeseries on the widget background.","description_kind":"plain"},"max_items":1}},"description":"The definition for a Query Value widget.","description_kind":"plain"},"max_items":1},"run_workflow_definition":{"nesting_mode":"list","block":{"attributes":{"live_span":{"type":"string","description":"The timeframe to use when displaying the widget. Valid values are `1m`, `5m`, `10m`, `15m`, `30m`, `1h`, `4h`, `1d`, `2d`, `1w`, `1mo`, `3mo`, `6mo`, `1y`, `alert`.","description_kind":"plain","optional":true},"title":{"type":"string","description":"The title of the widget.","description_kind":"plain","optional":true},"title_align":{"type":"string","description":"The alignment of the widget's title. Valid values are `center`, `left`, `right`.","description_kind":"plain","optional":true},"title_size":{"type":"string","description":"The size of the widget's title (defaults to 16).","description_kind":"plain","optional":true},"workflow_id":{"type":"string","description":"Workflow ID","description_kind":"plain","required":true}},"block_types":{"custom_link":{"nesting_mode":"list","block":{"attributes":{"is_hidden":{"type":"bool","description":"The flag for toggling context menu link visibility.","description_kind":"plain","optional":true},"label":{"type":"string","description":"The label for the custom link URL.","description_kind":"plain","optional":true},"link":{"type":"string","description":"The URL of the custom link.","description_kind":"plain","optional":true},"override_label":{"type":"string","description":"The label ID that refers to a context menu link item. When `override_label` is provided, the client request omits the label field.","description_kind":"plain","optional":true}},"description":"A nested block describing a custom link. Multiple `custom_link` blocks are allowed using the structure below.","description_kind":"plain"}},"input":{"nesting_mode":"list","block":{"attributes":{"name":{"type":"string","description":"Name of the workflow input.","description_kind":"plain","required":true},"value":{"type":"string","description":"Dashboard template variable. Can be suffixed with `.value` or `.key`.","description_kind":"plain","required":true}},"description":"Array of workflow inputs to map to dashboard template variables.","description_kind":"plain"}}},"description":"The definition for a Run Workflow widget. **NOTE:** Currently in private beta. To request access, contact Support at support@datadoghq.com.","description_kind":"plain"},"max_items":1},"scatterplot_definition":{"nesting_mode":"list","block":{"attributes":{"color_by_groups":{"type":["list","string"],"description":"List of groups used for colors.","description_kind":"plain","optional":true},"live_span":{"type":"string","description":"The timeframe to use when displaying the widget. Valid values are `1m`, `5m`, `10m`, `15m`, `30m`, `1h`, `4h`, `1d`, `2d`, `1w`, `1mo`, `3mo`, `6mo`, `1y`, `alert`.","description_kind":"plain","optional":true},"title":{"type":"string","description":"The title of the widget.","description_kind":"plain","optional":true},"title_align":{"type":"string","description":"The alignment of the widget's title. Valid values are `center`, `left`, `right`.","description_kind":"plain","optional":true},"title_size":{"type":"string","description":"The size of the widget's title (defaults to 16).","description_kind":"plain","optional":true}},"block_types":{"custom_link":{"nesting_mode":"list","block":{"attributes":{"is_hidden":{"type":"bool","description":"The flag for toggling context menu link visibility.","description_kind":"plain","optional":true},"label":{"type":"string","description":"The label for the custom link URL.","description_kind":"plain","optional":true},"link":{"type":"string","description":"The URL of the custom link.","description_kind":"plain","optional":true},"override_label":{"type":"string","description":"The label ID that refers to a context menu link item. When `override_label` is provided, the client request omits the label field.","description_kind":"plain","optional":true}},"description":"A nested block describing a custom link. Multiple `custom_link` blocks are allowed using the structure below.","description_kind":"plain"}},"request":{"nesting_mode":"list","block":{"block_types":{"scatterplot_table":{"nesting_mode":"list","block":{"block_types":{"formula":{"nesting_mode":"list","block":{"attributes":{"alias":{"type":"string","description":"An expression alias.","description_kind":"plain","optional":true},"dimension":{"type":"string","description":"Dimension of the Scatterplot. Valid values are `x`, `y`, `radius`, `color`.","description_kind":"plain","required":true},"formula_expression":{"type":"string","description":"A string expression built from queries, formulas, and functions.","description_kind":"plain","required":true}},"description_kind":"plain"}},"query":{"nesting_mode":"list","block":{"block_types":{"apm_dependency_stats_query":{"nesting_mode":"list","block":{"attributes":{"data_source":{"type":"string","description":"The data source for APM Dependency Stats queries. Valid values are `apm_dependency_stats`.","description_kind":"plain","required":true},"env":{"type":"string","description":"APM Environment.","description_kind":"plain","required":true},"is_upstream":{"type":"bool","description":"Determines whether stats for upstream or downstream dependencies should be queried.","description_kind":"plain","optional":true},"name":{"type":"string","description":"The name of query for use in formulas.","description_kind":"plain","required":true},"operation_name":{"type":"string","description":"Name of operation on service.","description_kind":"plain","required":true},"primary_tag_name":{"type":"string","description":"The name of the second primary tag used within APM; required when `primary_tag_value` is specified. See https://docs.datadoghq.com/tracing/guide/setting_primary_tags_to_scope/#add-a-second-primary-tag-in-datadog.","description_kind":"plain","optional":true},"primary_tag_value":{"type":"string","description":"Filter APM data by the second primary tag. `primary_tag_name` must also be specified.","description_kind":"plain","optional":true},"resource_name":{"type":"string","description":"APM resource.","description_kind":"plain","required":true},"service":{"type":"string","description":"APM service.","description_kind":"plain","required":true},"stat":{"type":"string","description":"APM statistic. Valid values are `avg_duration`, `avg_root_duration`, `avg_spans_per_trace`, `error_rate`, `pct_exec_time`, `pct_of_traces`, `total_traces_count`.","description_kind":"plain","required":true}},"description":"The APM Dependency Stats query using formulas and functions.","description_kind":"plain"},"max_items":1},"apm_resource_stats_query":{"nesting_mode":"list","block":{"attributes":{"data_source":{"type":"string","description":"The data source for APM Resource Stats queries. Valid values are `apm_resource_stats`.","description_kind":"plain","required":true},"env":{"type":"string","description":"APM Environment.","description_kind":"plain","required":true},"group_by":{"type":["list","string"],"description":"Array of fields to group results by.","description_kind":"plain","optional":true},"name":{"type":"string","description":"The name of query for use in formulas.","description_kind":"plain","required":true},"operation_name":{"type":"string","description":"Name of operation on service.","description_kind":"plain","optional":true},"primary_tag_name":{"type":"string","description":"The name of the second primary tag used within APM; required when `primary_tag_value` is specified. See https://docs.datadoghq.com/tracing/guide/setting_primary_tags_to_scope/#add-a-second-primary-tag-in-datadog.","description_kind":"plain","optional":true},"primary_tag_value":{"type":"string","description":"Filter APM data by the second primary tag. `primary_tag_name` must also be specified.","description_kind":"plain","optional":true},"resource_name":{"type":"string","description":"APM resource.","description_kind":"plain","optional":true},"service":{"type":"string","description":"APM service.","description_kind":"plain","required":true},"stat":{"type":"string","description":"APM statistic. Valid values are `errors`, `error_rate`, `hits`, `latency_avg`, `latency_distribution`, `latency_max`, `latency_p50`, `latency_p75`, `latency_p90`, `latency_p95`, `latency_p99`.","description_kind":"plain","required":true}},"description":"The APM Resource Stats query using formulas and functions.","description_kind":"plain"},"max_items":1},"event_query":{"nesting_mode":"list","block":{"attributes":{"data_source":{"type":"string","description":"The data source for event platform-based queries. Valid values are `logs`, `spans`, `network`, `rum`, `security_signals`, `profiles`, `audit`, `events`, `ci_tests`, `ci_pipelines`.","description_kind":"plain","required":true},"indexes":{"type":["list","string"],"description":"An array of index names to query in the stream.","description_kind":"plain","optional":true},"name":{"type":"string","description":"The name of query for use in formulas.","description_kind":"plain","required":true},"storage":{"type":"string","description":"Storage location (private beta).","description_kind":"plain","optional":true}},"block_types":{"compute":{"nesting_mode":"list","block":{"attributes":{"aggregation":{"type":"string","description":"The aggregation methods for event platform queries. Valid values are `count`, `cardinality`, `median`, `pc75`, `pc90`, `pc95`, `pc98`, `pc99`, `sum`, `min`, `max`, `avg`.","description_kind":"plain","required":true},"interval":{"type":"number","description":"A time interval in milliseconds.","description_kind":"plain","optional":true},"metric":{"type":"string","description":"The measurable attribute to compute.","description_kind":"plain","optional":true}},"description":"The compute options.","description_kind":"plain"},"min_items":1},"group_by":{"nesting_mode":"list","block":{"attributes":{"facet":{"type":"string","description":"The event facet.","description_kind":"plain","required":true},"limit":{"type":"number","description":"The number of groups to return.","description_kind":"plain","optional":true}},"block_types":{"sort":{"nesting_mode":"list","block":{"attributes":{"aggregation":{"type":"string","description":"The aggregation methods for the event platform queries. Valid values are `count`, `cardinality`, `median`, `pc75`, `pc90`, `pc95`, `pc98`, `pc99`, `sum`, `min`, `max`, `avg`.","description_kind":"plain","required":true},"metric":{"type":"string","description":"The metric used for sorting group by results.","description_kind":"plain","optional":true},"order":{"type":"string","description":"Direction of sort. Valid values are `asc`, `desc`.","description_kind":"plain","optional":true}},"description":"The options for sorting group by results.","description_kind":"plain"},"max_items":1}},"description":"Group by options.","description_kind":"plain"}},"search":{"nesting_mode":"list","block":{"attributes":{"query":{"type":"string","description":"The events search string.","description_kind":"plain","required":true}},"description":"The search options.","description_kind":"plain"},"max_items":1}},"description":"A timeseries formula and functions events query.","description_kind":"plain"},"max_items":1},"metric_query":{"nesting_mode":"list","block":{"attributes":{"aggregator":{"type":"string","description":"The aggregation methods available for metrics queries. Valid values are `avg`, `min`, `max`, `sum`, `last`, `area`, `l2norm`, `percentile`.","description_kind":"plain","optional":true},"data_source":{"type":"string","description":"The data source for metrics queries.","description_kind":"plain","optional":true},"name":{"type":"string","description":"The name of the query for use in formulas.","description_kind":"plain","required":true},"query":{"type":"string","description":"The metrics query definition.","description_kind":"plain","required":true}},"description":"A timeseries formula and functions metrics query.","description_kind":"plain"},"max_items":1},"process_query":{"nesting_mode":"list","block":{"attributes":{"aggregator":{"type":"string","description":"The aggregation methods available for metrics queries. Valid values are `avg`, `min`, `max`, `sum`, `last`, `area`, `l2norm`, `percentile`.","description_kind":"plain","optional":true},"data_source":{"type":"string","description":"The data source for process queries. Valid values are `process`, `container`.","description_kind":"plain","required":true},"is_normalized_cpu":{"type":"bool","description":"Whether to normalize the CPU percentages.","description_kind":"plain","optional":true},"limit":{"type":"number","description":"The number of hits to return.","description_kind":"plain","optional":true},"metric":{"type":"string","description":"The process metric name.","description_kind":"plain","required":true},"name":{"type":"string","description":"The name of query for use in formulas.","description_kind":"plain","required":true},"sort":{"type":"string","description":"The direction of the sort. Valid values are `asc`, `desc`.","description_kind":"plain","optional":true},"tag_filters":{"type":["list","string"],"description":"An array of tags to filter by.","description_kind":"plain","optional":true},"text_filter":{"type":"string","description":"The text to use as a filter.","description_kind":"plain","optional":true}},"description":"The process query using formulas and functions.","description_kind":"plain"},"max_items":1}},"description_kind":"plain"}}},"description":"Scatterplot request containing formulas and functions.","description_kind":"plain"}},"x":{"nesting_mode":"list","block":{"attributes":{"aggregator":{"type":"string","description":"Aggregator used for the request. Valid values are `avg`, `last`, `max`, `min`, `sum`, `percentile`.","description_kind":"plain","optional":true},"q":{"type":"string","description":"The metric query to use for this widget.","description_kind":"plain","optional":true}},"block_types":{"apm_query":{"nesting_mode":"list","block":{"attributes":{"index":{"type":"string","description":"The name of the index to query.","description_kind":"plain","required":true},"search_query":{"type":"string","description":"The search query to use.","description_kind":"plain","optional":true}},"block_types":{"compute_query":{"nesting_mode":"list","block":{"attributes":{"aggregation":{"type":"string","description":"The aggregation method.","description_kind":"plain","required":true},"facet":{"type":"string","description":"The facet name.","description_kind":"plain","optional":true},"interval":{"type":"number","description":"Define the time interval in seconds.","description_kind":"plain","optional":true}},"description":"`compute_query` or `multi_compute` is required. The map keys are listed below.","description_kind":"plain"},"max_items":1},"group_by":{"nesting_mode":"list","block":{"attributes":{"facet":{"type":"string","description":"The facet name.","description_kind":"plain","optional":true},"limit":{"type":"number","description":"The maximum number of items in the group.","description_kind":"plain","optional":true}},"block_types":{"sort_query":{"nesting_mode":"list","block":{"attributes":{"aggregation":{"type":"string","description":"The aggregation method.","description_kind":"plain","required":true},"facet":{"type":"string","description":"The facet name.","description_kind":"plain","optional":true},"order":{"type":"string","description":"Widget sorting methods. Valid values are `asc`, `desc`.","description_kind":"plain","required":true}},"description":"A list of exactly one element describing the sort query to use.","description_kind":"plain"},"max_items":1}},"description":"Multiple `group_by` blocks are allowed using the structure below.","description_kind":"plain"}},"multi_compute":{"nesting_mode":"list","block":{"attributes":{"aggregation":{"type":"string","description":"The aggregation method.","description_kind":"plain","required":true},"facet":{"type":"string","description":"The facet name.","description_kind":"plain","optional":true},"interval":{"type":"number","description":"Define the time interval in seconds.","description_kind":"plain","optional":true}},"description":"`compute_query` or `multi_compute` is required. Multiple `multi_compute` blocks are allowed using the structure below.","description_kind":"plain"}}},"description":"The query to use for this widget.","description_kind":"plain"},"max_items":1},"log_query":{"nesting_mode":"list","block":{"attributes":{"index":{"type":"string","description":"The name of the index to query.","description_kind":"plain","required":true},"search_query":{"type":"string","description":"The search query to use.","description_kind":"plain","optional":true}},"block_types":{"compute_query":{"nesting_mode":"list","block":{"attributes":{"aggregation":{"type":"string","description":"The aggregation method.","description_kind":"plain","required":true},"facet":{"type":"string","description":"The facet name.","description_kind":"plain","optional":true},"interval":{"type":"number","description":"Define the time interval in seconds.","description_kind":"plain","optional":true}},"description":"`compute_query` or `multi_compute` is required. The map keys are listed below.","description_kind":"plain"},"max_items":1},"group_by":{"nesting_mode":"list","block":{"attributes":{"facet":{"type":"string","description":"The facet name.","description_kind":"plain","optional":true},"limit":{"type":"number","description":"The maximum number of items in the group.","description_kind":"plain","optional":true}},"block_types":{"sort_query":{"nesting_mode":"list","block":{"attributes":{"aggregation":{"type":"string","description":"The aggregation method.","description_kind":"plain","required":true},"facet":{"type":"string","description":"The facet name.","description_kind":"plain","optional":true},"order":{"type":"string","description":"Widget sorting methods. Valid values are `asc`, `desc`.","description_kind":"plain","required":true}},"description":"A list of exactly one element describing the sort query to use.","description_kind":"plain"},"max_items":1}},"description":"Multiple `group_by` blocks are allowed using the structure below.","description_kind":"plain"}},"multi_compute":{"nesting_mode":"list","block":{"attributes":{"aggregation":{"type":"string","description":"The aggregation method.","description_kind":"plain","required":true},"facet":{"type":"string","description":"The facet name.","description_kind":"plain","optional":true},"interval":{"type":"number","description":"Define the time interval in seconds.","description_kind":"plain","optional":true}},"description":"`compute_query` or `multi_compute` is required. Multiple `multi_compute` blocks are allowed using the structure below.","description_kind":"plain"}}},"description":"The query to use for this widget.","description_kind":"plain"},"max_items":1},"process_query":{"nesting_mode":"list","block":{"attributes":{"filter_by":{"type":["list","string"],"description":"A list of processes.","description_kind":"plain","optional":true},"limit":{"type":"number","description":"The max number of items in the filter list.","description_kind":"plain","optional":true},"metric":{"type":"string","description":"Your chosen metric.","description_kind":"plain","required":true},"search_by":{"type":"string","description":"Your chosen search term.","description_kind":"plain","optional":true}},"description":"The process query to use in the widget. The structure of this block is described below.","description_kind":"plain"},"max_items":1},"rum_query":{"nesting_mode":"list","block":{"attributes":{"index":{"type":"string","description":"The name of the index to query.","description_kind":"plain","required":true},"search_query":{"type":"string","description":"The search query to use.","description_kind":"plain","optional":true}},"block_types":{"compute_query":{"nesting_mode":"list","block":{"attributes":{"aggregation":{"type":"string","description":"The aggregation method.","description_kind":"plain","required":true},"facet":{"type":"string","description":"The facet name.","description_kind":"plain","optional":true},"interval":{"type":"number","description":"Define the time interval in seconds.","description_kind":"plain","optional":true}},"description":"`compute_query` or `multi_compute` is required. The map keys are listed below.","description_kind":"plain"},"max_items":1},"group_by":{"nesting_mode":"list","block":{"attributes":{"facet":{"type":"string","description":"The facet name.","description_kind":"plain","optional":true},"limit":{"type":"number","description":"The maximum number of items in the group.","description_kind":"plain","optional":true}},"block_types":{"sort_query":{"nesting_mode":"list","block":{"attributes":{"aggregation":{"type":"string","description":"The aggregation method.","description_kind":"plain","required":true},"facet":{"type":"string","description":"The facet name.","description_kind":"plain","optional":true},"order":{"type":"string","description":"Widget sorting methods. Valid values are `asc`, `desc`.","description_kind":"plain","required":true}},"description":"A list of exactly one element describing the sort query to use.","description_kind":"plain"},"max_items":1}},"description":"Multiple `group_by` blocks are allowed using the structure below.","description_kind":"plain"}},"multi_compute":{"nesting_mode":"list","block":{"attributes":{"aggregation":{"type":"string","description":"The aggregation method.","description_kind":"plain","required":true},"facet":{"type":"string","description":"The facet name.","description_kind":"plain","optional":true},"interval":{"type":"number","description":"Define the time interval in seconds.","description_kind":"plain","optional":true}},"description":"`compute_query` or `multi_compute` is required. Multiple `multi_compute` blocks are allowed using the structure below.","description_kind":"plain"}}},"description":"The query to use for this widget.","description_kind":"plain"},"max_items":1},"security_query":{"nesting_mode":"list","block":{"attributes":{"index":{"type":"string","description":"The name of the index to query.","description_kind":"plain","required":true},"search_query":{"type":"string","description":"The search query to use.","description_kind":"plain","optional":true}},"block_types":{"compute_query":{"nesting_mode":"list","block":{"attributes":{"aggregation":{"type":"string","description":"The aggregation method.","description_kind":"plain","required":true},"facet":{"type":"string","description":"The facet name.","description_kind":"plain","optional":true},"interval":{"type":"number","description":"Define the time interval in seconds.","description_kind":"plain","optional":true}},"description":"`compute_query` or `multi_compute` is required. The map keys are listed below.","description_kind":"plain"},"max_items":1},"group_by":{"nesting_mode":"list","block":{"attributes":{"facet":{"type":"string","description":"The facet name.","description_kind":"plain","optional":true},"limit":{"type":"number","description":"The maximum number of items in the group.","description_kind":"plain","optional":true}},"block_types":{"sort_query":{"nesting_mode":"list","block":{"attributes":{"aggregation":{"type":"string","description":"The aggregation method.","description_kind":"plain","required":true},"facet":{"type":"string","description":"The facet name.","description_kind":"plain","optional":true},"order":{"type":"string","description":"Widget sorting methods. Valid values are `asc`, `desc`.","description_kind":"plain","required":true}},"description":"A list of exactly one element describing the sort query to use.","description_kind":"plain"},"max_items":1}},"description":"Multiple `group_by` blocks are allowed using the structure below.","description_kind":"plain"}},"multi_compute":{"nesting_mode":"list","block":{"attributes":{"aggregation":{"type":"string","description":"The aggregation method.","description_kind":"plain","required":true},"facet":{"type":"string","description":"The facet name.","description_kind":"plain","optional":true},"interval":{"type":"number","description":"Define the time interval in seconds.","description_kind":"plain","optional":true}},"description":"`compute_query` or `multi_compute` is required. Multiple `multi_compute` blocks are allowed using the structure below.","description_kind":"plain"}}},"description":"The query to use for this widget.","description_kind":"plain"},"max_items":1}},"description":"The query used for the X-Axis. Exactly one nested block is allowed using the structure below (exactly one of `q`, `apm_query`, `log_query`, `rum_query`, `security_query`, `apm_stats_query` or `process_query` is required within the block).","description_kind":"plain"}},"y":{"nesting_mode":"list","block":{"attributes":{"aggregator":{"type":"string","description":"Aggregator used for the request. Valid values are `avg`, `last`, `max`, `min`, `sum`, `percentile`.","description_kind":"plain","optional":true},"q":{"type":"string","description":"The metric query to use for this widget.","description_kind":"plain","optional":true}},"block_types":{"apm_query":{"nesting_mode":"list","block":{"attributes":{"index":{"type":"string","description":"The name of the index to query.","description_kind":"plain","required":true},"search_query":{"type":"string","description":"The search query to use.","description_kind":"plain","optional":true}},"block_types":{"compute_query":{"nesting_mode":"list","block":{"attributes":{"aggregation":{"type":"string","description":"The aggregation method.","description_kind":"plain","required":true},"facet":{"type":"string","description":"The facet name.","description_kind":"plain","optional":true},"interval":{"type":"number","description":"Define the time interval in seconds.","description_kind":"plain","optional":true}},"description":"`compute_query` or `multi_compute` is required. The map keys are listed below.","description_kind":"plain"},"max_items":1},"group_by":{"nesting_mode":"list","block":{"attributes":{"facet":{"type":"string","description":"The facet name.","description_kind":"plain","optional":true},"limit":{"type":"number","description":"The maximum number of items in the group.","description_kind":"plain","optional":true}},"block_types":{"sort_query":{"nesting_mode":"list","block":{"attributes":{"aggregation":{"type":"string","description":"The aggregation method.","description_kind":"plain","required":true},"facet":{"type":"string","description":"The facet name.","description_kind":"plain","optional":true},"order":{"type":"string","description":"Widget sorting methods. Valid values are `asc`, `desc`.","description_kind":"plain","required":true}},"description":"A list of exactly one element describing the sort query to use.","description_kind":"plain"},"max_items":1}},"description":"Multiple `group_by` blocks are allowed using the structure below.","description_kind":"plain"}},"multi_compute":{"nesting_mode":"list","block":{"attributes":{"aggregation":{"type":"string","description":"The aggregation method.","description_kind":"plain","required":true},"facet":{"type":"string","description":"The facet name.","description_kind":"plain","optional":true},"interval":{"type":"number","description":"Define the time interval in seconds.","description_kind":"plain","optional":true}},"description":"`compute_query` or `multi_compute` is required. Multiple `multi_compute` blocks are allowed using the structure below.","description_kind":"plain"}}},"description":"The query to use for this widget.","description_kind":"plain"},"max_items":1},"log_query":{"nesting_mode":"list","block":{"attributes":{"index":{"type":"string","description":"The name of the index to query.","description_kind":"plain","required":true},"search_query":{"type":"string","description":"The search query to use.","description_kind":"plain","optional":true}},"block_types":{"compute_query":{"nesting_mode":"list","block":{"attributes":{"aggregation":{"type":"string","description":"The aggregation method.","description_kind":"plain","required":true},"facet":{"type":"string","description":"The facet name.","description_kind":"plain","optional":true},"interval":{"type":"number","description":"Define the time interval in seconds.","description_kind":"plain","optional":true}},"description":"`compute_query` or `multi_compute` is required. The map keys are listed below.","description_kind":"plain"},"max_items":1},"group_by":{"nesting_mode":"list","block":{"attributes":{"facet":{"type":"string","description":"The facet name.","description_kind":"plain","optional":true},"limit":{"type":"number","description":"The maximum number of items in the group.","description_kind":"plain","optional":true}},"block_types":{"sort_query":{"nesting_mode":"list","block":{"attributes":{"aggregation":{"type":"string","description":"The aggregation method.","description_kind":"plain","required":true},"facet":{"type":"string","description":"The facet name.","description_kind":"plain","optional":true},"order":{"type":"string","description":"Widget sorting methods. Valid values are `asc`, `desc`.","description_kind":"plain","required":true}},"description":"A list of exactly one element describing the sort query to use.","description_kind":"plain"},"max_items":1}},"description":"Multiple `group_by` blocks are allowed using the structure below.","description_kind":"plain"}},"multi_compute":{"nesting_mode":"list","block":{"attributes":{"aggregation":{"type":"string","description":"The aggregation method.","description_kind":"plain","required":true},"facet":{"type":"string","description":"The facet name.","description_kind":"plain","optional":true},"interval":{"type":"number","description":"Define the time interval in seconds.","description_kind":"plain","optional":true}},"description":"`compute_query` or `multi_compute` is required. Multiple `multi_compute` blocks are allowed using the structure below.","description_kind":"plain"}}},"description":"The query to use for this widget.","description_kind":"plain"},"max_items":1},"process_query":{"nesting_mode":"list","block":{"attributes":{"filter_by":{"type":["list","string"],"description":"A list of processes.","description_kind":"plain","optional":true},"limit":{"type":"number","description":"The max number of items in the filter list.","description_kind":"plain","optional":true},"metric":{"type":"string","description":"Your chosen metric.","description_kind":"plain","required":true},"search_by":{"type":"string","description":"Your chosen search term.","description_kind":"plain","optional":true}},"description":"The process query to use in the widget. The structure of this block is described below.","description_kind":"plain"},"max_items":1},"rum_query":{"nesting_mode":"list","block":{"attributes":{"index":{"type":"string","description":"The name of the index to query.","description_kind":"plain","required":true},"search_query":{"type":"string","description":"The search query to use.","description_kind":"plain","optional":true}},"block_types":{"compute_query":{"nesting_mode":"list","block":{"attributes":{"aggregation":{"type":"string","description":"The aggregation method.","description_kind":"plain","required":true},"facet":{"type":"string","description":"The facet name.","description_kind":"plain","optional":true},"interval":{"type":"number","description":"Define the time interval in seconds.","description_kind":"plain","optional":true}},"description":"`compute_query` or `multi_compute` is required. The map keys are listed below.","description_kind":"plain"},"max_items":1},"group_by":{"nesting_mode":"list","block":{"attributes":{"facet":{"type":"string","description":"The facet name.","description_kind":"plain","optional":true},"limit":{"type":"number","description":"The maximum number of items in the group.","description_kind":"plain","optional":true}},"block_types":{"sort_query":{"nesting_mode":"list","block":{"attributes":{"aggregation":{"type":"string","description":"The aggregation method.","description_kind":"plain","required":true},"facet":{"type":"string","description":"The facet name.","description_kind":"plain","optional":true},"order":{"type":"string","description":"Widget sorting methods. Valid values are `asc`, `desc`.","description_kind":"plain","required":true}},"description":"A list of exactly one element describing the sort query to use.","description_kind":"plain"},"max_items":1}},"description":"Multiple `group_by` blocks are allowed using the structure below.","description_kind":"plain"}},"multi_compute":{"nesting_mode":"list","block":{"attributes":{"aggregation":{"type":"string","description":"The aggregation method.","description_kind":"plain","required":true},"facet":{"type":"string","description":"The facet name.","description_kind":"plain","optional":true},"interval":{"type":"number","description":"Define the time interval in seconds.","description_kind":"plain","optional":true}},"description":"`compute_query` or `multi_compute` is required. Multiple `multi_compute` blocks are allowed using the structure below.","description_kind":"plain"}}},"description":"The query to use for this widget.","description_kind":"plain"},"max_items":1},"security_query":{"nesting_mode":"list","block":{"attributes":{"index":{"type":"string","description":"The name of the index to query.","description_kind":"plain","required":true},"search_query":{"type":"string","description":"The search query to use.","description_kind":"plain","optional":true}},"block_types":{"compute_query":{"nesting_mode":"list","block":{"attributes":{"aggregation":{"type":"string","description":"The aggregation method.","description_kind":"plain","required":true},"facet":{"type":"string","description":"The facet name.","description_kind":"plain","optional":true},"interval":{"type":"number","description":"Define the time interval in seconds.","description_kind":"plain","optional":true}},"description":"`compute_query` or `multi_compute` is required. The map keys are listed below.","description_kind":"plain"},"max_items":1},"group_by":{"nesting_mode":"list","block":{"attributes":{"facet":{"type":"string","description":"The facet name.","description_kind":"plain","optional":true},"limit":{"type":"number","description":"The maximum number of items in the group.","description_kind":"plain","optional":true}},"block_types":{"sort_query":{"nesting_mode":"list","block":{"attributes":{"aggregation":{"type":"string","description":"The aggregation method.","description_kind":"plain","required":true},"facet":{"type":"string","description":"The facet name.","description_kind":"plain","optional":true},"order":{"type":"string","description":"Widget sorting methods. Valid values are `asc`, `desc`.","description_kind":"plain","required":true}},"description":"A list of exactly one element describing the sort query to use.","description_kind":"plain"},"max_items":1}},"description":"Multiple `group_by` blocks are allowed using the structure below.","description_kind":"plain"}},"multi_compute":{"nesting_mode":"list","block":{"attributes":{"aggregation":{"type":"string","description":"The aggregation method.","description_kind":"plain","required":true},"facet":{"type":"string","description":"The facet name.","description_kind":"plain","optional":true},"interval":{"type":"number","description":"Define the time interval in seconds.","description_kind":"plain","optional":true}},"description":"`compute_query` or `multi_compute` is required. Multiple `multi_compute` blocks are allowed using the structure below.","description_kind":"plain"}}},"description":"The query to use for this widget.","description_kind":"plain"},"max_items":1}},"description":"The query used for the Y-Axis. Exactly one nested block is allowed using the structure below (exactly one of `q`, `apm_query`, `log_query`, `rum_query`, `security_query`, `apm_stats_query` or `process_query` is required within the block).","description_kind":"plain"}}},"description":"A nested block describing the request to use when displaying the widget. Exactly one `request` block is allowed using the structure below.","description_kind":"plain"},"max_items":1},"xaxis":{"nesting_mode":"list","block":{"attributes":{"include_zero":{"type":"bool","description":"Always include zero or fit the axis to the data range.","description_kind":"plain","optional":true},"label":{"type":"string","description":"The label of the axis to display on the graph.","description_kind":"plain","optional":true},"max":{"type":"string","description":"Specify the maximum value to show on the Y-axis.","description_kind":"plain","optional":true},"min":{"type":"string","description":"Specify the minimum value to show on the Y-axis.","description_kind":"plain","optional":true},"scale":{"type":"string","description":"Specify the scale type, options: `linear`, `log`, `pow`, `sqrt`.","description_kind":"plain","optional":true}},"description":"A nested block describing the X-Axis Controls. Exactly one nested block is allowed using the structure below.","description_kind":"plain"},"max_items":1},"yaxis":{"nesting_mode":"list","block":{"attributes":{"include_zero":{"type":"bool","description":"Always include zero or fit the axis to the data range.","description_kind":"plain","optional":true},"label":{"type":"string","description":"The label of the axis to display on the graph.","description_kind":"plain","optional":true},"max":{"type":"string","description":"Specify the maximum value to show on the Y-axis.","description_kind":"plain","optional":true},"min":{"type":"string","description":"Specify the minimum value to show on the Y-axis.","description_kind":"plain","optional":true},"scale":{"type":"string","description":"Specify the scale type, options: `linear`, `log`, `pow`, `sqrt`.","description_kind":"plain","optional":true}},"description":"A nested block describing the Y-Axis Controls. Exactly one nested block is allowed using the structure below.","description_kind":"plain"},"max_items":1}},"description":"The definition for a Scatterplot widget.","description_kind":"plain"},"max_items":1},"service_level_objective_definition":{"nesting_mode":"list","block":{"attributes":{"additional_query_filters":{"type":"string","description":"Additional filters applied to the SLO query.","description_kind":"plain","optional":true},"global_time_target":{"type":"string","description":"The global time target of the widget.","description_kind":"plain","optional":true},"show_error_budget":{"type":"bool","description":"Whether to show the error budget or not.","description_kind":"plain","optional":true},"slo_id":{"type":"string","description":"The ID of the service level objective used by the widget.","description_kind":"plain","required":true},"time_windows":{"type":["list","string"],"description":"A list of time windows to display in the widget. Valid values are `7d`, `30d`, `90d`, `week_to_date`, `previous_week`, `month_to_date`, `previous_month`, `global_time`.","description_kind":"plain","required":true},"title":{"type":"string","description":"The title of the widget.","description_kind":"plain","optional":true},"title_align":{"type":"string","description":"The alignment of the widget's title. Valid values are `center`, `left`, `right`.","description_kind":"plain","optional":true},"title_size":{"type":"string","description":"The size of the widget's title (defaults to 16).","description_kind":"plain","optional":true},"view_mode":{"type":"string","description":"The view mode for the widget. Valid values are `overall`, `component`, `both`.","description_kind":"plain","required":true},"view_type":{"type":"string","description":"The type of view to use when displaying the widget. Only `detail` is supported.","description_kind":"plain","required":true}},"description":"The definition for a Service Level Objective widget.","description_kind":"plain"},"max_items":1},"servicemap_definition":{"nesting_mode":"list","block":{"attributes":{"filters":{"type":["list","string"],"description":"Your environment and primary tag (or `*` if enabled for your account).","description_kind":"plain","required":true},"service":{"type":"string","description":"The ID of the service to map.","description_kind":"plain","required":true},"title":{"type":"string","description":"The title of the widget.","description_kind":"plain","optional":true},"title_align":{"type":"string","description":"The alignment of the widget's title. Valid values are `center`, `left`, `right`.","description_kind":"plain","optional":true},"title_size":{"type":"string","description":"The size of the widget's title (defaults to 16).","description_kind":"plain","optional":true}},"block_types":{"custom_link":{"nesting_mode":"list","block":{"attributes":{"is_hidden":{"type":"bool","description":"The flag for toggling context menu link visibility.","description_kind":"plain","optional":true},"label":{"type":"string","description":"The label for the custom link URL.","description_kind":"plain","optional":true},"link":{"type":"string","description":"The URL of the custom link.","description_kind":"plain","optional":true},"override_label":{"type":"string","description":"The label ID that refers to a context menu link item. When `override_label` is provided, the client request omits the label field.","description_kind":"plain","optional":true}},"description":"A nested block describing a custom link. Multiple `custom_link` blocks are allowed using the structure below.","description_kind":"plain"}}},"description":"The definition for a Service Map widget.","description_kind":"plain"},"max_items":1},"slo_list_definition":{"nesting_mode":"list","block":{"attributes":{"title":{"type":"string","description":"The title of the widget.","description_kind":"plain","optional":true},"title_align":{"type":"string","description":"The alignment of the widget's title. Valid values are `center`, `left`, `right`.","description_kind":"plain","optional":true},"title_size":{"type":"string","description":"The size of the widget's title (defaults to 16).","description_kind":"plain","optional":true}},"block_types":{"request":{"nesting_mode":"list","block":{"attributes":{"request_type":{"type":"string","description":"The request type for the SLO List request. Valid values are `slo_list`.","description_kind":"plain","required":true}},"block_types":{"query":{"nesting_mode":"list","block":{"attributes":{"limit":{"type":"number","description":"Maximum number of results to display in the table.","description_kind":"plain","optional":true},"query_string":{"type":"string","description":"Widget query.","description_kind":"plain","required":true}},"block_types":{"sort":{"nesting_mode":"list","block":{"attributes":{"column":{"type":"string","description":"The facet path for the column.","description_kind":"plain","required":true},"order":{"type":"string","description":"Widget sorting methods. Valid values are `asc`, `desc`.","description_kind":"plain","required":true}},"description":"The facet and order to sort the data, for example: `{\"column\": \"status.sli\", \"order\": \"desc\"}`.","description_kind":"plain"},"max_items":1}},"description":"Updated SLO List widget.","description_kind":"plain"},"min_items":1,"max_items":1}},"description":"A nested block describing the request to use when displaying the widget. Exactly one `request` block is allowed.","description_kind":"plain"},"min_items":1,"max_items":1}},"description":"The definition for an SLO (Service Level Objective) List widget.","description_kind":"plain"},"max_items":1},"sunburst_definition":{"nesting_mode":"list","block":{"attributes":{"hide_total":{"type":"bool","description":"Whether or not to show the total value in the widget.","description_kind":"plain","optional":true},"live_span":{"type":"string","description":"The timeframe to use when displaying the widget. Valid values are `1m`, `5m`, `10m`, `15m`, `30m`, `1h`, `4h`, `1d`, `2d`, `1w`, `1mo`, `3mo`, `6mo`, `1y`, `alert`.","description_kind":"plain","optional":true},"title":{"type":"string","description":"The title of the widget.","description_kind":"plain","optional":true},"title_align":{"type":"string","description":"The alignment of the widget's title. One of `left`, `center`, or `right`. Valid values are `center`, `left`, `right`.","description_kind":"plain","optional":true},"title_size":{"type":"string","description":"The size of the widget's title. Default is 16.","description_kind":"plain","optional":true}},"block_types":{"custom_link":{"nesting_mode":"list","block":{"attributes":{"is_hidden":{"type":"bool","description":"The flag for toggling context menu link visibility.","description_kind":"plain","optional":true},"label":{"type":"string","description":"The label for the custom link URL.","description_kind":"plain","optional":true},"link":{"type":"string","description":"The URL of the custom link.","description_kind":"plain","optional":true},"override_label":{"type":"string","description":"The label ID that refers to a context menu link item. When `override_label` is provided, the client request omits the label field.","description_kind":"plain","optional":true}},"description":"Nested block describing a custom link. Multiple `custom_link` blocks are allowed with the structure below.","description_kind":"plain"}},"legend_inline":{"nesting_mode":"list","block":{"attributes":{"hide_percent":{"type":"bool","description":"Whether to hide the percentages of the groups.","description_kind":"plain","optional":true},"hide_value":{"type":"bool","description":"Whether to hide the values of the groups.","description_kind":"plain","optional":true},"type":{"type":"string","description":"The type of legend (inline or automatic). Valid values are `inline`, `automatic`.","description_kind":"plain","required":true}},"description":"Used to configure the inline legend. Cannot be used in conjunction with legend_table.","description_kind":"plain"},"max_items":1},"legend_table":{"nesting_mode":"list","block":{"attributes":{"type":{"type":"string","description":"The type of legend (table or none). Valid values are `table`, `none`.","description_kind":"plain","required":true}},"description":"Used to configure the table legend. Cannot be used in conjunction with legend_inline.","description_kind":"plain"},"max_items":1},"request":{"nesting_mode":"list","block":{"attributes":{"q":{"type":"string","description":"The metric query to use for this widget.","description_kind":"plain","optional":true}},"block_types":{"apm_query":{"nesting_mode":"list","block":{"attributes":{"index":{"type":"string","description":"The name of the index to query.","description_kind":"plain","required":true},"search_query":{"type":"string","description":"The search query to use.","description_kind":"plain","optional":true}},"block_types":{"compute_query":{"nesting_mode":"list","block":{"attributes":{"aggregation":{"type":"string","description":"The aggregation method.","description_kind":"plain","required":true},"facet":{"type":"string","description":"The facet name.","description_kind":"plain","optional":true},"interval":{"type":"number","description":"Define the time interval in seconds.","description_kind":"plain","optional":true}},"description":"`compute_query` or `multi_compute` is required. The map keys are listed below.","description_kind":"plain"},"max_items":1},"group_by":{"nesting_mode":"list","block":{"attributes":{"facet":{"type":"string","description":"The facet name.","description_kind":"plain","optional":true},"limit":{"type":"number","description":"The maximum number of items in the group.","description_kind":"plain","optional":true}},"block_types":{"sort_query":{"nesting_mode":"list","block":{"attributes":{"aggregation":{"type":"string","description":"The aggregation method.","description_kind":"plain","required":true},"facet":{"type":"string","description":"The facet name.","description_kind":"plain","optional":true},"order":{"type":"string","description":"Widget sorting methods. Valid values are `asc`, `desc`.","description_kind":"plain","required":true}},"description":"A list of exactly one element describing the sort query to use.","description_kind":"plain"},"max_items":1}},"description":"Multiple `group_by` blocks are allowed using the structure below.","description_kind":"plain"}},"multi_compute":{"nesting_mode":"list","block":{"attributes":{"aggregation":{"type":"string","description":"The aggregation method.","description_kind":"plain","required":true},"facet":{"type":"string","description":"The facet name.","description_kind":"plain","optional":true},"interval":{"type":"number","description":"Define the time interval in seconds.","description_kind":"plain","optional":true}},"description":"`compute_query` or `multi_compute` is required. Multiple `multi_compute` blocks are allowed using the structure below.","description_kind":"plain"}}},"description":"The query to use for this widget.","description_kind":"plain"},"max_items":1},"audit_query":{"nesting_mode":"list","block":{"attributes":{"index":{"type":"string","description":"The name of the index to query.","description_kind":"plain","required":true},"search_query":{"type":"string","description":"The search query to use.","description_kind":"plain","optional":true}},"block_types":{"compute_query":{"nesting_mode":"list","block":{"attributes":{"aggregation":{"type":"string","description":"The aggregation method.","description_kind":"plain","required":true},"facet":{"type":"string","description":"The facet name.","description_kind":"plain","optional":true},"interval":{"type":"number","description":"Define the time interval in seconds.","description_kind":"plain","optional":true}},"description":"`compute_query` or `multi_compute` is required. The map keys are listed below.","description_kind":"plain"},"max_items":1},"group_by":{"nesting_mode":"list","block":{"attributes":{"facet":{"type":"string","description":"The facet name.","description_kind":"plain","optional":true},"limit":{"type":"number","description":"The maximum number of items in the group.","description_kind":"plain","optional":true}},"block_types":{"sort_query":{"nesting_mode":"list","block":{"attributes":{"aggregation":{"type":"string","description":"The aggregation method.","description_kind":"plain","required":true},"facet":{"type":"string","description":"The facet name.","description_kind":"plain","optional":true},"order":{"type":"string","description":"Widget sorting methods. Valid values are `asc`, `desc`.","description_kind":"plain","required":true}},"description":"A list of exactly one element describing the sort query to use.","description_kind":"plain"},"max_items":1}},"description":"Multiple `group_by` blocks are allowed using the structure below.","description_kind":"plain"}},"multi_compute":{"nesting_mode":"list","block":{"attributes":{"aggregation":{"type":"string","description":"The aggregation method.","description_kind":"plain","required":true},"facet":{"type":"string","description":"The facet name.","description_kind":"plain","optional":true},"interval":{"type":"number","description":"Define the time interval in seconds.","description_kind":"plain","optional":true}},"description":"`compute_query` or `multi_compute` is required. Multiple `multi_compute` blocks are allowed using the structure below.","description_kind":"plain"}}},"description":"The query to use for this widget.","description_kind":"plain"},"max_items":1},"formula":{"nesting_mode":"list","block":{"attributes":{"alias":{"type":"string","description":"An expression alias.","description_kind":"plain","optional":true},"cell_display_mode":{"type":"string","description":"A list of display modes for each table cell. Valid values are `number`, `bar`.","description_kind":"plain","optional":true},"formula_expression":{"type":"string","description":"A string expression built from queries, formulas, and functions.","description_kind":"plain","required":true}},"block_types":{"conditional_formats":{"nesting_mode":"list","block":{"attributes":{"comparator":{"type":"string","description":"The comparator to use. Valid values are `\u003e`, `\u003e=`, `\u003c`, `\u003c=`.","description_kind":"plain","required":true},"custom_bg_color":{"type":"string","description":"The color palette to apply to the background, same values available as palette.","description_kind":"plain","optional":true},"custom_fg_color":{"type":"string","description":"The color palette to apply to the foreground, same values available as palette.","description_kind":"plain","optional":true},"hide_value":{"type":"bool","description":"Setting this to True hides values.","description_kind":"plain","optional":true},"image_url":{"type":"string","description":"Displays an image as the background.","description_kind":"plain","optional":true},"metric":{"type":"string","description":"The metric from the request to correlate with this conditional format.","description_kind":"plain","optional":true},"palette":{"type":"string","description":"The color palette to apply. Valid values are `blue`, `custom_bg`, `custom_image`, `custom_text`, `gray_on_white`, `grey`, `green`, `orange`, `red`, `red_on_white`, `white_on_gray`, `white_on_green`, `green_on_white`, `white_on_red`, `white_on_yellow`, `yellow_on_white`, `black_on_light_yellow`, `black_on_light_green`, `black_on_light_red`.","description_kind":"plain","required":true},"timeframe":{"type":"string","description":"Defines the displayed timeframe.","description_kind":"plain","optional":true},"value":{"type":"number","description":"A value for the comparator.","description_kind":"plain","required":true}},"description":"Conditional formats allow you to set the color of your widget content or background depending on the rule applied to your data. Multiple `conditional_formats` blocks are allowed using the structure below.","description_kind":"plain"}},"limit":{"nesting_mode":"list","block":{"attributes":{"count":{"type":"number","description":"The number of results to return","description_kind":"plain","optional":true},"order":{"type":"string","description":"The direction of the sort. Valid values are `asc`, `desc`.","description_kind":"plain","optional":true}},"description":"The options for limiting results returned.","description_kind":"plain"},"max_items":1},"style":{"nesting_mode":"list","block":{"attributes":{"palette":{"type":"string","description":"The color palette used to display the formula. A guide to the available color palettes can be found at https://docs.datadoghq.com/dashboards/guide/widget_colors","description_kind":"plain","optional":true},"palette_index":{"type":"number","description":"Index specifying which color to use within the palette.","description_kind":"plain","optional":true}},"description":"Styling options for widget formulas.","description_kind":"plain"},"max_items":1}},"description_kind":"plain"}},"log_query":{"nesting_mode":"list","block":{"attributes":{"index":{"type":"string","description":"The name of the index to query.","description_kind":"plain","required":true},"search_query":{"type":"string","description":"The search query to use.","description_kind":"plain","optional":true}},"block_types":{"compute_query":{"nesting_mode":"list","block":{"attributes":{"aggregation":{"type":"string","description":"The aggregation method.","description_kind":"plain","required":true},"facet":{"type":"string","description":"The facet name.","description_kind":"plain","optional":true},"interval":{"type":"number","description":"Define the time interval in seconds.","description_kind":"plain","optional":true}},"description":"`compute_query` or `multi_compute` is required. The map keys are listed below.","description_kind":"plain"},"max_items":1},"group_by":{"nesting_mode":"list","block":{"attributes":{"facet":{"type":"string","description":"The facet name.","description_kind":"plain","optional":true},"limit":{"type":"number","description":"The maximum number of items in the group.","description_kind":"plain","optional":true}},"block_types":{"sort_query":{"nesting_mode":"list","block":{"attributes":{"aggregation":{"type":"string","description":"The aggregation method.","description_kind":"plain","required":true},"facet":{"type":"string","description":"The facet name.","description_kind":"plain","optional":true},"order":{"type":"string","description":"Widget sorting methods. Valid values are `asc`, `desc`.","description_kind":"plain","required":true}},"description":"A list of exactly one element describing the sort query to use.","description_kind":"plain"},"max_items":1}},"description":"Multiple `group_by` blocks are allowed using the structure below.","description_kind":"plain"}},"multi_compute":{"nesting_mode":"list","block":{"attributes":{"aggregation":{"type":"string","description":"The aggregation method.","description_kind":"plain","required":true},"facet":{"type":"string","description":"The facet name.","description_kind":"plain","optional":true},"interval":{"type":"number","description":"Define the time interval in seconds.","description_kind":"plain","optional":true}},"description":"`compute_query` or `multi_compute` is required. Multiple `multi_compute` blocks are allowed using the structure below.","description_kind":"plain"}}},"description":"The query to use for this widget.","description_kind":"plain"},"max_items":1},"network_query":{"nesting_mode":"list","block":{"attributes":{"index":{"type":"string","description":"The name of the index to query.","description_kind":"plain","required":true},"search_query":{"type":"string","description":"The search query to use.","description_kind":"plain","optional":true}},"block_types":{"compute_query":{"nesting_mode":"list","block":{"attributes":{"aggregation":{"type":"string","description":"The aggregation method.","description_kind":"plain","required":true},"facet":{"type":"string","description":"The facet name.","description_kind":"plain","optional":true},"interval":{"type":"number","description":"Define the time interval in seconds.","description_kind":"plain","optional":true}},"description":"`compute_query` or `multi_compute` is required. The map keys are listed below.","description_kind":"plain"},"max_items":1},"group_by":{"nesting_mode":"list","block":{"attributes":{"facet":{"type":"string","description":"The facet name.","description_kind":"plain","optional":true},"limit":{"type":"number","description":"The maximum number of items in the group.","description_kind":"plain","optional":true}},"block_types":{"sort_query":{"nesting_mode":"list","block":{"attributes":{"aggregation":{"type":"string","description":"The aggregation method.","description_kind":"plain","required":true},"facet":{"type":"string","description":"The facet name.","description_kind":"plain","optional":true},"order":{"type":"string","description":"Widget sorting methods. Valid values are `asc`, `desc`.","description_kind":"plain","required":true}},"description":"A list of exactly one element describing the sort query to use.","description_kind":"plain"},"max_items":1}},"description":"Multiple `group_by` blocks are allowed using the structure below.","description_kind":"plain"}},"multi_compute":{"nesting_mode":"list","block":{"attributes":{"aggregation":{"type":"string","description":"The aggregation method.","description_kind":"plain","required":true},"facet":{"type":"string","description":"The facet name.","description_kind":"plain","optional":true},"interval":{"type":"number","description":"Define the time interval in seconds.","description_kind":"plain","optional":true}},"description":"`compute_query` or `multi_compute` is required. Multiple `multi_compute` blocks are allowed using the structure below.","description_kind":"plain"}}},"description":"The query to use for this widget.","description_kind":"plain"},"max_items":1},"process_query":{"nesting_mode":"list","block":{"attributes":{"filter_by":{"type":["list","string"],"description":"A list of processes.","description_kind":"plain","optional":true},"limit":{"type":"number","description":"The max number of items in the filter list.","description_kind":"plain","optional":true},"metric":{"type":"string","description":"Your chosen metric.","description_kind":"plain","required":true},"search_by":{"type":"string","description":"Your chosen search term.","description_kind":"plain","optional":true}},"description":"The process query to use in the widget. The structure of this block is described below.","description_kind":"plain"},"max_items":1},"query":{"nesting_mode":"list","block":{"block_types":{"apm_dependency_stats_query":{"nesting_mode":"list","block":{"attributes":{"data_source":{"type":"string","description":"The data source for APM Dependency Stats queries. Valid values are `apm_dependency_stats`.","description_kind":"plain","required":true},"env":{"type":"string","description":"APM Environment.","description_kind":"plain","required":true},"is_upstream":{"type":"bool","description":"Determines whether stats for upstream or downstream dependencies should be queried.","description_kind":"plain","optional":true},"name":{"type":"string","description":"The name of query for use in formulas.","description_kind":"plain","required":true},"operation_name":{"type":"string","description":"Name of operation on service.","description_kind":"plain","required":true},"primary_tag_name":{"type":"string","description":"The name of the second primary tag used within APM; required when `primary_tag_value` is specified. See https://docs.datadoghq.com/tracing/guide/setting_primary_tags_to_scope/#add-a-second-primary-tag-in-datadog.","description_kind":"plain","optional":true},"primary_tag_value":{"type":"string","description":"Filter APM data by the second primary tag. `primary_tag_name` must also be specified.","description_kind":"plain","optional":true},"resource_name":{"type":"string","description":"APM resource.","description_kind":"plain","required":true},"service":{"type":"string","description":"APM service.","description_kind":"plain","required":true},"stat":{"type":"string","description":"APM statistic. Valid values are `avg_duration`, `avg_root_duration`, `avg_spans_per_trace`, `error_rate`, `pct_exec_time`, `pct_of_traces`, `total_traces_count`.","description_kind":"plain","required":true}},"description":"The APM Dependency Stats query using formulas and functions.","description_kind":"plain"},"max_items":1},"apm_resource_stats_query":{"nesting_mode":"list","block":{"attributes":{"data_source":{"type":"string","description":"The data source for APM Resource Stats queries. Valid values are `apm_resource_stats`.","description_kind":"plain","required":true},"env":{"type":"string","description":"APM Environment.","description_kind":"plain","required":true},"group_by":{"type":["list","string"],"description":"Array of fields to group results by.","description_kind":"plain","optional":true},"name":{"type":"string","description":"The name of query for use in formulas.","description_kind":"plain","required":true},"operation_name":{"type":"string","description":"Name of operation on service.","description_kind":"plain","optional":true},"primary_tag_name":{"type":"string","description":"The name of the second primary tag used within APM; required when `primary_tag_value` is specified. See https://docs.datadoghq.com/tracing/guide/setting_primary_tags_to_scope/#add-a-second-primary-tag-in-datadog.","description_kind":"plain","optional":true},"primary_tag_value":{"type":"string","description":"Filter APM data by the second primary tag. `primary_tag_name` must also be specified.","description_kind":"plain","optional":true},"resource_name":{"type":"string","description":"APM resource.","description_kind":"plain","optional":true},"service":{"type":"string","description":"APM service.","description_kind":"plain","required":true},"stat":{"type":"string","description":"APM statistic. Valid values are `errors`, `error_rate`, `hits`, `latency_avg`, `latency_distribution`, `latency_max`, `latency_p50`, `latency_p75`, `latency_p90`, `latency_p95`, `latency_p99`.","description_kind":"plain","required":true}},"description":"The APM Resource Stats query using formulas and functions.","description_kind":"plain"},"max_items":1},"event_query":{"nesting_mode":"list","block":{"attributes":{"data_source":{"type":"string","description":"The data source for event platform-based queries. Valid values are `logs`, `spans`, `network`, `rum`, `security_signals`, `profiles`, `audit`, `events`, `ci_tests`, `ci_pipelines`.","description_kind":"plain","required":true},"indexes":{"type":["list","string"],"description":"An array of index names to query in the stream.","description_kind":"plain","optional":true},"name":{"type":"string","description":"The name of query for use in formulas.","description_kind":"plain","required":true},"storage":{"type":"string","description":"Storage location (private beta).","description_kind":"plain","optional":true}},"block_types":{"compute":{"nesting_mode":"list","block":{"attributes":{"aggregation":{"type":"string","description":"The aggregation methods for event platform queries. Valid values are `count`, `cardinality`, `median`, `pc75`, `pc90`, `pc95`, `pc98`, `pc99`, `sum`, `min`, `max`, `avg`.","description_kind":"plain","required":true},"interval":{"type":"number","description":"A time interval in milliseconds.","description_kind":"plain","optional":true},"metric":{"type":"string","description":"The measurable attribute to compute.","description_kind":"plain","optional":true}},"description":"The compute options.","description_kind":"plain"},"min_items":1},"group_by":{"nesting_mode":"list","block":{"attributes":{"facet":{"type":"string","description":"The event facet.","description_kind":"plain","required":true},"limit":{"type":"number","description":"The number of groups to return.","description_kind":"plain","optional":true}},"block_types":{"sort":{"nesting_mode":"list","block":{"attributes":{"aggregation":{"type":"string","description":"The aggregation methods for the event platform queries. Valid values are `count`, `cardinality`, `median`, `pc75`, `pc90`, `pc95`, `pc98`, `pc99`, `sum`, `min`, `max`, `avg`.","description_kind":"plain","required":true},"metric":{"type":"string","description":"The metric used for sorting group by results.","description_kind":"plain","optional":true},"order":{"type":"string","description":"Direction of sort. Valid values are `asc`, `desc`.","description_kind":"plain","optional":true}},"description":"The options for sorting group by results.","description_kind":"plain"},"max_items":1}},"description":"Group by options.","description_kind":"plain"}},"search":{"nesting_mode":"list","block":{"attributes":{"query":{"type":"string","description":"The events search string.","description_kind":"plain","required":true}},"description":"The search options.","description_kind":"plain"},"max_items":1}},"description":"A timeseries formula and functions events query.","description_kind":"plain"},"max_items":1},"metric_query":{"nesting_mode":"list","block":{"attributes":{"aggregator":{"type":"string","description":"The aggregation methods available for metrics queries. Valid values are `avg`, `min`, `max`, `sum`, `last`, `area`, `l2norm`, `percentile`.","description_kind":"plain","optional":true},"data_source":{"type":"string","description":"The data source for metrics queries.","description_kind":"plain","optional":true},"name":{"type":"string","description":"The name of the query for use in formulas.","description_kind":"plain","required":true},"query":{"type":"string","description":"The metrics query definition.","description_kind":"plain","required":true}},"description":"A timeseries formula and functions metrics query.","description_kind":"plain"},"max_items":1},"process_query":{"nesting_mode":"list","block":{"attributes":{"aggregator":{"type":"string","description":"The aggregation methods available for metrics queries. Valid values are `avg`, `min`, `max`, `sum`, `last`, `area`, `l2norm`, `percentile`.","description_kind":"plain","optional":true},"data_source":{"type":"string","description":"The data source for process queries. Valid values are `process`, `container`.","description_kind":"plain","required":true},"is_normalized_cpu":{"type":"bool","description":"Whether to normalize the CPU percentages.","description_kind":"plain","optional":true},"limit":{"type":"number","description":"The number of hits to return.","description_kind":"plain","optional":true},"metric":{"type":"string","description":"The process metric name.","description_kind":"plain","required":true},"name":{"type":"string","description":"The name of query for use in formulas.","description_kind":"plain","required":true},"sort":{"type":"string","description":"The direction of the sort. Valid values are `asc`, `desc`.","description_kind":"plain","optional":true},"tag_filters":{"type":["list","string"],"description":"An array of tags to filter by.","description_kind":"plain","optional":true},"text_filter":{"type":"string","description":"The text to use as a filter.","description_kind":"plain","optional":true}},"description":"The process query using formulas and functions.","description_kind":"plain"},"max_items":1}},"description_kind":"plain"}},"rum_query":{"nesting_mode":"list","block":{"attributes":{"index":{"type":"string","description":"The name of the index to query.","description_kind":"plain","required":true},"search_query":{"type":"string","description":"The search query to use.","description_kind":"plain","optional":true}},"block_types":{"compute_query":{"nesting_mode":"list","block":{"attributes":{"aggregation":{"type":"string","description":"The aggregation method.","description_kind":"plain","required":true},"facet":{"type":"string","description":"The facet name.","description_kind":"plain","optional":true},"interval":{"type":"number","description":"Define the time interval in seconds.","description_kind":"plain","optional":true}},"description":"`compute_query` or `multi_compute` is required. The map keys are listed below.","description_kind":"plain"},"max_items":1},"group_by":{"nesting_mode":"list","block":{"attributes":{"facet":{"type":"string","description":"The facet name.","description_kind":"plain","optional":true},"limit":{"type":"number","description":"The maximum number of items in the group.","description_kind":"plain","optional":true}},"block_types":{"sort_query":{"nesting_mode":"list","block":{"attributes":{"aggregation":{"type":"string","description":"The aggregation method.","description_kind":"plain","required":true},"facet":{"type":"string","description":"The facet name.","description_kind":"plain","optional":true},"order":{"type":"string","description":"Widget sorting methods. Valid values are `asc`, `desc`.","description_kind":"plain","required":true}},"description":"A list of exactly one element describing the sort query to use.","description_kind":"plain"},"max_items":1}},"description":"Multiple `group_by` blocks are allowed using the structure below.","description_kind":"plain"}},"multi_compute":{"nesting_mode":"list","block":{"attributes":{"aggregation":{"type":"string","description":"The aggregation method.","description_kind":"plain","required":true},"facet":{"type":"string","description":"The facet name.","description_kind":"plain","optional":true},"interval":{"type":"number","description":"Define the time interval in seconds.","description_kind":"plain","optional":true}},"description":"`compute_query` or `multi_compute` is required. Multiple `multi_compute` blocks are allowed using the structure below.","description_kind":"plain"}}},"description":"The query to use for this widget.","description_kind":"plain"},"max_items":1},"security_query":{"nesting_mode":"list","block":{"attributes":{"index":{"type":"string","description":"The name of the index to query.","description_kind":"plain","required":true},"search_query":{"type":"string","description":"The search query to use.","description_kind":"plain","optional":true}},"block_types":{"compute_query":{"nesting_mode":"list","block":{"attributes":{"aggregation":{"type":"string","description":"The aggregation method.","description_kind":"plain","required":true},"facet":{"type":"string","description":"The facet name.","description_kind":"plain","optional":true},"interval":{"type":"number","description":"Define the time interval in seconds.","description_kind":"plain","optional":true}},"description":"`compute_query` or `multi_compute` is required. The map keys are listed below.","description_kind":"plain"},"max_items":1},"group_by":{"nesting_mode":"list","block":{"attributes":{"facet":{"type":"string","description":"The facet name.","description_kind":"plain","optional":true},"limit":{"type":"number","description":"The maximum number of items in the group.","description_kind":"plain","optional":true}},"block_types":{"sort_query":{"nesting_mode":"list","block":{"attributes":{"aggregation":{"type":"string","description":"The aggregation method.","description_kind":"plain","required":true},"facet":{"type":"string","description":"The facet name.","description_kind":"plain","optional":true},"order":{"type":"string","description":"Widget sorting methods. Valid values are `asc`, `desc`.","description_kind":"plain","required":true}},"description":"A list of exactly one element describing the sort query to use.","description_kind":"plain"},"max_items":1}},"description":"Multiple `group_by` blocks are allowed using the structure below.","description_kind":"plain"}},"multi_compute":{"nesting_mode":"list","block":{"attributes":{"aggregation":{"type":"string","description":"The aggregation method.","description_kind":"plain","required":true},"facet":{"type":"string","description":"The facet name.","description_kind":"plain","optional":true},"interval":{"type":"number","description":"Define the time interval in seconds.","description_kind":"plain","optional":true}},"description":"`compute_query` or `multi_compute` is required. Multiple `multi_compute` blocks are allowed using the structure below.","description_kind":"plain"}}},"description":"The query to use for this widget.","description_kind":"plain"},"max_items":1}},"description":"Nested block describing the request to use when displaying the widget. Multiple `request` blocks are allowed with the structure below (exactly one of `q`, `log_query` or `rum_query` is required within the `request` block).","description_kind":"plain"}}},"description":"The definition for a Sunburst widget.","description_kind":"plain"},"max_items":1},"timeseries_definition":{"nesting_mode":"list","block":{"attributes":{"legend_columns":{"type":["set","string"],"description":"A list of columns to display in the legend. Valid values are `value`, `avg`, `sum`, `min`, `max`.","description_kind":"plain","optional":true},"legend_layout":{"type":"string","description":"The layout of the legend displayed in the widget. Valid values are `auto`, `horizontal`, `vertical`.","description_kind":"plain","optional":true},"legend_size":{"type":"string","description":"The size of the legend displayed in the widget.","description_kind":"plain","optional":true},"live_span":{"type":"string","description":"The timeframe to use when displaying the widget. Valid values are `1m`, `5m`, `10m`, `15m`, `30m`, `1h`, `4h`, `1d`, `2d`, `1w`, `1mo`, `3mo`, `6mo`, `1y`, `alert`.","description_kind":"plain","optional":true},"show_legend":{"type":"bool","description":"Whether or not to show the legend on this widget.","description_kind":"plain","optional":true},"title":{"type":"string","description":"The title of the widget.","description_kind":"plain","optional":true},"title_align":{"type":"string","description":"The alignment of the widget's title. Valid values are `center`, `left`, `right`.","description_kind":"plain","optional":true},"title_size":{"type":"string","description":"The size of the widget's title (defaults to 16).","description_kind":"plain","optional":true}},"block_types":{"custom_link":{"nesting_mode":"list","block":{"attributes":{"is_hidden":{"type":"bool","description":"The flag for toggling context menu link visibility.","description_kind":"plain","optional":true},"label":{"type":"string","description":"The label for the custom link URL.","description_kind":"plain","optional":true},"link":{"type":"string","description":"The URL of the custom link.","description_kind":"plain","optional":true},"override_label":{"type":"string","description":"The label ID that refers to a context menu link item. When `override_label` is provided, the client request omits the label field.","description_kind":"plain","optional":true}},"description":"A nested block describing a custom link. Multiple `custom_link` blocks are allowed using the structure below.","description_kind":"plain"}},"event":{"nesting_mode":"list","block":{"attributes":{"q":{"type":"string","description":"The event query to use in the widget.","description_kind":"plain","required":true},"tags_execution":{"type":"string","description":"The execution method for multi-value filters.","description_kind":"plain","optional":true}},"description":"The definition of the event to overlay on the graph. Multiple `event` blocks are allowed using the structure below.","description_kind":"plain"}},"marker":{"nesting_mode":"list","block":{"attributes":{"display_type":{"type":"string","description":"How the marker lines are displayed, options are one of {`error`, `warning`, `info`, `ok`} combined with one of {`dashed`, `solid`, `bold`}. Example: `error dashed`.","description_kind":"plain","optional":true},"label":{"type":"string","description":"A label for the line or range.","description_kind":"plain","optional":true},"value":{"type":"string","description":"A mathematical expression describing the marker, for example: `y \u003e 1`, `-5 \u003c y \u003c 0`, `y = 19`.","description_kind":"plain","required":true}},"description":"A nested block describing the marker to use when displaying the widget. The structure of this block is described below. Multiple `marker` blocks are allowed within a given `tile_def` block.","description_kind":"plain"}},"request":{"nesting_mode":"list","block":{"attributes":{"display_type":{"type":"string","description":"How to display the marker lines. Valid values are `area`, `bars`, `line`.","description_kind":"plain","optional":true},"on_right_yaxis":{"type":"bool","description":"A Boolean indicating whether the request uses the right or left Y-Axis.","description_kind":"plain","optional":true},"q":{"type":"string","description":"The metric query to use for this widget.","description_kind":"plain","optional":true}},"block_types":{"apm_query":{"nesting_mode":"list","block":{"attributes":{"index":{"type":"string","description":"The name of the index to query.","description_kind":"plain","required":true},"search_query":{"type":"string","description":"The search query to use.","description_kind":"plain","optional":true}},"block_types":{"compute_query":{"nesting_mode":"list","block":{"attributes":{"aggregation":{"type":"string","description":"The aggregation method.","description_kind":"plain","required":true},"facet":{"type":"string","description":"The facet name.","description_kind":"plain","optional":true},"interval":{"type":"number","description":"Define the time interval in seconds.","description_kind":"plain","optional":true}},"description":"`compute_query` or `multi_compute` is required. The map keys are listed below.","description_kind":"plain"},"max_items":1},"group_by":{"nesting_mode":"list","block":{"attributes":{"facet":{"type":"string","description":"The facet name.","description_kind":"plain","optional":true},"limit":{"type":"number","description":"The maximum number of items in the group.","description_kind":"plain","optional":true}},"block_types":{"sort_query":{"nesting_mode":"list","block":{"attributes":{"aggregation":{"type":"string","description":"The aggregation method.","description_kind":"plain","required":true},"facet":{"type":"string","description":"The facet name.","description_kind":"plain","optional":true},"order":{"type":"string","description":"Widget sorting methods. Valid values are `asc`, `desc`.","description_kind":"plain","required":true}},"description":"A list of exactly one element describing the sort query to use.","description_kind":"plain"},"max_items":1}},"description":"Multiple `group_by` blocks are allowed using the structure below.","description_kind":"plain"}},"multi_compute":{"nesting_mode":"list","block":{"attributes":{"aggregation":{"type":"string","description":"The aggregation method.","description_kind":"plain","required":true},"facet":{"type":"string","description":"The facet name.","description_kind":"plain","optional":true},"interval":{"type":"number","description":"Define the time interval in seconds.","description_kind":"plain","optional":true}},"description":"`compute_query` or `multi_compute` is required. Multiple `multi_compute` blocks are allowed using the structure below.","description_kind":"plain"}}},"description":"The query to use for this widget.","description_kind":"plain"},"max_items":1},"audit_query":{"nesting_mode":"list","block":{"attributes":{"index":{"type":"string","description":"The name of the index to query.","description_kind":"plain","required":true},"search_query":{"type":"string","description":"The search query to use.","description_kind":"plain","optional":true}},"block_types":{"compute_query":{"nesting_mode":"list","block":{"attributes":{"aggregation":{"type":"string","description":"The aggregation method.","description_kind":"plain","required":true},"facet":{"type":"string","description":"The facet name.","description_kind":"plain","optional":true},"interval":{"type":"number","description":"Define the time interval in seconds.","description_kind":"plain","optional":true}},"description":"`compute_query` or `multi_compute` is required. The map keys are listed below.","description_kind":"plain"},"max_items":1},"group_by":{"nesting_mode":"list","block":{"attributes":{"facet":{"type":"string","description":"The facet name.","description_kind":"plain","optional":true},"limit":{"type":"number","description":"The maximum number of items in the group.","description_kind":"plain","optional":true}},"block_types":{"sort_query":{"nesting_mode":"list","block":{"attributes":{"aggregation":{"type":"string","description":"The aggregation method.","description_kind":"plain","required":true},"facet":{"type":"string","description":"The facet name.","description_kind":"plain","optional":true},"order":{"type":"string","description":"Widget sorting methods. Valid values are `asc`, `desc`.","description_kind":"plain","required":true}},"description":"A list of exactly one element describing the sort query to use.","description_kind":"plain"},"max_items":1}},"description":"Multiple `group_by` blocks are allowed using the structure below.","description_kind":"plain"}},"multi_compute":{"nesting_mode":"list","block":{"attributes":{"aggregation":{"type":"string","description":"The aggregation method.","description_kind":"plain","required":true},"facet":{"type":"string","description":"The facet name.","description_kind":"plain","optional":true},"interval":{"type":"number","description":"Define the time interval in seconds.","description_kind":"plain","optional":true}},"description":"`compute_query` or `multi_compute` is required. Multiple `multi_compute` blocks are allowed using the structure below.","description_kind":"plain"}}},"description":"The query to use for this widget.","description_kind":"plain"},"max_items":1},"formula":{"nesting_mode":"list","block":{"attributes":{"alias":{"type":"string","description":"An expression alias.","description_kind":"plain","optional":true},"cell_display_mode":{"type":"string","description":"A list of display modes for each table cell. Valid values are `number`, `bar`.","description_kind":"plain","optional":true},"formula_expression":{"type":"string","description":"A string expression built from queries, formulas, and functions.","description_kind":"plain","required":true}},"block_types":{"conditional_formats":{"nesting_mode":"list","block":{"attributes":{"comparator":{"type":"string","description":"The comparator to use. Valid values are `\u003e`, `\u003e=`, `\u003c`, `\u003c=`.","description_kind":"plain","required":true},"custom_bg_color":{"type":"string","description":"The color palette to apply to the background, same values available as palette.","description_kind":"plain","optional":true},"custom_fg_color":{"type":"string","description":"The color palette to apply to the foreground, same values available as palette.","description_kind":"plain","optional":true},"hide_value":{"type":"bool","description":"Setting this to True hides values.","description_kind":"plain","optional":true},"image_url":{"type":"string","description":"Displays an image as the background.","description_kind":"plain","optional":true},"metric":{"type":"string","description":"The metric from the request to correlate with this conditional format.","description_kind":"plain","optional":true},"palette":{"type":"string","description":"The color palette to apply. Valid values are `blue`, `custom_bg`, `custom_image`, `custom_text`, `gray_on_white`, `grey`, `green`, `orange`, `red`, `red_on_white`, `white_on_gray`, `white_on_green`, `green_on_white`, `white_on_red`, `white_on_yellow`, `yellow_on_white`, `black_on_light_yellow`, `black_on_light_green`, `black_on_light_red`.","description_kind":"plain","required":true},"timeframe":{"type":"string","description":"Defines the displayed timeframe.","description_kind":"plain","optional":true},"value":{"type":"number","description":"A value for the comparator.","description_kind":"plain","required":true}},"description":"Conditional formats allow you to set the color of your widget content or background depending on the rule applied to your data. Multiple `conditional_formats` blocks are allowed using the structure below.","description_kind":"plain"}},"limit":{"nesting_mode":"list","block":{"attributes":{"count":{"type":"number","description":"The number of results to return","description_kind":"plain","optional":true},"order":{"type":"string","description":"The direction of the sort. Valid values are `asc`, `desc`.","description_kind":"plain","optional":true}},"description":"The options for limiting results returned.","description_kind":"plain"},"max_items":1},"style":{"nesting_mode":"list","block":{"attributes":{"palette":{"type":"string","description":"The color palette used to display the formula. A guide to the available color palettes can be found at https://docs.datadoghq.com/dashboards/guide/widget_colors","description_kind":"plain","optional":true},"palette_index":{"type":"number","description":"Index specifying which color to use within the palette.","description_kind":"plain","optional":true}},"description":"Styling options for widget formulas.","description_kind":"plain"},"max_items":1}},"description_kind":"plain"}},"log_query":{"nesting_mode":"list","block":{"attributes":{"index":{"type":"string","description":"The name of the index to query.","description_kind":"plain","required":true},"search_query":{"type":"string","description":"The search query to use.","description_kind":"plain","optional":true}},"block_types":{"compute_query":{"nesting_mode":"list","block":{"attributes":{"aggregation":{"type":"string","description":"The aggregation method.","description_kind":"plain","required":true},"facet":{"type":"string","description":"The facet name.","description_kind":"plain","optional":true},"interval":{"type":"number","description":"Define the time interval in seconds.","description_kind":"plain","optional":true}},"description":"`compute_query` or `multi_compute` is required. The map keys are listed below.","description_kind":"plain"},"max_items":1},"group_by":{"nesting_mode":"list","block":{"attributes":{"facet":{"type":"string","description":"The facet name.","description_kind":"plain","optional":true},"limit":{"type":"number","description":"The maximum number of items in the group.","description_kind":"plain","optional":true}},"block_types":{"sort_query":{"nesting_mode":"list","block":{"attributes":{"aggregation":{"type":"string","description":"The aggregation method.","description_kind":"plain","required":true},"facet":{"type":"string","description":"The facet name.","description_kind":"plain","optional":true},"order":{"type":"string","description":"Widget sorting methods. Valid values are `asc`, `desc`.","description_kind":"plain","required":true}},"description":"A list of exactly one element describing the sort query to use.","description_kind":"plain"},"max_items":1}},"description":"Multiple `group_by` blocks are allowed using the structure below.","description_kind":"plain"}},"multi_compute":{"nesting_mode":"list","block":{"attributes":{"aggregation":{"type":"string","description":"The aggregation method.","description_kind":"plain","required":true},"facet":{"type":"string","description":"The facet name.","description_kind":"plain","optional":true},"interval":{"type":"number","description":"Define the time interval in seconds.","description_kind":"plain","optional":true}},"description":"`compute_query` or `multi_compute` is required. Multiple `multi_compute` blocks are allowed using the structure below.","description_kind":"plain"}}},"description":"The query to use for this widget.","description_kind":"plain"},"max_items":1},"metadata":{"nesting_mode":"list","block":{"attributes":{"alias_name":{"type":"string","description":"The expression alias.","description_kind":"plain","optional":true},"expression":{"type":"string","description":"The expression name.","description_kind":"plain","required":true}},"description":"Used to define expression aliases. Multiple `metadata` blocks are allowed using the structure below.","description_kind":"plain"}},"network_query":{"nesting_mode":"list","block":{"attributes":{"index":{"type":"string","description":"The name of the index to query.","description_kind":"plain","required":true},"search_query":{"type":"string","description":"The search query to use.","description_kind":"plain","optional":true}},"block_types":{"compute_query":{"nesting_mode":"list","block":{"attributes":{"aggregation":{"type":"string","description":"The aggregation method.","description_kind":"plain","required":true},"facet":{"type":"string","description":"The facet name.","description_kind":"plain","optional":true},"interval":{"type":"number","description":"Define the time interval in seconds.","description_kind":"plain","optional":true}},"description":"`compute_query` or `multi_compute` is required. The map keys are listed below.","description_kind":"plain"},"max_items":1},"group_by":{"nesting_mode":"list","block":{"attributes":{"facet":{"type":"string","description":"The facet name.","description_kind":"plain","optional":true},"limit":{"type":"number","description":"The maximum number of items in the group.","description_kind":"plain","optional":true}},"block_types":{"sort_query":{"nesting_mode":"list","block":{"attributes":{"aggregation":{"type":"string","description":"The aggregation method.","description_kind":"plain","required":true},"facet":{"type":"string","description":"The facet name.","description_kind":"plain","optional":true},"order":{"type":"string","description":"Widget sorting methods. Valid values are `asc`, `desc`.","description_kind":"plain","required":true}},"description":"A list of exactly one element describing the sort query to use.","description_kind":"plain"},"max_items":1}},"description":"Multiple `group_by` blocks are allowed using the structure below.","description_kind":"plain"}},"multi_compute":{"nesting_mode":"list","block":{"attributes":{"aggregation":{"type":"string","description":"The aggregation method.","description_kind":"plain","required":true},"facet":{"type":"string","description":"The facet name.","description_kind":"plain","optional":true},"interval":{"type":"number","description":"Define the time interval in seconds.","description_kind":"plain","optional":true}},"description":"`compute_query` or `multi_compute` is required. Multiple `multi_compute` blocks are allowed using the structure below.","description_kind":"plain"}}},"description":"The query to use for this widget.","description_kind":"plain"},"max_items":1},"process_query":{"nesting_mode":"list","block":{"attributes":{"filter_by":{"type":["list","string"],"description":"A list of processes.","description_kind":"plain","optional":true},"limit":{"type":"number","description":"The max number of items in the filter list.","description_kind":"plain","optional":true},"metric":{"type":"string","description":"Your chosen metric.","description_kind":"plain","required":true},"search_by":{"type":"string","description":"Your chosen search term.","description_kind":"plain","optional":true}},"description":"The process query to use in the widget. The structure of this block is described below.","description_kind":"plain"},"max_items":1},"query":{"nesting_mode":"list","block":{"block_types":{"apm_dependency_stats_query":{"nesting_mode":"list","block":{"attributes":{"data_source":{"type":"string","description":"The data source for APM Dependency Stats queries. Valid values are `apm_dependency_stats`.","description_kind":"plain","required":true},"env":{"type":"string","description":"APM Environment.","description_kind":"plain","required":true},"is_upstream":{"type":"bool","description":"Determines whether stats for upstream or downstream dependencies should be queried.","description_kind":"plain","optional":true},"name":{"type":"string","description":"The name of query for use in formulas.","description_kind":"plain","required":true},"operation_name":{"type":"string","description":"Name of operation on service.","description_kind":"plain","required":true},"primary_tag_name":{"type":"string","description":"The name of the second primary tag used within APM; required when `primary_tag_value` is specified. See https://docs.datadoghq.com/tracing/guide/setting_primary_tags_to_scope/#add-a-second-primary-tag-in-datadog.","description_kind":"plain","optional":true},"primary_tag_value":{"type":"string","description":"Filter APM data by the second primary tag. `primary_tag_name` must also be specified.","description_kind":"plain","optional":true},"resource_name":{"type":"string","description":"APM resource.","description_kind":"plain","required":true},"service":{"type":"string","description":"APM service.","description_kind":"plain","required":true},"stat":{"type":"string","description":"APM statistic. Valid values are `avg_duration`, `avg_root_duration`, `avg_spans_per_trace`, `error_rate`, `pct_exec_time`, `pct_of_traces`, `total_traces_count`.","description_kind":"plain","required":true}},"description":"The APM Dependency Stats query using formulas and functions.","description_kind":"plain"},"max_items":1},"apm_resource_stats_query":{"nesting_mode":"list","block":{"attributes":{"data_source":{"type":"string","description":"The data source for APM Resource Stats queries. Valid values are `apm_resource_stats`.","description_kind":"plain","required":true},"env":{"type":"string","description":"APM Environment.","description_kind":"plain","required":true},"group_by":{"type":["list","string"],"description":"Array of fields to group results by.","description_kind":"plain","optional":true},"name":{"type":"string","description":"The name of query for use in formulas.","description_kind":"plain","required":true},"operation_name":{"type":"string","description":"Name of operation on service.","description_kind":"plain","optional":true},"primary_tag_name":{"type":"string","description":"The name of the second primary tag used within APM; required when `primary_tag_value` is specified. See https://docs.datadoghq.com/tracing/guide/setting_primary_tags_to_scope/#add-a-second-primary-tag-in-datadog.","description_kind":"plain","optional":true},"primary_tag_value":{"type":"string","description":"Filter APM data by the second primary tag. `primary_tag_name` must also be specified.","description_kind":"plain","optional":true},"resource_name":{"type":"string","description":"APM resource.","description_kind":"plain","optional":true},"service":{"type":"string","description":"APM service.","description_kind":"plain","required":true},"stat":{"type":"string","description":"APM statistic. Valid values are `errors`, `error_rate`, `hits`, `latency_avg`, `latency_distribution`, `latency_max`, `latency_p50`, `latency_p75`, `latency_p90`, `latency_p95`, `latency_p99`.","description_kind":"plain","required":true}},"description":"The APM Resource Stats query using formulas and functions.","description_kind":"plain"},"max_items":1},"event_query":{"nesting_mode":"list","block":{"attributes":{"data_source":{"type":"string","description":"The data source for event platform-based queries. Valid values are `logs`, `spans`, `network`, `rum`, `security_signals`, `profiles`, `audit`, `events`, `ci_tests`, `ci_pipelines`.","description_kind":"plain","required":true},"indexes":{"type":["list","string"],"description":"An array of index names to query in the stream.","description_kind":"plain","optional":true},"name":{"type":"string","description":"The name of query for use in formulas.","description_kind":"plain","required":true},"storage":{"type":"string","description":"Storage location (private beta).","description_kind":"plain","optional":true}},"block_types":{"compute":{"nesting_mode":"list","block":{"attributes":{"aggregation":{"type":"string","description":"The aggregation methods for event platform queries. Valid values are `count`, `cardinality`, `median`, `pc75`, `pc90`, `pc95`, `pc98`, `pc99`, `sum`, `min`, `max`, `avg`.","description_kind":"plain","required":true},"interval":{"type":"number","description":"A time interval in milliseconds.","description_kind":"plain","optional":true},"metric":{"type":"string","description":"The measurable attribute to compute.","description_kind":"plain","optional":true}},"description":"The compute options.","description_kind":"plain"},"min_items":1},"group_by":{"nesting_mode":"list","block":{"attributes":{"facet":{"type":"string","description":"The event facet.","description_kind":"plain","required":true},"limit":{"type":"number","description":"The number of groups to return.","description_kind":"plain","optional":true}},"block_types":{"sort":{"nesting_mode":"list","block":{"attributes":{"aggregation":{"type":"string","description":"The aggregation methods for the event platform queries. Valid values are `count`, `cardinality`, `median`, `pc75`, `pc90`, `pc95`, `pc98`, `pc99`, `sum`, `min`, `max`, `avg`.","description_kind":"plain","required":true},"metric":{"type":"string","description":"The metric used for sorting group by results.","description_kind":"plain","optional":true},"order":{"type":"string","description":"Direction of sort. Valid values are `asc`, `desc`.","description_kind":"plain","optional":true}},"description":"The options for sorting group by results.","description_kind":"plain"},"max_items":1}},"description":"Group by options.","description_kind":"plain"}},"search":{"nesting_mode":"list","block":{"attributes":{"query":{"type":"string","description":"The events search string.","description_kind":"plain","required":true}},"description":"The search options.","description_kind":"plain"},"max_items":1}},"description":"A timeseries formula and functions events query.","description_kind":"plain"},"max_items":1},"metric_query":{"nesting_mode":"list","block":{"attributes":{"aggregator":{"type":"string","description":"The aggregation methods available for metrics queries. Valid values are `avg`, `min`, `max`, `sum`, `last`, `area`, `l2norm`, `percentile`.","description_kind":"plain","optional":true},"data_source":{"type":"string","description":"The data source for metrics queries.","description_kind":"plain","optional":true},"name":{"type":"string","description":"The name of the query for use in formulas.","description_kind":"plain","required":true},"query":{"type":"string","description":"The metrics query definition.","description_kind":"plain","required":true}},"description":"A timeseries formula and functions metrics query.","description_kind":"plain"},"max_items":1},"process_query":{"nesting_mode":"list","block":{"attributes":{"aggregator":{"type":"string","description":"The aggregation methods available for metrics queries. Valid values are `avg`, `min`, `max`, `sum`, `last`, `area`, `l2norm`, `percentile`.","description_kind":"plain","optional":true},"data_source":{"type":"string","description":"The data source for process queries. Valid values are `process`, `container`.","description_kind":"plain","required":true},"is_normalized_cpu":{"type":"bool","description":"Whether to normalize the CPU percentages.","description_kind":"plain","optional":true},"limit":{"type":"number","description":"The number of hits to return.","description_kind":"plain","optional":true},"metric":{"type":"string","description":"The process metric name.","description_kind":"plain","required":true},"name":{"type":"string","description":"The name of query for use in formulas.","description_kind":"plain","required":true},"sort":{"type":"string","description":"The direction of the sort. Valid values are `asc`, `desc`.","description_kind":"plain","optional":true},"tag_filters":{"type":["list","string"],"description":"An array of tags to filter by.","description_kind":"plain","optional":true},"text_filter":{"type":"string","description":"The text to use as a filter.","description_kind":"plain","optional":true}},"description":"The process query using formulas and functions.","description_kind":"plain"},"max_items":1}},"description_kind":"plain"}},"rum_query":{"nesting_mode":"list","block":{"attributes":{"index":{"type":"string","description":"The name of the index to query.","description_kind":"plain","required":true},"search_query":{"type":"string","description":"The search query to use.","description_kind":"plain","optional":true}},"block_types":{"compute_query":{"nesting_mode":"list","block":{"attributes":{"aggregation":{"type":"string","description":"The aggregation method.","description_kind":"plain","required":true},"facet":{"type":"string","description":"The facet name.","description_kind":"plain","optional":true},"interval":{"type":"number","description":"Define the time interval in seconds.","description_kind":"plain","optional":true}},"description":"`compute_query` or `multi_compute` is required. The map keys are listed below.","description_kind":"plain"},"max_items":1},"group_by":{"nesting_mode":"list","block":{"attributes":{"facet":{"type":"string","description":"The facet name.","description_kind":"plain","optional":true},"limit":{"type":"number","description":"The maximum number of items in the group.","description_kind":"plain","optional":true}},"block_types":{"sort_query":{"nesting_mode":"list","block":{"attributes":{"aggregation":{"type":"string","description":"The aggregation method.","description_kind":"plain","required":true},"facet":{"type":"string","description":"The facet name.","description_kind":"plain","optional":true},"order":{"type":"string","description":"Widget sorting methods. Valid values are `asc`, `desc`.","description_kind":"plain","required":true}},"description":"A list of exactly one element describing the sort query to use.","description_kind":"plain"},"max_items":1}},"description":"Multiple `group_by` blocks are allowed using the structure below.","description_kind":"plain"}},"multi_compute":{"nesting_mode":"list","block":{"attributes":{"aggregation":{"type":"string","description":"The aggregation method.","description_kind":"plain","required":true},"facet":{"type":"string","description":"The facet name.","description_kind":"plain","optional":true},"interval":{"type":"number","description":"Define the time interval in seconds.","description_kind":"plain","optional":true}},"description":"`compute_query` or `multi_compute` is required. Multiple `multi_compute` blocks are allowed using the structure below.","description_kind":"plain"}}},"description":"The query to use for this widget.","description_kind":"plain"},"max_items":1},"security_query":{"nesting_mode":"list","block":{"attributes":{"index":{"type":"string","description":"The name of the index to query.","description_kind":"plain","required":true},"search_query":{"type":"string","description":"The search query to use.","description_kind":"plain","optional":true}},"block_types":{"compute_query":{"nesting_mode":"list","block":{"attributes":{"aggregation":{"type":"string","description":"The aggregation method.","description_kind":"plain","required":true},"facet":{"type":"string","description":"The facet name.","description_kind":"plain","optional":true},"interval":{"type":"number","description":"Define the time interval in seconds.","description_kind":"plain","optional":true}},"description":"`compute_query` or `multi_compute` is required. The map keys are listed below.","description_kind":"plain"},"max_items":1},"group_by":{"nesting_mode":"list","block":{"attributes":{"facet":{"type":"string","description":"The facet name.","description_kind":"plain","optional":true},"limit":{"type":"number","description":"The maximum number of items in the group.","description_kind":"plain","optional":true}},"block_types":{"sort_query":{"nesting_mode":"list","block":{"attributes":{"aggregation":{"type":"string","description":"The aggregation method.","description_kind":"plain","required":true},"facet":{"type":"string","description":"The facet name.","description_kind":"plain","optional":true},"order":{"type":"string","description":"Widget sorting methods. Valid values are `asc`, `desc`.","description_kind":"plain","required":true}},"description":"A list of exactly one element describing the sort query to use.","description_kind":"plain"},"max_items":1}},"description":"Multiple `group_by` blocks are allowed using the structure below.","description_kind":"plain"}},"multi_compute":{"nesting_mode":"list","block":{"attributes":{"aggregation":{"type":"string","description":"The aggregation method.","description_kind":"plain","required":true},"facet":{"type":"string","description":"The facet name.","description_kind":"plain","optional":true},"interval":{"type":"number","description":"Define the time interval in seconds.","description_kind":"plain","optional":true}},"description":"`compute_query` or `multi_compute` is required. Multiple `multi_compute` blocks are allowed using the structure below.","description_kind":"plain"}}},"description":"The query to use for this widget.","description_kind":"plain"},"max_items":1},"style":{"nesting_mode":"list","block":{"attributes":{"line_type":{"type":"string","description":"The type of lines displayed. Valid values are `dashed`, `dotted`, `solid`.","description_kind":"plain","optional":true},"line_width":{"type":"string","description":"The width of line displayed. Valid values are `normal`, `thick`, `thin`.","description_kind":"plain","optional":true},"palette":{"type":"string","description":"A color palette to apply to the widget. The available options are available at: https://docs.datadoghq.com/dashboards/widgets/timeseries/#appearance.","description_kind":"plain","optional":true}},"description":"The style of the widget graph. Exactly one `style` block is allowed using the structure below.","description_kind":"plain"},"max_items":1}},"description":"A nested block describing the request to use when displaying the widget. Multiple `request` blocks are allowed using the structure below (exactly one of `q`, `apm_query`, `log_query`, `rum_query`, `network_query`, `security_query` or `process_query` is required within the `request` block).","description_kind":"plain"}},"right_yaxis":{"nesting_mode":"list","block":{"attributes":{"include_zero":{"type":"bool","description":"Always include zero or fit the axis to the data range.","description_kind":"plain","optional":true},"label":{"type":"string","description":"The label of the axis to display on the graph.","description_kind":"plain","optional":true},"max":{"type":"string","description":"Specify the maximum value to show on the Y-axis.","description_kind":"plain","optional":true},"min":{"type":"string","description":"Specify the minimum value to show on the Y-axis.","description_kind":"plain","optional":true},"scale":{"type":"string","description":"Specify the scale type, options: `linear`, `log`, `pow`, `sqrt`.","description_kind":"plain","optional":true}},"description":"A nested block describing the right Y-Axis Controls. See the `on_right_yaxis` property for which request will use this axis. The structure of this block is described below.","description_kind":"plain"},"max_items":1},"yaxis":{"nesting_mode":"list","block":{"attributes":{"include_zero":{"type":"bool","description":"Always include zero or fit the axis to the data range.","description_kind":"plain","optional":true},"label":{"type":"string","description":"The label of the axis to display on the graph.","description_kind":"plain","optional":true},"max":{"type":"string","description":"Specify the maximum value to show on the Y-axis.","description_kind":"plain","optional":true},"min":{"type":"string","description":"Specify the minimum value to show on the Y-axis.","description_kind":"plain","optional":true},"scale":{"type":"string","description":"Specify the scale type, options: `linear`, `log`, `pow`, `sqrt`.","description_kind":"plain","optional":true}},"description":"A nested block describing the Y-Axis Controls. The structure of this block is described below.","description_kind":"plain"},"max_items":1}},"description":"The definition for a Timeseries widget.","description_kind":"plain"},"max_items":1},"toplist_definition":{"nesting_mode":"list","block":{"attributes":{"live_span":{"type":"string","description":"The timeframe to use when displaying the widget. Valid values are `1m`, `5m`, `10m`, `15m`, `30m`, `1h`, `4h`, `1d`, `2d`, `1w`, `1mo`, `3mo`, `6mo`, `1y`, `alert`.","description_kind":"plain","optional":true},"title":{"type":"string","description":"The title of the widget.","description_kind":"plain","optional":true},"title_align":{"type":"string","description":"The alignment of the widget's title. Valid values are `center`, `left`, `right`.","description_kind":"plain","optional":true},"title_size":{"type":"string","description":"The size of the widget's title (defaults to 16).","description_kind":"plain","optional":true}},"block_types":{"custom_link":{"nesting_mode":"list","block":{"attributes":{"is_hidden":{"type":"bool","description":"The flag for toggling context menu link visibility.","description_kind":"plain","optional":true},"label":{"type":"string","description":"The label for the custom link URL.","description_kind":"plain","optional":true},"link":{"type":"string","description":"The URL of the custom link.","description_kind":"plain","optional":true},"override_label":{"type":"string","description":"The label ID that refers to a context menu link item. When `override_label` is provided, the client request omits the label field.","description_kind":"plain","optional":true}},"description":"A nested block describing a custom link. Multiple `custom_link` blocks are allowed using the structure below.","description_kind":"plain"}},"request":{"nesting_mode":"list","block":{"attributes":{"q":{"type":"string","description":"The metric query to use for this widget.","description_kind":"plain","optional":true}},"block_types":{"apm_query":{"nesting_mode":"list","block":{"attributes":{"index":{"type":"string","description":"The name of the index to query.","description_kind":"plain","required":true},"search_query":{"type":"string","description":"The search query to use.","description_kind":"plain","optional":true}},"block_types":{"compute_query":{"nesting_mode":"list","block":{"attributes":{"aggregation":{"type":"string","description":"The aggregation method.","description_kind":"plain","required":true},"facet":{"type":"string","description":"The facet name.","description_kind":"plain","optional":true},"interval":{"type":"number","description":"Define the time interval in seconds.","description_kind":"plain","optional":true}},"description":"`compute_query` or `multi_compute` is required. The map keys are listed below.","description_kind":"plain"},"max_items":1},"group_by":{"nesting_mode":"list","block":{"attributes":{"facet":{"type":"string","description":"The facet name.","description_kind":"plain","optional":true},"limit":{"type":"number","description":"The maximum number of items in the group.","description_kind":"plain","optional":true}},"block_types":{"sort_query":{"nesting_mode":"list","block":{"attributes":{"aggregation":{"type":"string","description":"The aggregation method.","description_kind":"plain","required":true},"facet":{"type":"string","description":"The facet name.","description_kind":"plain","optional":true},"order":{"type":"string","description":"Widget sorting methods. Valid values are `asc`, `desc`.","description_kind":"plain","required":true}},"description":"A list of exactly one element describing the sort query to use.","description_kind":"plain"},"max_items":1}},"description":"Multiple `group_by` blocks are allowed using the structure below.","description_kind":"plain"}},"multi_compute":{"nesting_mode":"list","block":{"attributes":{"aggregation":{"type":"string","description":"The aggregation method.","description_kind":"plain","required":true},"facet":{"type":"string","description":"The facet name.","description_kind":"plain","optional":true},"interval":{"type":"number","description":"Define the time interval in seconds.","description_kind":"plain","optional":true}},"description":"`compute_query` or `multi_compute` is required. Multiple `multi_compute` blocks are allowed using the structure below.","description_kind":"plain"}}},"description":"The query to use for this widget.","description_kind":"plain"},"max_items":1},"audit_query":{"nesting_mode":"list","block":{"attributes":{"index":{"type":"string","description":"The name of the index to query.","description_kind":"plain","required":true},"search_query":{"type":"string","description":"The search query to use.","description_kind":"plain","optional":true}},"block_types":{"compute_query":{"nesting_mode":"list","block":{"attributes":{"aggregation":{"type":"string","description":"The aggregation method.","description_kind":"plain","required":true},"facet":{"type":"string","description":"The facet name.","description_kind":"plain","optional":true},"interval":{"type":"number","description":"Define the time interval in seconds.","description_kind":"plain","optional":true}},"description":"`compute_query` or `multi_compute` is required. The map keys are listed below.","description_kind":"plain"},"max_items":1},"group_by":{"nesting_mode":"list","block":{"attributes":{"facet":{"type":"string","description":"The facet name.","description_kind":"plain","optional":true},"limit":{"type":"number","description":"The maximum number of items in the group.","description_kind":"plain","optional":true}},"block_types":{"sort_query":{"nesting_mode":"list","block":{"attributes":{"aggregation":{"type":"string","description":"The aggregation method.","description_kind":"plain","required":true},"facet":{"type":"string","description":"The facet name.","description_kind":"plain","optional":true},"order":{"type":"string","description":"Widget sorting methods. Valid values are `asc`, `desc`.","description_kind":"plain","required":true}},"description":"A list of exactly one element describing the sort query to use.","description_kind":"plain"},"max_items":1}},"description":"Multiple `group_by` blocks are allowed using the structure below.","description_kind":"plain"}},"multi_compute":{"nesting_mode":"list","block":{"attributes":{"aggregation":{"type":"string","description":"The aggregation method.","description_kind":"plain","required":true},"facet":{"type":"string","description":"The facet name.","description_kind":"plain","optional":true},"interval":{"type":"number","description":"Define the time interval in seconds.","description_kind":"plain","optional":true}},"description":"`compute_query` or `multi_compute` is required. Multiple `multi_compute` blocks are allowed using the structure below.","description_kind":"plain"}}},"description":"The query to use for this widget.","description_kind":"plain"},"max_items":1},"conditional_formats":{"nesting_mode":"list","block":{"attributes":{"comparator":{"type":"string","description":"The comparator to use. Valid values are `\u003e`, `\u003e=`, `\u003c`, `\u003c=`.","description_kind":"plain","required":true},"custom_bg_color":{"type":"string","description":"The color palette to apply to the background, same values available as palette.","description_kind":"plain","optional":true},"custom_fg_color":{"type":"string","description":"The color palette to apply to the foreground, same values available as palette.","description_kind":"plain","optional":true},"hide_value":{"type":"bool","description":"Setting this to True hides values.","description_kind":"plain","optional":true},"image_url":{"type":"string","description":"Displays an image as the background.","description_kind":"plain","optional":true},"metric":{"type":"string","description":"The metric from the request to correlate with this conditional format.","description_kind":"plain","optional":true},"palette":{"type":"string","description":"The color palette to apply. Valid values are `blue`, `custom_bg`, `custom_image`, `custom_text`, `gray_on_white`, `grey`, `green`, `orange`, `red`, `red_on_white`, `white_on_gray`, `white_on_green`, `green_on_white`, `white_on_red`, `white_on_yellow`, `yellow_on_white`, `black_on_light_yellow`, `black_on_light_green`, `black_on_light_red`.","description_kind":"plain","required":true},"timeframe":{"type":"string","description":"Defines the displayed timeframe.","description_kind":"plain","optional":true},"value":{"type":"number","description":"A value for the comparator.","description_kind":"plain","required":true}},"description":"Conditional formats allow you to set the color of your widget content or background, depending on a rule applied to your data. Multiple `conditional_formats` blocks are allowed using the structure below.","description_kind":"plain"}},"formula":{"nesting_mode":"list","block":{"attributes":{"alias":{"type":"string","description":"An expression alias.","description_kind":"plain","optional":true},"cell_display_mode":{"type":"string","description":"A list of display modes for each table cell. Valid values are `number`, `bar`.","description_kind":"plain","optional":true},"formula_expression":{"type":"string","description":"A string expression built from queries, formulas, and functions.","description_kind":"plain","required":true}},"block_types":{"conditional_formats":{"nesting_mode":"list","block":{"attributes":{"comparator":{"type":"string","description":"The comparator to use. Valid values are `\u003e`, `\u003e=`, `\u003c`, `\u003c=`.","description_kind":"plain","required":true},"custom_bg_color":{"type":"string","description":"The color palette to apply to the background, same values available as palette.","description_kind":"plain","optional":true},"custom_fg_color":{"type":"string","description":"The color palette to apply to the foreground, same values available as palette.","description_kind":"plain","optional":true},"hide_value":{"type":"bool","description":"Setting this to True hides values.","description_kind":"plain","optional":true},"image_url":{"type":"string","description":"Displays an image as the background.","description_kind":"plain","optional":true},"metric":{"type":"string","description":"The metric from the request to correlate with this conditional format.","description_kind":"plain","optional":true},"palette":{"type":"string","description":"The color palette to apply. Valid values are `blue`, `custom_bg`, `custom_image`, `custom_text`, `gray_on_white`, `grey`, `green`, `orange`, `red`, `red_on_white`, `white_on_gray`, `white_on_green`, `green_on_white`, `white_on_red`, `white_on_yellow`, `yellow_on_white`, `black_on_light_yellow`, `black_on_light_green`, `black_on_light_red`.","description_kind":"plain","required":true},"timeframe":{"type":"string","description":"Defines the displayed timeframe.","description_kind":"plain","optional":true},"value":{"type":"number","description":"A value for the comparator.","description_kind":"plain","required":true}},"description":"Conditional formats allow you to set the color of your widget content or background depending on the rule applied to your data. Multiple `conditional_formats` blocks are allowed using the structure below.","description_kind":"plain"}},"limit":{"nesting_mode":"list","block":{"attributes":{"count":{"type":"number","description":"The number of results to return","description_kind":"plain","optional":true},"order":{"type":"string","description":"The direction of the sort. Valid values are `asc`, `desc`.","description_kind":"plain","optional":true}},"description":"The options for limiting results returned.","description_kind":"plain"},"max_items":1},"style":{"nesting_mode":"list","block":{"attributes":{"palette":{"type":"string","description":"The color palette used to display the formula. A guide to the available color palettes can be found at https://docs.datadoghq.com/dashboards/guide/widget_colors","description_kind":"plain","optional":true},"palette_index":{"type":"number","description":"Index specifying which color to use within the palette.","description_kind":"plain","optional":true}},"description":"Styling options for widget formulas.","description_kind":"plain"},"max_items":1}},"description_kind":"plain"}},"log_query":{"nesting_mode":"list","block":{"attributes":{"index":{"type":"string","description":"The name of the index to query.","description_kind":"plain","required":true},"search_query":{"type":"string","description":"The search query to use.","description_kind":"plain","optional":true}},"block_types":{"compute_query":{"nesting_mode":"list","block":{"attributes":{"aggregation":{"type":"string","description":"The aggregation method.","description_kind":"plain","required":true},"facet":{"type":"string","description":"The facet name.","description_kind":"plain","optional":true},"interval":{"type":"number","description":"Define the time interval in seconds.","description_kind":"plain","optional":true}},"description":"`compute_query` or `multi_compute` is required. The map keys are listed below.","description_kind":"plain"},"max_items":1},"group_by":{"nesting_mode":"list","block":{"attributes":{"facet":{"type":"string","description":"The facet name.","description_kind":"plain","optional":true},"limit":{"type":"number","description":"The maximum number of items in the group.","description_kind":"plain","optional":true}},"block_types":{"sort_query":{"nesting_mode":"list","block":{"attributes":{"aggregation":{"type":"string","description":"The aggregation method.","description_kind":"plain","required":true},"facet":{"type":"string","description":"The facet name.","description_kind":"plain","optional":true},"order":{"type":"string","description":"Widget sorting methods. Valid values are `asc`, `desc`.","description_kind":"plain","required":true}},"description":"A list of exactly one element describing the sort query to use.","description_kind":"plain"},"max_items":1}},"description":"Multiple `group_by` blocks are allowed using the structure below.","description_kind":"plain"}},"multi_compute":{"nesting_mode":"list","block":{"attributes":{"aggregation":{"type":"string","description":"The aggregation method.","description_kind":"plain","required":true},"facet":{"type":"string","description":"The facet name.","description_kind":"plain","optional":true},"interval":{"type":"number","description":"Define the time interval in seconds.","description_kind":"plain","optional":true}},"description":"`compute_query` or `multi_compute` is required. Multiple `multi_compute` blocks are allowed using the structure below.","description_kind":"plain"}}},"description":"The query to use for this widget.","description_kind":"plain"},"max_items":1},"process_query":{"nesting_mode":"list","block":{"attributes":{"filter_by":{"type":["list","string"],"description":"A list of processes.","description_kind":"plain","optional":true},"limit":{"type":"number","description":"The max number of items in the filter list.","description_kind":"plain","optional":true},"metric":{"type":"string","description":"Your chosen metric.","description_kind":"plain","required":true},"search_by":{"type":"string","description":"Your chosen search term.","description_kind":"plain","optional":true}},"description":"The process query to use in the widget. The structure of this block is described below.","description_kind":"plain"},"max_items":1},"query":{"nesting_mode":"list","block":{"block_types":{"apm_dependency_stats_query":{"nesting_mode":"list","block":{"attributes":{"data_source":{"type":"string","description":"The data source for APM Dependency Stats queries. Valid values are `apm_dependency_stats`.","description_kind":"plain","required":true},"env":{"type":"string","description":"APM Environment.","description_kind":"plain","required":true},"is_upstream":{"type":"bool","description":"Determines whether stats for upstream or downstream dependencies should be queried.","description_kind":"plain","optional":true},"name":{"type":"string","description":"The name of query for use in formulas.","description_kind":"plain","required":true},"operation_name":{"type":"string","description":"Name of operation on service.","description_kind":"plain","required":true},"primary_tag_name":{"type":"string","description":"The name of the second primary tag used within APM; required when `primary_tag_value` is specified. See https://docs.datadoghq.com/tracing/guide/setting_primary_tags_to_scope/#add-a-second-primary-tag-in-datadog.","description_kind":"plain","optional":true},"primary_tag_value":{"type":"string","description":"Filter APM data by the second primary tag. `primary_tag_name` must also be specified.","description_kind":"plain","optional":true},"resource_name":{"type":"string","description":"APM resource.","description_kind":"plain","required":true},"service":{"type":"string","description":"APM service.","description_kind":"plain","required":true},"stat":{"type":"string","description":"APM statistic. Valid values are `avg_duration`, `avg_root_duration`, `avg_spans_per_trace`, `error_rate`, `pct_exec_time`, `pct_of_traces`, `total_traces_count`.","description_kind":"plain","required":true}},"description":"The APM Dependency Stats query using formulas and functions.","description_kind":"plain"},"max_items":1},"apm_resource_stats_query":{"nesting_mode":"list","block":{"attributes":{"data_source":{"type":"string","description":"The data source for APM Resource Stats queries. Valid values are `apm_resource_stats`.","description_kind":"plain","required":true},"env":{"type":"string","description":"APM Environment.","description_kind":"plain","required":true},"group_by":{"type":["list","string"],"description":"Array of fields to group results by.","description_kind":"plain","optional":true},"name":{"type":"string","description":"The name of query for use in formulas.","description_kind":"plain","required":true},"operation_name":{"type":"string","description":"Name of operation on service.","description_kind":"plain","optional":true},"primary_tag_name":{"type":"string","description":"The name of the second primary tag used within APM; required when `primary_tag_value` is specified. See https://docs.datadoghq.com/tracing/guide/setting_primary_tags_to_scope/#add-a-second-primary-tag-in-datadog.","description_kind":"plain","optional":true},"primary_tag_value":{"type":"string","description":"Filter APM data by the second primary tag. `primary_tag_name` must also be specified.","description_kind":"plain","optional":true},"resource_name":{"type":"string","description":"APM resource.","description_kind":"plain","optional":true},"service":{"type":"string","description":"APM service.","description_kind":"plain","required":true},"stat":{"type":"string","description":"APM statistic. Valid values are `errors`, `error_rate`, `hits`, `latency_avg`, `latency_distribution`, `latency_max`, `latency_p50`, `latency_p75`, `latency_p90`, `latency_p95`, `latency_p99`.","description_kind":"plain","required":true}},"description":"The APM Resource Stats query using formulas and functions.","description_kind":"plain"},"max_items":1},"event_query":{"nesting_mode":"list","block":{"attributes":{"data_source":{"type":"string","description":"The data source for event platform-based queries. Valid values are `logs`, `spans`, `network`, `rum`, `security_signals`, `profiles`, `audit`, `events`, `ci_tests`, `ci_pipelines`.","description_kind":"plain","required":true},"indexes":{"type":["list","string"],"description":"An array of index names to query in the stream.","description_kind":"plain","optional":true},"name":{"type":"string","description":"The name of query for use in formulas.","description_kind":"plain","required":true},"storage":{"type":"string","description":"Storage location (private beta).","description_kind":"plain","optional":true}},"block_types":{"compute":{"nesting_mode":"list","block":{"attributes":{"aggregation":{"type":"string","description":"The aggregation methods for event platform queries. Valid values are `count`, `cardinality`, `median`, `pc75`, `pc90`, `pc95`, `pc98`, `pc99`, `sum`, `min`, `max`, `avg`.","description_kind":"plain","required":true},"interval":{"type":"number","description":"A time interval in milliseconds.","description_kind":"plain","optional":true},"metric":{"type":"string","description":"The measurable attribute to compute.","description_kind":"plain","optional":true}},"description":"The compute options.","description_kind":"plain"},"min_items":1},"group_by":{"nesting_mode":"list","block":{"attributes":{"facet":{"type":"string","description":"The event facet.","description_kind":"plain","required":true},"limit":{"type":"number","description":"The number of groups to return.","description_kind":"plain","optional":true}},"block_types":{"sort":{"nesting_mode":"list","block":{"attributes":{"aggregation":{"type":"string","description":"The aggregation methods for the event platform queries. Valid values are `count`, `cardinality`, `median`, `pc75`, `pc90`, `pc95`, `pc98`, `pc99`, `sum`, `min`, `max`, `avg`.","description_kind":"plain","required":true},"metric":{"type":"string","description":"The metric used for sorting group by results.","description_kind":"plain","optional":true},"order":{"type":"string","description":"Direction of sort. Valid values are `asc`, `desc`.","description_kind":"plain","optional":true}},"description":"The options for sorting group by results.","description_kind":"plain"},"max_items":1}},"description":"Group by options.","description_kind":"plain"}},"search":{"nesting_mode":"list","block":{"attributes":{"query":{"type":"string","description":"The events search string.","description_kind":"plain","required":true}},"description":"The search options.","description_kind":"plain"},"max_items":1}},"description":"A timeseries formula and functions events query.","description_kind":"plain"},"max_items":1},"metric_query":{"nesting_mode":"list","block":{"attributes":{"aggregator":{"type":"string","description":"The aggregation methods available for metrics queries. Valid values are `avg`, `min`, `max`, `sum`, `last`, `area`, `l2norm`, `percentile`.","description_kind":"plain","optional":true},"data_source":{"type":"string","description":"The data source for metrics queries.","description_kind":"plain","optional":true},"name":{"type":"string","description":"The name of the query for use in formulas.","description_kind":"plain","required":true},"query":{"type":"string","description":"The metrics query definition.","description_kind":"plain","required":true}},"description":"A timeseries formula and functions metrics query.","description_kind":"plain"},"max_items":1},"process_query":{"nesting_mode":"list","block":{"attributes":{"aggregator":{"type":"string","description":"The aggregation methods available for metrics queries. Valid values are `avg`, `min`, `max`, `sum`, `last`, `area`, `l2norm`, `percentile`.","description_kind":"plain","optional":true},"data_source":{"type":"string","description":"The data source for process queries. Valid values are `process`, `container`.","description_kind":"plain","required":true},"is_normalized_cpu":{"type":"bool","description":"Whether to normalize the CPU percentages.","description_kind":"plain","optional":true},"limit":{"type":"number","description":"The number of hits to return.","description_kind":"plain","optional":true},"metric":{"type":"string","description":"The process metric name.","description_kind":"plain","required":true},"name":{"type":"string","description":"The name of query for use in formulas.","description_kind":"plain","required":true},"sort":{"type":"string","description":"The direction of the sort. Valid values are `asc`, `desc`.","description_kind":"plain","optional":true},"tag_filters":{"type":["list","string"],"description":"An array of tags to filter by.","description_kind":"plain","optional":true},"text_filter":{"type":"string","description":"The text to use as a filter.","description_kind":"plain","optional":true}},"description":"The process query using formulas and functions.","description_kind":"plain"},"max_items":1}},"description_kind":"plain"}},"rum_query":{"nesting_mode":"list","block":{"attributes":{"index":{"type":"string","description":"The name of the index to query.","description_kind":"plain","required":true},"search_query":{"type":"string","description":"The search query to use.","description_kind":"plain","optional":true}},"block_types":{"compute_query":{"nesting_mode":"list","block":{"attributes":{"aggregation":{"type":"string","description":"The aggregation method.","description_kind":"plain","required":true},"facet":{"type":"string","description":"The facet name.","description_kind":"plain","optional":true},"interval":{"type":"number","description":"Define the time interval in seconds.","description_kind":"plain","optional":true}},"description":"`compute_query` or `multi_compute` is required. The map keys are listed below.","description_kind":"plain"},"max_items":1},"group_by":{"nesting_mode":"list","block":{"attributes":{"facet":{"type":"string","description":"The facet name.","description_kind":"plain","optional":true},"limit":{"type":"number","description":"The maximum number of items in the group.","description_kind":"plain","optional":true}},"block_types":{"sort_query":{"nesting_mode":"list","block":{"attributes":{"aggregation":{"type":"string","description":"The aggregation method.","description_kind":"plain","required":true},"facet":{"type":"string","description":"The facet name.","description_kind":"plain","optional":true},"order":{"type":"string","description":"Widget sorting methods. Valid values are `asc`, `desc`.","description_kind":"plain","required":true}},"description":"A list of exactly one element describing the sort query to use.","description_kind":"plain"},"max_items":1}},"description":"Multiple `group_by` blocks are allowed using the structure below.","description_kind":"plain"}},"multi_compute":{"nesting_mode":"list","block":{"attributes":{"aggregation":{"type":"string","description":"The aggregation method.","description_kind":"plain","required":true},"facet":{"type":"string","description":"The facet name.","description_kind":"plain","optional":true},"interval":{"type":"number","description":"Define the time interval in seconds.","description_kind":"plain","optional":true}},"description":"`compute_query` or `multi_compute` is required. Multiple `multi_compute` blocks are allowed using the structure below.","description_kind":"plain"}}},"description":"The query to use for this widget.","description_kind":"plain"},"max_items":1},"security_query":{"nesting_mode":"list","block":{"attributes":{"index":{"type":"string","description":"The name of the index to query.","description_kind":"plain","required":true},"search_query":{"type":"string","description":"The search query to use.","description_kind":"plain","optional":true}},"block_types":{"compute_query":{"nesting_mode":"list","block":{"attributes":{"aggregation":{"type":"string","description":"The aggregation method.","description_kind":"plain","required":true},"facet":{"type":"string","description":"The facet name.","description_kind":"plain","optional":true},"interval":{"type":"number","description":"Define the time interval in seconds.","description_kind":"plain","optional":true}},"description":"`compute_query` or `multi_compute` is required. The map keys are listed below.","description_kind":"plain"},"max_items":1},"group_by":{"nesting_mode":"list","block":{"attributes":{"facet":{"type":"string","description":"The facet name.","description_kind":"plain","optional":true},"limit":{"type":"number","description":"The maximum number of items in the group.","description_kind":"plain","optional":true}},"block_types":{"sort_query":{"nesting_mode":"list","block":{"attributes":{"aggregation":{"type":"string","description":"The aggregation method.","description_kind":"plain","required":true},"facet":{"type":"string","description":"The facet name.","description_kind":"plain","optional":true},"order":{"type":"string","description":"Widget sorting methods. Valid values are `asc`, `desc`.","description_kind":"plain","required":true}},"description":"A list of exactly one element describing the sort query to use.","description_kind":"plain"},"max_items":1}},"description":"Multiple `group_by` blocks are allowed using the structure below.","description_kind":"plain"}},"multi_compute":{"nesting_mode":"list","block":{"attributes":{"aggregation":{"type":"string","description":"The aggregation method.","description_kind":"plain","required":true},"facet":{"type":"string","description":"The facet name.","description_kind":"plain","optional":true},"interval":{"type":"number","description":"Define the time interval in seconds.","description_kind":"plain","optional":true}},"description":"`compute_query` or `multi_compute` is required. Multiple `multi_compute` blocks are allowed using the structure below.","description_kind":"plain"}}},"description":"The query to use for this widget.","description_kind":"plain"},"max_items":1},"style":{"nesting_mode":"list","block":{"attributes":{"palette":{"type":"string","description":"A color palette to apply to the widget. The available options are available at: https://docs.datadoghq.com/dashboards/widgets/timeseries/#appearance.","description_kind":"plain","optional":true}},"description":"Define request for the widget's style.","description_kind":"plain"},"max_items":1}},"description":"A nested block describing the request to use when displaying the widget. Multiple `request` blocks are allowed using the structure below (exactly one of `q`, `apm_query`, `log_query`, `rum_query`, `security_query` or `process_query` is required within the `request` block).","description_kind":"plain"}}},"description":"The definition for a Toplist widget.","description_kind":"plain"},"max_items":1},"topology_map_definition":{"nesting_mode":"list","block":{"attributes":{"title":{"type":"string","description":"The title of the widget.","description_kind":"plain","optional":true},"title_align":{"type":"string","description":"The alignment of the widget's title. Valid values are `center`, `left`, `right`.","description_kind":"plain","optional":true},"title_size":{"type":"string","description":"The size of the widget's title (defaults to 16).","description_kind":"plain","optional":true}},"block_types":{"custom_link":{"nesting_mode":"list","block":{"attributes":{"is_hidden":{"type":"bool","description":"The flag for toggling context menu link visibility.","description_kind":"plain","optional":true},"label":{"type":"string","description":"The label for the custom link URL.","description_kind":"plain","optional":true},"link":{"type":"string","description":"The URL of the custom link.","description_kind":"plain","optional":true},"override_label":{"type":"string","description":"The label ID that refers to a context menu link item. When `override_label` is provided, the client request omits the label field.","description_kind":"plain","optional":true}},"description":"A nested block describing a custom link. Multiple `custom_link` blocks are allowed using the structure below.","description_kind":"plain"}},"request":{"nesting_mode":"list","block":{"attributes":{"request_type":{"type":"string","description":"The request type for the Topology request ('topology'). Valid values are `topology`.","description_kind":"plain","required":true}},"block_types":{"query":{"nesting_mode":"list","block":{"attributes":{"data_source":{"type":"string","description":"The data source for the Topology request ('service_map' or 'data_streams'). Valid values are `data_streams`, `service_map`.","description_kind":"plain","required":true},"filters":{"type":["list","string"],"description":"Your environment and primary tag (or `*` if enabled for your account).","description_kind":"plain","required":true},"service":{"type":"string","description":"The ID of the service to map.","description_kind":"plain","required":true}},"description":"The query for a Topology request.","description_kind":"plain"},"min_items":1}},"description":"A nested block describing the request to use when displaying the widget. Multiple request blocks are allowed using the structure below (`query` and `request_type` are required within the request).","description_kind":"plain"}}},"description":"The definition for a Topology Map widget.","description_kind":"plain"},"max_items":1},"trace_service_definition":{"nesting_mode":"list","block":{"attributes":{"display_format":{"type":"string","description":"The number of columns to display. Valid values are `one_column`, `two_column`, `three_column`.","description_kind":"plain","optional":true},"env":{"type":"string","description":"APM environment.","description_kind":"plain","required":true},"live_span":{"type":"string","description":"The timeframe to use when displaying the widget. Valid values are `1m`, `5m`, `10m`, `15m`, `30m`, `1h`, `4h`, `1d`, `2d`, `1w`, `1mo`, `3mo`, `6mo`, `1y`, `alert`.","description_kind":"plain","optional":true},"service":{"type":"string","description":"APM service.","description_kind":"plain","required":true},"show_breakdown":{"type":"bool","description":"Whether to show the latency breakdown or not.","description_kind":"plain","optional":true},"show_distribution":{"type":"bool","description":"Whether to show the latency distribution or not.","description_kind":"plain","optional":true},"show_errors":{"type":"bool","description":"Whether to show the error metrics or not.","description_kind":"plain","optional":true},"show_hits":{"type":"bool","description":"Whether to show the hits metrics or not","description_kind":"plain","optional":true},"show_latency":{"type":"bool","description":"Whether to show the latency metrics or not.","description_kind":"plain","optional":true},"show_resource_list":{"type":"bool","description":"Whether to show the resource list or not.","description_kind":"plain","optional":true},"size_format":{"type":"string","description":"The size of the widget. Valid values are `small`, `medium`, `large`.","description_kind":"plain","optional":true},"span_name":{"type":"string","description":"APM span name","description_kind":"plain","required":true},"title":{"type":"string","description":"The title of the widget.","description_kind":"plain","optional":true},"title_align":{"type":"string","description":"The alignment of the widget's title. Valid values are `center`, `left`, `right`.","description_kind":"plain","optional":true},"title_size":{"type":"string","description":"The size of the widget's title (defaults to 16).","description_kind":"plain","optional":true}},"description":"The definition for a Trace Service widget.","description_kind":"plain"},"max_items":1},"treemap_definition":{"nesting_mode":"list","block":{"attributes":{"title":{"type":"string","description":"The title of the widget.","description_kind":"plain","optional":true}},"block_types":{"request":{"nesting_mode":"list","block":{"block_types":{"formula":{"nesting_mode":"list","block":{"attributes":{"alias":{"type":"string","description":"An expression alias.","description_kind":"plain","optional":true},"cell_display_mode":{"type":"string","description":"A list of display modes for each table cell. Valid values are `number`, `bar`.","description_kind":"plain","optional":true},"formula_expression":{"type":"string","description":"A string expression built from queries, formulas, and functions.","description_kind":"plain","required":true}},"block_types":{"conditional_formats":{"nesting_mode":"list","block":{"attributes":{"comparator":{"type":"string","description":"The comparator to use. Valid values are `\u003e`, `\u003e=`, `\u003c`, `\u003c=`.","description_kind":"plain","required":true},"custom_bg_color":{"type":"string","description":"The color palette to apply to the background, same values available as palette.","description_kind":"plain","optional":true},"custom_fg_color":{"type":"string","description":"The color palette to apply to the foreground, same values available as palette.","description_kind":"plain","optional":true},"hide_value":{"type":"bool","description":"Setting this to True hides values.","description_kind":"plain","optional":true},"image_url":{"type":"string","description":"Displays an image as the background.","description_kind":"plain","optional":true},"metric":{"type":"string","description":"The metric from the request to correlate with this conditional format.","description_kind":"plain","optional":true},"palette":{"type":"string","description":"The color palette to apply. Valid values are `blue`, `custom_bg`, `custom_image`, `custom_text`, `gray_on_white`, `grey`, `green`, `orange`, `red`, `red_on_white`, `white_on_gray`, `white_on_green`, `green_on_white`, `white_on_red`, `white_on_yellow`, `yellow_on_white`, `black_on_light_yellow`, `black_on_light_green`, `black_on_light_red`.","description_kind":"plain","required":true},"timeframe":{"type":"string","description":"Defines the displayed timeframe.","description_kind":"plain","optional":true},"value":{"type":"number","description":"A value for the comparator.","description_kind":"plain","required":true}},"description":"Conditional formats allow you to set the color of your widget content or background depending on the rule applied to your data. Multiple `conditional_formats` blocks are allowed using the structure below.","description_kind":"plain"}},"limit":{"nesting_mode":"list","block":{"attributes":{"count":{"type":"number","description":"The number of results to return","description_kind":"plain","optional":true},"order":{"type":"string","description":"The direction of the sort. Valid values are `asc`, `desc`.","description_kind":"plain","optional":true}},"description":"The options for limiting results returned.","description_kind":"plain"},"max_items":1},"style":{"nesting_mode":"list","block":{"attributes":{"palette":{"type":"string","description":"The color palette used to display the formula. A guide to the available color palettes can be found at https://docs.datadoghq.com/dashboards/guide/widget_colors","description_kind":"plain","optional":true},"palette_index":{"type":"number","description":"Index specifying which color to use within the palette.","description_kind":"plain","optional":true}},"description":"Styling options for widget formulas.","description_kind":"plain"},"max_items":1}},"description_kind":"plain"}},"query":{"nesting_mode":"list","block":{"block_types":{"apm_dependency_stats_query":{"nesting_mode":"list","block":{"attributes":{"data_source":{"type":"string","description":"The data source for APM Dependency Stats queries. Valid values are `apm_dependency_stats`.","description_kind":"plain","required":true},"env":{"type":"string","description":"APM Environment.","description_kind":"plain","required":true},"is_upstream":{"type":"bool","description":"Determines whether stats for upstream or downstream dependencies should be queried.","description_kind":"plain","optional":true},"name":{"type":"string","description":"The name of query for use in formulas.","description_kind":"plain","required":true},"operation_name":{"type":"string","description":"Name of operation on service.","description_kind":"plain","required":true},"primary_tag_name":{"type":"string","description":"The name of the second primary tag used within APM; required when `primary_tag_value` is specified. See https://docs.datadoghq.com/tracing/guide/setting_primary_tags_to_scope/#add-a-second-primary-tag-in-datadog.","description_kind":"plain","optional":true},"primary_tag_value":{"type":"string","description":"Filter APM data by the second primary tag. `primary_tag_name` must also be specified.","description_kind":"plain","optional":true},"resource_name":{"type":"string","description":"APM resource.","description_kind":"plain","required":true},"service":{"type":"string","description":"APM service.","description_kind":"plain","required":true},"stat":{"type":"string","description":"APM statistic. Valid values are `avg_duration`, `avg_root_duration`, `avg_spans_per_trace`, `error_rate`, `pct_exec_time`, `pct_of_traces`, `total_traces_count`.","description_kind":"plain","required":true}},"description":"The APM Dependency Stats query using formulas and functions.","description_kind":"plain"},"max_items":1},"apm_resource_stats_query":{"nesting_mode":"list","block":{"attributes":{"data_source":{"type":"string","description":"The data source for APM Resource Stats queries. Valid values are `apm_resource_stats`.","description_kind":"plain","required":true},"env":{"type":"string","description":"APM Environment.","description_kind":"plain","required":true},"group_by":{"type":["list","string"],"description":"Array of fields to group results by.","description_kind":"plain","optional":true},"name":{"type":"string","description":"The name of query for use in formulas.","description_kind":"plain","required":true},"operation_name":{"type":"string","description":"Name of operation on service.","description_kind":"plain","optional":true},"primary_tag_name":{"type":"string","description":"The name of the second primary tag used within APM; required when `primary_tag_value` is specified. See https://docs.datadoghq.com/tracing/guide/setting_primary_tags_to_scope/#add-a-second-primary-tag-in-datadog.","description_kind":"plain","optional":true},"primary_tag_value":{"type":"string","description":"Filter APM data by the second primary tag. `primary_tag_name` must also be specified.","description_kind":"plain","optional":true},"resource_name":{"type":"string","description":"APM resource.","description_kind":"plain","optional":true},"service":{"type":"string","description":"APM service.","description_kind":"plain","required":true},"stat":{"type":"string","description":"APM statistic. Valid values are `errors`, `error_rate`, `hits`, `latency_avg`, `latency_distribution`, `latency_max`, `latency_p50`, `latency_p75`, `latency_p90`, `latency_p95`, `latency_p99`.","description_kind":"plain","required":true}},"description":"The APM Resource Stats query using formulas and functions.","description_kind":"plain"},"max_items":1},"event_query":{"nesting_mode":"list","block":{"attributes":{"data_source":{"type":"string","description":"The data source for event platform-based queries. Valid values are `logs`, `spans`, `network`, `rum`, `security_signals`, `profiles`, `audit`, `events`, `ci_tests`, `ci_pipelines`.","description_kind":"plain","required":true},"indexes":{"type":["list","string"],"description":"An array of index names to query in the stream.","description_kind":"plain","optional":true},"name":{"type":"string","description":"The name of query for use in formulas.","description_kind":"plain","required":true},"storage":{"type":"string","description":"Storage location (private beta).","description_kind":"plain","optional":true}},"block_types":{"compute":{"nesting_mode":"list","block":{"attributes":{"aggregation":{"type":"string","description":"The aggregation methods for event platform queries. Valid values are `count`, `cardinality`, `median`, `pc75`, `pc90`, `pc95`, `pc98`, `pc99`, `sum`, `min`, `max`, `avg`.","description_kind":"plain","required":true},"interval":{"type":"number","description":"A time interval in milliseconds.","description_kind":"plain","optional":true},"metric":{"type":"string","description":"The measurable attribute to compute.","description_kind":"plain","optional":true}},"description":"The compute options.","description_kind":"plain"},"min_items":1},"group_by":{"nesting_mode":"list","block":{"attributes":{"facet":{"type":"string","description":"The event facet.","description_kind":"plain","required":true},"limit":{"type":"number","description":"The number of groups to return.","description_kind":"plain","optional":true}},"block_types":{"sort":{"nesting_mode":"list","block":{"attributes":{"aggregation":{"type":"string","description":"The aggregation methods for the event platform queries. Valid values are `count`, `cardinality`, `median`, `pc75`, `pc90`, `pc95`, `pc98`, `pc99`, `sum`, `min`, `max`, `avg`.","description_kind":"plain","required":true},"metric":{"type":"string","description":"The metric used for sorting group by results.","description_kind":"plain","optional":true},"order":{"type":"string","description":"Direction of sort. Valid values are `asc`, `desc`.","description_kind":"plain","optional":true}},"description":"The options for sorting group by results.","description_kind":"plain"},"max_items":1}},"description":"Group by options.","description_kind":"plain"}},"search":{"nesting_mode":"list","block":{"attributes":{"query":{"type":"string","description":"The events search string.","description_kind":"plain","required":true}},"description":"The search options.","description_kind":"plain"},"max_items":1}},"description":"A timeseries formula and functions events query.","description_kind":"plain"},"max_items":1},"metric_query":{"nesting_mode":"list","block":{"attributes":{"aggregator":{"type":"string","description":"The aggregation methods available for metrics queries. Valid values are `avg`, `min`, `max`, `sum`, `last`, `area`, `l2norm`, `percentile`.","description_kind":"plain","optional":true},"data_source":{"type":"string","description":"The data source for metrics queries.","description_kind":"plain","optional":true},"name":{"type":"string","description":"The name of the query for use in formulas.","description_kind":"plain","required":true},"query":{"type":"string","description":"The metrics query definition.","description_kind":"plain","required":true}},"description":"A timeseries formula and functions metrics query.","description_kind":"plain"},"max_items":1},"process_query":{"nesting_mode":"list","block":{"attributes":{"aggregator":{"type":"string","description":"The aggregation methods available for metrics queries. Valid values are `avg`, `min`, `max`, `sum`, `last`, `area`, `l2norm`, `percentile`.","description_kind":"plain","optional":true},"data_source":{"type":"string","description":"The data source for process queries. Valid values are `process`, `container`.","description_kind":"plain","required":true},"is_normalized_cpu":{"type":"bool","description":"Whether to normalize the CPU percentages.","description_kind":"plain","optional":true},"limit":{"type":"number","description":"The number of hits to return.","description_kind":"plain","optional":true},"metric":{"type":"string","description":"The process metric name.","description_kind":"plain","required":true},"name":{"type":"string","description":"The name of query for use in formulas.","description_kind":"plain","required":true},"sort":{"type":"string","description":"The direction of the sort. Valid values are `asc`, `desc`.","description_kind":"plain","optional":true},"tag_filters":{"type":["list","string"],"description":"An array of tags to filter by.","description_kind":"plain","optional":true},"text_filter":{"type":"string","description":"The text to use as a filter.","description_kind":"plain","optional":true}},"description":"The process query using formulas and functions.","description_kind":"plain"},"max_items":1}},"description_kind":"plain"}}},"description":"Nested block describing the request to use when displaying the widget.","description_kind":"plain"}}},"description":"The definition for a Treemap widget.","description_kind":"plain"},"max_items":1},"widget_layout":{"nesting_mode":"list","block":{"attributes":{"height":{"type":"number","description":"The height of the widget.","description_kind":"plain","required":true},"is_column_break":{"type":"bool","description":"Whether the widget should be the first one on the second column in high density or not. Only for the new dashboard layout and only one widget in the dashboard should have this property set to `true`.","description_kind":"plain","optional":true},"width":{"type":"number","description":"The width of the widget.","description_kind":"plain","required":true},"x":{"type":"number","description":"The position of the widget on the x (horizontal) axis. Should be greater than or equal to 0.","description_kind":"plain","required":true},"y":{"type":"number","description":"The position of the widget on the y (vertical) axis. Should be greater than or equal to 0.","description_kind":"plain","required":true}},"description":"The layout of the widget on a 'free' dashboard.","description_kind":"plain"},"max_items":1}},"description":"The list of widgets to display on the dashboard.","description_kind":"plain"}}},"description":"Provides a Datadog dashboard resource. This can be used to create and manage Datadog dashboards.","description_kind":"plain"}},"datadog_dashboard_json":{"version":0,"block":{"attributes":{"dashboard":{"type":"string","description":"The JSON formatted definition of the Dashboard.","description_kind":"plain","required":true},"dashboard_lists":{"type":["set","number"],"description":"The list of dashboard lists this dashboard belongs to.","description_kind":"plain","optional":true},"dashboard_lists_removed":{"type":["set","number"],"description":"The list of dashboard lists this dashboard should be removed from. Internal only.","description_kind":"plain","computed":true},"id":{"type":"string","description_kind":"plain","optional":true,"computed":true},"url":{"type":"string","description":"The URL of the dashboard.","description_kind":"plain","optional":true,"computed":true}},"description":"Provides a Datadog dashboard JSON resource. This can be used to create and manage Datadog dashboards using the JSON definition.","description_kind":"plain"}},"datadog_dashboard_list":{"version":0,"block":{"attributes":{"id":{"type":"string","description_kind":"plain","optional":true,"computed":true},"name":{"type":"string","description":"The name of the Dashboard List","description_kind":"plain","required":true}},"block_types":{"dash_item":{"nesting_mode":"set","block":{"attributes":{"dash_id":{"type":"string","description":"The ID of the dashboard to add","description_kind":"plain","required":true},"type":{"type":"string","description":"The type of this dashboard. Valid values are `custom_timeboard`, `custom_screenboard`, `integration_screenboard`, `integration_timeboard`, `host_timeboard`.","description_kind":"plain","required":true}},"description":"A set of dashboard items that belong to this list","description_kind":"plain"}}},"description":"Provides a Datadog dashboard_list resource. This can be used to create and manage Datadog Dashboard Lists and the individual dashboards within them.","description_kind":"plain"}},"datadog_downtime":{"version":0,"block":{"attributes":{"active":{"type":"bool","description":"When true indicates this downtime is being actively applied","description_kind":"plain","computed":true},"active_child_id":{"type":"number","description":"The id corresponding to the downtime object definition of the active child for the original parent recurring downtime. This field will only exist on recurring downtimes.","description_kind":"plain","computed":true},"disabled":{"type":"bool","description":"When true indicates this downtime is not being applied","description_kind":"plain","computed":true},"end":{"type":"number","description":"Optionally specify an end date when this downtime should expire. Accepts a Unix timestamp in UTC.","description_kind":"plain","optional":true},"end_date":{"type":"string","description":"String representing date and time to end the downtime in RFC3339 format.","description_kind":"plain","optional":true},"id":{"type":"string","description_kind":"plain","optional":true,"computed":true},"message":{"type":"string","description":"An optional message to provide when creating the downtime, can include notification handles","description_kind":"plain","optional":true},"monitor_id":{"type":"number","description":"When specified, this downtime will only apply to this monitor","description_kind":"plain","optional":true},"monitor_tags":{"type":["set","string"],"description":"A list of monitor tags (up to 32) to base the scheduled downtime on. Only monitors that have all selected tags are silenced","description_kind":"plain","optional":true},"mute_first_recovery_notification":{"type":"bool","description":"When true the first recovery notification during the downtime will be muted","description_kind":"plain","optional":true},"scope":{"type":["list","string"],"description":"specify the group scope to which this downtime applies. For everything use '*'","description_kind":"plain","required":true},"start":{"type":"number","description":"Specify when this downtime should start. Accepts a Unix timestamp in UTC.","description_kind":"plain","optional":true},"start_date":{"type":"string","description":"String representing date and time to start the downtime in RFC3339 format.","description_kind":"plain","optional":true},"timezone":{"type":"string","description":"The timezone for the downtime, default UTC. Follows IANA timezone database identifiers.","description_kind":"plain","optional":true}},"block_types":{"recurrence":{"nesting_mode":"list","block":{"attributes":{"period":{"type":"number","description":"How often to repeat as an integer. For example to repeat every 3 days, select a `type` of `days` and a `period` of `3`.","description_kind":"plain","optional":true},"rrule":{"type":"string","description":"The RRULE standard for defining recurring events. For example, to have a recurring event on the first day of each month, use `FREQ=MONTHLY;INTERVAL=1`. Most common rrule options from the iCalendar Spec are supported. Attributes specifying the duration in RRULE are not supported (for example, `DTSTART`, `DTEND`, `DURATION`). Only applicable when `type` is `rrule`.","description_kind":"plain","optional":true},"type":{"type":"string","description":"One of `days`, `weeks`, `months`, `years`, or `rrule`.","description_kind":"plain","required":true},"until_date":{"type":"number","description":"The date at which the recurrence should end as a POSIX timestamp. `until_occurrences` and `until_date` are mutually exclusive.","description_kind":"plain","optional":true},"until_occurrences":{"type":"number","description":"How many times the downtime will be rescheduled. `until_occurrences` and `until_date` are mutually exclusive.","description_kind":"plain","optional":true},"week_days":{"type":["list","string"],"description":"A list of week days to repeat on. Choose from: `Mon`, `Tue`, `Wed`, `Thu`, `Fri`, `Sat` or `Sun`. Only applicable when `type` is `weeks`. First letter must be capitalized.","description_kind":"plain","optional":true}},"description":"Optional recurring schedule for this downtime","description_kind":"plain"},"max_items":1}},"description":"Provides a Datadog downtime resource. This can be used to create and manage Datadog downtimes.","description_kind":"plain"}},"datadog_integration_aws":{"version":0,"block":{"attributes":{"access_key_id":{"type":"string","description":"Your AWS access key ID. Only required if your AWS account is a GovCloud or China account.","description_kind":"plain","optional":true},"account_id":{"type":"string","description":"Your AWS Account ID without dashes.","description_kind":"plain","optional":true},"account_specific_namespace_rules":{"type":["map","bool"],"description":"Enables or disables metric collection for specific AWS namespaces for this AWS account only. A list of namespaces can be found at the [available namespace rules API endpoint](https://docs.datadoghq.com/api/v1/aws-integration/#list-namespace-rules).","description_kind":"plain","optional":true},"cspm_resource_collection_enabled":{"type":"string","description":"Whether Datadog collects cloud security posture management resources from your AWS account. This includes additional resources not covered under the general resource_collection.","description_kind":"plain","optional":true,"computed":true},"excluded_regions":{"type":["set","string"],"description":"An array of AWS regions to exclude from metrics collection.","description_kind":"plain","optional":true},"external_id":{"type":"string","description":"AWS External ID. **NOTE** This provider will not be able to detect changes made to the `external_id` field from outside Terraform.","description_kind":"plain","computed":true},"filter_tags":{"type":["list","string"],"description":"Array of EC2 tags (in the form `key:value`) defines a filter that Datadog uses when collecting metrics from EC2. Wildcards, such as `?` (for single characters) and `*` (for multiple characters) can also be used. Only hosts that match one of the defined tags will be imported into Datadog. The rest will be ignored. Host matching a given tag can also be excluded by adding `!` before the tag. e.x. `env:production,instance-type:c1.*,!region:us-east-1`.","description_kind":"plain","optional":true},"host_tags":{"type":["list","string"],"description":"Array of tags (in the form `key:value`) to add to all hosts and metrics reporting through this integration.","description_kind":"plain","optional":true},"id":{"type":"string","description_kind":"plain","optional":true,"computed":true},"metrics_collection_enabled":{"type":"string","description":"Whether Datadog collects metrics for this AWS account.","description_kind":"plain","optional":true,"computed":true},"resource_collection_enabled":{"type":"string","description":"Whether Datadog collects a standard set of resources from your AWS account.","description_kind":"plain","optional":true,"computed":true},"role_name":{"type":"string","description":"Your Datadog role delegation name.","description_kind":"plain","optional":true},"secret_access_key":{"type":"string","description":"Your AWS secret access key. Only required if your AWS account is a GovCloud or China account.","description_kind":"plain","optional":true,"sensitive":true}},"description":"Provides a Datadog - Amazon Web Services integration resource. This can be used to create and manage Datadog - Amazon Web Services integration.\n\n","description_kind":"plain"}},"datadog_integration_aws_lambda_arn":{"version":0,"block":{"attributes":{"account_id":{"type":"string","description":"Your AWS Account ID without dashes. If your account is a GovCloud or China account, specify the `access_key_id` here.","description_kind":"plain","required":true},"id":{"type":"string","description_kind":"plain","optional":true,"computed":true},"lambda_arn":{"type":"string","description":"The ARN of the Datadog forwarder Lambda.","description_kind":"plain","required":true}},"description":"Provides a Datadog - Amazon Web Services integration Lambda ARN resource. This can be used to create and manage the log collection Lambdas for an account.\n\nUpdate operations are currently not supported with datadog API so any change forces a new resource.","description_kind":"plain"}},"datadog_integration_aws_log_collection":{"version":0,"block":{"attributes":{"account_id":{"type":"string","description":"Your AWS Account ID without dashes. If your account is a GovCloud or China account, specify the `access_key_id` here.","description_kind":"plain","required":true},"id":{"type":"string","description_kind":"plain","optional":true,"computed":true},"services":{"type":["list","string"],"description":"A list of services to collect logs from. See the [api docs](https://docs.datadoghq.com/api/v1/aws-logs-integration/#get-list-of-aws-log-ready-services) for more details on which services are supported.","description_kind":"plain","required":true}},"description":"Provides a Datadog - Amazon Web Services integration log collection resource. This can be used to manage which AWS services logs are collected from for an account.","description_kind":"plain"}},"datadog_integration_aws_tag_filter":{"version":0,"block":{"attributes":{"account_id":{"type":"string","description":"Your AWS Account ID without dashes. If your account is a GovCloud or China account, specify the `access_key_id` here.","description_kind":"plain","required":true},"id":{"type":"string","description_kind":"plain","optional":true,"computed":true},"namespace":{"type":"string","description":"The namespace associated with the tag filter entry. Valid values are `elb`, `application_elb`, `sqs`, `rds`, `custom`, `network_elb`, `lambda`.","description_kind":"plain","required":true},"tag_filter_str":{"type":"string","description":"The tag filter string.","description_kind":"plain","required":true}},"description":"Provides a Datadog AWS tag filter resource. This can be used to create and manage Datadog AWS tag filters.","description_kind":"plain"}},"datadog_integration_azure":{"version":0,"block":{"attributes":{"automute":{"type":"bool","description":"Silence monitors for expected Azure VM shutdowns.","description_kind":"plain","optional":true},"client_id":{"type":"string","description":"Your Azure web application ID.","description_kind":"plain","required":true},"client_secret":{"type":"string","description":"(Required for Initial Creation) Your Azure web application secret key.","description_kind":"plain","required":true,"sensitive":true},"host_filters":{"type":"string","description":"String of host tag(s) (in the form `key:value,key:value`) defines a filter that Datadog will use when collecting metrics from Azure. Limit the Azure instances that are pulled into Datadog by using tags. Only hosts that match one of the defined tags are imported into Datadog. e.x. `env:production,deploymentgroup:red`","description_kind":"plain","optional":true},"id":{"type":"string","description_kind":"plain","optional":true,"computed":true},"tenant_name":{"type":"string","description":"Your Azure Active Directory ID.","description_kind":"plain","required":true}},"description":"Provides a Datadog - Microsoft Azure integration resource. This can be used to create and manage the integrations.","description_kind":"plain"}},"datadog_integration_cloudflare_account":{"version":0,"block":{"attributes":{"api_key":{"type":"string","description":"The API key (or token) for the Cloudflare account.","description_kind":"plain","required":true,"sensitive":true},"email":{"type":"string","description":"The email associated with the Cloudflare account. If an API key is provided (and not a token), this field is also required.","description_kind":"plain","optional":true},"id":{"type":"string","description":"The ID of this resource.","description_kind":"plain","computed":true},"name":{"type":"string","description":"The name of the Cloudflare account.","description_kind":"plain","required":true}},"description":"Provides a Datadog IntegrationCloudflareAccount resource. This can be used to create and manage Datadog integration_cloudflare_account.","description_kind":"plain"}},"datadog_integration_confluent_account":{"version":0,"block":{"attributes":{"api_key":{"type":"string","description":"The API key associated with your Confluent account.","description_kind":"plain","required":true},"api_secret":{"type":"string","description":"The API secret associated with your Confluent account.","description_kind":"plain","required":true,"sensitive":true},"id":{"type":"string","description":"The ID of this resource.","description_kind":"plain","computed":true},"tags":{"type":["set","string"],"description":"A list of strings representing tags. Can be a single key, or key-value pairs separated by a colon.","description_kind":"plain","optional":true}},"description":"Provides a Datadog IntegrationConfluentAccount resource. This can be used to create and manage Datadog integration_confluent_account.","description_kind":"plain"}},"datadog_integration_confluent_resource":{"version":0,"block":{"attributes":{"account_id":{"type":"string","description":"Confluent Account ID.","description_kind":"plain","required":true},"id":{"type":"string","description":"The ID of this resource.","description_kind":"plain","computed":true},"resource_id":{"type":"string","description":"The ID associated with a Confluent resource.","description_kind":"plain","required":true},"resource_type":{"type":"string","description":"The resource type of the Resource. Can be `kafka`, `connector`, `ksql`, or `schema_registry`.","description_kind":"plain","optional":true},"tags":{"type":["set","string"],"description":"A list of strings representing tags. Can be a single key, or key-value pairs separated by a colon.","description_kind":"plain","optional":true}},"description":"Provides a Datadog IntegrationConfluentResource resource. This can be used to create and manage Datadog integration_confluent_resource.","description_kind":"plain"}},"datadog_integration_fastly_account":{"version":0,"block":{"attributes":{"api_key":{"type":"string","description":"The API key for the Fastly account.","description_kind":"plain","required":true},"id":{"type":"string","description":"The ID of this resource.","description_kind":"plain","computed":true},"name":{"type":"string","description":"The name of the Fastly account.","description_kind":"plain","required":true}},"description":"Provides a Datadog IntegrationFastlyAccount resource. This can be used to create and manage Datadog integration_fastly_account.","description_kind":"plain"}},"datadog_integration_fastly_service":{"version":0,"block":{"attributes":{"account_id":{"type":"string","description":"Fastly Account id.","description_kind":"plain","optional":true},"id":{"type":"string","description":"The ID of this resource.","description_kind":"plain","computed":true},"service_id":{"type":"string","description":"The ID of the Fastly service.","description_kind":"plain","required":true},"tags":{"type":["set","string"],"description":"A list of tags for the Fastly service.","description_kind":"plain","optional":true}},"description":"Provides a Datadog IntegrationFastlyService resource. This can be used to create and manage Datadog integration_fastly_service.","description_kind":"plain"}},"datadog_integration_gcp":{"version":0,"block":{"attributes":{"automute":{"type":"bool","description":"Silence monitors for expected GCE instance shutdowns.","description_kind":"plain","optional":true},"client_email":{"type":"string","description":"Your email found in your JSON service account key.","description_kind":"plain","required":true},"client_id":{"type":"string","description":"Your ID found in your JSON service account key.","description_kind":"plain","required":true},"cspm_resource_collection_enabled":{"type":"bool","description":"Whether Datadog collects cloud security posture management resources from your GCP project.","description_kind":"plain","optional":true},"host_filters":{"type":"string","description":"Limit the GCE instances that are pulled into Datadog by using tags. Only hosts that match one of the defined tags are imported into Datadog.","description_kind":"plain","optional":true},"id":{"type":"string","description_kind":"plain","optional":true,"computed":true},"private_key":{"type":"string","description":"Your private key name found in your JSON service account key.","description_kind":"plain","required":true,"sensitive":true},"private_key_id":{"type":"string","description":"Your private key ID found in your JSON service account key.","description_kind":"plain","required":true},"project_id":{"type":"string","description":"Your Google Cloud project ID found in your JSON service account key.","description_kind":"plain","required":true}},"description":"Provides a Datadog - Google Cloud Platform integration resource. This can be used to create and manage Datadog - Google Cloud Platform integration.","description_kind":"plain"}},"datadog_integration_opsgenie_service_object":{"version":0,"block":{"attributes":{"custom_url":{"type":"string","description":"The custom url for a custom region.","description_kind":"plain","optional":true},"id":{"type":"string","description_kind":"plain","optional":true,"computed":true},"name":{"type":"string","description":"The name for the Opsgenie service.","description_kind":"plain","required":true},"opsgenie_api_key":{"type":"string","description":"The Opsgenie API key for the Opsgenie service. Note: Since the Datadog API never returns Opsgenie API keys, it is impossible to detect [drifts](https://www.hashicorp.com/blog/detecting-and-managing-drift-with-terraform). The best way to solve a drift is to manually mark the Service Object resource with [terraform taint](https://www.terraform.io/docs/commands/taint.html) to have it destroyed and recreated.","description_kind":"plain","required":true,"sensitive":true},"region":{"type":"string","description":"The region for the Opsgenie service. Valid values are `us`, `eu`, `custom`.","description_kind":"plain","required":true}},"description":"Resource for interacting with Datadog Opsgenie Service API.","description_kind":"plain"}},"datadog_integration_pagerduty":{"version":0,"block":{"attributes":{"api_token":{"type":"string","description":"Your PagerDuty API token.","description_kind":"plain","optional":true,"sensitive":true},"id":{"type":"string","description_kind":"plain","optional":true,"computed":true},"schedules":{"type":["list","string"],"description":"Array of your schedule URLs.","description_kind":"plain","optional":true},"subdomain":{"type":"string","description":"Your PagerDuty account’s personalized subdomain name.","description_kind":"plain","required":true}},"description":"Provides a Datadog - PagerDuty resource. This can be used to create and manage Datadog - PagerDuty integration. See also [PagerDuty Integration Guide](https://www.pagerduty.com/docs/guides/datadog-integration-guide/).","description_kind":"plain"}},"datadog_integration_pagerduty_service_object":{"version":0,"block":{"attributes":{"id":{"type":"string","description_kind":"plain","optional":true,"computed":true},"service_key":{"type":"string","description":"Your Service name associated service key in PagerDuty. Note: Since the Datadog API never returns service keys, it is impossible to detect [drifts](https://www.hashicorp.com/blog/detecting-and-managing-drift-with-terraform). The best way to solve a drift is to manually mark the Service Object resource with [terraform taint](https://www.terraform.io/docs/commands/taint.html) to have it destroyed and recreated.","description_kind":"plain","required":true,"sensitive":true},"service_name":{"type":"string","description":"Your Service name in PagerDuty.","description_kind":"plain","required":true}},"description":"Provides access to individual Service Objects of Datadog - PagerDuty integrations. Note that the Datadog - PagerDuty integration must be activated in the Datadog UI in order for this resource to be usable.","description_kind":"plain"}},"datadog_integration_slack_channel":{"version":0,"block":{"attributes":{"account_name":{"type":"string","description":"Slack account name.","description_kind":"plain","required":true},"channel_name":{"type":"string","description":"Slack channel name.","description_kind":"plain","required":true},"id":{"type":"string","description_kind":"plain","optional":true,"computed":true}},"block_types":{"display":{"nesting_mode":"list","block":{"attributes":{"message":{"type":"bool","description":"Show the main body of the alert event.","description_kind":"plain","optional":true},"notified":{"type":"bool","description":"Show the list of @-handles in the alert event.","description_kind":"plain","optional":true},"snapshot":{"type":"bool","description":"Show the alert event's snapshot image.","description_kind":"plain","optional":true},"tags":{"type":"bool","description":"Show the scopes on which the monitor alerted.","description_kind":"plain","optional":true}},"description":"Configuration options for what is shown in an alert event message.","description_kind":"plain"},"min_items":1,"max_items":1}},"description":"Resource for interacting with the Datadog Slack channel API","description_kind":"plain"}},"datadog_ip_allowlist":{"version":0,"block":{"attributes":{"enabled":{"type":"bool","description":"Whether the IP Allowlist is enabled.","description_kind":"plain","required":true},"id":{"type":"string","description_kind":"plain","optional":true,"computed":true}},"block_types":{"entry":{"nesting_mode":"set","block":{"attributes":{"cidr_block":{"type":"string","description_kind":"plain","required":true},"note":{"type":"string","description":"Note accompanying IP address.","description_kind":"plain","optional":true}},"description":"Set of objects containing an IP address or range of IP addresses in the allowlist and an accompanying note.","description_kind":"plain"}}},"description":"Provides the Datadog IP allowlist resource. This can be used to manage the Datadog IP allowlist","description_kind":"plain"}},"datadog_logs_archive":{"version":0,"block":{"attributes":{"id":{"type":"string","description_kind":"plain","optional":true,"computed":true},"include_tags":{"type":"bool","description":"To store the tags in the archive, set the value `true`. If it is set to `false`, the tags will be dropped when the logs are sent to the archive.","description_kind":"plain","optional":true},"name":{"type":"string","description":"Your archive name.","description_kind":"plain","required":true},"query":{"type":"string","description":"The archive query/filter. Logs matching this query are included in the archive.","description_kind":"plain","required":true},"rehydration_max_scan_size_in_gb":{"type":"number","description":"To limit the rehydration scan size for the archive, set a value in GB.","description_kind":"plain","optional":true},"rehydration_tags":{"type":["list","string"],"description":"An array of tags to add to rehydrated logs from an archive.","description_kind":"plain","optional":true}},"block_types":{"azure_archive":{"nesting_mode":"list","block":{"attributes":{"client_id":{"type":"string","description":"Your client id.","description_kind":"plain","required":true},"container":{"type":"string","description":"The container where the archive is stored.","description_kind":"plain","required":true},"path":{"type":"string","description":"The path where the archive is stored.","description_kind":"plain","optional":true},"storage_account":{"type":"string","description":"The associated storage account.","description_kind":"plain","required":true},"tenant_id":{"type":"string","description":"Your tenant id.","description_kind":"plain","required":true}},"description":"Definition of an azure archive.","description_kind":"plain"},"max_items":1},"gcs_archive":{"nesting_mode":"list","block":{"attributes":{"bucket":{"type":"string","description":"Name of your GCS bucket.","description_kind":"plain","required":true},"client_email":{"type":"string","description":"Your client email.","description_kind":"plain","required":true},"path":{"type":"string","description":"Path where the archive is stored.","description_kind":"plain","optional":true},"project_id":{"type":"string","description":"Your project id.","description_kind":"plain","required":true}},"description":"Definition of a GCS archive.","description_kind":"plain"},"max_items":1},"s3_archive":{"nesting_mode":"list","block":{"attributes":{"account_id":{"type":"string","description":"Your AWS account id.","description_kind":"plain","required":true},"bucket":{"type":"string","description":"Name of your s3 bucket.","description_kind":"plain","required":true},"path":{"type":"string","description":"Path where the archive is stored.","description_kind":"plain","optional":true},"role_name":{"type":"string","description":"Your AWS role name","description_kind":"plain","required":true}},"description":"Definition of an s3 archive.","description_kind":"plain"},"max_items":1}},"description":"Provides a Datadog Logs Archive API resource, which is used to create and manage Datadog logs archives.","description_kind":"plain"}},"datadog_logs_archive_order":{"version":0,"block":{"attributes":{"archive_ids":{"type":["list","string"],"description":"The archive IDs list. The order of archive IDs in this attribute defines the overall archive order for logs. If `archive_ids` is empty or not specified, it will import the actual archive order, and create the resource. Otherwise, it will try to update the order.","description_kind":"plain","optional":true,"computed":true},"id":{"type":"string","description_kind":"plain","optional":true,"computed":true}},"description":"Provides a Datadog [Logs Archive API](https://docs.datadoghq.com/api/v2/logs-archives/) resource, which is used to manage Datadog log archives order.","description_kind":"plain"}},"datadog_logs_custom_pipeline":{"version":0,"block":{"attributes":{"id":{"type":"string","description_kind":"plain","optional":true,"computed":true},"is_enabled":{"type":"bool","description_kind":"plain","optional":true},"name":{"type":"string","description_kind":"plain","required":true}},"block_types":{"filter":{"nesting_mode":"list","block":{"attributes":{"query":{"type":"string","description":"Filter criteria of the category.","description_kind":"plain","required":true}},"description_kind":"plain"},"min_items":1},"processor":{"nesting_mode":"list","block":{"block_types":{"arithmetic_processor":{"nesting_mode":"list","block":{"attributes":{"expression":{"type":"string","description":"Arithmetic operation between one or more log attributes.","description_kind":"plain","required":true},"is_enabled":{"type":"bool","description":"Boolean value to enable your pipeline.","description_kind":"plain","optional":true},"is_replace_missing":{"type":"bool","description":"If true, it replaces all missing attributes of expression by 0, false skips the operation if an attribute is missing.","description_kind":"plain","optional":true},"name":{"type":"string","description":"Your pipeline name.","description_kind":"plain","optional":true},"target":{"type":"string","description":"Name of the attribute that contains the result of the arithmetic operation.","description_kind":"plain","required":true}},"description":"Arithmetic Processor. More information can be found in the [official docs](https://docs.datadoghq.com/logs/processing/processors/?tab=ui#arithmetic-processor)","description_kind":"plain"},"max_items":1},"attribute_remapper":{"nesting_mode":"list","block":{"attributes":{"is_enabled":{"type":"bool","description":"If the processor is enabled or not.","description_kind":"plain","optional":true},"name":{"type":"string","description":"Name of the processor","description_kind":"plain","optional":true},"override_on_conflict":{"type":"bool","description":"Override the target element if already set.","description_kind":"plain","optional":true},"preserve_source":{"type":"bool","description":"Remove or preserve the remapped source element.","description_kind":"plain","optional":true},"source_type":{"type":"string","description":"Defines where the sources are from (log `attribute` or `tag`).","description_kind":"plain","required":true},"sources":{"type":["list","string"],"description":"List of source attributes or tags.","description_kind":"plain","required":true},"target":{"type":"string","description":"Final attribute or tag name to remap the sources.","description_kind":"plain","required":true},"target_format":{"type":"string","description":"If the `target_type` of the remapper is `attribute`, try to cast the value to a new specific type. If the cast is not possible, the original type is kept. `string`, `integer`, or `double` are the possible types. If the `target_type` is `tag`, this parameter may not be specified.","description_kind":"plain","optional":true},"target_type":{"type":"string","description":"Defines if the target is a log `attribute` or `tag`.","description_kind":"plain","required":true}},"description":"Attribute Remapper Processor. More information can be found in the [official docs](https://docs.datadoghq.com/logs/processing/processors/?tab=ui#remapper)","description_kind":"plain"},"max_items":1},"category_processor":{"nesting_mode":"list","block":{"attributes":{"is_enabled":{"type":"bool","description":"If the processor is enabled or not.","description_kind":"plain","optional":true},"name":{"type":"string","description":"Name of the category","description_kind":"plain","optional":true},"target":{"type":"string","description":"Name of the target attribute whose value is defined by the matching category.","description_kind":"plain","required":true}},"block_types":{"category":{"nesting_mode":"list","block":{"attributes":{"name":{"type":"string","description_kind":"plain","required":true}},"block_types":{"filter":{"nesting_mode":"list","block":{"attributes":{"query":{"type":"string","description":"Filter criteria of the category.","description_kind":"plain","required":true}},"description_kind":"plain"},"min_items":1,"max_items":1}},"description":"List of filters to match or exclude a log with their corresponding name to assign a custom value to the log.","description_kind":"plain"},"min_items":1}},"description":"Category Processor. More information can be found in the [official docs](https://docs.datadoghq.com/logs/processing/processors/?tab=ui#category-processor)","description_kind":"plain"},"max_items":1},"date_remapper":{"nesting_mode":"list","block":{"attributes":{"is_enabled":{"type":"bool","description":"If the processor is enabled or not.","description_kind":"plain","optional":true},"name":{"type":"string","description":"Name of the processor.","description_kind":"plain","optional":true},"sources":{"type":["list","string"],"description":"List of source attributes.","description_kind":"plain","required":true}},"description":"Date Remapper Processor. More information can be found in the [official docs](https://docs.datadoghq.com/logs/processing/processors/?tab=ui#log-date-remapper)","description_kind":"plain"},"max_items":1},"geo_ip_parser":{"nesting_mode":"list","block":{"attributes":{"is_enabled":{"type":"bool","description":"If the processor is enabled or not.","description_kind":"plain","optional":true},"name":{"type":"string","description":"Name of the processor.","description_kind":"plain","optional":true},"sources":{"type":["list","string"],"description":"List of source attributes.","description_kind":"plain","required":true},"target":{"type":"string","description":"Name of the parent attribute that contains all the extracted details from the sources.","description_kind":"plain","required":true}},"description":"Date GeoIP Processor. More information can be found in the [official docs](https://docs.datadoghq.com/logs/processing/processors/?tab=ui#geoip-parser)","description_kind":"plain"},"max_items":1},"grok_parser":{"nesting_mode":"list","block":{"attributes":{"is_enabled":{"type":"bool","description":"If the processor is enabled or not.","description_kind":"plain","optional":true},"name":{"type":"string","description":"Name of the processor","description_kind":"plain","optional":true},"samples":{"type":["list","string"],"description":"List of sample logs for this parser. It can save up to 5 samples. Each sample takes up to 5000 characters.","description_kind":"plain","optional":true},"source":{"type":"string","description":"Name of the log attribute to parse.","description_kind":"plain","required":true}},"block_types":{"grok":{"nesting_mode":"list","block":{"attributes":{"match_rules":{"type":"string","description":"Match rules for your grok parser.","description_kind":"plain","required":true},"support_rules":{"type":"string","description":"Support rules for your grok parser.","description_kind":"plain","required":true}},"description_kind":"plain"},"min_items":1,"max_items":1}},"description":"Grok Processor. More information can be found in the [official docs](https://docs.datadoghq.com/logs/processing/processors/?tab=ui#grok-parser)","description_kind":"plain"},"max_items":1},"lookup_processor":{"nesting_mode":"list","block":{"attributes":{"default_lookup":{"type":"string","description":"Default lookup value to use if there is no entry in the lookup table for the value of the source attribute.","description_kind":"plain","optional":true},"is_enabled":{"type":"bool","description":"If the processor is enabled or not.","description_kind":"plain","optional":true},"lookup_table":{"type":["list","string"],"description":"List of entries of the lookup table using `key,value` format.","description_kind":"plain","required":true},"name":{"type":"string","description":"Name of the processor","description_kind":"plain","optional":true},"source":{"type":"string","description":"Name of the source attribute used to do the lookup.","description_kind":"plain","required":true},"target":{"type":"string","description":"Name of the attribute that contains the result of the lookup.","description_kind":"plain","required":true}},"description":"Lookup Processor. More information can be found in the [official docs](https://docs.datadoghq.com/logs/processing/processors/?tab=ui#lookup-processor)","description_kind":"plain"},"max_items":1},"message_remapper":{"nesting_mode":"list","block":{"attributes":{"is_enabled":{"type":"bool","description":"If the processor is enabled or not.","description_kind":"plain","optional":true},"name":{"type":"string","description":"Name of the processor.","description_kind":"plain","optional":true},"sources":{"type":["list","string"],"description":"List of source attributes.","description_kind":"plain","required":true}},"description":"Message Remapper Processor. More information can be found in the [official docs](https://docs.datadoghq.com/logs/processing/processors/?tab=ui#log-message-remapper)","description_kind":"plain"},"max_items":1},"pipeline":{"nesting_mode":"list","block":{"attributes":{"is_enabled":{"type":"bool","description_kind":"plain","optional":true},"name":{"type":"string","description_kind":"plain","required":true}},"block_types":{"filter":{"nesting_mode":"list","block":{"attributes":{"query":{"type":"string","description":"Filter criteria of the category.","description_kind":"plain","required":true}},"description_kind":"plain"},"min_items":1},"processor":{"nesting_mode":"list","block":{"block_types":{"arithmetic_processor":{"nesting_mode":"list","block":{"attributes":{"expression":{"type":"string","description":"Arithmetic operation between one or more log attributes.","description_kind":"plain","required":true},"is_enabled":{"type":"bool","description":"Boolean value to enable your pipeline.","description_kind":"plain","optional":true},"is_replace_missing":{"type":"bool","description":"If true, it replaces all missing attributes of expression by 0, false skips the operation if an attribute is missing.","description_kind":"plain","optional":true},"name":{"type":"string","description":"Your pipeline name.","description_kind":"plain","optional":true},"target":{"type":"string","description":"Name of the attribute that contains the result of the arithmetic operation.","description_kind":"plain","required":true}},"description":"Arithmetic Processor. More information can be found in the [official docs](https://docs.datadoghq.com/logs/processing/processors/?tab=ui#arithmetic-processor)","description_kind":"plain"},"max_items":1},"attribute_remapper":{"nesting_mode":"list","block":{"attributes":{"is_enabled":{"type":"bool","description":"If the processor is enabled or not.","description_kind":"plain","optional":true},"name":{"type":"string","description":"Name of the processor","description_kind":"plain","optional":true},"override_on_conflict":{"type":"bool","description":"Override the target element if already set.","description_kind":"plain","optional":true},"preserve_source":{"type":"bool","description":"Remove or preserve the remapped source element.","description_kind":"plain","optional":true},"source_type":{"type":"string","description":"Defines where the sources are from (log `attribute` or `tag`).","description_kind":"plain","required":true},"sources":{"type":["list","string"],"description":"List of source attributes or tags.","description_kind":"plain","required":true},"target":{"type":"string","description":"Final attribute or tag name to remap the sources.","description_kind":"plain","required":true},"target_format":{"type":"string","description":"If the `target_type` of the remapper is `attribute`, try to cast the value to a new specific type. If the cast is not possible, the original type is kept. `string`, `integer`, or `double` are the possible types. If the `target_type` is `tag`, this parameter may not be specified.","description_kind":"plain","optional":true},"target_type":{"type":"string","description":"Defines if the target is a log `attribute` or `tag`.","description_kind":"plain","required":true}},"description":"Attribute Remapper Processor. More information can be found in the [official docs](https://docs.datadoghq.com/logs/processing/processors/?tab=ui#remapper)","description_kind":"plain"},"max_items":1},"category_processor":{"nesting_mode":"list","block":{"attributes":{"is_enabled":{"type":"bool","description":"If the processor is enabled or not.","description_kind":"plain","optional":true},"name":{"type":"string","description":"Name of the category","description_kind":"plain","optional":true},"target":{"type":"string","description":"Name of the target attribute whose value is defined by the matching category.","description_kind":"plain","required":true}},"block_types":{"category":{"nesting_mode":"list","block":{"attributes":{"name":{"type":"string","description_kind":"plain","required":true}},"block_types":{"filter":{"nesting_mode":"list","block":{"attributes":{"query":{"type":"string","description":"Filter criteria of the category.","description_kind":"plain","required":true}},"description_kind":"plain"},"min_items":1,"max_items":1}},"description":"List of filters to match or exclude a log with their corresponding name to assign a custom value to the log.","description_kind":"plain"},"min_items":1}},"description":"Category Processor. More information can be found in the [official docs](https://docs.datadoghq.com/logs/processing/processors/?tab=ui#category-processor)","description_kind":"plain"},"max_items":1},"date_remapper":{"nesting_mode":"list","block":{"attributes":{"is_enabled":{"type":"bool","description":"If the processor is enabled or not.","description_kind":"plain","optional":true},"name":{"type":"string","description":"Name of the processor.","description_kind":"plain","optional":true},"sources":{"type":["list","string"],"description":"List of source attributes.","description_kind":"plain","required":true}},"description":"Date Remapper Processor. More information can be found in the [official docs](https://docs.datadoghq.com/logs/processing/processors/?tab=ui#log-date-remapper)","description_kind":"plain"},"max_items":1},"geo_ip_parser":{"nesting_mode":"list","block":{"attributes":{"is_enabled":{"type":"bool","description":"If the processor is enabled or not.","description_kind":"plain","optional":true},"name":{"type":"string","description":"Name of the processor.","description_kind":"plain","optional":true},"sources":{"type":["list","string"],"description":"List of source attributes.","description_kind":"plain","required":true},"target":{"type":"string","description":"Name of the parent attribute that contains all the extracted details from the sources.","description_kind":"plain","required":true}},"description":"Date GeoIP Processor. More information can be found in the [official docs](https://docs.datadoghq.com/logs/processing/processors/?tab=ui#geoip-parser)","description_kind":"plain"},"max_items":1},"grok_parser":{"nesting_mode":"list","block":{"attributes":{"is_enabled":{"type":"bool","description":"If the processor is enabled or not.","description_kind":"plain","optional":true},"name":{"type":"string","description":"Name of the processor","description_kind":"plain","optional":true},"samples":{"type":["list","string"],"description":"List of sample logs for this parser. It can save up to 5 samples. Each sample takes up to 5000 characters.","description_kind":"plain","optional":true},"source":{"type":"string","description":"Name of the log attribute to parse.","description_kind":"plain","required":true}},"block_types":{"grok":{"nesting_mode":"list","block":{"attributes":{"match_rules":{"type":"string","description":"Match rules for your grok parser.","description_kind":"plain","required":true},"support_rules":{"type":"string","description":"Support rules for your grok parser.","description_kind":"plain","required":true}},"description_kind":"plain"},"min_items":1,"max_items":1}},"description":"Grok Processor. More information can be found in the [official docs](https://docs.datadoghq.com/logs/processing/processors/?tab=ui#grok-parser)","description_kind":"plain"},"max_items":1},"lookup_processor":{"nesting_mode":"list","block":{"attributes":{"default_lookup":{"type":"string","description":"Default lookup value to use if there is no entry in the lookup table for the value of the source attribute.","description_kind":"plain","optional":true},"is_enabled":{"type":"bool","description":"If the processor is enabled or not.","description_kind":"plain","optional":true},"lookup_table":{"type":["list","string"],"description":"List of entries of the lookup table using `key,value` format.","description_kind":"plain","required":true},"name":{"type":"string","description":"Name of the processor","description_kind":"plain","optional":true},"source":{"type":"string","description":"Name of the source attribute used to do the lookup.","description_kind":"plain","required":true},"target":{"type":"string","description":"Name of the attribute that contains the result of the lookup.","description_kind":"plain","required":true}},"description":"Lookup Processor. More information can be found in the [official docs](https://docs.datadoghq.com/logs/processing/processors/?tab=ui#lookup-processor)","description_kind":"plain"},"max_items":1},"message_remapper":{"nesting_mode":"list","block":{"attributes":{"is_enabled":{"type":"bool","description":"If the processor is enabled or not.","description_kind":"plain","optional":true},"name":{"type":"string","description":"Name of the processor.","description_kind":"plain","optional":true},"sources":{"type":["list","string"],"description":"List of source attributes.","description_kind":"plain","required":true}},"description":"Message Remapper Processor. More information can be found in the [official docs](https://docs.datadoghq.com/logs/processing/processors/?tab=ui#log-message-remapper)","description_kind":"plain"},"max_items":1},"reference_table_lookup_processor":{"nesting_mode":"list","block":{"attributes":{"is_enabled":{"type":"bool","description":"If the processor is enabled or not.","description_kind":"plain","optional":true},"lookup_enrichment_table":{"type":"string","description":"Name of the Reference Table for the source attribute and their associated target attribute values.","description_kind":"plain","required":true},"name":{"type":"string","description":"Name of the processor","description_kind":"plain","optional":true},"source":{"type":"string","description":"Name of the source attribute used to do the lookup.","description_kind":"plain","required":true},"target":{"type":"string","description":"Name of the attribute that contains the result of the lookup.","description_kind":"plain","required":true}},"description":"Reference Table Lookup Processor. Reference Tables are in public beta. More information can be found in the [official docs](https://docs.datadoghq.com/logs/processing/processors/?tab=ui#lookup-processor)","description_kind":"plain"},"max_items":1},"service_remapper":{"nesting_mode":"list","block":{"attributes":{"is_enabled":{"type":"bool","description":"If the processor is enabled or not.","description_kind":"plain","optional":true},"name":{"type":"string","description":"Name of the processor.","description_kind":"plain","optional":true},"sources":{"type":["list","string"],"description":"List of source attributes.","description_kind":"plain","required":true}},"description":"Service Remapper Processor. More information can be found in the [official docs](https://docs.datadoghq.com/logs/processing/processors/?tab=ui#service-remapper)","description_kind":"plain"},"max_items":1},"status_remapper":{"nesting_mode":"list","block":{"attributes":{"is_enabled":{"type":"bool","description":"If the processor is enabled or not.","description_kind":"plain","optional":true},"name":{"type":"string","description":"Name of the processor.","description_kind":"plain","optional":true},"sources":{"type":["list","string"],"description":"List of source attributes.","description_kind":"plain","required":true}},"description":"Status Remapper Processor. More information can be found in the [official docs](https://docs.datadoghq.com/logs/processing/processors/?tab=ui#log-status-remapper)","description_kind":"plain"},"max_items":1},"string_builder_processor":{"nesting_mode":"list","block":{"attributes":{"is_enabled":{"type":"bool","description":"If the processor is enabled or not.","description_kind":"plain","optional":true},"is_replace_missing":{"type":"bool","description":"If it replaces all missing attributes of template by an empty string.","description_kind":"plain","optional":true},"name":{"type":"string","description":"The name of the processor.","description_kind":"plain","optional":true},"target":{"type":"string","description":"The name of the attribute that contains the result of the template.","description_kind":"plain","required":true},"template":{"type":"string","description":"The formula with one or more attributes and raw text.","description_kind":"plain","required":true}},"description":"String Builder Processor. More information can be found in the [official docs](https://docs.datadoghq.com/logs/processing/processors/?tab=ui#string-builder-processor)","description_kind":"plain"},"max_items":1},"trace_id_remapper":{"nesting_mode":"list","block":{"attributes":{"is_enabled":{"type":"bool","description":"If the processor is enabled or not.","description_kind":"plain","optional":true},"name":{"type":"string","description":"Name of the processor.","description_kind":"plain","optional":true},"sources":{"type":["list","string"],"description":"List of source attributes.","description_kind":"plain","required":true}},"description":"Trace ID Remapper Processor. More information can be found in the [official docs](https://docs.datadoghq.com/logs/processing/processors/?tab=ui#trace-remapper)","description_kind":"plain"},"max_items":1},"url_parser":{"nesting_mode":"list","block":{"attributes":{"is_enabled":{"type":"bool","description":"If the processor is enabled or not.","description_kind":"plain","optional":true},"name":{"type":"string","description":"Name of the processor","description_kind":"plain","optional":true},"normalize_ending_slashes":{"type":"bool","description":"Normalize the ending slashes or not.","description_kind":"plain","optional":true},"sources":{"type":["list","string"],"description":"List of source attributes.","description_kind":"plain","required":true},"target":{"type":"string","description":"Name of the parent attribute that contains all the extracted details from the sources.","description_kind":"plain","required":true}},"description":"URL Parser Processor. More information can be found in the [official docs](https://docs.datadoghq.com/logs/processing/processors/?tab=ui#url-parser)","description_kind":"plain"},"max_items":1},"user_agent_parser":{"nesting_mode":"list","block":{"attributes":{"is_enabled":{"type":"bool","description":"If the processor is enabled or not.","description_kind":"plain","optional":true},"is_encoded":{"type":"bool","description":"If the source attribute is URL encoded or not.","description_kind":"plain","optional":true},"name":{"type":"string","description":"Name of the processor","description_kind":"plain","optional":true},"sources":{"type":["list","string"],"description":"List of source attributes.","description_kind":"plain","required":true},"target":{"type":"string","description":"Name of the parent attribute that contains all the extracted details from the sources.","description_kind":"plain","required":true}},"description":"User-Agent Parser Processor. More information can be found in the [official docs](https://docs.datadoghq.com/logs/processing/processors/?tab=ui#user-agent-parser)","description_kind":"plain"},"max_items":1}},"description_kind":"plain"}}},"description_kind":"plain"},"max_items":1},"reference_table_lookup_processor":{"nesting_mode":"list","block":{"attributes":{"is_enabled":{"type":"bool","description":"If the processor is enabled or not.","description_kind":"plain","optional":true},"lookup_enrichment_table":{"type":"string","description":"Name of the Reference Table for the source attribute and their associated target attribute values.","description_kind":"plain","required":true},"name":{"type":"string","description":"Name of the processor","description_kind":"plain","optional":true},"source":{"type":"string","description":"Name of the source attribute used to do the lookup.","description_kind":"plain","required":true},"target":{"type":"string","description":"Name of the attribute that contains the result of the lookup.","description_kind":"plain","required":true}},"description":"Reference Table Lookup Processor. Reference Tables are in public beta. More information can be found in the [official docs](https://docs.datadoghq.com/logs/processing/processors/?tab=ui#lookup-processor)","description_kind":"plain"},"max_items":1},"service_remapper":{"nesting_mode":"list","block":{"attributes":{"is_enabled":{"type":"bool","description":"If the processor is enabled or not.","description_kind":"plain","optional":true},"name":{"type":"string","description":"Name of the processor.","description_kind":"plain","optional":true},"sources":{"type":["list","string"],"description":"List of source attributes.","description_kind":"plain","required":true}},"description":"Service Remapper Processor. More information can be found in the [official docs](https://docs.datadoghq.com/logs/processing/processors/?tab=ui#service-remapper)","description_kind":"plain"},"max_items":1},"status_remapper":{"nesting_mode":"list","block":{"attributes":{"is_enabled":{"type":"bool","description":"If the processor is enabled or not.","description_kind":"plain","optional":true},"name":{"type":"string","description":"Name of the processor.","description_kind":"plain","optional":true},"sources":{"type":["list","string"],"description":"List of source attributes.","description_kind":"plain","required":true}},"description":"Status Remapper Processor. More information can be found in the [official docs](https://docs.datadoghq.com/logs/processing/processors/?tab=ui#log-status-remapper)","description_kind":"plain"},"max_items":1},"string_builder_processor":{"nesting_mode":"list","block":{"attributes":{"is_enabled":{"type":"bool","description":"If the processor is enabled or not.","description_kind":"plain","optional":true},"is_replace_missing":{"type":"bool","description":"If it replaces all missing attributes of template by an empty string.","description_kind":"plain","optional":true},"name":{"type":"string","description":"The name of the processor.","description_kind":"plain","optional":true},"target":{"type":"string","description":"The name of the attribute that contains the result of the template.","description_kind":"plain","required":true},"template":{"type":"string","description":"The formula with one or more attributes and raw text.","description_kind":"plain","required":true}},"description":"String Builder Processor. More information can be found in the [official docs](https://docs.datadoghq.com/logs/processing/processors/?tab=ui#string-builder-processor)","description_kind":"plain"},"max_items":1},"trace_id_remapper":{"nesting_mode":"list","block":{"attributes":{"is_enabled":{"type":"bool","description":"If the processor is enabled or not.","description_kind":"plain","optional":true},"name":{"type":"string","description":"Name of the processor.","description_kind":"plain","optional":true},"sources":{"type":["list","string"],"description":"List of source attributes.","description_kind":"plain","required":true}},"description":"Trace ID Remapper Processor. More information can be found in the [official docs](https://docs.datadoghq.com/logs/processing/processors/?tab=ui#trace-remapper)","description_kind":"plain"},"max_items":1},"url_parser":{"nesting_mode":"list","block":{"attributes":{"is_enabled":{"type":"bool","description":"If the processor is enabled or not.","description_kind":"plain","optional":true},"name":{"type":"string","description":"Name of the processor","description_kind":"plain","optional":true},"normalize_ending_slashes":{"type":"bool","description":"Normalize the ending slashes or not.","description_kind":"plain","optional":true},"sources":{"type":["list","string"],"description":"List of source attributes.","description_kind":"plain","required":true},"target":{"type":"string","description":"Name of the parent attribute that contains all the extracted details from the sources.","description_kind":"plain","required":true}},"description":"URL Parser Processor. More information can be found in the [official docs](https://docs.datadoghq.com/logs/processing/processors/?tab=ui#url-parser)","description_kind":"plain"},"max_items":1},"user_agent_parser":{"nesting_mode":"list","block":{"attributes":{"is_enabled":{"type":"bool","description":"If the processor is enabled or not.","description_kind":"plain","optional":true},"is_encoded":{"type":"bool","description":"If the source attribute is URL encoded or not.","description_kind":"plain","optional":true},"name":{"type":"string","description":"Name of the processor","description_kind":"plain","optional":true},"sources":{"type":["list","string"],"description":"List of source attributes.","description_kind":"plain","required":true},"target":{"type":"string","description":"Name of the parent attribute that contains all the extracted details from the sources.","description_kind":"plain","required":true}},"description":"User-Agent Parser Processor. More information can be found in the [official docs](https://docs.datadoghq.com/logs/processing/processors/?tab=ui#user-agent-parser)","description_kind":"plain"},"max_items":1}},"description_kind":"plain"}}},"description":"Provides a Datadog [Logs Pipeline API](https://docs.datadoghq.com/api/v1/logs-pipelines/) resource, which is used to create and manage Datadog logs custom pipelines. Each `datadog_logs_custom_pipeline` resource defines a complete pipeline. The order of the pipelines is maintained in a different resource: `datadog_logs_pipeline_order`. When creating a new pipeline, you need to **explicitly** add this pipeline to the `datadog_logs_pipeline_order` resource to track the pipeline. Similarly, when a pipeline needs to be destroyed, remove its references from the `datadog_logs_pipeline_order` resource.","description_kind":"plain"}},"datadog_logs_index":{"version":0,"block":{"attributes":{"daily_limit":{"type":"number","description":"The number of log events you can send in this index per day before you are rate-limited.","description_kind":"plain","optional":true},"disable_daily_limit":{"type":"bool","description":"If true, sets the daily_limit value to null and the index is not limited on a daily basis (any specified daily_limit value in the request is ignored). If false or omitted, the index's current daily_limit is maintained.","description_kind":"plain","optional":true,"computed":true},"id":{"type":"string","description_kind":"plain","optional":true,"computed":true},"name":{"type":"string","description":"The name of the index.","description_kind":"plain","required":true},"retention_days":{"type":"number","description":"The number of days before logs are deleted from this index.","description_kind":"plain","optional":true,"computed":true}},"block_types":{"exclusion_filter":{"nesting_mode":"list","block":{"attributes":{"is_enabled":{"type":"bool","description":"A boolean stating if the exclusion is active or not.","description_kind":"plain","optional":true},"name":{"type":"string","description":"The name of the exclusion filter.","description_kind":"plain","optional":true}},"block_types":{"filter":{"nesting_mode":"list","block":{"attributes":{"query":{"type":"string","description":"Only logs matching the filter criteria and the query of the parent index will be considered for this exclusion filter.","description_kind":"plain","optional":true},"sample_rate":{"type":"number","description":"The fraction of logs excluded by the exclusion filter, when active.","description_kind":"plain","optional":true}},"description_kind":"plain"}}},"description":"List of exclusion filters.","description_kind":"plain"}},"filter":{"nesting_mode":"list","block":{"attributes":{"query":{"type":"string","description":"Logs filter criteria. Only logs matching this filter criteria are considered for this index.","description_kind":"plain","required":true}},"description":"Logs filter","description_kind":"plain"},"min_items":1,"max_items":1}},"description":"Provides a Datadog Logs Index API resource. This can be used to create and manage Datadog logs indexes.  \n**Note:** It is not possible to delete logs indexes through Terraform, so an index remains in your account after the resource is removed from your terraform config. Reach out to support to delete a logs index.","description_kind":"plain"}},"datadog_logs_index_order":{"version":0,"block":{"attributes":{"id":{"type":"string","description_kind":"plain","optional":true,"computed":true},"indexes":{"type":["list","string"],"description":"The index resource list. Logs are tested against the query filter of each index one by one following the order of the list.","description_kind":"plain","required":true},"name":{"type":"string","description":"The unique name of the index order resource.","description_kind":"plain","optional":true,"computed":true}},"description":"Provides a Datadog Logs Index API resource. This can be used to manage the order of Datadog logs indexes.","description_kind":"plain"}},"datadog_logs_integration_pipeline":{"version":0,"block":{"attributes":{"id":{"type":"string","description_kind":"plain","optional":true,"computed":true},"is_enabled":{"type":"bool","description":"Boolean value to enable your pipeline.","description_kind":"plain","optional":true}},"description":"Provides a Datadog Logs Pipeline API resource to manage the integrations. Integration pipelines are the pipelines that are automatically installed for your organization when sending the logs with specific sources. You don't need to maintain or update these types of pipelines. Keeping them as resources, however, allows you to manage the order of your pipelines by referencing them in your `datadog_logs_pipeline_order` resource. If you don't need the `pipeline_order` feature, this resource declaration can be omitted.","description_kind":"plain"}},"datadog_logs_metric":{"version":0,"block":{"attributes":{"id":{"type":"string","description_kind":"plain","optional":true,"computed":true},"name":{"type":"string","description":"The name of the log-based metric. This field can't be updated after creation.","description_kind":"plain","required":true}},"block_types":{"compute":{"nesting_mode":"list","block":{"attributes":{"aggregation_type":{"type":"string","description":"The type of aggregation to use. This field can't be updated after creation. Valid values are `count`, `distribution`.","description_kind":"plain","required":true},"include_percentiles":{"type":"bool","description":"Toggle to include/exclude percentiles for a distribution metric. Defaults to false. Can only be applied to metrics that have an `aggregation_type` of distribution.","description_kind":"plain","optional":true},"path":{"type":"string","description":"The path to the value the log-based metric will aggregate on (only used if the aggregation type is a \"distribution\"). This field can't be updated after creation.","description_kind":"plain","optional":true}},"description":"The compute rule to compute the log-based metric. This field can't be updated after creation.","description_kind":"plain"},"min_items":1,"max_items":1},"filter":{"nesting_mode":"list","block":{"attributes":{"query":{"type":"string","description":"The search query - following the log search syntax.","description_kind":"plain","required":true}},"description":"The log-based metric filter. Logs matching this filter will be aggregated in this metric.","description_kind":"plain"},"min_items":1,"max_items":1},"group_by":{"nesting_mode":"set","block":{"attributes":{"path":{"type":"string","description":"The path to the value the log-based metric will be aggregated over.","description_kind":"plain","required":true},"tag_name":{"type":"string","description":"Name of the tag that gets created.","description_kind":"plain","required":true}},"description":"The rules for the group by.","description_kind":"plain"}}},"description":"Resource for interacting with the logs_metric API","description_kind":"plain"}},"datadog_logs_pipeline_order":{"version":0,"block":{"attributes":{"id":{"type":"string","description_kind":"plain","optional":true,"computed":true},"name":{"type":"string","description":"The name attribute in the resource `datadog_logs_pipeline_order` needs to be unique. It's recommended to use the same value as the resource name. No related field is available in [Logs Pipeline API](https://docs.datadoghq.com/api/v1/logs-pipelines/#get-pipeline-order).","description_kind":"plain","required":true},"pipelines":{"type":["list","string"],"description":"The pipeline IDs list. The order of pipeline IDs in this attribute defines the overall pipeline order for logs.","description_kind":"plain","required":true}},"description":"Provides a Datadog Logs Pipeline API resource, which is used to manage Datadog log pipelines order.","description_kind":"plain"}},"datadog_metric_metadata":{"version":0,"block":{"attributes":{"description":{"type":"string","description":"A description of the metric.","description_kind":"plain","optional":true},"id":{"type":"string","description_kind":"plain","optional":true,"computed":true},"metric":{"type":"string","description":"The name of the metric.","description_kind":"plain","required":true},"per_unit":{"type":"string","description":"Per unit of the metric such as `second` in `bytes per second`.","description_kind":"plain","optional":true},"short_name":{"type":"string","description":"A short name of the metric.","description_kind":"plain","optional":true},"statsd_interval":{"type":"number","description":"If applicable, statsd flush interval in seconds for the metric.","description_kind":"plain","optional":true},"type":{"type":"string","description":"Metric type such as `gauge` or `rate`.","description_kind":"plain","optional":true},"unit":{"type":"string","description":"Primary unit of the metric such as `byte` or `operation`.","description_kind":"plain","optional":true}},"description":"Provides a Datadog metric_metadata resource. This can be used to manage a metric's metadata.","description_kind":"plain"}},"datadog_metric_tag_configuration":{"version":0,"block":{"attributes":{"id":{"type":"string","description_kind":"plain","optional":true,"computed":true},"include_percentiles":{"type":"bool","description":"Toggle to include/exclude percentiles for a distribution metric. Defaults to false. Can only be applied to metrics that have a `metric_type` of distribution.","description_kind":"plain","optional":true},"metric_name":{"type":"string","description":"The metric name for this resource.","description_kind":"plain","required":true},"metric_type":{"type":"string","description":"The metric's type. This field can't be updated after creation. Valid values are `gauge`, `count`, `rate`, `distribution`.","description_kind":"plain","required":true},"tags":{"type":["set","string"],"description":"A list of tag keys that will be queryable for your metric.","description_kind":"plain","required":true}},"block_types":{"aggregations":{"nesting_mode":"set","block":{"attributes":{"space":{"type":"string","description":"A space aggregation for use in query. Valid values are `avg`, `max`, `min`, `sum`.","description_kind":"plain","required":true},"time":{"type":"string","description":"A time aggregation for use in query. Valid values are `avg`, `count`, `max`, `min`, `sum`.","description_kind":"plain","required":true}},"description":"A list of queryable aggregation combinations for a count, rate, or gauge metric. By default, count and rate metrics require the (time: sum, space: sum) aggregation and gauge metrics require the (time: avg, space: avg) aggregation. Can only be applied to metrics that have a `metric_type` of count, rate, or gauge.","description_kind":"plain"}}},"description":"Provides a Datadog metric tag configuration resource. This can be used to modify tag configurations for metrics.","description_kind":"plain"}},"datadog_monitor":{"version":0,"block":{"attributes":{"enable_logs_sample":{"type":"bool","description":"A boolean indicating whether or not to include a list of log values which triggered the alert. This is only used by log monitors. Defaults to `false`.","description_kind":"plain","optional":true},"enable_samples":{"type":"bool","description":"Whether or not a list of samples which triggered the alert is included. This is only used by CI Test and Pipeline monitors.","description_kind":"plain","computed":true},"escalation_message":{"type":"string","description":"A message to include with a re-notification. Supports the `@username` notification allowed elsewhere.","description_kind":"plain","optional":true},"evaluation_delay":{"type":"number","description":"(Only applies to metric alert) Time (in seconds) to delay evaluation, as a non-negative integer.\n\nFor example, if the value is set to `300` (5min), the `timeframe` is set to `last_5m` and the time is 7:00, the monitor will evaluate data from 6:50 to 6:55. This is useful for AWS CloudWatch and other backfilled metrics to ensure the monitor will always have data during evaluation.","description_kind":"plain","optional":true,"computed":true},"force_delete":{"type":"bool","description":"A boolean indicating whether this monitor can be deleted even if it’s referenced by other resources (e.g. SLO, composite monitor).","description_kind":"plain","optional":true},"group_retention_duration":{"type":"string","description":"The time span after which groups with missing data are dropped from the monitor state. The minimum value is one hour, and the maximum value is 72 hours. Example values are: 60m, 1h, and 2d. This option is only available for APM Trace Analytics, Audit Trail, CI, Error Tracking, Event, Logs, and RUM monitors.","description_kind":"plain","optional":true},"groupby_simple_monitor":{"type":"bool","description":"Whether or not to trigger one alert if any source breaches a threshold. This is only used by log monitors. Defaults to `false`.","description_kind":"plain","optional":true},"id":{"type":"string","description_kind":"plain","optional":true,"computed":true},"include_tags":{"type":"bool","description":"A boolean indicating whether notifications from this monitor automatically insert its triggering tags into the title. Defaults to `true`.","description_kind":"plain","optional":true},"locked":{"type":"bool","description":"A boolean indicating whether changes to this monitor should be restricted to the creator or admins. Defaults to `false`. **Deprecated.** Use `restricted_roles`.","description_kind":"plain","deprecated":true,"optional":true},"message":{"type":"string","description":"A message to include with notifications for this monitor.\n\nEmail notifications can be sent to specific users by using the same `@username` notation as events.","description_kind":"plain","required":true},"name":{"type":"string","description":"Name of Datadog monitor.","description_kind":"plain","required":true},"new_group_delay":{"type":"number","description":"The time (in seconds) to skip evaluations for new groups.\n\n`new_group_delay` overrides `new_host_delay` if it is set to a nonzero value.","description_kind":"plain","optional":true},"new_host_delay":{"type":"number","description":"**Deprecated**. See `new_group_delay`. Time (in seconds) to allow a host to boot and applications to fully start before starting the evaluation of monitor results. Should be a non-negative integer. This value is ignored for simple monitors and monitors not grouped by host. Defaults to `300`. The only case when this should be used is to override the default and set `new_host_delay` to zero for monitors grouped by host. **Deprecated.** Use `new_group_delay` except when setting `new_host_delay` to zero.","description_kind":"plain","deprecated":true,"optional":true},"no_data_timeframe":{"type":"number","description":"The number of minutes before a monitor will notify when data stops reporting. Provider defaults to 10 minutes.\n\nWe recommend at least 2x the monitor timeframe for metric alerts or 2 minutes for service checks.","description_kind":"plain","optional":true},"notification_preset_name":{"type":"string","description":"Toggles the display of additional content sent in the monitor notification. Valid values are `show_all`, `hide_query`, `hide_handles`, `hide_all`.","description_kind":"plain","optional":true},"notify_audit":{"type":"bool","description":"A boolean indicating whether tagged users will be notified on changes to this monitor. Defaults to `false`.","description_kind":"plain","optional":true},"notify_by":{"type":["set","string"],"description":"Controls what granularity a monitor alerts on. Only available for monitors with groupings. For instance, a monitor grouped by `cluster`, `namespace`, and `pod` can be configured to only notify on each new `cluster` violating the alert conditions by setting `notify_by` to `['cluster']`. Tags mentioned in `notify_by` must be a subset of the grouping tags in the query. For example, a query grouped by `cluster` and `namespace` cannot notify on `region`. Setting `notify_by` to `[*]` configures the monitor to notify as a simple-alert.","description_kind":"plain","optional":true},"notify_no_data":{"type":"bool","description":"A boolean indicating whether this monitor will notify when data stops reporting. Defaults to `false`.","description_kind":"plain","optional":true},"on_missing_data":{"type":"string","description":"Controls how groups or monitors are treated if an evaluation does not return any data points. The default option results in different behavior depending on the monitor query type. For monitors using `Count` queries, an empty monitor evaluation is treated as 0 and is compared to the threshold conditions. For monitors using any query type other than `Count`, for example `Gauge`, `Measure`, or `Rate`, the monitor shows the last known status. This option is only available for APM Trace Analytics, Audit Trail, CI, Error Tracking, Event, Logs, and RUM monitors. Valid values are: `show_no_data`, `show_and_notify_no_data`, `resolve`, and `default`.","description_kind":"plain","optional":true},"priority":{"type":"number","description":"Integer from 1 (high) to 5 (low) indicating alert severity.","description_kind":"plain","optional":true},"query":{"type":"string","description":"The monitor query to notify on. Note this is not the same query you see in the UI and the syntax is different depending on the monitor type, please see the [API Reference](https://docs.datadoghq.com/api/v1/monitors/#create-a-monitor) for details. `terraform plan` will validate query contents unless `validate` is set to `false`.\n\n**Note:** APM latency data is now available as Distribution Metrics. Existing monitors have been migrated automatically but all terraformed monitors can still use the existing metrics. We strongly recommend updating monitor definitions to query the new metrics. To learn more, or to see examples of how to update your terraform definitions to utilize the new distribution metrics, see the [detailed doc](https://docs.datadoghq.com/tracing/guide/ddsketch_trace_metrics/).","description_kind":"plain","required":true},"renotify_interval":{"type":"number","description":"The number of minutes after the last notification before a monitor will re-notify on the current status. It will only re-notify if it's not resolved.","description_kind":"plain","optional":true},"renotify_occurrences":{"type":"number","description":"The number of re-notification messages that should be sent on the current status.","description_kind":"plain","optional":true},"renotify_statuses":{"type":["set","string"],"description":"The types of statuses for which re-notification messages should be sent. Valid values are `alert`, `warn`, `no data`.","description_kind":"plain","optional":true},"require_full_window":{"type":"bool","description":"A boolean indicating whether this monitor needs a full window of data before it's evaluated.\n\nWe highly recommend you set this to `false` for sparse metrics, otherwise some evaluations will be skipped. Default: `true` for `on average`, `at all times` and `in total` aggregation. `false` otherwise.","description_kind":"plain","optional":true},"restricted_roles":{"type":["set","string"],"description":"A list of unique role identifiers to define which roles are allowed to edit the monitor. Editing a monitor includes any updates to the monitor configuration, monitor deletion, and muting of the monitor for any amount of time. Roles unique identifiers can be pulled from the [Roles API](https://docs.datadoghq.com/api/latest/roles/#list-roles) in the `data.id` field.","description_kind":"plain","optional":true},"tags":{"type":["set","string"],"description":"A list of tags to associate with your monitor. This can help you categorize and filter monitors in the manage monitors page of the UI. Note: it's not currently possible to filter by these tags when querying via the API","description_kind":"plain","optional":true},"timeout_h":{"type":"number","description":"The number of hours of the monitor not reporting data before it automatically resolves from a triggered state. The minimum allowed value is 0 hours. The maximum allowed value is 24 hours.","description_kind":"plain","optional":true},"type":{"type":"string","description":"The type of the monitor. The mapping from these types to the types found in the Datadog Web UI can be found in the Datadog API [documentation page](https://docs.datadoghq.com/api/v1/monitors/#create-a-monitor). Note: The monitor type cannot be changed after a monitor is created. Valid values are `composite`, `event alert`, `log alert`, `metric alert`, `process alert`, `query alert`, `rum alert`, `service check`, `synthetics alert`, `trace-analytics alert`, `slo alert`, `event-v2 alert`, `audit alert`, `ci-pipelines alert`, `ci-tests alert`, `error-tracking alert`.","description_kind":"plain","required":true},"validate":{"type":"bool","description":"If set to `false`, skip the validation call done during plan.","description_kind":"plain","optional":true}},"block_types":{"monitor_threshold_windows":{"nesting_mode":"list","block":{"attributes":{"recovery_window":{"type":"string","description":"Describes how long an anomalous metric must be normal before the alert recovers.","description_kind":"plain","optional":true},"trigger_window":{"type":"string","description":"Describes how long a metric must be anomalous before an alert triggers.","description_kind":"plain","optional":true}},"description":"A mapping containing `recovery_window` and `trigger_window` values, e.g. `last_15m` . Can only be used for, and are required for, anomaly monitors.","description_kind":"plain"},"max_items":1},"monitor_thresholds":{"nesting_mode":"list","block":{"attributes":{"critical":{"type":"string","description":"The monitor `CRITICAL` threshold. Must be a number.","description_kind":"plain","optional":true},"critical_recovery":{"type":"string","description":"The monitor `CRITICAL` recovery threshold. Must be a number.","description_kind":"plain","optional":true},"ok":{"type":"string","description":"The monitor `OK` threshold. Only supported in monitor type `service check`. Must be a number.","description_kind":"plain","optional":true},"unknown":{"type":"string","description":"The monitor `UNKNOWN` threshold. Only supported in monitor type `service check`. Must be a number.","description_kind":"plain","optional":true},"warning":{"type":"string","description":"The monitor `WARNING` threshold. Must be a number.","description_kind":"plain","optional":true},"warning_recovery":{"type":"string","description":"The monitor `WARNING` recovery threshold. Must be a number.","description_kind":"plain","optional":true}},"description":"Alert thresholds of the monitor.","description_kind":"plain"},"max_items":1},"scheduling_options":{"nesting_mode":"list","block":{"block_types":{"evaluation_window":{"nesting_mode":"list","block":{"attributes":{"day_starts":{"type":"string","description":"The time of the day at which a one day cumulative evaluation window starts. Must be defined in UTC time in `HH:mm` format.","description_kind":"plain","optional":true},"hour_starts":{"type":"number","description":"The minute of the hour at which a one hour cumulative evaluation window starts. Must be between 0 and 59.","description_kind":"plain","optional":true},"month_starts":{"type":"number","description":"The day of the month at which a one month cumulative evaluation window starts. Must be a value of 1.","description_kind":"plain","optional":true}},"description":"Configuration options for the evaluation window. If `hour_starts` is set, no other fields may be set. Otherwise, `day_starts` and `month_starts` must be set together.","description_kind":"plain"},"min_items":1}},"description":"Configuration options for scheduling.","description_kind":"plain"}},"variables":{"nesting_mode":"list","block":{"block_types":{"event_query":{"nesting_mode":"list","block":{"attributes":{"data_source":{"type":"string","description":"The data source for event platform-based queries. Valid values are `rum`, `ci_pipelines`, `ci_tests`, `audit`, `events`, `logs`, `spans`.","description_kind":"plain","required":true},"indexes":{"type":["list","string"],"description":"An array of index names to query in the stream.","description_kind":"plain","optional":true},"name":{"type":"string","description":"The name of query for use in formulas.","description_kind":"plain","required":true}},"block_types":{"compute":{"nesting_mode":"list","block":{"attributes":{"aggregation":{"type":"string","description":"The aggregation methods for event platform queries. Valid values are `count`, `cardinality`, `median`, `pc75`, `pc90`, `pc95`, `pc98`, `pc99`, `sum`, `min`, `max`, `avg`.","description_kind":"plain","required":true},"interval":{"type":"number","description":"A time interval in milliseconds.","description_kind":"plain","optional":true},"metric":{"type":"string","description":"The measurable attribute to compute.","description_kind":"plain","optional":true}},"description":"The compute options.","description_kind":"plain"},"min_items":1},"group_by":{"nesting_mode":"list","block":{"attributes":{"facet":{"type":"string","description":"The event facet.","description_kind":"plain","required":true},"limit":{"type":"number","description":"The number of groups to return.","description_kind":"plain","optional":true}},"block_types":{"sort":{"nesting_mode":"list","block":{"attributes":{"aggregation":{"type":"string","description":"The aggregation methods for the event platform queries. Valid values are `count`, `cardinality`, `median`, `pc75`, `pc90`, `pc95`, `pc98`, `pc99`, `sum`, `min`, `max`, `avg`.","description_kind":"plain","required":true},"metric":{"type":"string","description":"The metric used for sorting group by results.","description_kind":"plain","optional":true},"order":{"type":"string","description":"Direction of sort. Valid values are `asc`, `desc`.","description_kind":"plain","optional":true}},"description":"The options for sorting group by results.","description_kind":"plain"},"max_items":1}},"description":"Group by options.","description_kind":"plain"}},"search":{"nesting_mode":"list","block":{"attributes":{"query":{"type":"string","description":"The events search string.","description_kind":"plain","required":true}},"description":"The search options.","description_kind":"plain"},"min_items":1,"max_items":1}},"description":"A timeseries formula and functions events query.","description_kind":"plain"}}},"description_kind":"plain"},"max_items":1}},"description":"Provides a Datadog monitor resource. This can be used to create and manage Datadog monitors.","description_kind":"plain"}},"datadog_monitor_config_policy":{"version":0,"block":{"attributes":{"id":{"type":"string","description_kind":"plain","optional":true,"computed":true},"policy_type":{"type":"string","description":"The monitor config policy type Valid values are `tag`.","description_kind":"plain","required":true}},"block_types":{"tag_policy":{"nesting_mode":"list","block":{"attributes":{"tag_key":{"type":"string","description":"The key of the tag","description_kind":"plain","required":true},"tag_key_required":{"type":"bool","description":"If a tag key is required for monitor creation","description_kind":"plain","required":true},"valid_tag_values":{"type":["list","string"],"description":"Valid values for the tag","description_kind":"plain","required":true}},"description":"Config for a tag policy. Only set if `policy_type` is `tag`.","description_kind":"plain"},"max_items":1}},"description":"Provides a Datadog monitor config policy resource. This can be used to create and manage Datadog monitor config policies.","description_kind":"plain"}},"datadog_monitor_json":{"version":0,"block":{"attributes":{"id":{"type":"string","description_kind":"plain","optional":true,"computed":true},"monitor":{"type":"string","description":"The JSON formatted definition of the monitor.","description_kind":"plain","required":true},"url":{"type":"string","description":"The URL of the monitor.","description_kind":"plain","optional":true,"computed":true}},"description":"Provides a Datadog monitor JSON resource. This can be used to create and manage Datadog monitors using the JSON definition.","description_kind":"plain"}},"datadog_organization_settings":{"version":0,"block":{"attributes":{"description":{"type":"string","description":"Description of the organization.","description_kind":"plain","computed":true},"id":{"type":"string","description_kind":"plain","optional":true,"computed":true},"name":{"type":"string","description":"Name for Organization.","description_kind":"plain","optional":true},"public_id":{"type":"string","description":"The `public_id` of the organization you are operating within.","description_kind":"plain","computed":true}},"block_types":{"settings":{"nesting_mode":"list","block":{"attributes":{"private_widget_share":{"type":"bool","description":"Whether or not the organization users can share widgets outside of Datadog.","description_kind":"plain","optional":true},"saml_autocreate_access_role":{"type":"string","description":"The access role of the user. Options are `st` (standard user), `adm` (admin user), or `ro` (read-only user). Allowed enum values: `st`, `adm` , `ro`, `ERROR`","description_kind":"plain","optional":true},"saml_can_be_enabled":{"type":"bool","description":"Whether or not SAML can be enabled for this organization.","description_kind":"plain","computed":true},"saml_idp_endpoint":{"type":"string","description":"Identity provider endpoint for SAML authentication.","description_kind":"plain","computed":true},"saml_idp_metadata_uploaded":{"type":"bool","description":"Whether or not a SAML identity provider metadata file was provided to the Datadog organization.","description_kind":"plain","computed":true},"saml_login_url":{"type":"string","description":"URL for SAML logging.","description_kind":"plain","computed":true}},"block_types":{"saml":{"nesting_mode":"list","block":{"attributes":{"enabled":{"type":"bool","description":"Whether or not SAML is enabled for this organization.","description_kind":"plain","optional":true}},"description":"SAML properties","description_kind":"plain"},"min_items":1,"max_items":1},"saml_autocreate_users_domains":{"nesting_mode":"list","block":{"attributes":{"domains":{"type":["list","string"],"description":"List of domains where the SAML automated user creation is enabled.","description_kind":"plain","optional":true},"enabled":{"type":"bool","description":"Whether or not the automated user creation based on SAML domain is enabled.","description_kind":"plain","optional":true}},"description":"List of domains where the SAML automated user creation is enabled.","description_kind":"plain"},"min_items":1,"max_items":1},"saml_idp_initiated_login":{"nesting_mode":"list","block":{"attributes":{"enabled":{"type":"bool","description":"Whether or not a SAML identity provider metadata file was provided to the Datadog organization.","description_kind":"plain","optional":true}},"description":"Whether or not a SAML identity provider metadata file was provided to the Datadog organization.","description_kind":"plain"},"min_items":1,"max_items":1},"saml_strict_mode":{"nesting_mode":"list","block":{"attributes":{"enabled":{"type":"bool","description":"Whether or not the SAML strict mode is enabled. If true, all users must log in with SAML.","description_kind":"plain","optional":true}},"description":"Whether or not the SAML strict mode is enabled. If true, all users must log in with SAML.","description_kind":"plain"},"min_items":1,"max_items":1}},"description":"Organization settings","description_kind":"plain"},"max_items":1}},"description":"Provides a Datadog Organization resource. This can be used to manage your Datadog organization's settings.","description_kind":"plain"}},"datadog_role":{"version":0,"block":{"attributes":{"id":{"type":"string","description_kind":"plain","optional":true,"computed":true},"name":{"type":"string","description":"Name of the role.","description_kind":"plain","required":true},"user_count":{"type":"number","description":"Number of users that have this role.","description_kind":"plain","computed":true},"validate":{"type":"bool","description":"If set to `false`, skip the validation call done during plan.","description_kind":"plain","optional":true}},"block_types":{"permission":{"nesting_mode":"set","block":{"attributes":{"id":{"type":"string","description":"ID of the permission to assign.","description_kind":"plain","required":true},"name":{"type":"string","description":"Name of the permission.","description_kind":"plain","computed":true}},"description":"Set of objects containing the permission ID and the name of the permissions granted to this role.","description_kind":"plain"}}},"description":"Provides a Datadog role resource. This can be used to create and manage Datadog roles.","description_kind":"plain"}},"datadog_rum_application":{"version":0,"block":{"attributes":{"client_token":{"type":"string","description":"The client token","description_kind":"plain","computed":true},"id":{"type":"string","description_kind":"plain","optional":true,"computed":true},"name":{"type":"string","description":"The name of the RUM application","description_kind":"plain","required":true},"type":{"type":"string","description":"The RUM application type. Supported values are `browser`, `ios`, `android`, `react-native`, `flutter`","description_kind":"plain","optional":true}},"description":"Provides a Datadog RUM application resource. This can be used to create and manage Datadog RUM applications.","description_kind":"plain"}},"datadog_security_monitoring_default_rule":{"version":0,"block":{"attributes":{"enabled":{"type":"bool","description":"Enable the rule.","description_kind":"plain","optional":true},"id":{"type":"string","description_kind":"plain","optional":true,"computed":true},"type":{"type":"string","description":"The rule type.","description_kind":"plain","computed":true}},"block_types":{"case":{"nesting_mode":"list","block":{"attributes":{"notifications":{"type":["list","string"],"description":"Notification targets for each rule case.","description_kind":"plain","required":true},"status":{"type":"string","description":"Status of the rule case to match. Valid values are `info`, `low`, `medium`, `high`, `critical`.","description_kind":"plain","required":true}},"description":"Cases of the rule, this is used to update notifications.","description_kind":"plain"},"max_items":10},"filter":{"nesting_mode":"list","block":{"attributes":{"action":{"type":"string","description":"The type of filtering action. Allowed enum values: require, suppress Valid values are `require`, `suppress`.","description_kind":"plain","required":true},"query":{"type":"string","description":"Query for selecting logs to apply the filtering action.","description_kind":"plain","required":true}},"description":"Additional queries to filter matched events before they are processed.","description_kind":"plain"}},"options":{"nesting_mode":"list","block":{"attributes":{"decrease_criticality_based_on_env":{"type":"bool","description":"If true, signals in non-production environments have a lower severity than what is defined by the rule case, which can reduce noise. The decrement is applied when the environment tag of the signal starts with `staging`, `test`, or `dev`. Only available when the rule type is `log_detection`.","description_kind":"plain","optional":true}},"description":"Options on default rules. Note that only a subset of fields can be updated on default rule options.","description_kind":"plain"},"max_items":1}},"description":"Provides a Datadog Security Monitoring Rule API resource for default rules. It can only be imported, you can't create a default rule.","description_kind":"plain"}},"datadog_security_monitoring_filter":{"version":0,"block":{"attributes":{"filtered_data_type":{"type":"string","description":"The filtered data type. Valid values are `logs`.","description_kind":"plain","optional":true},"id":{"type":"string","description_kind":"plain","optional":true,"computed":true},"is_enabled":{"type":"bool","description":"Whether the security filter is enabled.","description_kind":"plain","required":true},"name":{"type":"string","description":"The name of the security filter.","description_kind":"plain","required":true},"query":{"type":"string","description":"The query of the security filter.","description_kind":"plain","required":true},"version":{"type":"number","description":"The version of the security filter.","description_kind":"plain","computed":true}},"block_types":{"exclusion_filter":{"nesting_mode":"list","block":{"attributes":{"name":{"type":"string","description":"Exclusion filter name.","description_kind":"plain","required":true},"query":{"type":"string","description":"Exclusion filter query. Logs that match this query are excluded from the security filter.","description_kind":"plain","required":true}},"description":"Exclusion filters to exclude some logs from the security filter.","description_kind":"plain"}}},"description":"Provides a Datadog Security Monitoring Rule API resource for security filters.","description_kind":"plain"}},"datadog_security_monitoring_rule":{"version":0,"block":{"attributes":{"enabled":{"type":"bool","description":"Whether the rule is enabled.","description_kind":"plain","optional":true},"has_extended_title":{"type":"bool","description":"Whether the notifications include the triggering group-by values in their title.","description_kind":"plain","optional":true},"id":{"type":"string","description_kind":"plain","optional":true,"computed":true},"message":{"type":"string","description":"Message for generated signals.","description_kind":"plain","required":true},"name":{"type":"string","description":"The name of the rule.","description_kind":"plain","required":true},"tags":{"type":["set","string"],"description":"Tags for generated signals.","description_kind":"plain","optional":true},"type":{"type":"string","description":"The rule type. Valid values are `log_detection`, `workload_security`, `signal_correlation`.","description_kind":"plain","optional":true}},"block_types":{"case":{"nesting_mode":"list","block":{"attributes":{"condition":{"type":"string","description":"A rule case contains logical operations (`\u003e`,`\u003e=`, `\u0026\u0026`, `||`) to determine if a signal should be generated based on the event counts in the previously defined queries.","description_kind":"plain","optional":true},"name":{"type":"string","description":"Name of the case.","description_kind":"plain","optional":true},"notifications":{"type":["list","string"],"description":"Notification targets for each rule case.","description_kind":"plain","optional":true},"status":{"type":"string","description":"Severity of the Security Signal. Valid values are `info`, `low`, `medium`, `high`, `critical`.","description_kind":"plain","required":true}},"description":"Cases for generating signals.","description_kind":"plain"},"min_items":1,"max_items":10},"filter":{"nesting_mode":"list","block":{"attributes":{"action":{"type":"string","description":"The type of filtering action. Valid values are `require`, `suppress`.","description_kind":"plain","required":true},"query":{"type":"string","description":"Query for selecting logs to apply the filtering action.","description_kind":"plain","required":true}},"description":"Additional queries to filter matched events before they are processed.","description_kind":"plain"}},"options":{"nesting_mode":"list","block":{"attributes":{"decrease_criticality_based_on_env":{"type":"bool","description":"If true, signals in non-production environments have a lower severity than what is defined by the rule case, which can reduce noise. The decrement is applied when the environment tag of the signal starts with `staging`, `test`, or `dev`. Only available when the rule type is `log_detection`.","description_kind":"plain","optional":true},"detection_method":{"type":"string","description":"The detection method. Valid values are `threshold`, `new_value`, `anomaly_detection`, `impossible_travel`, `hardcoded`, `third_party`.","description_kind":"plain","optional":true},"evaluation_window":{"type":"number","description":"A time window is specified to match when at least one of the cases matches true. This is a sliding window and evaluates in real time. Valid values are `0`, `60`, `300`, `600`, `900`, `1800`, `3600`, `7200`.","description_kind":"plain","optional":true},"keep_alive":{"type":"number","description":"Once a signal is generated, the signal will remain “open” if a case is matched at least once within this keep alive window (in seconds). Valid values are `0`, `60`, `300`, `600`, `900`, `1800`, `3600`, `7200`, `10800`, `21600`.","description_kind":"plain","required":true},"max_signal_duration":{"type":"number","description":"A signal will “close” regardless of the query being matched once the time exceeds the maximum duration (in seconds). This time is calculated from the first seen timestamp. Valid values are `0`, `60`, `300`, `600`, `900`, `1800`, `3600`, `7200`, `10800`, `21600`, `43200`, `86400`.","description_kind":"plain","required":true}},"block_types":{"impossible_travel_options":{"nesting_mode":"list","block":{"attributes":{"baseline_user_locations":{"type":"bool","description":"If true, signals are suppressed for the first 24 hours. During that time, Datadog learns the user's regular access locations. This can be helpful to reduce noise and infer VPN usage or credentialed API access.","description_kind":"plain","optional":true}},"description":"Options for rules using the impossible travel detection method.","description_kind":"plain"},"max_items":1},"new_value_options":{"nesting_mode":"list","block":{"attributes":{"forget_after":{"type":"number","description":"The duration in days after which a learned value is forgotten. Valid values are `1`, `2`, `7`, `14`, `21`, `28`.","description_kind":"plain","required":true},"learning_duration":{"type":"number","description":"The duration in days during which values are learned, and after which signals will be generated for values that weren't learned. If set to 0, a signal will be generated for all new values after the first value is learned. Valid values are `0`, `1`, `7`.","description_kind":"plain","optional":true},"learning_method":{"type":"string","description":"The learning method used to determine when signals should be generated for values that weren't learned. Valid values are `duration`, `threshold`.","description_kind":"plain","optional":true},"learning_threshold":{"type":"number","description":"A number of occurrences after which signals are generated for values that weren't learned. Valid values are `0`, `1`.","description_kind":"plain","optional":true}},"description":"New value rules specific options.","description_kind":"plain"},"max_items":1}},"description":"Options on rules.","description_kind":"plain"},"max_items":1},"query":{"nesting_mode":"list","block":{"attributes":{"aggregation":{"type":"string","description":"The aggregation type. For Signal Correlation rules, it must be event_count. Valid values are `count`, `cardinality`, `sum`, `max`, `new_value`, `geo_data`, `event_count`, `none`.","description_kind":"plain","optional":true},"distinct_fields":{"type":["list","string"],"description":"Field for which the cardinality is measured. Sent as an array.","description_kind":"plain","optional":true},"group_by_fields":{"type":["list","string"],"description":"Fields to group by.","description_kind":"plain","optional":true},"metric":{"type":"string","description":"The target field to aggregate over when using the `sum`, `max`, or `geo_data` aggregations. **Deprecated.** Configure `metrics` instead. This attribute will be removed in the next major version of the provider.","description_kind":"plain","deprecated":true,"optional":true},"metrics":{"type":["list","string"],"description":"Group of target fields to aggregate over when using the `sum`, `max`, `geo_data`, or `new_value` aggregations. The `sum`, `max`, and `geo_data` aggregations only accept one value in this list, whereas the `new_value` aggregation accepts up to five values.","description_kind":"plain","optional":true,"computed":true},"name":{"type":"string","description":"Name of the query. Not compatible with `new_value` aggregations.","description_kind":"plain","optional":true},"query":{"type":"string","description":"Query to run on logs.","description_kind":"plain","required":true}},"block_types":{"agent_rule":{"nesting_mode":"list","block":{"attributes":{"agent_rule_id":{"type":"string","description":"**Deprecated**. It won't be applied anymore.","description_kind":"plain","required":true},"expression":{"type":"string","description":"**Deprecated**. It won't be applied anymore.","description_kind":"plain","required":true}},"description":"**Deprecated**. It won't be applied anymore. **Deprecated.** `agent_rule` has been deprecated in favor of new Agent Rule resource.","description_kind":"plain","deprecated":true}}},"description":"Queries for selecting logs which are part of the rule.","description_kind":"plain"}},"signal_query":{"nesting_mode":"list","block":{"attributes":{"aggregation":{"type":"string","description":"The aggregation type. For Signal Correlation rules, it must be event_count. Valid values are `count`, `cardinality`, `sum`, `max`, `new_value`, `geo_data`, `event_count`, `none`.","description_kind":"plain","optional":true},"correlated_by_fields":{"type":["list","string"],"description":"Fields to correlate by.","description_kind":"plain","optional":true},"correlated_query_index":{"type":"string","description":"Index of the rule query used to retrieve the correlated field. An empty string applies correlation on the non-projected per query attributes of the rule.","description_kind":"plain","optional":true},"default_rule_id":{"type":"string","description":"Default Rule ID of the signal to correlate. This value is READ-ONLY.","description_kind":"plain","optional":true},"name":{"type":"string","description":"Name of the query. Not compatible with `new_value` aggregations.","description_kind":"plain","optional":true},"rule_id":{"type":"string","description":"Rule ID of the signal to correlate.","description_kind":"plain","required":true}},"description":"Queries for selecting logs which are part of the rule.","description_kind":"plain"}}},"description":"Provides a Datadog Security Monitoring Rule API resource. This can be used to create and manage Datadog security monitoring rules. To change settings for a default rule use `datadog_security_default_rule` instead.","description_kind":"plain"}},"datadog_sensitive_data_scanner_group":{"version":0,"block":{"attributes":{"description":{"type":"string","description":"Description of the Datadog scanning group.","description_kind":"plain","optional":true},"id":{"type":"string","description_kind":"plain","optional":true,"computed":true},"is_enabled":{"type":"bool","description":"Whether or not the scanning group is enabled. If the group doesn't contain any rule or if all the rules in it are disabled, the group is force-disabled by our backend","description_kind":"plain","required":true},"name":{"type":"string","description":"Name of the Datadog scanning group.","description_kind":"plain","required":true},"product_list":{"type":["set","string"],"description":"List of products the scanning group applies.","description_kind":"plain","required":true}},"block_types":{"filter":{"nesting_mode":"list","block":{"attributes":{"query":{"type":"string","description":"Query to filter the events.","description_kind":"plain","required":true}},"description":"Filter object the scanning group applies.","description_kind":"plain"},"min_items":1,"max_items":1}},"description":"Provides a Sensitive Data Scanner group resource.","description_kind":"plain"}},"datadog_sensitive_data_scanner_group_order":{"version":0,"block":{"attributes":{"group_ids":{"type":["list","string"],"description":"The list of Sensitive Data Scanner group IDs, in order. Logs are tested against the query filter of each index one by one following the order of the list.","description_kind":"plain","required":true},"id":{"type":"string","description":"The ID of this resource.","description_kind":"plain","computed":true}},"description":"Provides a Datadog Sensitive Data Scanner Group Order API resource. This can be used to manage the order of Datadog Sensitive Data Scanner Groups.","description_kind":"plain"}},"datadog_sensitive_data_scanner_rule":{"version":0,"block":{"attributes":{"description":{"type":"string","description":"Description of the rule.","description_kind":"plain","optional":true},"excluded_namespaces":{"type":["list","string"],"description":"Attributes excluded from the scan. If namespaces is provided, it has to be a sub-path of the namespaces array.","description_kind":"plain","optional":true},"group_id":{"type":"string","description":"Id of the scanning group the rule belongs to.","description_kind":"plain","required":true},"id":{"type":"string","description_kind":"plain","optional":true,"computed":true},"is_enabled":{"type":"bool","description":"Whether or not the rule is enabled.","description_kind":"plain","optional":true},"name":{"type":"string","description":"Name of the rule.","description_kind":"plain","optional":true},"namespaces":{"type":["list","string"],"description":"Attributes included in the scan. If namespaces is empty or missing, all attributes except excluded_namespaces are scanned. If both are missing the whole event is scanned.","description_kind":"plain","optional":true},"pattern":{"type":"string","description":"Not included if there is a relationship to a standard pattern.","description_kind":"plain","optional":true},"standard_pattern_id":{"type":"string","description":"Id of the standard pattern the rule refers to. If provided, then pattern must not be provided.","description_kind":"plain","optional":true},"tags":{"type":["list","string"],"description":"List of tags.","description_kind":"plain","optional":true}},"block_types":{"text_replacement":{"nesting_mode":"list","block":{"attributes":{"number_of_chars":{"type":"number","description":"Required if type == 'partial_replacement_from_beginning' or 'partial_replacement_from_end'. It must be \u003e 0.","description_kind":"plain","optional":true},"replacement_string":{"type":"string","description":"Required if type == 'replacement_string'.","description_kind":"plain","optional":true},"type":{"type":"string","description":"Type of the replacement text. None means no replacement. hash means the data will be stubbed. replacement_string means that one can chose a text to replace the data. partial_replacement_from_beginning allows a user to partially replace the data from the beginning, and partial_replacement_from_end on the other hand, allows to replace data from the end. Valid values are `none`, `hash`, `replacement_string`, `partial_replacement_from_beginning`, `partial_replacement_from_end`.","description_kind":"plain","required":true}},"description":"Object describing how the scanned event will be replaced. Defaults to `type: none`","description_kind":"plain"},"max_items":1}},"description":"Provides a Datadog SensitiveDataScannerRule resource. This can be used to create and manage Datadog sensitive_data_scanner_rule.","description_kind":"plain"}},"datadog_service_account":{"version":0,"block":{"attributes":{"disabled":{"type":"bool","description":"Whether the service account is disabled.","description_kind":"plain","optional":true},"email":{"type":"string","description":"Email of the associated user.","description_kind":"plain","required":true},"id":{"type":"string","description_kind":"plain","optional":true,"computed":true},"name":{"type":"string","description":"Name for the service account.","description_kind":"plain","optional":true},"roles":{"type":["set","string"],"description":"A list a role IDs to assign to the service account.","description_kind":"plain","optional":true}},"description":"Provides a Datadog service account resource. This can be used to create and manage Datadog service accounts.","description_kind":"plain"}},"datadog_service_definition_yaml":{"version":0,"block":{"attributes":{"id":{"type":"string","description_kind":"plain","optional":true,"computed":true},"service_definition":{"type":"string","description":"The YAML/JSON formatted definition of the service","description_kind":"plain","required":true}},"description":"Provides a Datadog service definition resource. This can be used to create and manage Datadog service definitions in the service catalog using the YAML/JSON definition.","description_kind":"plain"}},"datadog_service_level_objective":{"version":0,"block":{"attributes":{"description":{"type":"string","description":"A description of this service level objective.","description_kind":"plain","optional":true},"force_delete":{"type":"bool","description":"A boolean indicating whether this monitor can be deleted even if it's referenced by other resources (for example, dashboards).","description_kind":"plain","optional":true},"groups":{"type":["set","string"],"description":"A static set of groups to filter monitor-based SLOs","description_kind":"plain","optional":true},"id":{"type":"string","description_kind":"plain","optional":true,"computed":true},"monitor_ids":{"type":["set","number"],"description":"A static set of monitor IDs to use as part of the SLO","description_kind":"plain","optional":true},"name":{"type":"string","description":"Name of Datadog service level objective","description_kind":"plain","required":true},"tags":{"type":["set","string"],"description":"A list of tags to associate with your service level objective. This can help you categorize and filter service level objectives in the service level objectives page of the UI. Note: it's not currently possible to filter by these tags when querying via the API","description_kind":"plain","optional":true},"target_threshold":{"type":"number","description":"The objective's target in `(0,100)`. This must match the corresponding thresholds of the primary time frame.","description_kind":"plain","optional":true,"computed":true},"timeframe":{"type":"string","description":"The primary time frame for the objective. The mapping from these types to the types found in the Datadog Web UI can be found in the Datadog API documentation page. Valid values are `7d`, `30d`, `90d`, `custom`.","description_kind":"plain","optional":true,"computed":true},"type":{"type":"string","description":"The type of the service level objective. The mapping from these types to the types found in the Datadog Web UI can be found in the Datadog API [documentation page](https://docs.datadoghq.com/api/v1/service-level-objectives/#create-a-slo-object). Valid values are `metric`, `monitor`.","description_kind":"plain","required":true},"validate":{"type":"bool","description":"Whether or not to validate the SLO.","description_kind":"plain","optional":true},"warning_threshold":{"type":"number","description":"The objective's warning value in `(0,100)`. This must be greater than the target value and match the corresponding thresholds of the primary time frame.","description_kind":"plain","optional":true,"computed":true}},"block_types":{"query":{"nesting_mode":"list","block":{"attributes":{"denominator":{"type":"string","description":"The sum of the `total` events.","description_kind":"plain","required":true},"numerator":{"type":"string","description":"The sum of all the `good` events.","description_kind":"plain","required":true}},"description":"The metric query of good / total events","description_kind":"plain"},"max_items":1},"thresholds":{"nesting_mode":"list","block":{"attributes":{"target":{"type":"number","description":"The objective's target in `(0,100)`.","description_kind":"plain","required":true},"target_display":{"type":"string","description":"A string representation of the target that indicates its precision. It uses trailing zeros to show significant decimal places (e.g. `98.00`).","description_kind":"plain","computed":true},"timeframe":{"type":"string","description":"The time frame for the objective. The mapping from these types to the types found in the Datadog Web UI can be found in the Datadog API documentation page. Valid values are `7d`, `30d`, `90d`, `custom`.","description_kind":"plain","required":true},"warning":{"type":"number","description":"The objective's warning value in `(0,100)`. This must be greater than the target value.","description_kind":"plain","optional":true},"warning_display":{"type":"string","description":"A string representation of the warning target (see the description of the target_display field for details).","description_kind":"plain","computed":true}},"description":"A list of thresholds and targets that define the service level objectives from the provided SLIs.","description_kind":"plain"},"min_items":1}},"description":"Provides a Datadog service level objective resource. This can be used to create and manage Datadog service level objectives.","description_kind":"plain"}},"datadog_slo_correction":{"version":0,"block":{"attributes":{"category":{"type":"string","description":"Category the SLO correction belongs to. Valid values are `Scheduled Maintenance`, `Outside Business Hours`, `Deployment`, `Other`.","description_kind":"plain","required":true},"description":{"type":"string","description":"Description of the correction being made.","description_kind":"plain","optional":true},"duration":{"type":"number","description":"Length of time in seconds for a specified `rrule` recurring SLO correction (required if specifying `rrule`)","description_kind":"plain","optional":true},"end":{"type":"number","description":"Ending time of the correction in epoch seconds. Required for one time corrections, but optional if `rrule` is specified","description_kind":"plain","optional":true},"id":{"type":"string","description_kind":"plain","optional":true,"computed":true},"rrule":{"type":"string","description":"Recurrence rules as defined in the iCalendar RFC 5545. Supported rules for SLO corrections are `FREQ`, `INTERVAL`, `COUNT` and `UNTIL`.","description_kind":"plain","optional":true},"slo_id":{"type":"string","description":"ID of the SLO that this correction will be applied to.","description_kind":"plain","required":true},"start":{"type":"number","description":"Starting time of the correction in epoch seconds.","description_kind":"plain","required":true},"timezone":{"type":"string","description":"The timezone to display in the UI for the correction times (defaults to \"UTC\")","description_kind":"plain","optional":true}},"description":"Resource for interacting with the slo_correction API.","description_kind":"plain"}},"datadog_synthetics_global_variable":{"version":0,"block":{"attributes":{"description":{"type":"string","description":"Description of the global variable.","description_kind":"plain","optional":true},"id":{"type":"string","description_kind":"plain","optional":true,"computed":true},"name":{"type":"string","description":"Synthetics global variable name.","description_kind":"plain","required":true},"parse_test_id":{"type":"string","description":"Id of the Synthetics test to use for a variable from test.","description_kind":"plain","optional":true},"restricted_roles":{"type":["set","string"],"description":"A list of role identifiers to associate with the Synthetics global variable.","description_kind":"plain","optional":true},"secure":{"type":"bool","description":"If set to true, the value of the global variable is hidden. Defaults to `false`.","description_kind":"plain","optional":true},"tags":{"type":["list","string"],"description":"A list of tags to associate with your synthetics global variable.","description_kind":"plain","optional":true},"value":{"type":"string","description":"The value of the global variable.","description_kind":"plain","required":true,"sensitive":true}},"block_types":{"options":{"nesting_mode":"list","block":{"block_types":{"totp_parameters":{"nesting_mode":"list","block":{"attributes":{"digits":{"type":"number","description":"Number of digits for the OTP.","description_kind":"plain","required":true},"refresh_interval":{"type":"number","description":"Interval for which to refresh the token (in seconds).","description_kind":"plain","required":true}},"description":"Parameters needed for MFA/TOTP.","description_kind":"plain"},"max_items":1}},"description":"Additional options for the variable, such as a MFA token.","description_kind":"plain"},"max_items":1},"parse_test_options":{"nesting_mode":"list","block":{"attributes":{"field":{"type":"string","description":"Required when type = `http_header`. Defines the header to use to extract the value","description_kind":"plain","optional":true},"local_variable_name":{"type":"string","description":"When type is `local_variable`, name of the local variable to use to extract the value.","description_kind":"plain","optional":true},"type":{"type":"string","description":"Defines the source to use to extract the value. Valid values are `http_body`, `http_header`, `local_variable`.","description_kind":"plain","required":true}},"block_types":{"parser":{"nesting_mode":"list","block":{"attributes":{"type":{"type":"string","description":"Type of parser to extract the value. Valid values are `raw`, `json_path`, `regex`, `x_path`.","description_kind":"plain","required":true},"value":{"type":"string","description":"Value for the parser to use, required for type `json_path` or `regex`.","description_kind":"plain","optional":true}},"description_kind":"plain"},"max_items":1}},"description":"ID of the Synthetics test to use a source of the global variable value.","description_kind":"plain"},"max_items":1}},"description":"Provides a Datadog synthetics global variable resource. This can be used to create and manage Datadog synthetics global variables.","description_kind":"plain"}},"datadog_synthetics_private_location":{"version":0,"block":{"attributes":{"config":{"type":"string","description":"Configuration skeleton for the private location. See installation instructions of the private location on how to use this configuration.","description_kind":"plain","computed":true,"sensitive":true},"description":{"type":"string","description":"Description of the private location.","description_kind":"plain","optional":true},"id":{"type":"string","description_kind":"plain","optional":true,"computed":true},"name":{"type":"string","description":"Synthetics private location name.","description_kind":"plain","required":true},"tags":{"type":["list","string"],"description":"A list of tags to associate with your synthetics private location.","description_kind":"plain","optional":true}},"block_types":{"metadata":{"nesting_mode":"list","block":{"attributes":{"restricted_roles":{"type":["set","string"],"description":"A list of role identifiers pulled from the Roles API to restrict read and write access.","description_kind":"plain","optional":true}},"description":"The private location metadata","description_kind":"plain"},"max_items":1}},"description":"Provides a Datadog synthetics private location resource. This can be used to create and manage Datadog synthetics private locations.","description_kind":"plain"}},"datadog_synthetics_test":{"version":0,"block":{"attributes":{"device_ids":{"type":["list","string"],"description":"Required if `type = \"browser\"`. Array with the different device IDs used to run the test. Valid values are `laptop_large`, `tablet`, `mobile_small`, `chrome.laptop_large`, `chrome.tablet`, `chrome.mobile_small`, `firefox.laptop_large`, `firefox.tablet`, `firefox.mobile_small`, `edge.laptop_large`, `edge.tablet`, `edge.mobile_small`.","description_kind":"plain","optional":true},"id":{"type":"string","description_kind":"plain","optional":true,"computed":true},"locations":{"type":["set","string"],"description":"Array of locations used to run the test. Refer to [the Datadog Synthetics location data source](https://registry.terraform.io/providers/DataDog/datadog/latest/docs/data-sources/synthetics_locations) to retrieve the list of locations.","description_kind":"plain","required":true},"message":{"type":"string","description":"A message to include with notifications for this synthetics test. Email notifications can be sent to specific users by using the same `@username` notation as events.","description_kind":"plain","optional":true},"monitor_id":{"type":"number","description":"ID of the monitor associated with the Datadog synthetics test.","description_kind":"plain","computed":true},"name":{"type":"string","description":"Name of Datadog synthetics test.","description_kind":"plain","required":true},"request_headers":{"type":["map","string"],"description":"Header name and value map.","description_kind":"plain","optional":true},"request_query":{"type":["map","string"],"description":"Query arguments name and value map.","description_kind":"plain","optional":true},"set_cookie":{"type":"string","description":"Cookies to be used for a browser test request, using the [Set-Cookie](https://developer.mozilla.org/en-US/docs/Web/HTTP/Headers/Set-Cookie) syntax.","description_kind":"plain","optional":true},"status":{"type":"string","description":"Define whether you want to start (`live`) or pause (`paused`) a Synthetic test. Valid values are `live`, `paused`.","description_kind":"plain","required":true},"subtype":{"type":"string","description":"The subtype of the Synthetic API test. Defaults to `http`. Valid values are `http`, `ssl`, `tcp`, `dns`, `multi`, `icmp`, `udp`, `websocket`, `grpc`.","description_kind":"plain","optional":true},"tags":{"type":["list","string"],"description":"A list of tags to associate with your synthetics test. This can help you categorize and filter tests in the manage synthetics page of the UI. Default is an empty list (`[]`).","description_kind":"plain","optional":true},"type":{"type":"string","description":"Synthetics test type. Valid values are `api`, `browser`.","description_kind":"plain","required":true}},"block_types":{"api_step":{"nesting_mode":"list","block":{"attributes":{"allow_failure":{"type":"bool","description":"Determines whether or not to continue with test if this step fails.","description_kind":"plain","optional":true},"is_critical":{"type":"bool","description":"Determines whether or not to consider the entire test as failed if this step fails. Can be used only if `allow_failure` is `true`.","description_kind":"plain","optional":true},"name":{"type":"string","description":"The name of the step.","description_kind":"plain","required":true},"request_headers":{"type":["map","string"],"description":"Header name and value map.","description_kind":"plain","optional":true},"request_query":{"type":["map","string"],"description":"Query arguments name and value map.","description_kind":"plain","optional":true},"subtype":{"type":"string","description":"The subtype of the Synthetic multistep API test step. Valid values are `http`.","description_kind":"plain","optional":true}},"block_types":{"assertion":{"nesting_mode":"list","block":{"attributes":{"operator":{"type":"string","description":"Assertion operator. **Note** Only some combinations of `type` and `operator` are valid (please refer to [Datadog documentation](https://docs.datadoghq.com/api/latest/synthetics/#create-a-test)).","description_kind":"plain","required":true},"property":{"type":"string","description":"If assertion type is `header`, this is the header name.","description_kind":"plain","optional":true},"target":{"type":"string","description":"Expected value. Depends on the assertion type, refer to [Datadog documentation](https://docs.datadoghq.com/api/latest/synthetics/#create-a-test) for details.","description_kind":"plain","optional":true},"type":{"type":"string","description":"Type of assertion. **Note** Only some combinations of `type` and `operator` are valid (please refer to [Datadog documentation](https://docs.datadoghq.com/api/latest/synthetics/#create-a-test)). Valid values are `body`, `header`, `statusCode`, `certificate`, `responseTime`, `property`, `recordEvery`, `recordSome`, `tlsVersion`, `minTlsVersion`, `latency`, `packetLossPercentage`, `packetsReceived`, `networkHop`, `receivedMessage`, `grpcHealthcheckStatus`, `grpcMetadata`, `grpcProto`, `connection`.","description_kind":"plain","required":true}},"block_types":{"targetjsonpath":{"nesting_mode":"list","block":{"attributes":{"jsonpath":{"type":"string","description":"The JSON path to assert.","description_kind":"plain","required":true},"operator":{"type":"string","description":"The specific operator to use on the path.","description_kind":"plain","required":true},"targetvalue":{"type":"string","description":"Expected matching value.","description_kind":"plain","optional":true}},"description":"Expected structure if `operator` is `validatesJSONPath`. Exactly one nested block is allowed with the structure below.","description_kind":"plain"},"max_items":1},"targetxpath":{"nesting_mode":"list","block":{"attributes":{"operator":{"type":"string","description":"The specific operator to use on the path.","description_kind":"plain","required":true},"targetvalue":{"type":"string","description":"Expected matching value.","description_kind":"plain","optional":true},"xpath":{"type":"string","description":"The xpath to assert.","description_kind":"plain","required":true}},"description":"Expected structure if `operator` is `validatesXPath`. Exactly one nested block is allowed with the structure below.","description_kind":"plain"},"max_items":1}},"description":"Assertions used for the test. Multiple `assertion` blocks are allowed with the structure below.","description_kind":"plain"}},"extracted_value":{"nesting_mode":"list","block":{"attributes":{"field":{"type":"string","description":"When type is `http_header`, name of the header to use to extract the value.","description_kind":"plain","optional":true},"name":{"type":"string","description_kind":"plain","required":true},"type":{"type":"string","description":"Property of the Synthetics Test Response to use for the variable. Valid values are `http_body`, `http_header`, `local_variable`.","description_kind":"plain","required":true}},"block_types":{"parser":{"nesting_mode":"list","block":{"attributes":{"type":{"type":"string","description":"Type of parser for a Synthetics global variable from a synthetics test. Valid values are `raw`, `json_path`, `regex`, `x_path`.","description_kind":"plain","required":true},"value":{"type":"string","description":"Regex or JSON path used for the parser. Not used with type `raw`.","description_kind":"plain","optional":true}},"description_kind":"plain"},"min_items":1,"max_items":1}},"description":"Values to parse and save as variables from the response.","description_kind":"plain"}},"request_basicauth":{"nesting_mode":"list","block":{"attributes":{"access_key":{"type":"string","description":"Access key for `SIGV4` authentication.","description_kind":"plain","optional":true,"sensitive":true},"access_token_url":{"type":"string","description":"Access token url for `oauth-client` or `oauth-rop` authentication.","description_kind":"plain","optional":true},"audience":{"type":"string","description":"Audience for `oauth-client` or `oauth-rop` authentication.","description_kind":"plain","optional":true},"client_id":{"type":"string","description":"Client ID for `oauth-client` or `oauth-rop` authentication.","description_kind":"plain","optional":true},"client_secret":{"type":"string","description":"Client secret for `oauth-client` or `oauth-rop` authentication.","description_kind":"plain","optional":true,"sensitive":true},"domain":{"type":"string","description":"Domain for `ntlm` authentication.","description_kind":"plain","optional":true},"password":{"type":"string","description":"Password for authentication.","description_kind":"plain","optional":true,"sensitive":true},"region":{"type":"string","description":"Region for `SIGV4` authentication.","description_kind":"plain","optional":true},"resource":{"type":"string","description":"Resource for `oauth-client` or `oauth-rop` authentication.","description_kind":"plain","optional":true},"scope":{"type":"string","description":"Scope for `oauth-client` or `oauth-rop` authentication.","description_kind":"plain","optional":true},"secret_key":{"type":"string","description":"Secret key for `SIGV4` authentication.","description_kind":"plain","optional":true,"sensitive":true},"service_name":{"type":"string","description":"Service name for `SIGV4` authentication.","description_kind":"plain","optional":true},"session_token":{"type":"string","description":"Session token for `SIGV4` authentication.","description_kind":"plain","optional":true},"token_api_authentication":{"type":"string","description":"Token API Authentication for `oauth-client` or `oauth-rop` authentication. Valid values are `header`, `body`.","description_kind":"plain","optional":true},"type":{"type":"string","description":"Type of basic authentication to use when performing the test.","description_kind":"plain","optional":true},"username":{"type":"string","description":"Username for authentication.","description_kind":"plain","optional":true},"workstation":{"type":"string","description":"Workstation for `ntlm` authentication.","description_kind":"plain","optional":true}},"description":"The HTTP basic authentication credentials. Exactly one nested block is allowed with the structure below.","description_kind":"plain"},"max_items":1},"request_client_certificate":{"nesting_mode":"list","block":{"block_types":{"cert":{"nesting_mode":"list","block":{"attributes":{"content":{"type":"string","description":"Content of the certificate.","description_kind":"plain","required":true,"sensitive":true},"filename":{"type":"string","description":"File name for the certificate.","description_kind":"plain","optional":true}},"description_kind":"plain"},"min_items":1,"max_items":1},"key":{"nesting_mode":"list","block":{"attributes":{"content":{"type":"string","description":"Content of the certificate.","description_kind":"plain","required":true,"sensitive":true},"filename":{"type":"string","description":"File name for the certificate.","description_kind":"plain","optional":true}},"description_kind":"plain"},"min_items":1,"max_items":1}},"description":"Client certificate to use when performing the test request. Exactly one nested block is allowed with the structure below.","description_kind":"plain"},"max_items":1},"request_definition":{"nesting_mode":"list","block":{"attributes":{"allow_insecure":{"type":"bool","description":"Allows loading insecure content for an HTTP test.","description_kind":"plain","optional":true},"body":{"type":"string","description":"The request body.","description_kind":"plain","optional":true},"body_type":{"type":"string","description":"Type of the request body. Valid values are `text/plain`, `application/json`, `text/xml`, `text/html`, `application/x-www-form-urlencoded`, `graphql`.","description_kind":"plain","optional":true},"call_type":{"type":"string","description":"The type of gRPC call to perform. Valid values are `healthcheck`, `unary`.","description_kind":"plain","optional":true},"certificate_domains":{"type":["list","string"],"description":"By default, the client certificate is applied on the domain of the starting URL for browser tests. If you want your client certificate to be applied on other domains instead, add them in `certificate_domains`.","description_kind":"plain","optional":true},"dns_server":{"type":"string","description":"DNS server to use for DNS tests (`subtype = \"dns\"`).","description_kind":"plain","optional":true},"dns_server_port":{"type":"number","description":"DNS server port to use for DNS tests.","description_kind":"plain","optional":true},"follow_redirects":{"type":"bool","description":"Determines whether or not the API HTTP test should follow redirects.","description_kind":"plain","optional":true},"host":{"type":"string","description":"Host name to perform the test with.","description_kind":"plain","optional":true},"message":{"type":"string","description":"For UDP and websocket tests, message to send with the request.","description_kind":"plain","optional":true},"method":{"type":"string","description":"Either the HTTP method/verb to use or a gRPC method available on the service set in the `service` field. Required if `subtype` is `HTTP` or if `subtype` is `grpc` and `callType` is `unary`.","description_kind":"plain","optional":true},"no_saving_response_body":{"type":"bool","description":"Determines whether or not to save the response body.","description_kind":"plain","optional":true},"number_of_packets":{"type":"number","description":"Number of pings to use per test for ICMP tests (`subtype = \"icmp\"`) between 0 and 10.","description_kind":"plain","optional":true},"port":{"type":"number","description":"Port to use when performing the test.","description_kind":"plain","optional":true},"servername":{"type":"string","description":"For SSL tests, it specifies on which server you want to initiate the TLS handshake, allowing the server to present one of multiple possible certificates on the same IP address and TCP port number.","description_kind":"plain","optional":true},"service":{"type":"string","description":"The gRPC service on which you want to perform the gRPC call.","description_kind":"plain","optional":true},"should_track_hops":{"type":"bool","description":"This will turn on a traceroute probe to discover all gateways along the path to the host destination. For ICMP tests (`subtype = \"icmp\"`).","description_kind":"plain","optional":true},"timeout":{"type":"number","description":"Timeout in seconds for the test. Defaults to `60`.","description_kind":"plain","optional":true},"url":{"type":"string","description":"The URL to send the request to.","description_kind":"plain","optional":true}},"description":"The request for the api step.","description_kind":"plain"},"max_items":1},"request_proxy":{"nesting_mode":"list","block":{"attributes":{"headers":{"type":["map","string"],"description":"Header name and value map.","description_kind":"plain","optional":true},"url":{"type":"string","description":"URL of the proxy to perform the test.","description_kind":"plain","required":true}},"description":"The proxy to perform the test.","description_kind":"plain"},"max_items":1},"retry":{"nesting_mode":"list","block":{"attributes":{"count":{"type":"number","description":"Number of retries needed to consider a location as failed before sending a notification alert.","description_kind":"plain","optional":true},"interval":{"type":"number","description":"Interval between a failed test and the next retry in milliseconds.","description_kind":"plain","optional":true}},"description_kind":"plain"},"max_items":1}},"description":"Steps for multistep api tests","description_kind":"plain"}},"assertion":{"nesting_mode":"list","block":{"attributes":{"operator":{"type":"string","description":"Assertion operator. **Note** Only some combinations of `type` and `operator` are valid (please refer to [Datadog documentation](https://docs.datadoghq.com/api/latest/synthetics/#create-a-test)).","description_kind":"plain","required":true},"property":{"type":"string","description":"If assertion type is `header`, this is the header name.","description_kind":"plain","optional":true},"target":{"type":"string","description":"Expected value. Depends on the assertion type, refer to [Datadog documentation](https://docs.datadoghq.com/api/latest/synthetics/#create-a-test) for details.","description_kind":"plain","optional":true},"type":{"type":"string","description":"Type of assertion. **Note** Only some combinations of `type` and `operator` are valid (please refer to [Datadog documentation](https://docs.datadoghq.com/api/latest/synthetics/#create-a-test)). Valid values are `body`, `header`, `statusCode`, `certificate`, `responseTime`, `property`, `recordEvery`, `recordSome`, `tlsVersion`, `minTlsVersion`, `latency`, `packetLossPercentage`, `packetsReceived`, `networkHop`, `receivedMessage`, `grpcHealthcheckStatus`, `grpcMetadata`, `grpcProto`, `connection`.","description_kind":"plain","required":true}},"block_types":{"targetjsonpath":{"nesting_mode":"list","block":{"attributes":{"jsonpath":{"type":"string","description":"The JSON path to assert.","description_kind":"plain","required":true},"operator":{"type":"string","description":"The specific operator to use on the path.","description_kind":"plain","required":true},"targetvalue":{"type":"string","description":"Expected matching value.","description_kind":"plain","optional":true}},"description":"Expected structure if `operator` is `validatesJSONPath`. Exactly one nested block is allowed with the structure below.","description_kind":"plain"},"max_items":1},"targetxpath":{"nesting_mode":"list","block":{"attributes":{"operator":{"type":"string","description":"The specific operator to use on the path.","description_kind":"plain","required":true},"targetvalue":{"type":"string","description":"Expected matching value.","description_kind":"plain","optional":true},"xpath":{"type":"string","description":"The xpath to assert.","description_kind":"plain","required":true}},"description":"Expected structure if `operator` is `validatesXPath`. Exactly one nested block is allowed with the structure below.","description_kind":"plain"},"max_items":1}},"description":"Assertions used for the test. Multiple `assertion` blocks are allowed with the structure below.","description_kind":"plain"}},"browser_step":{"nesting_mode":"list","block":{"attributes":{"allow_failure":{"type":"bool","description":"Determines if the step should be allowed to fail.","description_kind":"plain","optional":true},"force_element_update":{"type":"bool","description":"Force update of the \"element\" parameter for the step","description_kind":"plain","optional":true},"is_critical":{"type":"bool","description":"Determines whether or not to consider the entire test as failed if this step fails. Can be used only if `allow_failure` is `true`.","description_kind":"plain","optional":true},"name":{"type":"string","description":"Name of the step.","description_kind":"plain","required":true},"no_screenshot":{"type":"bool","description":"Prevents saving screenshots of the step.","description_kind":"plain","optional":true},"timeout":{"type":"number","description":"Used to override the default timeout of a step.","description_kind":"plain","optional":true},"type":{"type":"string","description":"Type of the step. Valid values are `assertCurrentUrl`, `assertElementAttribute`, `assertElementContent`, `assertElementPresent`, `assertEmail`, `assertFileDownload`, `assertFromJavascript`, `assertPageContains`, `assertPageLacks`, `click`, `extractFromJavascript`, `extractVariable`, `goToEmailLink`, `goToUrl`, `goToUrlAndMeasureTti`, `hover`, `playSubTest`, `pressKey`, `refresh`, `runApiTest`, `scroll`, `selectOption`, `typeText`, `uploadFiles`, `wait`.","description_kind":"plain","required":true}},"block_types":{"params":{"nesting_mode":"list","block":{"attributes":{"attribute":{"type":"string","description":"Name of the attribute to use for an \"assert attribute\" step.","description_kind":"plain","optional":true},"check":{"type":"string","description":"Check type to use for an assertion step. Valid values are `equals`, `notEquals`, `contains`, `notContains`, `startsWith`, `notStartsWith`, `greater`, `lower`, `greaterEquals`, `lowerEquals`, `matchRegex`, `between`, `isEmpty`, `notIsEmpty`.","description_kind":"plain","optional":true},"click_type":{"type":"string","description":"Type of click to use for a \"click\" step.","description_kind":"plain","optional":true},"code":{"type":"string","description":"Javascript code to use for the step.","description_kind":"plain","optional":true},"delay":{"type":"number","description":"Delay between each key stroke for a \"type test\" step.","description_kind":"plain","optional":true},"element":{"type":"string","description":"Element to use for the step, json encoded string.","description_kind":"plain","optional":true},"email":{"type":"string","description":"Details of the email for an \"assert email\" step.","description_kind":"plain","optional":true},"file":{"type":"string","description":"For an \"assert download\" step.","description_kind":"plain","optional":true},"files":{"type":"string","description":"Details of the files for an \"upload files\" step, json encoded string.","description_kind":"plain","optional":true},"modifiers":{"type":["list","string"],"description":"Modifier to use for a \"press key\" step.","description_kind":"plain","optional":true},"playing_tab_id":{"type":"string","description":"ID of the tab to play the subtest.","description_kind":"plain","optional":true},"request":{"type":"string","description":"Request for an API step.","description_kind":"plain","optional":true},"subtest_public_id":{"type":"string","description":"ID of the Synthetics test to use as subtest.","description_kind":"plain","optional":true},"value":{"type":"string","description":"Value of the step.","description_kind":"plain","optional":true},"with_click":{"type":"bool","description":"For \"file upload\" steps.","description_kind":"plain","optional":true},"x":{"type":"number","description":"X coordinates for a \"scroll step\".","description_kind":"plain","optional":true},"y":{"type":"number","description":"Y coordinates for a \"scroll step\".","description_kind":"plain","optional":true}},"block_types":{"element_user_locator":{"nesting_mode":"list","block":{"attributes":{"fail_test_on_cannot_locate":{"type":"bool","description_kind":"plain","optional":true}},"block_types":{"value":{"nesting_mode":"list","block":{"attributes":{"type":{"type":"string","description_kind":"plain","optional":true},"value":{"type":"string","description_kind":"plain","required":true}},"description_kind":"plain"},"min_items":1,"max_items":1}},"description":"Custom user selector to use for the step.","description_kind":"plain"},"max_items":1},"variable":{"nesting_mode":"list","block":{"attributes":{"example":{"type":"string","description":"Example of the extracted variable.","description_kind":"plain","optional":true},"name":{"type":"string","description":"Name of the extracted variable.","description_kind":"plain","optional":true}},"description":"Details of the variable to extract.","description_kind":"plain"},"max_items":1}},"description":"Parameters for the step.","description_kind":"plain"},"min_items":1,"max_items":1}},"description":"Steps for browser tests.","description_kind":"plain"}},"browser_variable":{"nesting_mode":"list","block":{"attributes":{"example":{"type":"string","description":"Example for the variable.","description_kind":"plain","optional":true},"id":{"type":"string","description":"ID of the global variable to use. This is actually only used (and required) in the case of using a variable of type `global`.","description_kind":"plain","optional":true},"name":{"type":"string","description":"Name of the variable.","description_kind":"plain","required":true},"pattern":{"type":"string","description":"Pattern of the variable.","description_kind":"plain","optional":true},"type":{"type":"string","description":"Type of browser test variable. Valid values are `element`, `email`, `global`, `javascript`, `text`.","description_kind":"plain","required":true}},"description":"Variables used for a browser test steps. Multiple `variable` blocks are allowed with the structure below.","description_kind":"plain"}},"config_variable":{"nesting_mode":"list","block":{"attributes":{"example":{"type":"string","description":"Example for the variable. This value is not returned by the api when `secure = true`. Avoid drift by only making updates to this value from within Terraform.","description_kind":"plain","optional":true},"id":{"type":"string","description":"When type = `global`, ID of the global variable to use.","description_kind":"plain","optional":true},"name":{"type":"string","description":"Name of the variable.","description_kind":"plain","required":true},"pattern":{"type":"string","description":"Pattern of the variable. This value is not returned by the api when `secure = true`. Avoid drift by only making updates to this value from within Terraform.","description_kind":"plain","optional":true},"secure":{"type":"bool","description":"Whether the value of this variable will be obfuscated in test results.","description_kind":"plain","optional":true},"type":{"type":"string","description":"Type of test configuration variable. Valid values are `global`, `text`.","description_kind":"plain","required":true}},"description":"Variables used for the test configuration. Multiple `config_variable` blocks are allowed with the structure below.","description_kind":"plain"}},"options_list":{"nesting_mode":"list","block":{"attributes":{"accept_self_signed":{"type":"bool","description":"For SSL test, whether or not the test should allow self signed certificates.","description_kind":"plain","optional":true},"allow_insecure":{"type":"bool","description":"Allows loading insecure content for an HTTP test.","description_kind":"plain","optional":true},"check_certificate_revocation":{"type":"bool","description":"For SSL test, whether or not the test should fail on revoked certificate in stapled OCSP.","description_kind":"plain","optional":true},"disable_cors":{"type":"bool","description":"Disable Cross-Origin Resource Sharing for browser tests.","description_kind":"plain","optional":true},"disable_csp":{"type":"bool","description":"Disable Content Security Policy for browser tests.","description_kind":"plain","optional":true},"follow_redirects":{"type":"bool","description":"Determines whether or not the API HTTP test should follow redirects.","description_kind":"plain","optional":true},"http_version":{"type":"string","description":"HTTP version to use for a Synthetics API test. Valid values are `http1`, `http2`, `any`.","description_kind":"plain","optional":true},"ignore_server_certificate_error":{"type":"bool","description":"Ignore server certificate error.","description_kind":"plain","optional":true},"initial_navigation_timeout":{"type":"number","description":"Timeout before declaring the initial step as failed (in seconds) for browser tests.","description_kind":"plain","optional":true},"min_failure_duration":{"type":"number","description":"Minimum amount of time in failure required to trigger an alert (in seconds). Default is `0`.","description_kind":"plain","optional":true},"min_location_failed":{"type":"number","description":"Minimum number of locations in failure required to trigger an alert. Default is `1`.","description_kind":"plain","optional":true},"monitor_name":{"type":"string","description":"The monitor name is used for the alert title as well as for all monitor dashboard widgets and SLOs.","description_kind":"plain","optional":true},"monitor_priority":{"type":"number","description_kind":"plain","optional":true},"no_screenshot":{"type":"bool","description":"Prevents saving screenshots of the steps.","description_kind":"plain","optional":true},"restricted_roles":{"type":["set","string"],"description":"A list of role identifiers pulled from the Roles API to restrict read and write access.","description_kind":"plain","optional":true},"tick_every":{"type":"number","description":"How often the test should run (in seconds).","description_kind":"plain","required":true}},"block_types":{"ci":{"nesting_mode":"list","block":{"attributes":{"execution_rule":{"type":"string","description":"Execution rule for a Synthetics test. Valid values are `blocking`, `non_blocking`, `skipped`.","description_kind":"plain","optional":true}},"description":"CI/CD options for a Synthetic test.","description_kind":"plain"},"max_items":1},"monitor_options":{"nesting_mode":"list","block":{"attributes":{"renotify_interval":{"type":"number","description":"Specify a renotification frequency in minutes. Values available by default are `0`, `10`, `20`, `30`, `40`, `50`, `60`, `90`, `120`, `180`, `240`, `300`, `360`, `720`, `1440`.","description_kind":"plain","optional":true}},"description_kind":"plain"},"max_items":1},"retry":{"nesting_mode":"list","block":{"attributes":{"count":{"type":"number","description":"Number of retries needed to consider a location as failed before sending a notification alert.","description_kind":"plain","optional":true},"interval":{"type":"number","description":"Interval between a failed test and the next retry in milliseconds.","description_kind":"plain","optional":true}},"description_kind":"plain"},"max_items":1},"rum_settings":{"nesting_mode":"list","block":{"attributes":{"application_id":{"type":"string","description":"RUM application ID used to collect RUM data for the browser test.","description_kind":"plain","optional":true},"client_token_id":{"type":"number","description":"RUM application API key ID used to collect RUM data for the browser test.","description_kind":"plain","optional":true,"sensitive":true},"is_enabled":{"type":"bool","description":"Determines whether RUM data is collected during test runs.","description_kind":"plain","required":true}},"description":"The RUM data collection settings for the Synthetic browser test.","description_kind":"plain"},"max_items":1},"scheduling":{"nesting_mode":"list","block":{"attributes":{"timezone":{"type":"string","description":"Timezone in which the timeframe is based.","description_kind":"plain","required":true}},"block_types":{"timeframes":{"nesting_mode":"set","block":{"attributes":{"day":{"type":"number","description":"Number representing the day of the week","description_kind":"plain","required":true},"from":{"type":"string","description":"The hour of the day on which scheduling starts.","description_kind":"plain","required":true},"to":{"type":"string","description":"The hour of the day on which scheduling ends.","description_kind":"plain","required":true}},"description":"Array containing objects describing the scheduling pattern to apply to each day.","description_kind":"plain"},"min_items":1}},"description":"Object containing timeframes and timezone used for advanced scheduling.","description_kind":"plain"},"max_items":1}},"description_kind":"plain"},"max_items":1},"request_basicauth":{"nesting_mode":"list","block":{"attributes":{"access_key":{"type":"string","description":"Access key for `SIGV4` authentication.","description_kind":"plain","optional":true,"sensitive":true},"access_token_url":{"type":"string","description":"Access token url for `oauth-client` or `oauth-rop` authentication.","description_kind":"plain","optional":true},"audience":{"type":"string","description":"Audience for `oauth-client` or `oauth-rop` authentication.","description_kind":"plain","optional":true},"client_id":{"type":"string","description":"Client ID for `oauth-client` or `oauth-rop` authentication.","description_kind":"plain","optional":true},"client_secret":{"type":"string","description":"Client secret for `oauth-client` or `oauth-rop` authentication.","description_kind":"plain","optional":true,"sensitive":true},"domain":{"type":"string","description":"Domain for `ntlm` authentication.","description_kind":"plain","optional":true},"password":{"type":"string","description":"Password for authentication.","description_kind":"plain","optional":true,"sensitive":true},"region":{"type":"string","description":"Region for `SIGV4` authentication.","description_kind":"plain","optional":true},"resource":{"type":"string","description":"Resource for `oauth-client` or `oauth-rop` authentication.","description_kind":"plain","optional":true},"scope":{"type":"string","description":"Scope for `oauth-client` or `oauth-rop` authentication.","description_kind":"plain","optional":true},"secret_key":{"type":"string","description":"Secret key for `SIGV4` authentication.","description_kind":"plain","optional":true,"sensitive":true},"service_name":{"type":"string","description":"Service name for `SIGV4` authentication.","description_kind":"plain","optional":true},"session_token":{"type":"string","description":"Session token for `SIGV4` authentication.","description_kind":"plain","optional":true},"token_api_authentication":{"type":"string","description":"Token API Authentication for `oauth-client` or `oauth-rop` authentication. Valid values are `header`, `body`.","description_kind":"plain","optional":true},"type":{"type":"string","description":"Type of basic authentication to use when performing the test.","description_kind":"plain","optional":true},"username":{"type":"string","description":"Username for authentication.","description_kind":"plain","optional":true},"workstation":{"type":"string","description":"Workstation for `ntlm` authentication.","description_kind":"plain","optional":true}},"description":"The HTTP basic authentication credentials. Exactly one nested block is allowed with the structure below.","description_kind":"plain"},"max_items":1},"request_client_certificate":{"nesting_mode":"list","block":{"block_types":{"cert":{"nesting_mode":"list","block":{"attributes":{"content":{"type":"string","description":"Content of the certificate.","description_kind":"plain","required":true,"sensitive":true},"filename":{"type":"string","description":"File name for the certificate.","description_kind":"plain","optional":true}},"description_kind":"plain"},"min_items":1,"max_items":1},"key":{"nesting_mode":"list","block":{"attributes":{"content":{"type":"string","description":"Content of the certificate.","description_kind":"plain","required":true,"sensitive":true},"filename":{"type":"string","description":"File name for the certificate.","description_kind":"plain","optional":true}},"description_kind":"plain"},"min_items":1,"max_items":1}},"description":"Client certificate to use when performing the test request. Exactly one nested block is allowed with the structure below.","description_kind":"plain"},"max_items":1},"request_definition":{"nesting_mode":"list","block":{"attributes":{"body":{"type":"string","description":"The request body.","description_kind":"plain","optional":true},"body_type":{"type":"string","description":"Type of the request body. Valid values are `text/plain`, `application/json`, `text/xml`, `text/html`, `application/x-www-form-urlencoded`, `graphql`.","description_kind":"plain","optional":true},"call_type":{"type":"string","description":"The type of gRPC call to perform. Valid values are `healthcheck`, `unary`.","description_kind":"plain","optional":true},"certificate_domains":{"type":["list","string"],"description":"By default, the client certificate is applied on the domain of the starting URL for browser tests. If you want your client certificate to be applied on other domains instead, add them in `certificate_domains`.","description_kind":"plain","optional":true},"dns_server":{"type":"string","description":"DNS server to use for DNS tests (`subtype = \"dns\"`).","description_kind":"plain","optional":true},"dns_server_port":{"type":"number","description":"DNS server port to use for DNS tests.","description_kind":"plain","optional":true},"host":{"type":"string","description":"Host name to perform the test with.","description_kind":"plain","optional":true},"message":{"type":"string","description":"For UDP and websocket tests, message to send with the request.","description_kind":"plain","optional":true},"method":{"type":"string","description":"Either the HTTP method/verb to use or a gRPC method available on the service set in the `service` field. Required if `subtype` is `HTTP` or if `subtype` is `grpc` and `callType` is `unary`.","description_kind":"plain","optional":true},"no_saving_response_body":{"type":"bool","description":"Determines whether or not to save the response body.","description_kind":"plain","optional":true},"number_of_packets":{"type":"number","description":"Number of pings to use per test for ICMP tests (`subtype = \"icmp\"`) between 0 and 10.","description_kind":"plain","optional":true},"port":{"type":"number","description":"Port to use when performing the test.","description_kind":"plain","optional":true},"servername":{"type":"string","description":"For SSL tests, it specifies on which server you want to initiate the TLS handshake, allowing the server to present one of multiple possible certificates on the same IP address and TCP port number.","description_kind":"plain","optional":true},"service":{"type":"string","description":"The gRPC service on which you want to perform the gRPC call.","description_kind":"plain","optional":true},"should_track_hops":{"type":"bool","description":"This will turn on a traceroute probe to discover all gateways along the path to the host destination. For ICMP tests (`subtype = \"icmp\"`).","description_kind":"plain","optional":true},"timeout":{"type":"number","description":"Timeout in seconds for the test. Defaults to `60`.","description_kind":"plain","optional":true},"url":{"type":"string","description":"The URL to send the request to.","description_kind":"plain","optional":true}},"description":"Required if `type = \"api\"`. The synthetics test request.","description_kind":"plain"},"max_items":1},"request_proxy":{"nesting_mode":"list","block":{"attributes":{"headers":{"type":["map","string"],"description":"Header name and value map.","description_kind":"plain","optional":true},"url":{"type":"string","description":"URL of the proxy to perform the test.","description_kind":"plain","required":true}},"description":"The proxy to perform the test.","description_kind":"plain"},"max_items":1}},"description":"Provides a Datadog synthetics test resource. This can be used to create and manage Datadog synthetics test.","description_kind":"plain"}},"datadog_user":{"version":0,"block":{"attributes":{"disabled":{"type":"bool","description":"Whether the user is disabled.","description_kind":"plain","optional":true},"email":{"type":"string","description":"Email address for user.","description_kind":"plain","required":true},"id":{"type":"string","description_kind":"plain","optional":true,"computed":true},"name":{"type":"string","description":"Name for user.","description_kind":"plain","optional":true},"roles":{"type":["set","string"],"description":"A list a role IDs to assign to the user.","description_kind":"plain","optional":true},"send_user_invitation":{"type":"bool","description":"Whether an invitation email should be sent when the user is created.","description_kind":"plain","optional":true},"user_invitation_id":{"type":"string","description":"The ID of the user invitation that was sent when creating the user.","description_kind":"plain","computed":true},"verified":{"type":"bool","description":"Returns `true` if the user is verified.","description_kind":"plain","computed":true}},"description":"Provides a Datadog user resource. This can be used to create and manage Datadog users.","description_kind":"plain"}},"datadog_webhook":{"version":0,"block":{"attributes":{"custom_headers":{"type":"string","description":"The headers attached to the webhook.","description_kind":"plain","optional":true},"encode_as":{"type":"string","description":"Encoding type. Valid values are `json`, `form`.","description_kind":"plain","optional":true,"computed":true},"id":{"type":"string","description_kind":"plain","optional":true,"computed":true},"name":{"type":"string","description":"The name of the webhook. It corresponds with `\u003cWEBHOOK_NAME\u003e`.","description_kind":"plain","required":true},"payload":{"type":"string","description":"The payload of the webhook.","description_kind":"plain","optional":true,"computed":true},"url":{"type":"string","description":"The URL of the webhook.","description_kind":"plain","required":true}},"description":"Provides a Datadog webhook resource. This can be used to create and manage Datadog webhooks.","description_kind":"plain"}},"datadog_webhook_custom_variable":{"version":0,"block":{"attributes":{"id":{"type":"string","description_kind":"plain","optional":true,"computed":true},"is_secret":{"type":"bool","description":"Whether the custom variable is secret or not.","description_kind":"plain","required":true},"name":{"type":"string","description":"The name of the variable. It corresponds with `\u003cCUSTOM_VARIABLE_NAME\u003e`.","description_kind":"plain","required":true},"value":{"type":"string","description":"The value of the custom variable.","description_kind":"plain","required":true,"sensitive":true}},"description":"Provides a Datadog webhooks custom variable resource. This can be used to create and manage Datadog webhooks custom variables.","description_kind":"plain"}}},"data_source_schemas":{"datadog_api_key":{"version":0,"block":{"attributes":{"id":{"type":"string","description":"The ID of this resource.","description_kind":"plain","optional":true},"key":{"type":"string","description":"The value of the API Key.","description_kind":"plain","computed":true,"sensitive":true},"name":{"type":"string","description":"Name for API Key.","description_kind":"plain","optional":true}},"description":"Use this data source to retrieve information about an existing api key.","description_kind":"plain"}},"datadog_application_key":{"version":0,"block":{"attributes":{"id":{"type":"string","description":"Id for Application Key.","description_kind":"plain","optional":true},"key":{"type":"string","description":"The value of the Application Key.","description_kind":"plain","computed":true,"sensitive":true},"name":{"type":"string","description":"Name for Application Key.","description_kind":"plain","optional":true}},"description":"Use this data source to retrieve information about an existing application key.","description_kind":"plain"}},"datadog_cloud_workload_security_agent_rules":{"version":0,"block":{"attributes":{"agent_rules":{"type":["list",["object",{"description":"string","enabled":"bool","expression":"string","id":"string","name":"string"}]],"description":"List of Agent rules.","description_kind":"plain","computed":true},"id":{"type":"string","description_kind":"plain","optional":true,"computed":true}},"description":"Use this data source to retrieve information about existing Cloud Workload Security Agent Rules for use in other resources.","description_kind":"plain"}},"datadog_dashboard":{"version":0,"block":{"attributes":{"id":{"type":"string","description_kind":"plain","optional":true,"computed":true},"name":{"type":"string","description":"The dashboard name to search for. Must only match one dashboard.","description_kind":"plain","required":true},"title":{"type":"string","description":"The name of the dashboard.","description_kind":"plain","computed":true},"url":{"type":"string","description":"The URL to a specific dashboard.","description_kind":"plain","computed":true}},"description":"Use this data source to retrieve information about an existing dashboard, for use in other resources. In particular, it can be used in a monitor message to link to a specific dashboard.","description_kind":"plain"}},"datadog_dashboard_list":{"version":0,"block":{"attributes":{"id":{"type":"string","description_kind":"plain","optional":true,"computed":true},"name":{"type":"string","description":"A dashboard list name to limit the search.","description_kind":"plain","required":true}},"description":"Use this data source to retrieve information about an existing dashboard list, for use in other resources. In particular, it can be used in a dashboard to register it in the list.","description_kind":"plain"}},"datadog_hosts":{"version":0,"block":{"attributes":{"filter":{"type":"string","description":"String to filter search results.","description_kind":"plain","optional":true},"from":{"type":"number","description":"Number of seconds since UNIX epoch from which you want to search your hosts.","description_kind":"plain","optional":true},"host_list":{"type":["list",["object",{"aliases":["list","string"],"apps":["list","string"],"aws_name":"string","host_name":"string","id":"number","is_muted":"bool","last_reported_time":"number","meta":["object",{"agent_version":"string","cpu_cores":"number","gohai":"string","machine":"string","platform":"string","processor":"string","python_version":"string","socket_fqdn":"string","socket_hostname":"string"}],"metrics":["object",{"cpu":"number","iowait":"number","load":"number"}],"mute_timeout":"number","name":"string","sources":["list","string"],"up":"bool"}]],"description":"List of hosts (1000 Max).","description_kind":"plain","computed":true},"id":{"type":"string","description":"The ID of this resource.","description_kind":"plain","computed":true},"include_muted_hosts_data":{"type":"bool","description":"Include information on the muted status of hosts and when the mute expires.","description_kind":"plain","optional":true},"sort_dir":{"type":"string","description":"Direction of sort.","description_kind":"plain","optional":true},"sort_field":{"type":"string","description":"Sort hosts by this field.","description_kind":"plain","optional":true},"total_matching":{"type":"number","description":"Number of host matching the query.","description_kind":"plain","computed":true},"total_returned":{"type":"number","description":"Number of host returned.","description_kind":"plain","computed":true}},"description":"Use this data source to retrieve information about your live hosts in Datadog.","description_kind":"plain"}},"datadog_integration_aws_logs_services":{"version":0,"block":{"attributes":{"aws_logs_services":{"type":["list",["object",{"id":"string","label":"string"}]],"description":"List of AWS log ready services.","description_kind":"plain","computed":true},"id":{"type":"string","description_kind":"plain","optional":true,"computed":true}},"description":"Use this data source to retrieve all AWS log ready services.","description_kind":"plain"}},"datadog_ip_ranges":{"version":0,"block":{"attributes":{"agents_ipv4":{"type":["list","string"],"description":"An Array of IPv4 addresses in CIDR format specifying the A records for the Agent endpoint.","description_kind":"plain","computed":true},"agents_ipv6":{"type":["list","string"],"description":"An Array of IPv6 addresses in CIDR format specifying the A records for the Agent endpoint.","description_kind":"plain","computed":true},"api_ipv4":{"type":["list","string"],"description":"An Array of IPv4 addresses in CIDR format specifying the A records for the API endpoint.","description_kind":"plain","computed":true},"api_ipv6":{"type":["list","string"],"description":"An Array of IPv6 addresses in CIDR format specifying the A records for the API endpoint.","description_kind":"plain","computed":true},"apm_ipv4":{"type":["list","string"],"description":"An Array of IPv4 addresses in CIDR format specifying the A records for the APM endpoint.","description_kind":"plain","computed":true},"apm_ipv6":{"type":["list","string"],"description":"An Array of IPv6 addresses in CIDR format specifying the A records for the APM endpoint.","description_kind":"plain","computed":true},"id":{"type":"string","description":"The ID of this resource.","description_kind":"plain","computed":true},"logs_ipv4":{"type":["list","string"],"description":"An Array of IPv4 addresses in CIDR format specifying the A records for the Logs endpoint.","description_kind":"plain","computed":true},"logs_ipv6":{"type":["list","string"],"description":"An Array of IPv6 addresses in CIDR format specifying the A records for the Logs endpoint.","description_kind":"plain","computed":true},"orchestrator_ipv4":{"type":["list","string"],"description":"An Array of IPv4 addresses in CIDR format specifying the A records for the Orchestrator endpoint.","description_kind":"plain","computed":true},"orchestrator_ipv6":{"type":["list","string"],"description":"An Array of IPv6 addresses in CIDR format specifying the A records for the Orchestrator endpoint.","description_kind":"plain","computed":true},"process_ipv4":{"type":["list","string"],"description":"An Array of IPv4 addresses in CIDR format specifying the A records for the Process endpoint.","description_kind":"plain","computed":true},"process_ipv6":{"type":["list","string"],"description":"An Array of IPv6 addresses in CIDR format specifying the A records for the Process endpoint.","description_kind":"plain","computed":true},"synthetics_ipv4":{"type":["list","string"],"description":"An Array of IPv4 addresses in CIDR format specifying the A records for the Synthetics endpoint.","description_kind":"plain","computed":true},"synthetics_ipv4_by_location":{"type":["map","string"],"description":"A map of IPv4 prefixes (string of concatenated IPs, delimited by ',') by location.","description_kind":"plain","computed":true},"synthetics_ipv6":{"type":["list","string"],"description":"An Array of IPv6 addresses in CIDR format specifying the A records for the Synthetics endpoint.","description_kind":"plain","computed":true},"synthetics_ipv6_by_location":{"type":["map","string"],"description":"A map of IPv6 prefixes (string of concatenated IPs, delimited by ',') by location.","description_kind":"plain","computed":true},"webhooks_ipv4":{"type":["list","string"],"description":"An Array of IPv4 addresses in CIDR format specifying the A records for the Webhooks endpoint.","description_kind":"plain","computed":true},"webhooks_ipv6":{"type":["list","string"],"description":"An Array of IPv6 addresses in CIDR format specifying the A records for the Webhooks endpoint.","description_kind":"plain","computed":true}},"description":"Use this data source to retrieve information about Datadog's IP addresses.","description_kind":"plain"}},"datadog_logs_archives_order":{"version":0,"block":{"attributes":{"archive_ids":{"type":["list","string"],"description":"The archive IDs list. The order of archive IDs in this attribute defines the overall archive order for logs.","description_kind":"plain","computed":true},"id":{"type":"string","description_kind":"plain","optional":true,"computed":true}},"description":"Get the current order of your logs archives.","description_kind":"plain"}},"datadog_logs_indexes":{"version":0,"block":{"attributes":{"id":{"type":"string","description_kind":"plain","optional":true,"computed":true},"logs_indexes":{"type":["list",["object",{"daily_limit":"number","exclusion_filter":["list",["object",{"filter":["list",["object",{"query":"string","sample_rate":"number"}]],"is_enabled":"bool","name":"string"}]],"filter":["list",["object",{"query":"string"}]],"name":"string","retention_days":"number"}]],"description":"List of logs indexes","description_kind":"plain","computed":true}},"description":"Use this data source to list several existing logs indexes for use in other resources.","description_kind":"plain"}},"datadog_logs_indexes_order":{"version":0,"block":{"attributes":{"id":{"type":"string","description_kind":"plain","optional":true,"computed":true},"index_names":{"type":["list","string"],"description":"Array of strings identifying by their name(s) the index(es) of your organization. Logs are tested against the query filter of each index one by one, following the order of the array. Logs are eventually stored in the first matching index.","description_kind":"plain","computed":true}},"description":"Get the current order of your log indexes.","description_kind":"plain"}},"datadog_logs_pipelines":{"version":0,"block":{"attributes":{"id":{"type":"string","description_kind":"plain","optional":true,"computed":true},"is_read_only":{"type":"string","description":"Filter parameter for retrieved pipelines","description_kind":"plain","optional":true},"logs_pipelines":{"type":["list",["object",{"filter":["list",["object",{"query":"string"}]],"id":"string","is_enabled":"bool","is_read_only":"bool","name":"string","type":"string"}]],"description":"List of logs pipelines","description_kind":"plain","computed":true}},"description":"Use this data source to list all existing logs pipelines for use in other resources.","description_kind":"plain"}},"datadog_monitor":{"version":0,"block":{"attributes":{"enable_logs_sample":{"type":"bool","description":"Whether or not a list of log values which triggered the alert is included. This is only used by log monitors.","description_kind":"plain","computed":true},"enable_samples":{"type":"bool","description":"Whether or not a list of samples which triggered the alert is included. This is only used by CI Test and Pipeline monitors.","description_kind":"plain","computed":true},"escalation_message":{"type":"string","description":"Message included with a re-notification for this monitor.","description_kind":"plain","computed":true},"evaluation_delay":{"type":"number","description":"Time (in seconds) for which evaluation is delayed. This is only used by metric monitors.","description_kind":"plain","computed":true},"group_retention_duration":{"type":"string","description":"The time span after which groups with missing data are dropped from the monitor state. The minimum value is one hour, and the maximum value is 72 hours. Example values are: 60m, 1h, and 2d. This option is only available for APM Trace Analytics, Audit Trail, CI, Error Tracking, Event, Logs, and RUM monitors.","description_kind":"plain","computed":true},"groupby_simple_monitor":{"type":"bool","description":"Whether or not to trigger one alert if any source breaches a threshold.","description_kind":"plain","computed":true},"id":{"type":"string","description_kind":"plain","optional":true,"computed":true},"include_tags":{"type":"bool","description":"Whether or not notifications from the monitor automatically inserts its triggering tags into the title.","description_kind":"plain","computed":true},"locked":{"type":"bool","description":"Whether or not changes to the monitor are restricted to the creator or admins.","description_kind":"plain","computed":true},"message":{"type":"string","description":"Message included with notifications for this monitor","description_kind":"plain","computed":true},"monitor_tags_filter":{"type":["list","string"],"description":"A list of monitor tags to limit the search. This filters on the tags set on the monitor itself.","description_kind":"plain","optional":true},"monitor_threshold_windows":{"type":["list",["object",{"recovery_window":"string","trigger_window":"string"}]],"description":"Mapping containing `recovery_window` and `trigger_window` values, e.g. `last_15m`. This is only used by anomaly monitors.","description_kind":"plain","computed":true},"monitor_thresholds":{"type":["list",["object",{"critical":"string","critical_recovery":"string","ok":"string","unknown":"string","warning":"string","warning_recovery":"string"}]],"description":"Alert thresholds of the monitor.","description_kind":"plain","computed":true},"name":{"type":"string","description":"Name of the monitor","description_kind":"plain","computed":true},"name_filter":{"type":"string","description":"A monitor name to limit the search.","description_kind":"plain","optional":true},"new_group_delay":{"type":"number","description":"Time (in seconds) to skip evaluations for new groups.","description_kind":"plain","computed":true},"new_host_delay":{"type":"number","description":"Time (in seconds) allowing a host to boot and applications to fully start before starting the evaluation of monitor results.","description_kind":"plain","computed":true},"no_data_timeframe":{"type":"number","description":"The number of minutes before the monitor notifies when data stops reporting.","description_kind":"plain","computed":true},"notification_preset_name":{"type":"string","description":"Toggles the display of additional content sent in the monitor notification. Valid values are: `show_all`, `hide_query`, `hide_handles`, and `hide_all`.","description_kind":"plain","computed":true},"notify_audit":{"type":"bool","description":"Whether or not tagged users are notified on changes to the monitor.","description_kind":"plain","computed":true},"notify_by":{"type":["set","string"],"description":"Controls what granularity a monitor alerts on. Only available for monitors with groupings. For instance, a monitor grouped by `cluster`, `namespace`, and `pod` can be configured to only notify on each new `cluster` violating the alert conditions by setting `notify_by` to `['cluster']`. Tags mentioned in `notify_by` must be a subset of the grouping tags in the query. For example, a query grouped by `cluster` and `namespace` cannot notify on `region`. Setting `notify_by` to `[*]` configures the monitor to notify as a simple-alert.","description_kind":"plain","computed":true},"notify_no_data":{"type":"bool","description":"Whether or not this monitor notifies when data stops reporting.","description_kind":"plain","computed":true},"on_missing_data":{"type":"string","description":"Controls how groups or monitors are treated if an evaluation does not return any data points. The default option results in different behavior depending on the monitor query type. For monitors using `Count` queries, an empty monitor evaluation is treated as 0 and is compared to the threshold conditions. For monitors using any query type other than `Count`, for example `Gauge`, `Measure`, or `Rate`, the monitor shows the last known status. This option is only available for APM Trace Analytics, Audit Trail, CI, Error Tracking, Event, Logs, and RUM monitors. Valid values are: `show_no_data`, `show_and_notify_no_data`, `resolve`, and `default`.","description_kind":"plain","computed":true},"query":{"type":"string","description":"Query of the monitor.","description_kind":"plain","computed":true},"renotify_interval":{"type":"number","description":"The number of minutes after the last notification before the monitor re-notifies on the current status.","description_kind":"plain","computed":true},"renotify_occurrences":{"type":"number","description":"The number of re-notification messages that should be sent on the current status.","description_kind":"plain","computed":true},"renotify_statuses":{"type":["set","string"],"description":"The types of statuses for which re-notification messages should be sent. Valid values are `alert`, `warn`, `no data`.","description_kind":"plain","computed":true},"require_full_window":{"type":"bool","description":"Whether or not the monitor needs a full window of data before it is evaluated.","description_kind":"plain","computed":true},"restricted_roles":{"type":["set","string"],"description_kind":"plain","computed":true},"scheduling_options":{"type":["list",["object",{"evaluation_window":["list",["object",{"day_starts":"string","hour_starts":"number","month_starts":"number"}]]}]],"description":"Configuration options for scheduling.","description_kind":"plain","computed":true},"tags":{"type":["set","string"],"description":"List of tags associated with the monitor.","description_kind":"plain","computed":true},"tags_filter":{"type":["list","string"],"description":"A list of tags to limit the search. This filters on the monitor scope.","description_kind":"plain","optional":true},"timeout_h":{"type":"number","description":"Number of hours of the monitor not reporting data before it automatically resolves from a triggered state.","description_kind":"plain","computed":true},"type":{"type":"string","description":"Type of the monitor.","description_kind":"plain","computed":true}},"description":"Use this data source to retrieve information about an existing monitor for use in other resources.","description_kind":"plain"}},"datadog_monitor_config_policies":{"version":0,"block":{"attributes":{"id":{"type":"string","description_kind":"plain","optional":true,"computed":true},"monitor_config_policies":{"type":["list",["object",{"id":"string","policy_type":"string","tag_policy":["list",["object",{"tag_key":"string","tag_key_required":"bool","valid_tag_values":["list","string"]}]]}]],"description":"List of monitor config policies","description_kind":"plain","computed":true}},"description":"Use this data source to list existing monitor config policies for use in other resources.","description_kind":"plain"}},"datadog_monitors":{"version":0,"block":{"attributes":{"id":{"type":"string","description_kind":"plain","optional":true,"computed":true},"monitor_tags_filter":{"type":["list","string"],"description":"A list of monitor tags to limit the search. This filters on the tags set on the monitor itself.","description_kind":"plain","optional":true},"monitors":{"type":["list",["object",{"id":"number","name":"string","type":"string"}]],"description":"List of monitors","description_kind":"plain","computed":true},"name_filter":{"type":"string","description":"A monitor name to limit the search.","description_kind":"plain","optional":true},"tags_filter":{"type":["list","string"],"description":"A list of tags to limit the search. This filters on the monitor scope.","description_kind":"plain","optional":true}},"description":"Use this data source to list several existing monitors for use in other resources.","description_kind":"plain"}},"datadog_permissions":{"version":0,"block":{"attributes":{"id":{"type":"string","description_kind":"plain","optional":true,"computed":true},"include_restricted":{"type":"bool","description":"Whether to include restricted permissions. Restricted permissions are granted by default to all users of a Datadog org, and cannot be manually granted or revoked.","description_kind":"plain","optional":true},"permissions":{"type":["map","string"],"description":"Map of permissions names to their corresponding ID.","description_kind":"plain","computed":true}},"description":"Use this data source to retrieve the list of Datadog permissions by name and their corresponding ID, for use in the role resource.","description_kind":"plain"}},"datadog_role":{"version":0,"block":{"attributes":{"filter":{"type":"string","description":"A string on which to filter the roles.","description_kind":"plain","required":true},"id":{"type":"string","description_kind":"plain","optional":true,"computed":true},"name":{"type":"string","description":"Name of the role.","description_kind":"plain","computed":true},"user_count":{"type":"number","description":"Number of users assigned to this role.","description_kind":"plain","computed":true}},"description":"Use this data source to retrieve information about an existing role for use in other resources.","description_kind":"plain"}},"datadog_roles":{"version":0,"block":{"attributes":{"filter":{"type":"string","description":"Filter all roles by the given string.","description_kind":"plain","optional":true},"id":{"type":"string","description_kind":"plain","optional":true,"computed":true},"roles":{"type":["list",["object",{"id":"string","name":"string","user_count":"number"}]],"description":"List of Roles","description_kind":"plain","computed":true}},"description":"Use this data source to retrieve information about multiple roles for use in other resources.","description_kind":"plain"}},"datadog_rum_application":{"version":0,"block":{"attributes":{"client_token":{"type":"string","description":"The client token","description_kind":"plain","computed":true},"id":{"type":"string","description":"ID of the RUM application. Cannot be used with name and type filters.","description_kind":"plain","optional":true,"computed":true},"name":{"type":"string","description":"The name of the RUM application","description_kind":"plain","computed":true},"name_filter":{"type":"string","description":"The name used to search for a RUM application","description_kind":"plain","optional":true},"type":{"type":"string","description":"The RUM application type. Supported values are `browser`, `ios`, `android`, `react-native`, `flutter`","description_kind":"plain","computed":true},"type_filter":{"type":"string","description":"The type used to search for a RUM application","description_kind":"plain","optional":true}},"description":"Use this data source to retrieve a Datadog RUM Application.","description_kind":"plain"}},"datadog_security_monitoring_filters":{"version":0,"block":{"attributes":{"filters":{"type":["list",["object",{"exclusion_filter":["list",["object",{"name":"string","query":"string"}]],"filtered_data_type":"string","is_enabled":"bool","name":"string","query":"string","version":"number"}]],"description":"List of filters.","description_kind":"plain","computed":true},"filters_ids":{"type":["list","string"],"description":"List of IDs of filters.","description_kind":"plain","computed":true},"id":{"type":"string","description_kind":"plain","optional":true,"computed":true}},"description":"Use this data source to retrieve information about existing security monitoring filters for use in other resources.","description_kind":"plain"}},"datadog_security_monitoring_rules":{"version":0,"block":{"attributes":{"default_only_filter":{"type":"bool","description":"Limit the search to default rules","description_kind":"plain","optional":true},"id":{"type":"string","description_kind":"plain","optional":true,"computed":true},"name_filter":{"type":"string","description":"A rule name to limit the search","description_kind":"plain","optional":true},"rule_ids":{"type":["list","string"],"description":"List of IDs of the matched rules.","description_kind":"plain","computed":true},"rules":{"type":["list",["object",{"case":["list",["object",{"condition":"string","name":"string","notifications":["list","string"],"status":"string"}]],"enabled":"bool","filter":["list",["object",{"action":"string","query":"string"}]],"has_extended_title":"bool","message":"string","name":"string","options":["list",["object",{"decrease_criticality_based_on_env":"bool","detection_method":"string","evaluation_window":"number","impossible_travel_options":["list",["object",{"baseline_user_locations":"bool"}]],"keep_alive":"number","max_signal_duration":"number","new_value_options":["list",["object",{"forget_after":"number","learning_duration":"number","learning_method":"string","learning_threshold":"number"}]]}]],"query":["list",["object",{"agent_rule":["list",["object",{"agent_rule_id":"string","expression":"string"}]],"aggregation":"string","distinct_fields":["list","string"],"group_by_fields":["list","string"],"metric":"string","metrics":["list","string"],"name":"string","query":"string"}]],"signal_query":["list",["object",{"aggregation":"string","correlated_by_fields":["list","string"],"correlated_query_index":"string","default_rule_id":"string","name":"string","rule_id":"string"}]],"tags":["set","string"],"type":"string"}]],"description":"List of rules.","description_kind":"plain","computed":true},"tags_filter":{"type":["list","string"],"description":"A list of tags to limit the search","description_kind":"plain","optional":true},"user_only_filter":{"type":"bool","description":"Limit the search to user rules","description_kind":"plain","optional":true}},"description":"Use this data source to retrieve information about existing security monitoring rules for use in other resources.","description_kind":"plain"}},"datadog_sensitive_data_scanner_group_order":{"version":0,"block":{"attributes":{"group_ids":{"type":["list","string"],"description":"The list of Sensitive Data Scanner group IDs, in order. Logs are tested against the query filter of each index one by one following the order of the list.","description_kind":"plain","computed":true},"id":{"type":"string","description":"The ID of this resource.","description_kind":"plain","computed":true}},"description":"Provides a Datadog Sensitive Data Scanner Group Order API data source. This can be used to retrieve the order of Datadog Sensitive Data Scanner Groups.","description_kind":"plain"}},"datadog_sensitive_data_scanner_standard_pattern":{"version":0,"block":{"attributes":{"filter":{"type":"string","description":"Filter all the Datadog standard patterns by name.","description_kind":"plain","required":true},"id":{"type":"string","description_kind":"plain","optional":true,"computed":true},"name":{"type":"string","description":"Name of the standard pattern.","description_kind":"plain","computed":true},"pattern":{"type":"string","description":"Regex that the standard pattern applies.","description_kind":"plain","computed":true},"tags":{"type":["list","string"],"description":"List of tags.","description_kind":"plain","computed":true}},"description":"Use this data source to retrieve information about an existing sensitive data scanner standard pattern.","description_kind":"plain"}},"datadog_service_level_objective":{"version":0,"block":{"attributes":{"description":{"type":"string","description":"The description of the service level objective.","description_kind":"plain","computed":true},"id":{"type":"string","description":"A SLO ID to limit the search.","description_kind":"plain","optional":true},"metrics_query":{"type":"string","description":"Filter results based on SLO numerator and denominator.","description_kind":"plain","optional":true},"name":{"type":"string","description":"Name of the Datadog service level objective","description_kind":"plain","computed":true},"name_query":{"type":"string","description":"Filter results based on SLO names.","description_kind":"plain","optional":true},"query":{"type":["list",["object",{"denominator":"string","numerator":"string"}]],"description":"The metric query of good / total events","description_kind":"plain","computed":true},"tags_query":{"type":"string","description":"Filter results based on a single SLO tag.","description_kind":"plain","optional":true},"target_threshold":{"type":"number","description":"The primary target threshold of the service level objective.","description_kind":"plain","computed":true},"timeframe":{"type":"string","description":"The primary timeframe of the service level objective.","description_kind":"plain","computed":true},"type":{"type":"string","description":"The type of the service level objective. The mapping from these types to the types found in the Datadog Web UI can be found in the Datadog API [documentation page](https://docs.datadoghq.com/api/v1/service-level-objectives/#create-a-slo-object). Available values are: `metric` and `monitor`.","description_kind":"plain","computed":true},"warning_threshold":{"type":"number","description":"The primary warning threshold of the service level objective.","description_kind":"plain","computed":true}},"description":"Use this data source to retrieve information about an existing SLO for use in other resources.","description_kind":"plain"}},"datadog_service_level_objectives":{"version":0,"block":{"attributes":{"id":{"type":"string","description_kind":"plain","optional":true,"computed":true},"ids":{"type":["list","string"],"description":"An array of SLO IDs to limit the search.","description_kind":"plain","optional":true},"metrics_query":{"type":"string","description":"Filter results based on SLO numerator and denominator.","description_kind":"plain","optional":true},"name_query":{"type":"string","description":"Filter results based on SLO names.","description_kind":"plain","optional":true},"slos":{"type":["list",["object",{"id":"string","name":"string","type":"string"}]],"description":"List of SLOs","description_kind":"plain","computed":true},"tags_query":{"type":"string","description":"Filter results based on a single SLO tag.","description_kind":"plain","optional":true}},"description":"Use this data source to retrieve information about multiple SLOs for use in other resources.","description_kind":"plain"}},"datadog_synthetics_global_variable":{"version":0,"block":{"attributes":{"id":{"type":"string","description_kind":"plain","optional":true,"computed":true},"name":{"type":"string","description":"The synthetics global variable name to search for. Must only match one global variable.","description_kind":"plain","required":true},"tags":{"type":["list","string"],"description":"A list of tags assigned to the Synthetics global variable.","description_kind":"plain","computed":true}},"description":"Use this data source to retrieve a Datadog Synthetics global variable (to be used in Synthetics tests).","description_kind":"plain"}},"datadog_synthetics_locations":{"version":0,"block":{"attributes":{"id":{"type":"string","description_kind":"plain","optional":true,"computed":true},"locations":{"type":["map","string"],"description":"A map of available Synthetics location IDs to names for Synthetics tests.","description_kind":"plain","computed":true}},"description":"Use this data source to retrieve Datadog's Synthetics Locations (to be used in Synthetics tests).","description_kind":"plain"}},"datadog_synthetics_test":{"version":0,"block":{"attributes":{"id":{"type":"string","description_kind":"plain","optional":true,"computed":true},"name":{"type":"string","description":"The name of the synthetic test.","description_kind":"plain","computed":true},"tags":{"type":["list","string"],"description":"A list of tags assigned to the synthetic test.","description_kind":"plain","computed":true},"test_id":{"type":"string","description":"The synthetic test id to search for","description_kind":"plain","required":true},"url":{"type":"string","description":"The start URL of the synthetic test.","description_kind":"plain","computed":true}},"description":"Use this data source to retrieve a Datadog Synthetic Test.","description_kind":"plain"}},"datadog_user":{"version":0,"block":{"attributes":{"email":{"type":"string","description":"Email of the user.","description_kind":"plain","computed":true},"filter":{"type":"string","description":"Filter all users by the given string.","description_kind":"plain","required":true},"id":{"type":"string","description_kind":"plain","optional":true,"computed":true},"name":{"type":"string","description":"Name of the user.","description_kind":"plain","computed":true}},"description":"Use this data source to retrieve information about an existing user to use it in an other resources.","description_kind":"plain"}}}}}}
